{
  "version": 4,
  "terraform_version": "1.13.3",
  "serial": 96,
  "lineage": "816d68ab-4410-1c61-ba5d-308aab73b953",
  "outputs": {
    "argocd_admin_password": {
      "value": "kubectl -n argocd get secret argocd-initial-admin-secret -o jsonpath='{.data.password}' | base64 -d",
      "type": "string",
      "sensitive": true
    },
    "argocd_namespace": {
      "value": "argocd",
      "type": "string"
    },
    "argocd_server_port_forward": {
      "value": "kubectl port-forward svc/argocd-server -n argocd 8080:443",
      "type": "string"
    },
    "cluster_endpoint": {
      "value": "https://083D67A559A7D511596B8673F0DA06D4.sk1.us-west-2.eks.amazonaws.com",
      "type": "string"
    },
    "cluster_name": {
      "value": "biomarine-ai-5hw9",
      "type": "string"
    },
    "cluster_name_base": {
      "value": "biomarine-ai",
      "type": "string"
    },
    "cluster_name_suffix": {
      "value": "5hw9",
      "type": "string"
    },
    "cluster_oidc_issuer_url": {
      "value": "https://oidc.eks.us-west-2.amazonaws.com/id/083D67A559A7D511596B8673F0DA06D4",
      "type": "string"
    },
    "cluster_security_group_id": {
      "value": "sg-09db22cf215ae92d8",
      "type": "string"
    },
    "cluster_version": {
      "value": "1.29",
      "type": "string"
    },
    "configure_kubectl": {
      "value": "aws eks update-kubeconfig --region us-west-2 --name biomarine-ai-5hw9",
      "type": "string"
    },
    "ingress_nginx_loadbalancer": {
      "value": "kubectl get svc -n ingress-nginx ingress-nginx-controller -o jsonpath='{.status.loadBalancer.ingress[0].hostname}'",
      "type": "string"
    },
    "private_subnets": {
      "value": [
        "subnet-08c44b79f8772afa1",
        "subnet-03d336f91466e4a7b",
        "subnet-0352df30ea6abdc06"
      ],
      "type": [
        "tuple",
        [
          "string",
          "string",
          "string"
        ]
      ]
    },
    "public_subnets": {
      "value": [
        "subnet-0c48d77ac42dc2858",
        "subnet-067b1e7e230ca23e3",
        "subnet-06ea07d0658ecc365"
      ],
      "type": [
        "tuple",
        [
          "string",
          "string",
          "string"
        ]
      ]
    },
    "retail_store_url": {
      "value": "echo 'http://'$(kubectl get svc -n ingress-nginx ingress-nginx-controller -o jsonpath='{.status.loadBalancer.ingress[0].hostname}')",
      "type": "string"
    },
    "useful_commands": {
      "value": {
        "argocd_apps": "kubectl get applications -n argocd",
        "describe_cluster": "kubectl cluster-info",
        "get_nodes": "kubectl get nodes",
        "get_pods_all": "kubectl get pods -A",
        "get_retail_store": "kubectl get pods -n retail-store",
        "ingress_status": "kubectl get ingress -A"
      },
      "type": [
        "object",
        {
          "argocd_apps": "string",
          "describe_cluster": "string",
          "get_nodes": "string",
          "get_pods_all": "string",
          "get_retail_store": "string",
          "ingress_status": "string"
        }
      ]
    },
    "vpc_cidr_block": {
      "value": "10.0.0.0/16",
      "type": "string"
    },
    "vpc_id": {
      "value": "vpc-01bf87b10c9652b4b",
      "type": "string"
    }
  },
  "resources": [
    {
      "mode": "data",
      "type": "aws_availability_zones",
      "name": "available",
      "provider": "provider[\"registry.terraform.io/hashicorp/aws\"]",
      "instances": [
        {
          "schema_version": 0,
          "attributes": {
            "all_availability_zones": null,
            "exclude_names": null,
            "exclude_zone_ids": null,
            "filter": null,
            "group_names": [
              "us-west-2-zg-1"
            ],
            "id": "us-west-2",
            "names": [
              "us-west-2a",
              "us-west-2b",
              "us-west-2c",
              "us-west-2d"
            ],
            "state": "available",
            "timeouts": null,
            "zone_ids": [
              "usw2-az1",
              "usw2-az2",
              "usw2-az3",
              "usw2-az4"
            ]
          },
          "sensitive_attributes": [],
          "identity_schema_version": 0
        }
      ]
    },
    {
      "mode": "data",
      "type": "aws_caller_identity",
      "name": "current",
      "provider": "provider[\"registry.terraform.io/hashicorp/aws\"]",
      "instances": [
        {
          "schema_version": 0,
          "attributes": {
            "account_id": "245991315809",
            "arn": "arn:aws:iam::245991315809:user/cli-user",
            "id": "245991315809",
            "user_id": "AIDATSRRZTFQTAWT6544P"
          },
          "sensitive_attributes": [],
          "identity_schema_version": 0
        }
      ]
    },
    {
      "mode": "managed",
      "type": "helm_release",
      "name": "argocd",
      "provider": "provider[\"registry.terraform.io/hashicorp/helm\"]",
      "instances": [
        {
          "schema_version": 1,
          "attributes": {
            "atomic": false,
            "chart": "argo-cd",
            "cleanup_on_fail": false,
            "create_namespace": true,
            "dependency_update": false,
            "description": null,
            "devel": null,
            "disable_crd_hooks": false,
            "disable_openapi_validation": false,
            "disable_webhooks": false,
            "force_update": false,
            "id": "argocd",
            "keyring": null,
            "lint": false,
            "manifest": null,
            "max_history": 0,
            "metadata": [
              {
                "app_version": "v2.9.3",
                "chart": "argo-cd",
                "first_deployed": 1758892081,
                "last_deployed": 1758892081,
                "name": "argocd",
                "namespace": "argocd",
                "notes": "\nDEPRECATED option server.extraArgs.\"--insecure\" - Use configs.params.server.insecure\n\nIn order to access the server UI you have the following options:\n\n1. kubectl port-forward service/argocd-server -n argocd 8080:443\n\n    and then open the browser on http://localhost:8080 and accept the certificate\n\n2. enable ingress in the values file `server.ingress.enabled` and either\n      - Add the annotation for ssl passthrough: https://argo-cd.readthedocs.io/en/stable/operator-manual/ingress/#option-1-ssl-passthrough\n      - Set the `configs.params.\"server.insecure\"` in the values file and terminate SSL at your ingress: https://argo-cd.readthedocs.io/en/stable/operator-manual/ingress/#option-2-multiple-ingress-objects-and-hosts\n\n\nAfter reaching the UI the first time you can login with username: admin and the random password generated during the installation. You can find the password by running:\n\nkubectl -n argocd get secret argocd-initial-admin-secret -o jsonpath=\"{.data.password}\" | base64 -d\n\n(You should delete the initial secret afterwards as suggested by the Getting Started Guide: https://argo-cd.readthedocs.io/en/stable/getting_started/#4-login-using-the-cli)\n",
                "revision": 1,
                "values": "{\"controller\":{\"resources\":{\"limits\":{\"cpu\":\"500m\",\"memory\":\"512Mi\"},\"requests\":{\"cpu\":\"100m\",\"memory\":\"128Mi\"}}},\"redis\":{\"resources\":{\"limits\":{\"cpu\":\"200m\",\"memory\":\"128Mi\"},\"requests\":{\"cpu\":\"50m\",\"memory\":\"64Mi\"}}},\"repoServer\":{\"resources\":{\"limits\":{\"cpu\":\"200m\",\"memory\":\"256Mi\"},\"requests\":{\"cpu\":\"50m\",\"memory\":\"64Mi\"}}},\"server\":{\"extraArgs\":[\"--insecure\"],\"ingress\":{\"enabled\":false},\"service\":{\"type\":\"ClusterIP\"}}}",
                "version": "5.51.6"
              }
            ],
            "name": "argocd",
            "namespace": "argocd",
            "pass_credentials": false,
            "postrender": [],
            "recreate_pods": false,
            "render_subchart_notes": true,
            "replace": false,
            "repository": "https://argoproj.github.io/argo-helm",
            "repository_ca_file": null,
            "repository_cert_file": null,
            "repository_key_file": null,
            "repository_password": null,
            "repository_username": null,
            "reset_values": false,
            "reuse_values": false,
            "set": [],
            "set_list": [],
            "set_sensitive": [],
            "skip_crds": false,
            "status": "deployed",
            "timeout": 300,
            "upgrade_install": null,
            "values": [
              "\"controller\":\n  \"resources\":\n    \"limits\":\n      \"cpu\": \"500m\"\n      \"memory\": \"512Mi\"\n    \"requests\":\n      \"cpu\": \"100m\"\n      \"memory\": \"128Mi\"\n\"redis\":\n  \"resources\":\n    \"limits\":\n      \"cpu\": \"200m\"\n      \"memory\": \"128Mi\"\n    \"requests\":\n      \"cpu\": \"50m\"\n      \"memory\": \"64Mi\"\n\"repoServer\":\n  \"resources\":\n    \"limits\":\n      \"cpu\": \"200m\"\n      \"memory\": \"256Mi\"\n    \"requests\":\n      \"cpu\": \"50m\"\n      \"memory\": \"64Mi\"\n\"server\":\n  \"extraArgs\":\n  - \"--insecure\"\n  \"ingress\":\n    \"enabled\": false\n  \"service\":\n    \"type\": \"ClusterIP\"\n"
            ],
            "verify": false,
            "version": "5.51.6",
            "wait": true,
            "wait_for_jobs": false
          },
          "sensitive_attributes": [
            [
              {
                "type": "get_attr",
                "value": "repository_password"
              }
            ]
          ],
          "identity_schema_version": 0,
          "private": "eyJzY2hlbWFfdmVyc2lvbiI6IjEifQ==",
          "dependencies": [
            "data.aws_availability_zones.available",
            "data.aws_caller_identity.current",
            "module.eks_addons.aws_autoscaling_group_tag.aws_node_termination_handler",
            "module.eks_addons.aws_autoscaling_lifecycle_hook.aws_node_termination_handler",
            "module.eks_addons.aws_cloudformation_stack.usage_telemetry",
            "module.eks_addons.aws_cloudwatch_event_rule.aws_node_termination_handler",
            "module.eks_addons.aws_cloudwatch_event_rule.karpenter",
            "module.eks_addons.aws_cloudwatch_event_target.aws_node_termination_handler",
            "module.eks_addons.aws_cloudwatch_event_target.karpenter",
            "module.eks_addons.aws_cloudwatch_log_group.aws_for_fluentbit",
            "module.eks_addons.aws_cloudwatch_log_group.fargate_fluentbit",
            "module.eks_addons.aws_eks_addon.this",
            "module.eks_addons.aws_iam_instance_profile.karpenter",
            "module.eks_addons.aws_iam_policy.fargate_fluentbit",
            "module.eks_addons.aws_iam_role.karpenter",
            "module.eks_addons.aws_iam_role_policy_attachment.additional",
            "module.eks_addons.aws_iam_role_policy_attachment.karpenter",
            "module.eks_addons.data.aws_caller_identity.current",
            "module.eks_addons.data.aws_eks_addon_version.this",
            "module.eks_addons.data.aws_iam_policy_document.aws_efs_csi_driver",
            "module.eks_addons.data.aws_iam_policy_document.aws_for_fluentbit",
            "module.eks_addons.data.aws_iam_policy_document.aws_fsx_csi_driver",
            "module.eks_addons.data.aws_iam_policy_document.aws_gateway_api_controller",
            "module.eks_addons.data.aws_iam_policy_document.aws_load_balancer_controller",
            "module.eks_addons.data.aws_iam_policy_document.aws_node_termination_handler",
            "module.eks_addons.data.aws_iam_policy_document.aws_privateca_issuer",
            "module.eks_addons.data.aws_iam_policy_document.cert_manager",
            "module.eks_addons.data.aws_iam_policy_document.cluster_autoscaler",
            "module.eks_addons.data.aws_iam_policy_document.external_dns",
            "module.eks_addons.data.aws_iam_policy_document.external_secrets",
            "module.eks_addons.data.aws_iam_policy_document.fargate_fluentbit",
            "module.eks_addons.data.aws_iam_policy_document.karpenter",
            "module.eks_addons.data.aws_iam_policy_document.karpenter_assume_role",
            "module.eks_addons.data.aws_iam_policy_document.velero",
            "module.eks_addons.data.aws_partition.current",
            "module.eks_addons.data.aws_region.current",
            "module.eks_addons.helm_release.this",
            "module.eks_addons.kubernetes_config_map_v1.aws_logging",
            "module.eks_addons.kubernetes_config_map_v1_data.aws_for_fluentbit_containerinsights",
            "module.eks_addons.kubernetes_namespace_v1.aws_observability",
            "module.eks_addons.module.argo_events.aws_iam_policy.this",
            "module.eks_addons.module.argo_events.aws_iam_role.this",
            "module.eks_addons.module.argo_events.aws_iam_role_policy_attachment.additional",
            "module.eks_addons.module.argo_events.aws_iam_role_policy_attachment.this",
            "module.eks_addons.module.argo_events.data.aws_caller_identity.current",
            "module.eks_addons.module.argo_events.data.aws_iam_policy_document.assume",
            "module.eks_addons.module.argo_events.data.aws_iam_policy_document.this",
            "module.eks_addons.module.argo_events.data.aws_partition.current",
            "module.eks_addons.module.argo_events.helm_release.this",
            "module.eks_addons.module.argo_rollouts.aws_iam_policy.this",
            "module.eks_addons.module.argo_rollouts.aws_iam_role.this",
            "module.eks_addons.module.argo_rollouts.aws_iam_role_policy_attachment.additional",
            "module.eks_addons.module.argo_rollouts.aws_iam_role_policy_attachment.this",
            "module.eks_addons.module.argo_rollouts.data.aws_caller_identity.current",
            "module.eks_addons.module.argo_rollouts.data.aws_iam_policy_document.assume",
            "module.eks_addons.module.argo_rollouts.data.aws_iam_policy_document.this",
            "module.eks_addons.module.argo_rollouts.data.aws_partition.current",
            "module.eks_addons.module.argo_rollouts.helm_release.this",
            "module.eks_addons.module.argo_workflows.aws_iam_policy.this",
            "module.eks_addons.module.argo_workflows.aws_iam_role.this",
            "module.eks_addons.module.argo_workflows.aws_iam_role_policy_attachment.additional",
            "module.eks_addons.module.argo_workflows.aws_iam_role_policy_attachment.this",
            "module.eks_addons.module.argo_workflows.data.aws_caller_identity.current",
            "module.eks_addons.module.argo_workflows.data.aws_iam_policy_document.assume",
            "module.eks_addons.module.argo_workflows.data.aws_iam_policy_document.this",
            "module.eks_addons.module.argo_workflows.data.aws_partition.current",
            "module.eks_addons.module.argo_workflows.helm_release.this",
            "module.eks_addons.module.argocd.aws_iam_policy.this",
            "module.eks_addons.module.argocd.aws_iam_role.this",
            "module.eks_addons.module.argocd.aws_iam_role_policy_attachment.additional",
            "module.eks_addons.module.argocd.aws_iam_role_policy_attachment.this",
            "module.eks_addons.module.argocd.data.aws_caller_identity.current",
            "module.eks_addons.module.argocd.data.aws_iam_policy_document.assume",
            "module.eks_addons.module.argocd.data.aws_iam_policy_document.this",
            "module.eks_addons.module.argocd.data.aws_partition.current",
            "module.eks_addons.module.argocd.helm_release.this",
            "module.eks_addons.module.aws_cloudwatch_metrics.aws_iam_policy.this",
            "module.eks_addons.module.aws_cloudwatch_metrics.aws_iam_role.this",
            "module.eks_addons.module.aws_cloudwatch_metrics.aws_iam_role_policy_attachment.additional",
            "module.eks_addons.module.aws_cloudwatch_metrics.aws_iam_role_policy_attachment.this",
            "module.eks_addons.module.aws_cloudwatch_metrics.data.aws_caller_identity.current",
            "module.eks_addons.module.aws_cloudwatch_metrics.data.aws_iam_policy_document.assume",
            "module.eks_addons.module.aws_cloudwatch_metrics.data.aws_iam_policy_document.this",
            "module.eks_addons.module.aws_cloudwatch_metrics.data.aws_partition.current",
            "module.eks_addons.module.aws_cloudwatch_metrics.helm_release.this",
            "module.eks_addons.module.aws_efs_csi_driver.aws_iam_policy.this",
            "module.eks_addons.module.aws_efs_csi_driver.aws_iam_role.this",
            "module.eks_addons.module.aws_efs_csi_driver.aws_iam_role_policy_attachment.additional",
            "module.eks_addons.module.aws_efs_csi_driver.aws_iam_role_policy_attachment.this",
            "module.eks_addons.module.aws_efs_csi_driver.data.aws_caller_identity.current",
            "module.eks_addons.module.aws_efs_csi_driver.data.aws_iam_policy_document.assume",
            "module.eks_addons.module.aws_efs_csi_driver.data.aws_iam_policy_document.this",
            "module.eks_addons.module.aws_efs_csi_driver.data.aws_partition.current",
            "module.eks_addons.module.aws_efs_csi_driver.helm_release.this",
            "module.eks_addons.module.aws_for_fluentbit.aws_iam_policy.this",
            "module.eks_addons.module.aws_for_fluentbit.aws_iam_role.this",
            "module.eks_addons.module.aws_for_fluentbit.aws_iam_role_policy_attachment.additional",
            "module.eks_addons.module.aws_for_fluentbit.aws_iam_role_policy_attachment.this",
            "module.eks_addons.module.aws_for_fluentbit.data.aws_caller_identity.current",
            "module.eks_addons.module.aws_for_fluentbit.data.aws_iam_policy_document.assume",
            "module.eks_addons.module.aws_for_fluentbit.data.aws_iam_policy_document.this",
            "module.eks_addons.module.aws_for_fluentbit.data.aws_partition.current",
            "module.eks_addons.module.aws_for_fluentbit.helm_release.this",
            "module.eks_addons.module.aws_fsx_csi_driver.aws_iam_policy.this",
            "module.eks_addons.module.aws_fsx_csi_driver.aws_iam_role.this",
            "module.eks_addons.module.aws_fsx_csi_driver.aws_iam_role_policy_attachment.additional",
            "module.eks_addons.module.aws_fsx_csi_driver.aws_iam_role_policy_attachment.this",
            "module.eks_addons.module.aws_fsx_csi_driver.data.aws_caller_identity.current",
            "module.eks_addons.module.aws_fsx_csi_driver.data.aws_iam_policy_document.assume",
            "module.eks_addons.module.aws_fsx_csi_driver.data.aws_iam_policy_document.this",
            "module.eks_addons.module.aws_fsx_csi_driver.data.aws_partition.current",
            "module.eks_addons.module.aws_fsx_csi_driver.helm_release.this",
            "module.eks_addons.module.aws_gateway_api_controller.aws_iam_policy.this",
            "module.eks_addons.module.aws_gateway_api_controller.aws_iam_role.this",
            "module.eks_addons.module.aws_gateway_api_controller.aws_iam_role_policy_attachment.additional",
            "module.eks_addons.module.aws_gateway_api_controller.aws_iam_role_policy_attachment.this",
            "module.eks_addons.module.aws_gateway_api_controller.data.aws_caller_identity.current",
            "module.eks_addons.module.aws_gateway_api_controller.data.aws_iam_policy_document.assume",
            "module.eks_addons.module.aws_gateway_api_controller.data.aws_iam_policy_document.this",
            "module.eks_addons.module.aws_gateway_api_controller.data.aws_partition.current",
            "module.eks_addons.module.aws_gateway_api_controller.helm_release.this",
            "module.eks_addons.module.aws_load_balancer_controller.aws_iam_policy.this",
            "module.eks_addons.module.aws_load_balancer_controller.aws_iam_role.this",
            "module.eks_addons.module.aws_load_balancer_controller.aws_iam_role_policy_attachment.additional",
            "module.eks_addons.module.aws_load_balancer_controller.aws_iam_role_policy_attachment.this",
            "module.eks_addons.module.aws_load_balancer_controller.data.aws_caller_identity.current",
            "module.eks_addons.module.aws_load_balancer_controller.data.aws_iam_policy_document.assume",
            "module.eks_addons.module.aws_load_balancer_controller.data.aws_iam_policy_document.this",
            "module.eks_addons.module.aws_load_balancer_controller.data.aws_partition.current",
            "module.eks_addons.module.aws_load_balancer_controller.helm_release.this",
            "module.eks_addons.module.aws_node_termination_handler.aws_iam_policy.this",
            "module.eks_addons.module.aws_node_termination_handler.aws_iam_role.this",
            "module.eks_addons.module.aws_node_termination_handler.aws_iam_role_policy_attachment.additional",
            "module.eks_addons.module.aws_node_termination_handler.aws_iam_role_policy_attachment.this",
            "module.eks_addons.module.aws_node_termination_handler.data.aws_caller_identity.current",
            "module.eks_addons.module.aws_node_termination_handler.data.aws_iam_policy_document.assume",
            "module.eks_addons.module.aws_node_termination_handler.data.aws_iam_policy_document.this",
            "module.eks_addons.module.aws_node_termination_handler.data.aws_partition.current",
            "module.eks_addons.module.aws_node_termination_handler.helm_release.this",
            "module.eks_addons.module.aws_node_termination_handler_sqs.aws_sqs_queue.dlq",
            "module.eks_addons.module.aws_node_termination_handler_sqs.aws_sqs_queue.this",
            "module.eks_addons.module.aws_node_termination_handler_sqs.aws_sqs_queue_policy.dlq",
            "module.eks_addons.module.aws_node_termination_handler_sqs.aws_sqs_queue_policy.this",
            "module.eks_addons.module.aws_node_termination_handler_sqs.aws_sqs_queue_redrive_allow_policy.dlq",
            "module.eks_addons.module.aws_node_termination_handler_sqs.aws_sqs_queue_redrive_allow_policy.this",
            "module.eks_addons.module.aws_node_termination_handler_sqs.aws_sqs_queue_redrive_policy.dlq",
            "module.eks_addons.module.aws_node_termination_handler_sqs.aws_sqs_queue_redrive_policy.this",
            "module.eks_addons.module.aws_node_termination_handler_sqs.data.aws_iam_policy_document.dlq",
            "module.eks_addons.module.aws_node_termination_handler_sqs.data.aws_iam_policy_document.this",
            "module.eks_addons.module.aws_privateca_issuer.aws_iam_policy.this",
            "module.eks_addons.module.aws_privateca_issuer.aws_iam_role.this",
            "module.eks_addons.module.aws_privateca_issuer.aws_iam_role_policy_attachment.additional",
            "module.eks_addons.module.aws_privateca_issuer.aws_iam_role_policy_attachment.this",
            "module.eks_addons.module.aws_privateca_issuer.data.aws_caller_identity.current",
            "module.eks_addons.module.aws_privateca_issuer.data.aws_iam_policy_document.assume",
            "module.eks_addons.module.aws_privateca_issuer.data.aws_iam_policy_document.this",
            "module.eks_addons.module.aws_privateca_issuer.data.aws_partition.current",
            "module.eks_addons.module.aws_privateca_issuer.helm_release.this",
            "module.eks_addons.module.bottlerocket_shadow.aws_iam_policy.this",
            "module.eks_addons.module.bottlerocket_shadow.aws_iam_role.this",
            "module.eks_addons.module.bottlerocket_shadow.aws_iam_role_policy_attachment.additional",
            "module.eks_addons.module.bottlerocket_shadow.aws_iam_role_policy_attachment.this",
            "module.eks_addons.module.bottlerocket_shadow.data.aws_caller_identity.current",
            "module.eks_addons.module.bottlerocket_shadow.data.aws_iam_policy_document.assume",
            "module.eks_addons.module.bottlerocket_shadow.data.aws_iam_policy_document.this",
            "module.eks_addons.module.bottlerocket_shadow.data.aws_partition.current",
            "module.eks_addons.module.bottlerocket_shadow.helm_release.this",
            "module.eks_addons.module.bottlerocket_update_operator.aws_iam_policy.this",
            "module.eks_addons.module.bottlerocket_update_operator.aws_iam_role.this",
            "module.eks_addons.module.bottlerocket_update_operator.aws_iam_role_policy_attachment.additional",
            "module.eks_addons.module.bottlerocket_update_operator.aws_iam_role_policy_attachment.this",
            "module.eks_addons.module.bottlerocket_update_operator.data.aws_caller_identity.current",
            "module.eks_addons.module.bottlerocket_update_operator.data.aws_iam_policy_document.assume",
            "module.eks_addons.module.bottlerocket_update_operator.data.aws_iam_policy_document.this",
            "module.eks_addons.module.bottlerocket_update_operator.data.aws_partition.current",
            "module.eks_addons.module.bottlerocket_update_operator.helm_release.this",
            "module.eks_addons.module.cert_manager.aws_iam_policy.this",
            "module.eks_addons.module.cert_manager.aws_iam_role.this",
            "module.eks_addons.module.cert_manager.aws_iam_role_policy_attachment.additional",
            "module.eks_addons.module.cert_manager.aws_iam_role_policy_attachment.this",
            "module.eks_addons.module.cert_manager.data.aws_caller_identity.current",
            "module.eks_addons.module.cert_manager.data.aws_iam_policy_document.assume",
            "module.eks_addons.module.cert_manager.data.aws_iam_policy_document.this",
            "module.eks_addons.module.cert_manager.data.aws_partition.current",
            "module.eks_addons.module.cert_manager.helm_release.this",
            "module.eks_addons.module.cluster_autoscaler.aws_iam_policy.this",
            "module.eks_addons.module.cluster_autoscaler.aws_iam_role.this",
            "module.eks_addons.module.cluster_autoscaler.aws_iam_role_policy_attachment.additional",
            "module.eks_addons.module.cluster_autoscaler.aws_iam_role_policy_attachment.this",
            "module.eks_addons.module.cluster_autoscaler.data.aws_caller_identity.current",
            "module.eks_addons.module.cluster_autoscaler.data.aws_iam_policy_document.assume",
            "module.eks_addons.module.cluster_autoscaler.data.aws_iam_policy_document.this",
            "module.eks_addons.module.cluster_autoscaler.data.aws_partition.current",
            "module.eks_addons.module.cluster_autoscaler.helm_release.this",
            "module.eks_addons.module.cluster_proportional_autoscaler.aws_iam_policy.this",
            "module.eks_addons.module.cluster_proportional_autoscaler.aws_iam_role.this",
            "module.eks_addons.module.cluster_proportional_autoscaler.aws_iam_role_policy_attachment.additional",
            "module.eks_addons.module.cluster_proportional_autoscaler.aws_iam_role_policy_attachment.this",
            "module.eks_addons.module.cluster_proportional_autoscaler.data.aws_caller_identity.current",
            "module.eks_addons.module.cluster_proportional_autoscaler.data.aws_iam_policy_document.assume",
            "module.eks_addons.module.cluster_proportional_autoscaler.data.aws_iam_policy_document.this",
            "module.eks_addons.module.cluster_proportional_autoscaler.data.aws_partition.current",
            "module.eks_addons.module.cluster_proportional_autoscaler.helm_release.this",
            "module.eks_addons.module.external_dns.aws_iam_policy.this",
            "module.eks_addons.module.external_dns.aws_iam_role.this",
            "module.eks_addons.module.external_dns.aws_iam_role_policy_attachment.additional",
            "module.eks_addons.module.external_dns.aws_iam_role_policy_attachment.this",
            "module.eks_addons.module.external_dns.data.aws_caller_identity.current",
            "module.eks_addons.module.external_dns.data.aws_iam_policy_document.assume",
            "module.eks_addons.module.external_dns.data.aws_iam_policy_document.this",
            "module.eks_addons.module.external_dns.data.aws_partition.current",
            "module.eks_addons.module.external_dns.helm_release.this",
            "module.eks_addons.module.external_secrets.aws_iam_policy.this",
            "module.eks_addons.module.external_secrets.aws_iam_role.this",
            "module.eks_addons.module.external_secrets.aws_iam_role_policy_attachment.additional",
            "module.eks_addons.module.external_secrets.aws_iam_role_policy_attachment.this",
            "module.eks_addons.module.external_secrets.data.aws_caller_identity.current",
            "module.eks_addons.module.external_secrets.data.aws_iam_policy_document.assume",
            "module.eks_addons.module.external_secrets.data.aws_iam_policy_document.this",
            "module.eks_addons.module.external_secrets.data.aws_partition.current",
            "module.eks_addons.module.external_secrets.helm_release.this",
            "module.eks_addons.module.gatekeeper.aws_iam_policy.this",
            "module.eks_addons.module.gatekeeper.aws_iam_role.this",
            "module.eks_addons.module.gatekeeper.aws_iam_role_policy_attachment.additional",
            "module.eks_addons.module.gatekeeper.aws_iam_role_policy_attachment.this",
            "module.eks_addons.module.gatekeeper.data.aws_caller_identity.current",
            "module.eks_addons.module.gatekeeper.data.aws_iam_policy_document.assume",
            "module.eks_addons.module.gatekeeper.data.aws_iam_policy_document.this",
            "module.eks_addons.module.gatekeeper.data.aws_partition.current",
            "module.eks_addons.module.gatekeeper.helm_release.this",
            "module.eks_addons.module.ingress_nginx.aws_iam_policy.this",
            "module.eks_addons.module.ingress_nginx.aws_iam_role.this",
            "module.eks_addons.module.ingress_nginx.aws_iam_role_policy_attachment.additional",
            "module.eks_addons.module.ingress_nginx.aws_iam_role_policy_attachment.this",
            "module.eks_addons.module.ingress_nginx.data.aws_caller_identity.current",
            "module.eks_addons.module.ingress_nginx.data.aws_iam_policy_document.assume",
            "module.eks_addons.module.ingress_nginx.data.aws_iam_policy_document.this",
            "module.eks_addons.module.ingress_nginx.data.aws_partition.current",
            "module.eks_addons.module.ingress_nginx.helm_release.this",
            "module.eks_addons.module.karpenter.aws_iam_policy.this",
            "module.eks_addons.module.karpenter.aws_iam_role.this",
            "module.eks_addons.module.karpenter.aws_iam_role_policy_attachment.additional",
            "module.eks_addons.module.karpenter.aws_iam_role_policy_attachment.this",
            "module.eks_addons.module.karpenter.data.aws_caller_identity.current",
            "module.eks_addons.module.karpenter.data.aws_iam_policy_document.assume",
            "module.eks_addons.module.karpenter.data.aws_iam_policy_document.this",
            "module.eks_addons.module.karpenter.data.aws_partition.current",
            "module.eks_addons.module.karpenter.helm_release.this",
            "module.eks_addons.module.karpenter_sqs.aws_sqs_queue.dlq",
            "module.eks_addons.module.karpenter_sqs.aws_sqs_queue.this",
            "module.eks_addons.module.karpenter_sqs.aws_sqs_queue_policy.dlq",
            "module.eks_addons.module.karpenter_sqs.aws_sqs_queue_policy.this",
            "module.eks_addons.module.karpenter_sqs.aws_sqs_queue_redrive_allow_policy.dlq",
            "module.eks_addons.module.karpenter_sqs.aws_sqs_queue_redrive_allow_policy.this",
            "module.eks_addons.module.karpenter_sqs.aws_sqs_queue_redrive_policy.dlq",
            "module.eks_addons.module.karpenter_sqs.aws_sqs_queue_redrive_policy.this",
            "module.eks_addons.module.karpenter_sqs.data.aws_iam_policy_document.dlq",
            "module.eks_addons.module.karpenter_sqs.data.aws_iam_policy_document.this",
            "module.eks_addons.module.kube_prometheus_stack.aws_iam_policy.this",
            "module.eks_addons.module.kube_prometheus_stack.aws_iam_role.this",
            "module.eks_addons.module.kube_prometheus_stack.aws_iam_role_policy_attachment.additional",
            "module.eks_addons.module.kube_prometheus_stack.aws_iam_role_policy_attachment.this",
            "module.eks_addons.module.kube_prometheus_stack.data.aws_caller_identity.current",
            "module.eks_addons.module.kube_prometheus_stack.data.aws_iam_policy_document.assume",
            "module.eks_addons.module.kube_prometheus_stack.data.aws_iam_policy_document.this",
            "module.eks_addons.module.kube_prometheus_stack.data.aws_partition.current",
            "module.eks_addons.module.kube_prometheus_stack.helm_release.this",
            "module.eks_addons.module.metrics_server.aws_iam_policy.this",
            "module.eks_addons.module.metrics_server.aws_iam_role.this",
            "module.eks_addons.module.metrics_server.aws_iam_role_policy_attachment.additional",
            "module.eks_addons.module.metrics_server.aws_iam_role_policy_attachment.this",
            "module.eks_addons.module.metrics_server.data.aws_caller_identity.current",
            "module.eks_addons.module.metrics_server.data.aws_iam_policy_document.assume",
            "module.eks_addons.module.metrics_server.data.aws_iam_policy_document.this",
            "module.eks_addons.module.metrics_server.data.aws_partition.current",
            "module.eks_addons.module.metrics_server.helm_release.this",
            "module.eks_addons.module.secrets_store_csi_driver.aws_iam_policy.this",
            "module.eks_addons.module.secrets_store_csi_driver.aws_iam_role.this",
            "module.eks_addons.module.secrets_store_csi_driver.aws_iam_role_policy_attachment.additional",
            "module.eks_addons.module.secrets_store_csi_driver.aws_iam_role_policy_attachment.this",
            "module.eks_addons.module.secrets_store_csi_driver.data.aws_caller_identity.current",
            "module.eks_addons.module.secrets_store_csi_driver.data.aws_iam_policy_document.assume",
            "module.eks_addons.module.secrets_store_csi_driver.data.aws_iam_policy_document.this",
            "module.eks_addons.module.secrets_store_csi_driver.data.aws_partition.current",
            "module.eks_addons.module.secrets_store_csi_driver.helm_release.this",
            "module.eks_addons.module.secrets_store_csi_driver_provider_aws.aws_iam_policy.this",
            "module.eks_addons.module.secrets_store_csi_driver_provider_aws.aws_iam_role.this",
            "module.eks_addons.module.secrets_store_csi_driver_provider_aws.aws_iam_role_policy_attachment.additional",
            "module.eks_addons.module.secrets_store_csi_driver_provider_aws.aws_iam_role_policy_attachment.this",
            "module.eks_addons.module.secrets_store_csi_driver_provider_aws.data.aws_caller_identity.current",
            "module.eks_addons.module.secrets_store_csi_driver_provider_aws.data.aws_iam_policy_document.assume",
            "module.eks_addons.module.secrets_store_csi_driver_provider_aws.data.aws_iam_policy_document.this",
            "module.eks_addons.module.secrets_store_csi_driver_provider_aws.data.aws_partition.current",
            "module.eks_addons.module.secrets_store_csi_driver_provider_aws.helm_release.this",
            "module.eks_addons.module.velero.aws_iam_policy.this",
            "module.eks_addons.module.velero.aws_iam_role.this",
            "module.eks_addons.module.velero.aws_iam_role_policy_attachment.additional",
            "module.eks_addons.module.velero.aws_iam_role_policy_attachment.this",
            "module.eks_addons.module.velero.data.aws_caller_identity.current",
            "module.eks_addons.module.velero.data.aws_iam_policy_document.assume",
            "module.eks_addons.module.velero.data.aws_iam_policy_document.this",
            "module.eks_addons.module.velero.data.aws_partition.current",
            "module.eks_addons.module.velero.helm_release.this",
            "module.eks_addons.module.vpa.aws_iam_policy.this",
            "module.eks_addons.module.vpa.aws_iam_role.this",
            "module.eks_addons.module.vpa.aws_iam_role_policy_attachment.additional",
            "module.eks_addons.module.vpa.aws_iam_role_policy_attachment.this",
            "module.eks_addons.module.vpa.data.aws_caller_identity.current",
            "module.eks_addons.module.vpa.data.aws_iam_policy_document.assume",
            "module.eks_addons.module.vpa.data.aws_iam_policy_document.this",
            "module.eks_addons.module.vpa.data.aws_partition.current",
            "module.eks_addons.module.vpa.helm_release.this",
            "module.eks_addons.random_bytes.this",
            "module.eks_addons.time_sleep.this",
            "module.retail_app_eks.aws_cloudwatch_log_group.this",
            "module.retail_app_eks.aws_ec2_tag.cluster_primary_security_group",
            "module.retail_app_eks.aws_eks_access_entry.this",
            "module.retail_app_eks.aws_eks_access_policy_association.this",
            "module.retail_app_eks.aws_eks_addon.before_compute",
            "module.retail_app_eks.aws_eks_addon.this",
            "module.retail_app_eks.aws_eks_cluster.this",
            "module.retail_app_eks.aws_eks_identity_provider_config.this",
            "module.retail_app_eks.aws_iam_openid_connect_provider.oidc_provider",
            "module.retail_app_eks.aws_iam_policy.cluster_encryption",
            "module.retail_app_eks.aws_iam_policy.cni_ipv6_policy",
            "module.retail_app_eks.aws_iam_policy.custom",
            "module.retail_app_eks.aws_iam_role.eks_auto",
            "module.retail_app_eks.aws_iam_role.this",
            "module.retail_app_eks.aws_iam_role_policy_attachment.additional",
            "module.retail_app_eks.aws_iam_role_policy_attachment.cluster_encryption",
            "module.retail_app_eks.aws_iam_role_policy_attachment.custom",
            "module.retail_app_eks.aws_iam_role_policy_attachment.eks_auto",
            "module.retail_app_eks.aws_iam_role_policy_attachment.eks_auto_additional",
            "module.retail_app_eks.aws_iam_role_policy_attachment.this",
            "module.retail_app_eks.aws_security_group.cluster",
            "module.retail_app_eks.aws_security_group.node",
            "module.retail_app_eks.aws_security_group_rule.cluster",
            "module.retail_app_eks.aws_security_group_rule.node",
            "module.retail_app_eks.data.aws_caller_identity.current",
            "module.retail_app_eks.data.aws_eks_addon_version.this",
            "module.retail_app_eks.data.aws_iam_policy_document.assume_role_policy",
            "module.retail_app_eks.data.aws_iam_policy_document.cni_ipv6_policy",
            "module.retail_app_eks.data.aws_iam_policy_document.custom",
            "module.retail_app_eks.data.aws_iam_policy_document.node_assume_role_policy",
            "module.retail_app_eks.data.aws_iam_session_context.current",
            "module.retail_app_eks.data.aws_partition.current",
            "module.retail_app_eks.data.tls_certificate.this",
            "module.retail_app_eks.module.eks_managed_node_group.aws_autoscaling_schedule.this",
            "module.retail_app_eks.module.eks_managed_node_group.aws_eks_node_group.this",
            "module.retail_app_eks.module.eks_managed_node_group.aws_iam_role.this",
            "module.retail_app_eks.module.eks_managed_node_group.aws_iam_role_policy.this",
            "module.retail_app_eks.module.eks_managed_node_group.aws_iam_role_policy_attachment.additional",
            "module.retail_app_eks.module.eks_managed_node_group.aws_iam_role_policy_attachment.this",
            "module.retail_app_eks.module.eks_managed_node_group.aws_launch_template.this",
            "module.retail_app_eks.module.eks_managed_node_group.aws_placement_group.this",
            "module.retail_app_eks.module.eks_managed_node_group.data.aws_caller_identity.current",
            "module.retail_app_eks.module.eks_managed_node_group.data.aws_ec2_instance_type.this",
            "module.retail_app_eks.module.eks_managed_node_group.data.aws_ec2_instance_type_offerings.this",
            "module.retail_app_eks.module.eks_managed_node_group.data.aws_iam_policy_document.assume_role_policy",
            "module.retail_app_eks.module.eks_managed_node_group.data.aws_iam_policy_document.role",
            "module.retail_app_eks.module.eks_managed_node_group.data.aws_partition.current",
            "module.retail_app_eks.module.eks_managed_node_group.data.aws_ssm_parameter.ami",
            "module.retail_app_eks.module.eks_managed_node_group.data.aws_subnets.placement_group",
            "module.retail_app_eks.module.eks_managed_node_group.module.user_data.data.cloudinit_config.al2023_eks_managed_node_group",
            "module.retail_app_eks.module.eks_managed_node_group.module.user_data.data.cloudinit_config.linux_eks_managed_node_group",
            "module.retail_app_eks.module.eks_managed_node_group.module.user_data.null_resource.validate_cluster_service_cidr",
            "module.retail_app_eks.module.fargate_profile.aws_eks_fargate_profile.this",
            "module.retail_app_eks.module.fargate_profile.aws_iam_role.this",
            "module.retail_app_eks.module.fargate_profile.aws_iam_role_policy.this",
            "module.retail_app_eks.module.fargate_profile.aws_iam_role_policy_attachment.additional",
            "module.retail_app_eks.module.fargate_profile.aws_iam_role_policy_attachment.this",
            "module.retail_app_eks.module.fargate_profile.data.aws_caller_identity.current",
            "module.retail_app_eks.module.fargate_profile.data.aws_iam_policy_document.assume_role_policy",
            "module.retail_app_eks.module.fargate_profile.data.aws_iam_policy_document.role",
            "module.retail_app_eks.module.fargate_profile.data.aws_partition.current",
            "module.retail_app_eks.module.fargate_profile.data.aws_region.current",
            "module.retail_app_eks.module.kms.aws_kms_alias.this",
            "module.retail_app_eks.module.kms.aws_kms_external_key.this",
            "module.retail_app_eks.module.kms.aws_kms_grant.this",
            "module.retail_app_eks.module.kms.aws_kms_key.this",
            "module.retail_app_eks.module.kms.aws_kms_replica_external_key.this",
            "module.retail_app_eks.module.kms.aws_kms_replica_key.this",
            "module.retail_app_eks.module.kms.data.aws_caller_identity.current",
            "module.retail_app_eks.module.kms.data.aws_iam_policy_document.this",
            "module.retail_app_eks.module.kms.data.aws_partition.current",
            "module.retail_app_eks.module.self_managed_node_group.aws_autoscaling_group.this",
            "module.retail_app_eks.module.self_managed_node_group.aws_autoscaling_schedule.this",
            "module.retail_app_eks.module.self_managed_node_group.aws_eks_access_entry.this",
            "module.retail_app_eks.module.self_managed_node_group.aws_iam_instance_profile.this",
            "module.retail_app_eks.module.self_managed_node_group.aws_iam_role.this",
            "module.retail_app_eks.module.self_managed_node_group.aws_iam_role_policy.this",
            "module.retail_app_eks.module.self_managed_node_group.aws_iam_role_policy_attachment.additional",
            "module.retail_app_eks.module.self_managed_node_group.aws_iam_role_policy_attachment.this",
            "module.retail_app_eks.module.self_managed_node_group.aws_launch_template.this",
            "module.retail_app_eks.module.self_managed_node_group.aws_placement_group.this",
            "module.retail_app_eks.module.self_managed_node_group.data.aws_caller_identity.current",
            "module.retail_app_eks.module.self_managed_node_group.data.aws_ec2_instance_type.this",
            "module.retail_app_eks.module.self_managed_node_group.data.aws_ec2_instance_type_offerings.this",
            "module.retail_app_eks.module.self_managed_node_group.data.aws_iam_policy_document.assume_role_policy",
            "module.retail_app_eks.module.self_managed_node_group.data.aws_iam_policy_document.role",
            "module.retail_app_eks.module.self_managed_node_group.data.aws_partition.current",
            "module.retail_app_eks.module.self_managed_node_group.data.aws_ssm_parameter.ami",
            "module.retail_app_eks.module.self_managed_node_group.data.aws_subnets.placement_group",
            "module.retail_app_eks.module.self_managed_node_group.module.user_data.data.cloudinit_config.al2023_eks_managed_node_group",
            "module.retail_app_eks.module.self_managed_node_group.module.user_data.data.cloudinit_config.linux_eks_managed_node_group",
            "module.retail_app_eks.module.self_managed_node_group.module.user_data.null_resource.validate_cluster_service_cidr",
            "module.retail_app_eks.time_sleep.this",
            "module.vpc.aws_subnet.private",
            "module.vpc.aws_vpc.this",
            "module.vpc.aws_vpc_ipv4_cidr_block_association.this",
            "random_string.suffix",
            "time_sleep.wait_for_cluster"
          ]
        }
      ]
    },
    {
      "mode": "managed",
      "type": "null_resource",
      "name": "argocd_apps",
      "provider": "provider[\"registry.terraform.io/hashicorp/null\"]",
      "instances": [
        {
          "schema_version": 0,
          "attributes": {
            "id": "6559277703939232979",
            "triggers": {
              "argocd_version": "5.51.6",
              "timestamp": "2025-09-26T13:10:53Z"
            }
          },
          "sensitive_attributes": [],
          "identity_schema_version": 0,
          "dependencies": [
            "data.aws_availability_zones.available",
            "data.aws_caller_identity.current",
            "helm_release.argocd",
            "module.eks_addons.aws_autoscaling_group_tag.aws_node_termination_handler",
            "module.eks_addons.aws_autoscaling_lifecycle_hook.aws_node_termination_handler",
            "module.eks_addons.aws_cloudformation_stack.usage_telemetry",
            "module.eks_addons.aws_cloudwatch_event_rule.aws_node_termination_handler",
            "module.eks_addons.aws_cloudwatch_event_rule.karpenter",
            "module.eks_addons.aws_cloudwatch_event_target.aws_node_termination_handler",
            "module.eks_addons.aws_cloudwatch_event_target.karpenter",
            "module.eks_addons.aws_cloudwatch_log_group.aws_for_fluentbit",
            "module.eks_addons.aws_cloudwatch_log_group.fargate_fluentbit",
            "module.eks_addons.aws_eks_addon.this",
            "module.eks_addons.aws_iam_instance_profile.karpenter",
            "module.eks_addons.aws_iam_policy.fargate_fluentbit",
            "module.eks_addons.aws_iam_role.karpenter",
            "module.eks_addons.aws_iam_role_policy_attachment.additional",
            "module.eks_addons.aws_iam_role_policy_attachment.karpenter",
            "module.eks_addons.data.aws_caller_identity.current",
            "module.eks_addons.data.aws_eks_addon_version.this",
            "module.eks_addons.data.aws_iam_policy_document.aws_efs_csi_driver",
            "module.eks_addons.data.aws_iam_policy_document.aws_for_fluentbit",
            "module.eks_addons.data.aws_iam_policy_document.aws_fsx_csi_driver",
            "module.eks_addons.data.aws_iam_policy_document.aws_gateway_api_controller",
            "module.eks_addons.data.aws_iam_policy_document.aws_load_balancer_controller",
            "module.eks_addons.data.aws_iam_policy_document.aws_node_termination_handler",
            "module.eks_addons.data.aws_iam_policy_document.aws_privateca_issuer",
            "module.eks_addons.data.aws_iam_policy_document.cert_manager",
            "module.eks_addons.data.aws_iam_policy_document.cluster_autoscaler",
            "module.eks_addons.data.aws_iam_policy_document.external_dns",
            "module.eks_addons.data.aws_iam_policy_document.external_secrets",
            "module.eks_addons.data.aws_iam_policy_document.fargate_fluentbit",
            "module.eks_addons.data.aws_iam_policy_document.karpenter",
            "module.eks_addons.data.aws_iam_policy_document.karpenter_assume_role",
            "module.eks_addons.data.aws_iam_policy_document.velero",
            "module.eks_addons.data.aws_partition.current",
            "module.eks_addons.data.aws_region.current",
            "module.eks_addons.helm_release.this",
            "module.eks_addons.kubernetes_config_map_v1.aws_logging",
            "module.eks_addons.kubernetes_config_map_v1_data.aws_for_fluentbit_containerinsights",
            "module.eks_addons.kubernetes_namespace_v1.aws_observability",
            "module.eks_addons.module.argo_events.aws_iam_policy.this",
            "module.eks_addons.module.argo_events.aws_iam_role.this",
            "module.eks_addons.module.argo_events.aws_iam_role_policy_attachment.additional",
            "module.eks_addons.module.argo_events.aws_iam_role_policy_attachment.this",
            "module.eks_addons.module.argo_events.data.aws_caller_identity.current",
            "module.eks_addons.module.argo_events.data.aws_iam_policy_document.assume",
            "module.eks_addons.module.argo_events.data.aws_iam_policy_document.this",
            "module.eks_addons.module.argo_events.data.aws_partition.current",
            "module.eks_addons.module.argo_events.helm_release.this",
            "module.eks_addons.module.argo_rollouts.aws_iam_policy.this",
            "module.eks_addons.module.argo_rollouts.aws_iam_role.this",
            "module.eks_addons.module.argo_rollouts.aws_iam_role_policy_attachment.additional",
            "module.eks_addons.module.argo_rollouts.aws_iam_role_policy_attachment.this",
            "module.eks_addons.module.argo_rollouts.data.aws_caller_identity.current",
            "module.eks_addons.module.argo_rollouts.data.aws_iam_policy_document.assume",
            "module.eks_addons.module.argo_rollouts.data.aws_iam_policy_document.this",
            "module.eks_addons.module.argo_rollouts.data.aws_partition.current",
            "module.eks_addons.module.argo_rollouts.helm_release.this",
            "module.eks_addons.module.argo_workflows.aws_iam_policy.this",
            "module.eks_addons.module.argo_workflows.aws_iam_role.this",
            "module.eks_addons.module.argo_workflows.aws_iam_role_policy_attachment.additional",
            "module.eks_addons.module.argo_workflows.aws_iam_role_policy_attachment.this",
            "module.eks_addons.module.argo_workflows.data.aws_caller_identity.current",
            "module.eks_addons.module.argo_workflows.data.aws_iam_policy_document.assume",
            "module.eks_addons.module.argo_workflows.data.aws_iam_policy_document.this",
            "module.eks_addons.module.argo_workflows.data.aws_partition.current",
            "module.eks_addons.module.argo_workflows.helm_release.this",
            "module.eks_addons.module.argocd.aws_iam_policy.this",
            "module.eks_addons.module.argocd.aws_iam_role.this",
            "module.eks_addons.module.argocd.aws_iam_role_policy_attachment.additional",
            "module.eks_addons.module.argocd.aws_iam_role_policy_attachment.this",
            "module.eks_addons.module.argocd.data.aws_caller_identity.current",
            "module.eks_addons.module.argocd.data.aws_iam_policy_document.assume",
            "module.eks_addons.module.argocd.data.aws_iam_policy_document.this",
            "module.eks_addons.module.argocd.data.aws_partition.current",
            "module.eks_addons.module.argocd.helm_release.this",
            "module.eks_addons.module.aws_cloudwatch_metrics.aws_iam_policy.this",
            "module.eks_addons.module.aws_cloudwatch_metrics.aws_iam_role.this",
            "module.eks_addons.module.aws_cloudwatch_metrics.aws_iam_role_policy_attachment.additional",
            "module.eks_addons.module.aws_cloudwatch_metrics.aws_iam_role_policy_attachment.this",
            "module.eks_addons.module.aws_cloudwatch_metrics.data.aws_caller_identity.current",
            "module.eks_addons.module.aws_cloudwatch_metrics.data.aws_iam_policy_document.assume",
            "module.eks_addons.module.aws_cloudwatch_metrics.data.aws_iam_policy_document.this",
            "module.eks_addons.module.aws_cloudwatch_metrics.data.aws_partition.current",
            "module.eks_addons.module.aws_cloudwatch_metrics.helm_release.this",
            "module.eks_addons.module.aws_efs_csi_driver.aws_iam_policy.this",
            "module.eks_addons.module.aws_efs_csi_driver.aws_iam_role.this",
            "module.eks_addons.module.aws_efs_csi_driver.aws_iam_role_policy_attachment.additional",
            "module.eks_addons.module.aws_efs_csi_driver.aws_iam_role_policy_attachment.this",
            "module.eks_addons.module.aws_efs_csi_driver.data.aws_caller_identity.current",
            "module.eks_addons.module.aws_efs_csi_driver.data.aws_iam_policy_document.assume",
            "module.eks_addons.module.aws_efs_csi_driver.data.aws_iam_policy_document.this",
            "module.eks_addons.module.aws_efs_csi_driver.data.aws_partition.current",
            "module.eks_addons.module.aws_efs_csi_driver.helm_release.this",
            "module.eks_addons.module.aws_for_fluentbit.aws_iam_policy.this",
            "module.eks_addons.module.aws_for_fluentbit.aws_iam_role.this",
            "module.eks_addons.module.aws_for_fluentbit.aws_iam_role_policy_attachment.additional",
            "module.eks_addons.module.aws_for_fluentbit.aws_iam_role_policy_attachment.this",
            "module.eks_addons.module.aws_for_fluentbit.data.aws_caller_identity.current",
            "module.eks_addons.module.aws_for_fluentbit.data.aws_iam_policy_document.assume",
            "module.eks_addons.module.aws_for_fluentbit.data.aws_iam_policy_document.this",
            "module.eks_addons.module.aws_for_fluentbit.data.aws_partition.current",
            "module.eks_addons.module.aws_for_fluentbit.helm_release.this",
            "module.eks_addons.module.aws_fsx_csi_driver.aws_iam_policy.this",
            "module.eks_addons.module.aws_fsx_csi_driver.aws_iam_role.this",
            "module.eks_addons.module.aws_fsx_csi_driver.aws_iam_role_policy_attachment.additional",
            "module.eks_addons.module.aws_fsx_csi_driver.aws_iam_role_policy_attachment.this",
            "module.eks_addons.module.aws_fsx_csi_driver.data.aws_caller_identity.current",
            "module.eks_addons.module.aws_fsx_csi_driver.data.aws_iam_policy_document.assume",
            "module.eks_addons.module.aws_fsx_csi_driver.data.aws_iam_policy_document.this",
            "module.eks_addons.module.aws_fsx_csi_driver.data.aws_partition.current",
            "module.eks_addons.module.aws_fsx_csi_driver.helm_release.this",
            "module.eks_addons.module.aws_gateway_api_controller.aws_iam_policy.this",
            "module.eks_addons.module.aws_gateway_api_controller.aws_iam_role.this",
            "module.eks_addons.module.aws_gateway_api_controller.aws_iam_role_policy_attachment.additional",
            "module.eks_addons.module.aws_gateway_api_controller.aws_iam_role_policy_attachment.this",
            "module.eks_addons.module.aws_gateway_api_controller.data.aws_caller_identity.current",
            "module.eks_addons.module.aws_gateway_api_controller.data.aws_iam_policy_document.assume",
            "module.eks_addons.module.aws_gateway_api_controller.data.aws_iam_policy_document.this",
            "module.eks_addons.module.aws_gateway_api_controller.data.aws_partition.current",
            "module.eks_addons.module.aws_gateway_api_controller.helm_release.this",
            "module.eks_addons.module.aws_load_balancer_controller.aws_iam_policy.this",
            "module.eks_addons.module.aws_load_balancer_controller.aws_iam_role.this",
            "module.eks_addons.module.aws_load_balancer_controller.aws_iam_role_policy_attachment.additional",
            "module.eks_addons.module.aws_load_balancer_controller.aws_iam_role_policy_attachment.this",
            "module.eks_addons.module.aws_load_balancer_controller.data.aws_caller_identity.current",
            "module.eks_addons.module.aws_load_balancer_controller.data.aws_iam_policy_document.assume",
            "module.eks_addons.module.aws_load_balancer_controller.data.aws_iam_policy_document.this",
            "module.eks_addons.module.aws_load_balancer_controller.data.aws_partition.current",
            "module.eks_addons.module.aws_load_balancer_controller.helm_release.this",
            "module.eks_addons.module.aws_node_termination_handler.aws_iam_policy.this",
            "module.eks_addons.module.aws_node_termination_handler.aws_iam_role.this",
            "module.eks_addons.module.aws_node_termination_handler.aws_iam_role_policy_attachment.additional",
            "module.eks_addons.module.aws_node_termination_handler.aws_iam_role_policy_attachment.this",
            "module.eks_addons.module.aws_node_termination_handler.data.aws_caller_identity.current",
            "module.eks_addons.module.aws_node_termination_handler.data.aws_iam_policy_document.assume",
            "module.eks_addons.module.aws_node_termination_handler.data.aws_iam_policy_document.this",
            "module.eks_addons.module.aws_node_termination_handler.data.aws_partition.current",
            "module.eks_addons.module.aws_node_termination_handler.helm_release.this",
            "module.eks_addons.module.aws_node_termination_handler_sqs.aws_sqs_queue.dlq",
            "module.eks_addons.module.aws_node_termination_handler_sqs.aws_sqs_queue.this",
            "module.eks_addons.module.aws_node_termination_handler_sqs.aws_sqs_queue_policy.dlq",
            "module.eks_addons.module.aws_node_termination_handler_sqs.aws_sqs_queue_policy.this",
            "module.eks_addons.module.aws_node_termination_handler_sqs.aws_sqs_queue_redrive_allow_policy.dlq",
            "module.eks_addons.module.aws_node_termination_handler_sqs.aws_sqs_queue_redrive_allow_policy.this",
            "module.eks_addons.module.aws_node_termination_handler_sqs.aws_sqs_queue_redrive_policy.dlq",
            "module.eks_addons.module.aws_node_termination_handler_sqs.aws_sqs_queue_redrive_policy.this",
            "module.eks_addons.module.aws_node_termination_handler_sqs.data.aws_iam_policy_document.dlq",
            "module.eks_addons.module.aws_node_termination_handler_sqs.data.aws_iam_policy_document.this",
            "module.eks_addons.module.aws_privateca_issuer.aws_iam_policy.this",
            "module.eks_addons.module.aws_privateca_issuer.aws_iam_role.this",
            "module.eks_addons.module.aws_privateca_issuer.aws_iam_role_policy_attachment.additional",
            "module.eks_addons.module.aws_privateca_issuer.aws_iam_role_policy_attachment.this",
            "module.eks_addons.module.aws_privateca_issuer.data.aws_caller_identity.current",
            "module.eks_addons.module.aws_privateca_issuer.data.aws_iam_policy_document.assume",
            "module.eks_addons.module.aws_privateca_issuer.data.aws_iam_policy_document.this",
            "module.eks_addons.module.aws_privateca_issuer.data.aws_partition.current",
            "module.eks_addons.module.aws_privateca_issuer.helm_release.this",
            "module.eks_addons.module.bottlerocket_shadow.aws_iam_policy.this",
            "module.eks_addons.module.bottlerocket_shadow.aws_iam_role.this",
            "module.eks_addons.module.bottlerocket_shadow.aws_iam_role_policy_attachment.additional",
            "module.eks_addons.module.bottlerocket_shadow.aws_iam_role_policy_attachment.this",
            "module.eks_addons.module.bottlerocket_shadow.data.aws_caller_identity.current",
            "module.eks_addons.module.bottlerocket_shadow.data.aws_iam_policy_document.assume",
            "module.eks_addons.module.bottlerocket_shadow.data.aws_iam_policy_document.this",
            "module.eks_addons.module.bottlerocket_shadow.data.aws_partition.current",
            "module.eks_addons.module.bottlerocket_shadow.helm_release.this",
            "module.eks_addons.module.bottlerocket_update_operator.aws_iam_policy.this",
            "module.eks_addons.module.bottlerocket_update_operator.aws_iam_role.this",
            "module.eks_addons.module.bottlerocket_update_operator.aws_iam_role_policy_attachment.additional",
            "module.eks_addons.module.bottlerocket_update_operator.aws_iam_role_policy_attachment.this",
            "module.eks_addons.module.bottlerocket_update_operator.data.aws_caller_identity.current",
            "module.eks_addons.module.bottlerocket_update_operator.data.aws_iam_policy_document.assume",
            "module.eks_addons.module.bottlerocket_update_operator.data.aws_iam_policy_document.this",
            "module.eks_addons.module.bottlerocket_update_operator.data.aws_partition.current",
            "module.eks_addons.module.bottlerocket_update_operator.helm_release.this",
            "module.eks_addons.module.cert_manager.aws_iam_policy.this",
            "module.eks_addons.module.cert_manager.aws_iam_role.this",
            "module.eks_addons.module.cert_manager.aws_iam_role_policy_attachment.additional",
            "module.eks_addons.module.cert_manager.aws_iam_role_policy_attachment.this",
            "module.eks_addons.module.cert_manager.data.aws_caller_identity.current",
            "module.eks_addons.module.cert_manager.data.aws_iam_policy_document.assume",
            "module.eks_addons.module.cert_manager.data.aws_iam_policy_document.this",
            "module.eks_addons.module.cert_manager.data.aws_partition.current",
            "module.eks_addons.module.cert_manager.helm_release.this",
            "module.eks_addons.module.cluster_autoscaler.aws_iam_policy.this",
            "module.eks_addons.module.cluster_autoscaler.aws_iam_role.this",
            "module.eks_addons.module.cluster_autoscaler.aws_iam_role_policy_attachment.additional",
            "module.eks_addons.module.cluster_autoscaler.aws_iam_role_policy_attachment.this",
            "module.eks_addons.module.cluster_autoscaler.data.aws_caller_identity.current",
            "module.eks_addons.module.cluster_autoscaler.data.aws_iam_policy_document.assume",
            "module.eks_addons.module.cluster_autoscaler.data.aws_iam_policy_document.this",
            "module.eks_addons.module.cluster_autoscaler.data.aws_partition.current",
            "module.eks_addons.module.cluster_autoscaler.helm_release.this",
            "module.eks_addons.module.cluster_proportional_autoscaler.aws_iam_policy.this",
            "module.eks_addons.module.cluster_proportional_autoscaler.aws_iam_role.this",
            "module.eks_addons.module.cluster_proportional_autoscaler.aws_iam_role_policy_attachment.additional",
            "module.eks_addons.module.cluster_proportional_autoscaler.aws_iam_role_policy_attachment.this",
            "module.eks_addons.module.cluster_proportional_autoscaler.data.aws_caller_identity.current",
            "module.eks_addons.module.cluster_proportional_autoscaler.data.aws_iam_policy_document.assume",
            "module.eks_addons.module.cluster_proportional_autoscaler.data.aws_iam_policy_document.this",
            "module.eks_addons.module.cluster_proportional_autoscaler.data.aws_partition.current",
            "module.eks_addons.module.cluster_proportional_autoscaler.helm_release.this",
            "module.eks_addons.module.external_dns.aws_iam_policy.this",
            "module.eks_addons.module.external_dns.aws_iam_role.this",
            "module.eks_addons.module.external_dns.aws_iam_role_policy_attachment.additional",
            "module.eks_addons.module.external_dns.aws_iam_role_policy_attachment.this",
            "module.eks_addons.module.external_dns.data.aws_caller_identity.current",
            "module.eks_addons.module.external_dns.data.aws_iam_policy_document.assume",
            "module.eks_addons.module.external_dns.data.aws_iam_policy_document.this",
            "module.eks_addons.module.external_dns.data.aws_partition.current",
            "module.eks_addons.module.external_dns.helm_release.this",
            "module.eks_addons.module.external_secrets.aws_iam_policy.this",
            "module.eks_addons.module.external_secrets.aws_iam_role.this",
            "module.eks_addons.module.external_secrets.aws_iam_role_policy_attachment.additional",
            "module.eks_addons.module.external_secrets.aws_iam_role_policy_attachment.this",
            "module.eks_addons.module.external_secrets.data.aws_caller_identity.current",
            "module.eks_addons.module.external_secrets.data.aws_iam_policy_document.assume",
            "module.eks_addons.module.external_secrets.data.aws_iam_policy_document.this",
            "module.eks_addons.module.external_secrets.data.aws_partition.current",
            "module.eks_addons.module.external_secrets.helm_release.this",
            "module.eks_addons.module.gatekeeper.aws_iam_policy.this",
            "module.eks_addons.module.gatekeeper.aws_iam_role.this",
            "module.eks_addons.module.gatekeeper.aws_iam_role_policy_attachment.additional",
            "module.eks_addons.module.gatekeeper.aws_iam_role_policy_attachment.this",
            "module.eks_addons.module.gatekeeper.data.aws_caller_identity.current",
            "module.eks_addons.module.gatekeeper.data.aws_iam_policy_document.assume",
            "module.eks_addons.module.gatekeeper.data.aws_iam_policy_document.this",
            "module.eks_addons.module.gatekeeper.data.aws_partition.current",
            "module.eks_addons.module.gatekeeper.helm_release.this",
            "module.eks_addons.module.ingress_nginx.aws_iam_policy.this",
            "module.eks_addons.module.ingress_nginx.aws_iam_role.this",
            "module.eks_addons.module.ingress_nginx.aws_iam_role_policy_attachment.additional",
            "module.eks_addons.module.ingress_nginx.aws_iam_role_policy_attachment.this",
            "module.eks_addons.module.ingress_nginx.data.aws_caller_identity.current",
            "module.eks_addons.module.ingress_nginx.data.aws_iam_policy_document.assume",
            "module.eks_addons.module.ingress_nginx.data.aws_iam_policy_document.this",
            "module.eks_addons.module.ingress_nginx.data.aws_partition.current",
            "module.eks_addons.module.ingress_nginx.helm_release.this",
            "module.eks_addons.module.karpenter.aws_iam_policy.this",
            "module.eks_addons.module.karpenter.aws_iam_role.this",
            "module.eks_addons.module.karpenter.aws_iam_role_policy_attachment.additional",
            "module.eks_addons.module.karpenter.aws_iam_role_policy_attachment.this",
            "module.eks_addons.module.karpenter.data.aws_caller_identity.current",
            "module.eks_addons.module.karpenter.data.aws_iam_policy_document.assume",
            "module.eks_addons.module.karpenter.data.aws_iam_policy_document.this",
            "module.eks_addons.module.karpenter.data.aws_partition.current",
            "module.eks_addons.module.karpenter.helm_release.this",
            "module.eks_addons.module.karpenter_sqs.aws_sqs_queue.dlq",
            "module.eks_addons.module.karpenter_sqs.aws_sqs_queue.this",
            "module.eks_addons.module.karpenter_sqs.aws_sqs_queue_policy.dlq",
            "module.eks_addons.module.karpenter_sqs.aws_sqs_queue_policy.this",
            "module.eks_addons.module.karpenter_sqs.aws_sqs_queue_redrive_allow_policy.dlq",
            "module.eks_addons.module.karpenter_sqs.aws_sqs_queue_redrive_allow_policy.this",
            "module.eks_addons.module.karpenter_sqs.aws_sqs_queue_redrive_policy.dlq",
            "module.eks_addons.module.karpenter_sqs.aws_sqs_queue_redrive_policy.this",
            "module.eks_addons.module.karpenter_sqs.data.aws_iam_policy_document.dlq",
            "module.eks_addons.module.karpenter_sqs.data.aws_iam_policy_document.this",
            "module.eks_addons.module.kube_prometheus_stack.aws_iam_policy.this",
            "module.eks_addons.module.kube_prometheus_stack.aws_iam_role.this",
            "module.eks_addons.module.kube_prometheus_stack.aws_iam_role_policy_attachment.additional",
            "module.eks_addons.module.kube_prometheus_stack.aws_iam_role_policy_attachment.this",
            "module.eks_addons.module.kube_prometheus_stack.data.aws_caller_identity.current",
            "module.eks_addons.module.kube_prometheus_stack.data.aws_iam_policy_document.assume",
            "module.eks_addons.module.kube_prometheus_stack.data.aws_iam_policy_document.this",
            "module.eks_addons.module.kube_prometheus_stack.data.aws_partition.current",
            "module.eks_addons.module.kube_prometheus_stack.helm_release.this",
            "module.eks_addons.module.metrics_server.aws_iam_policy.this",
            "module.eks_addons.module.metrics_server.aws_iam_role.this",
            "module.eks_addons.module.metrics_server.aws_iam_role_policy_attachment.additional",
            "module.eks_addons.module.metrics_server.aws_iam_role_policy_attachment.this",
            "module.eks_addons.module.metrics_server.data.aws_caller_identity.current",
            "module.eks_addons.module.metrics_server.data.aws_iam_policy_document.assume",
            "module.eks_addons.module.metrics_server.data.aws_iam_policy_document.this",
            "module.eks_addons.module.metrics_server.data.aws_partition.current",
            "module.eks_addons.module.metrics_server.helm_release.this",
            "module.eks_addons.module.secrets_store_csi_driver.aws_iam_policy.this",
            "module.eks_addons.module.secrets_store_csi_driver.aws_iam_role.this",
            "module.eks_addons.module.secrets_store_csi_driver.aws_iam_role_policy_attachment.additional",
            "module.eks_addons.module.secrets_store_csi_driver.aws_iam_role_policy_attachment.this",
            "module.eks_addons.module.secrets_store_csi_driver.data.aws_caller_identity.current",
            "module.eks_addons.module.secrets_store_csi_driver.data.aws_iam_policy_document.assume",
            "module.eks_addons.module.secrets_store_csi_driver.data.aws_iam_policy_document.this",
            "module.eks_addons.module.secrets_store_csi_driver.data.aws_partition.current",
            "module.eks_addons.module.secrets_store_csi_driver.helm_release.this",
            "module.eks_addons.module.secrets_store_csi_driver_provider_aws.aws_iam_policy.this",
            "module.eks_addons.module.secrets_store_csi_driver_provider_aws.aws_iam_role.this",
            "module.eks_addons.module.secrets_store_csi_driver_provider_aws.aws_iam_role_policy_attachment.additional",
            "module.eks_addons.module.secrets_store_csi_driver_provider_aws.aws_iam_role_policy_attachment.this",
            "module.eks_addons.module.secrets_store_csi_driver_provider_aws.data.aws_caller_identity.current",
            "module.eks_addons.module.secrets_store_csi_driver_provider_aws.data.aws_iam_policy_document.assume",
            "module.eks_addons.module.secrets_store_csi_driver_provider_aws.data.aws_iam_policy_document.this",
            "module.eks_addons.module.secrets_store_csi_driver_provider_aws.data.aws_partition.current",
            "module.eks_addons.module.secrets_store_csi_driver_provider_aws.helm_release.this",
            "module.eks_addons.module.velero.aws_iam_policy.this",
            "module.eks_addons.module.velero.aws_iam_role.this",
            "module.eks_addons.module.velero.aws_iam_role_policy_attachment.additional",
            "module.eks_addons.module.velero.aws_iam_role_policy_attachment.this",
            "module.eks_addons.module.velero.data.aws_caller_identity.current",
            "module.eks_addons.module.velero.data.aws_iam_policy_document.assume",
            "module.eks_addons.module.velero.data.aws_iam_policy_document.this",
            "module.eks_addons.module.velero.data.aws_partition.current",
            "module.eks_addons.module.velero.helm_release.this",
            "module.eks_addons.module.vpa.aws_iam_policy.this",
            "module.eks_addons.module.vpa.aws_iam_role.this",
            "module.eks_addons.module.vpa.aws_iam_role_policy_attachment.additional",
            "module.eks_addons.module.vpa.aws_iam_role_policy_attachment.this",
            "module.eks_addons.module.vpa.data.aws_caller_identity.current",
            "module.eks_addons.module.vpa.data.aws_iam_policy_document.assume",
            "module.eks_addons.module.vpa.data.aws_iam_policy_document.this",
            "module.eks_addons.module.vpa.data.aws_partition.current",
            "module.eks_addons.module.vpa.helm_release.this",
            "module.eks_addons.random_bytes.this",
            "module.eks_addons.time_sleep.this",
            "module.retail_app_eks.aws_cloudwatch_log_group.this",
            "module.retail_app_eks.aws_ec2_tag.cluster_primary_security_group",
            "module.retail_app_eks.aws_eks_access_entry.this",
            "module.retail_app_eks.aws_eks_access_policy_association.this",
            "module.retail_app_eks.aws_eks_addon.before_compute",
            "module.retail_app_eks.aws_eks_addon.this",
            "module.retail_app_eks.aws_eks_cluster.this",
            "module.retail_app_eks.aws_eks_identity_provider_config.this",
            "module.retail_app_eks.aws_iam_openid_connect_provider.oidc_provider",
            "module.retail_app_eks.aws_iam_policy.cluster_encryption",
            "module.retail_app_eks.aws_iam_policy.cni_ipv6_policy",
            "module.retail_app_eks.aws_iam_policy.custom",
            "module.retail_app_eks.aws_iam_role.eks_auto",
            "module.retail_app_eks.aws_iam_role.this",
            "module.retail_app_eks.aws_iam_role_policy_attachment.additional",
            "module.retail_app_eks.aws_iam_role_policy_attachment.cluster_encryption",
            "module.retail_app_eks.aws_iam_role_policy_attachment.custom",
            "module.retail_app_eks.aws_iam_role_policy_attachment.eks_auto",
            "module.retail_app_eks.aws_iam_role_policy_attachment.eks_auto_additional",
            "module.retail_app_eks.aws_iam_role_policy_attachment.this",
            "module.retail_app_eks.aws_security_group.cluster",
            "module.retail_app_eks.aws_security_group.node",
            "module.retail_app_eks.aws_security_group_rule.cluster",
            "module.retail_app_eks.aws_security_group_rule.node",
            "module.retail_app_eks.data.aws_caller_identity.current",
            "module.retail_app_eks.data.aws_eks_addon_version.this",
            "module.retail_app_eks.data.aws_iam_policy_document.assume_role_policy",
            "module.retail_app_eks.data.aws_iam_policy_document.cni_ipv6_policy",
            "module.retail_app_eks.data.aws_iam_policy_document.custom",
            "module.retail_app_eks.data.aws_iam_policy_document.node_assume_role_policy",
            "module.retail_app_eks.data.aws_iam_session_context.current",
            "module.retail_app_eks.data.aws_partition.current",
            "module.retail_app_eks.data.tls_certificate.this",
            "module.retail_app_eks.module.eks_managed_node_group.aws_autoscaling_schedule.this",
            "module.retail_app_eks.module.eks_managed_node_group.aws_eks_node_group.this",
            "module.retail_app_eks.module.eks_managed_node_group.aws_iam_role.this",
            "module.retail_app_eks.module.eks_managed_node_group.aws_iam_role_policy.this",
            "module.retail_app_eks.module.eks_managed_node_group.aws_iam_role_policy_attachment.additional",
            "module.retail_app_eks.module.eks_managed_node_group.aws_iam_role_policy_attachment.this",
            "module.retail_app_eks.module.eks_managed_node_group.aws_launch_template.this",
            "module.retail_app_eks.module.eks_managed_node_group.aws_placement_group.this",
            "module.retail_app_eks.module.eks_managed_node_group.data.aws_caller_identity.current",
            "module.retail_app_eks.module.eks_managed_node_group.data.aws_ec2_instance_type.this",
            "module.retail_app_eks.module.eks_managed_node_group.data.aws_ec2_instance_type_offerings.this",
            "module.retail_app_eks.module.eks_managed_node_group.data.aws_iam_policy_document.assume_role_policy",
            "module.retail_app_eks.module.eks_managed_node_group.data.aws_iam_policy_document.role",
            "module.retail_app_eks.module.eks_managed_node_group.data.aws_partition.current",
            "module.retail_app_eks.module.eks_managed_node_group.data.aws_ssm_parameter.ami",
            "module.retail_app_eks.module.eks_managed_node_group.data.aws_subnets.placement_group",
            "module.retail_app_eks.module.eks_managed_node_group.module.user_data.data.cloudinit_config.al2023_eks_managed_node_group",
            "module.retail_app_eks.module.eks_managed_node_group.module.user_data.data.cloudinit_config.linux_eks_managed_node_group",
            "module.retail_app_eks.module.eks_managed_node_group.module.user_data.null_resource.validate_cluster_service_cidr",
            "module.retail_app_eks.module.fargate_profile.aws_eks_fargate_profile.this",
            "module.retail_app_eks.module.fargate_profile.aws_iam_role.this",
            "module.retail_app_eks.module.fargate_profile.aws_iam_role_policy.this",
            "module.retail_app_eks.module.fargate_profile.aws_iam_role_policy_attachment.additional",
            "module.retail_app_eks.module.fargate_profile.aws_iam_role_policy_attachment.this",
            "module.retail_app_eks.module.fargate_profile.data.aws_caller_identity.current",
            "module.retail_app_eks.module.fargate_profile.data.aws_iam_policy_document.assume_role_policy",
            "module.retail_app_eks.module.fargate_profile.data.aws_iam_policy_document.role",
            "module.retail_app_eks.module.fargate_profile.data.aws_partition.current",
            "module.retail_app_eks.module.fargate_profile.data.aws_region.current",
            "module.retail_app_eks.module.kms.aws_kms_alias.this",
            "module.retail_app_eks.module.kms.aws_kms_external_key.this",
            "module.retail_app_eks.module.kms.aws_kms_grant.this",
            "module.retail_app_eks.module.kms.aws_kms_key.this",
            "module.retail_app_eks.module.kms.aws_kms_replica_external_key.this",
            "module.retail_app_eks.module.kms.aws_kms_replica_key.this",
            "module.retail_app_eks.module.kms.data.aws_caller_identity.current",
            "module.retail_app_eks.module.kms.data.aws_iam_policy_document.this",
            "module.retail_app_eks.module.kms.data.aws_partition.current",
            "module.retail_app_eks.module.self_managed_node_group.aws_autoscaling_group.this",
            "module.retail_app_eks.module.self_managed_node_group.aws_autoscaling_schedule.this",
            "module.retail_app_eks.module.self_managed_node_group.aws_eks_access_entry.this",
            "module.retail_app_eks.module.self_managed_node_group.aws_iam_instance_profile.this",
            "module.retail_app_eks.module.self_managed_node_group.aws_iam_role.this",
            "module.retail_app_eks.module.self_managed_node_group.aws_iam_role_policy.this",
            "module.retail_app_eks.module.self_managed_node_group.aws_iam_role_policy_attachment.additional",
            "module.retail_app_eks.module.self_managed_node_group.aws_iam_role_policy_attachment.this",
            "module.retail_app_eks.module.self_managed_node_group.aws_launch_template.this",
            "module.retail_app_eks.module.self_managed_node_group.aws_placement_group.this",
            "module.retail_app_eks.module.self_managed_node_group.data.aws_caller_identity.current",
            "module.retail_app_eks.module.self_managed_node_group.data.aws_ec2_instance_type.this",
            "module.retail_app_eks.module.self_managed_node_group.data.aws_ec2_instance_type_offerings.this",
            "module.retail_app_eks.module.self_managed_node_group.data.aws_iam_policy_document.assume_role_policy",
            "module.retail_app_eks.module.self_managed_node_group.data.aws_iam_policy_document.role",
            "module.retail_app_eks.module.self_managed_node_group.data.aws_partition.current",
            "module.retail_app_eks.module.self_managed_node_group.data.aws_ssm_parameter.ami",
            "module.retail_app_eks.module.self_managed_node_group.data.aws_subnets.placement_group",
            "module.retail_app_eks.module.self_managed_node_group.module.user_data.data.cloudinit_config.al2023_eks_managed_node_group",
            "module.retail_app_eks.module.self_managed_node_group.module.user_data.data.cloudinit_config.linux_eks_managed_node_group",
            "module.retail_app_eks.module.self_managed_node_group.module.user_data.null_resource.validate_cluster_service_cidr",
            "module.retail_app_eks.time_sleep.this",
            "module.vpc.aws_subnet.private",
            "module.vpc.aws_vpc.this",
            "module.vpc.aws_vpc_ipv4_cidr_block_association.this",
            "random_string.suffix",
            "time_sleep.wait_for_argocd",
            "time_sleep.wait_for_cluster"
          ]
        }
      ]
    },
    {
      "mode": "managed",
      "type": "random_string",
      "name": "suffix",
      "provider": "provider[\"registry.terraform.io/hashicorp/random\"]",
      "instances": [
        {
          "schema_version": 2,
          "attributes": {
            "id": "5hw9",
            "keepers": null,
            "length": 4,
            "lower": true,
            "min_lower": 0,
            "min_numeric": 0,
            "min_special": 0,
            "min_upper": 0,
            "number": true,
            "numeric": true,
            "override_special": null,
            "result": "5hw9",
            "special": false,
            "upper": false
          },
          "sensitive_attributes": [],
          "identity_schema_version": 0,
          "create_before_destroy": true
        }
      ]
    },
    {
      "mode": "managed",
      "type": "time_sleep",
      "name": "wait_for_argocd",
      "provider": "provider[\"registry.terraform.io/hashicorp/time\"]",
      "instances": [
        {
          "schema_version": 0,
          "attributes": {
            "create_duration": "60s",
            "destroy_duration": null,
            "id": "2025-09-26T13:10:53Z",
            "triggers": null
          },
          "sensitive_attributes": [],
          "identity_schema_version": 0,
          "dependencies": [
            "data.aws_availability_zones.available",
            "data.aws_caller_identity.current",
            "helm_release.argocd",
            "module.eks_addons.aws_autoscaling_group_tag.aws_node_termination_handler",
            "module.eks_addons.aws_autoscaling_lifecycle_hook.aws_node_termination_handler",
            "module.eks_addons.aws_cloudformation_stack.usage_telemetry",
            "module.eks_addons.aws_cloudwatch_event_rule.aws_node_termination_handler",
            "module.eks_addons.aws_cloudwatch_event_rule.karpenter",
            "module.eks_addons.aws_cloudwatch_event_target.aws_node_termination_handler",
            "module.eks_addons.aws_cloudwatch_event_target.karpenter",
            "module.eks_addons.aws_cloudwatch_log_group.aws_for_fluentbit",
            "module.eks_addons.aws_cloudwatch_log_group.fargate_fluentbit",
            "module.eks_addons.aws_eks_addon.this",
            "module.eks_addons.aws_iam_instance_profile.karpenter",
            "module.eks_addons.aws_iam_policy.fargate_fluentbit",
            "module.eks_addons.aws_iam_role.karpenter",
            "module.eks_addons.aws_iam_role_policy_attachment.additional",
            "module.eks_addons.aws_iam_role_policy_attachment.karpenter",
            "module.eks_addons.data.aws_caller_identity.current",
            "module.eks_addons.data.aws_eks_addon_version.this",
            "module.eks_addons.data.aws_iam_policy_document.aws_efs_csi_driver",
            "module.eks_addons.data.aws_iam_policy_document.aws_for_fluentbit",
            "module.eks_addons.data.aws_iam_policy_document.aws_fsx_csi_driver",
            "module.eks_addons.data.aws_iam_policy_document.aws_gateway_api_controller",
            "module.eks_addons.data.aws_iam_policy_document.aws_load_balancer_controller",
            "module.eks_addons.data.aws_iam_policy_document.aws_node_termination_handler",
            "module.eks_addons.data.aws_iam_policy_document.aws_privateca_issuer",
            "module.eks_addons.data.aws_iam_policy_document.cert_manager",
            "module.eks_addons.data.aws_iam_policy_document.cluster_autoscaler",
            "module.eks_addons.data.aws_iam_policy_document.external_dns",
            "module.eks_addons.data.aws_iam_policy_document.external_secrets",
            "module.eks_addons.data.aws_iam_policy_document.fargate_fluentbit",
            "module.eks_addons.data.aws_iam_policy_document.karpenter",
            "module.eks_addons.data.aws_iam_policy_document.karpenter_assume_role",
            "module.eks_addons.data.aws_iam_policy_document.velero",
            "module.eks_addons.data.aws_partition.current",
            "module.eks_addons.data.aws_region.current",
            "module.eks_addons.helm_release.this",
            "module.eks_addons.kubernetes_config_map_v1.aws_logging",
            "module.eks_addons.kubernetes_config_map_v1_data.aws_for_fluentbit_containerinsights",
            "module.eks_addons.kubernetes_namespace_v1.aws_observability",
            "module.eks_addons.module.argo_events.aws_iam_policy.this",
            "module.eks_addons.module.argo_events.aws_iam_role.this",
            "module.eks_addons.module.argo_events.aws_iam_role_policy_attachment.additional",
            "module.eks_addons.module.argo_events.aws_iam_role_policy_attachment.this",
            "module.eks_addons.module.argo_events.data.aws_caller_identity.current",
            "module.eks_addons.module.argo_events.data.aws_iam_policy_document.assume",
            "module.eks_addons.module.argo_events.data.aws_iam_policy_document.this",
            "module.eks_addons.module.argo_events.data.aws_partition.current",
            "module.eks_addons.module.argo_events.helm_release.this",
            "module.eks_addons.module.argo_rollouts.aws_iam_policy.this",
            "module.eks_addons.module.argo_rollouts.aws_iam_role.this",
            "module.eks_addons.module.argo_rollouts.aws_iam_role_policy_attachment.additional",
            "module.eks_addons.module.argo_rollouts.aws_iam_role_policy_attachment.this",
            "module.eks_addons.module.argo_rollouts.data.aws_caller_identity.current",
            "module.eks_addons.module.argo_rollouts.data.aws_iam_policy_document.assume",
            "module.eks_addons.module.argo_rollouts.data.aws_iam_policy_document.this",
            "module.eks_addons.module.argo_rollouts.data.aws_partition.current",
            "module.eks_addons.module.argo_rollouts.helm_release.this",
            "module.eks_addons.module.argo_workflows.aws_iam_policy.this",
            "module.eks_addons.module.argo_workflows.aws_iam_role.this",
            "module.eks_addons.module.argo_workflows.aws_iam_role_policy_attachment.additional",
            "module.eks_addons.module.argo_workflows.aws_iam_role_policy_attachment.this",
            "module.eks_addons.module.argo_workflows.data.aws_caller_identity.current",
            "module.eks_addons.module.argo_workflows.data.aws_iam_policy_document.assume",
            "module.eks_addons.module.argo_workflows.data.aws_iam_policy_document.this",
            "module.eks_addons.module.argo_workflows.data.aws_partition.current",
            "module.eks_addons.module.argo_workflows.helm_release.this",
            "module.eks_addons.module.argocd.aws_iam_policy.this",
            "module.eks_addons.module.argocd.aws_iam_role.this",
            "module.eks_addons.module.argocd.aws_iam_role_policy_attachment.additional",
            "module.eks_addons.module.argocd.aws_iam_role_policy_attachment.this",
            "module.eks_addons.module.argocd.data.aws_caller_identity.current",
            "module.eks_addons.module.argocd.data.aws_iam_policy_document.assume",
            "module.eks_addons.module.argocd.data.aws_iam_policy_document.this",
            "module.eks_addons.module.argocd.data.aws_partition.current",
            "module.eks_addons.module.argocd.helm_release.this",
            "module.eks_addons.module.aws_cloudwatch_metrics.aws_iam_policy.this",
            "module.eks_addons.module.aws_cloudwatch_metrics.aws_iam_role.this",
            "module.eks_addons.module.aws_cloudwatch_metrics.aws_iam_role_policy_attachment.additional",
            "module.eks_addons.module.aws_cloudwatch_metrics.aws_iam_role_policy_attachment.this",
            "module.eks_addons.module.aws_cloudwatch_metrics.data.aws_caller_identity.current",
            "module.eks_addons.module.aws_cloudwatch_metrics.data.aws_iam_policy_document.assume",
            "module.eks_addons.module.aws_cloudwatch_metrics.data.aws_iam_policy_document.this",
            "module.eks_addons.module.aws_cloudwatch_metrics.data.aws_partition.current",
            "module.eks_addons.module.aws_cloudwatch_metrics.helm_release.this",
            "module.eks_addons.module.aws_efs_csi_driver.aws_iam_policy.this",
            "module.eks_addons.module.aws_efs_csi_driver.aws_iam_role.this",
            "module.eks_addons.module.aws_efs_csi_driver.aws_iam_role_policy_attachment.additional",
            "module.eks_addons.module.aws_efs_csi_driver.aws_iam_role_policy_attachment.this",
            "module.eks_addons.module.aws_efs_csi_driver.data.aws_caller_identity.current",
            "module.eks_addons.module.aws_efs_csi_driver.data.aws_iam_policy_document.assume",
            "module.eks_addons.module.aws_efs_csi_driver.data.aws_iam_policy_document.this",
            "module.eks_addons.module.aws_efs_csi_driver.data.aws_partition.current",
            "module.eks_addons.module.aws_efs_csi_driver.helm_release.this",
            "module.eks_addons.module.aws_for_fluentbit.aws_iam_policy.this",
            "module.eks_addons.module.aws_for_fluentbit.aws_iam_role.this",
            "module.eks_addons.module.aws_for_fluentbit.aws_iam_role_policy_attachment.additional",
            "module.eks_addons.module.aws_for_fluentbit.aws_iam_role_policy_attachment.this",
            "module.eks_addons.module.aws_for_fluentbit.data.aws_caller_identity.current",
            "module.eks_addons.module.aws_for_fluentbit.data.aws_iam_policy_document.assume",
            "module.eks_addons.module.aws_for_fluentbit.data.aws_iam_policy_document.this",
            "module.eks_addons.module.aws_for_fluentbit.data.aws_partition.current",
            "module.eks_addons.module.aws_for_fluentbit.helm_release.this",
            "module.eks_addons.module.aws_fsx_csi_driver.aws_iam_policy.this",
            "module.eks_addons.module.aws_fsx_csi_driver.aws_iam_role.this",
            "module.eks_addons.module.aws_fsx_csi_driver.aws_iam_role_policy_attachment.additional",
            "module.eks_addons.module.aws_fsx_csi_driver.aws_iam_role_policy_attachment.this",
            "module.eks_addons.module.aws_fsx_csi_driver.data.aws_caller_identity.current",
            "module.eks_addons.module.aws_fsx_csi_driver.data.aws_iam_policy_document.assume",
            "module.eks_addons.module.aws_fsx_csi_driver.data.aws_iam_policy_document.this",
            "module.eks_addons.module.aws_fsx_csi_driver.data.aws_partition.current",
            "module.eks_addons.module.aws_fsx_csi_driver.helm_release.this",
            "module.eks_addons.module.aws_gateway_api_controller.aws_iam_policy.this",
            "module.eks_addons.module.aws_gateway_api_controller.aws_iam_role.this",
            "module.eks_addons.module.aws_gateway_api_controller.aws_iam_role_policy_attachment.additional",
            "module.eks_addons.module.aws_gateway_api_controller.aws_iam_role_policy_attachment.this",
            "module.eks_addons.module.aws_gateway_api_controller.data.aws_caller_identity.current",
            "module.eks_addons.module.aws_gateway_api_controller.data.aws_iam_policy_document.assume",
            "module.eks_addons.module.aws_gateway_api_controller.data.aws_iam_policy_document.this",
            "module.eks_addons.module.aws_gateway_api_controller.data.aws_partition.current",
            "module.eks_addons.module.aws_gateway_api_controller.helm_release.this",
            "module.eks_addons.module.aws_load_balancer_controller.aws_iam_policy.this",
            "module.eks_addons.module.aws_load_balancer_controller.aws_iam_role.this",
            "module.eks_addons.module.aws_load_balancer_controller.aws_iam_role_policy_attachment.additional",
            "module.eks_addons.module.aws_load_balancer_controller.aws_iam_role_policy_attachment.this",
            "module.eks_addons.module.aws_load_balancer_controller.data.aws_caller_identity.current",
            "module.eks_addons.module.aws_load_balancer_controller.data.aws_iam_policy_document.assume",
            "module.eks_addons.module.aws_load_balancer_controller.data.aws_iam_policy_document.this",
            "module.eks_addons.module.aws_load_balancer_controller.data.aws_partition.current",
            "module.eks_addons.module.aws_load_balancer_controller.helm_release.this",
            "module.eks_addons.module.aws_node_termination_handler.aws_iam_policy.this",
            "module.eks_addons.module.aws_node_termination_handler.aws_iam_role.this",
            "module.eks_addons.module.aws_node_termination_handler.aws_iam_role_policy_attachment.additional",
            "module.eks_addons.module.aws_node_termination_handler.aws_iam_role_policy_attachment.this",
            "module.eks_addons.module.aws_node_termination_handler.data.aws_caller_identity.current",
            "module.eks_addons.module.aws_node_termination_handler.data.aws_iam_policy_document.assume",
            "module.eks_addons.module.aws_node_termination_handler.data.aws_iam_policy_document.this",
            "module.eks_addons.module.aws_node_termination_handler.data.aws_partition.current",
            "module.eks_addons.module.aws_node_termination_handler.helm_release.this",
            "module.eks_addons.module.aws_node_termination_handler_sqs.aws_sqs_queue.dlq",
            "module.eks_addons.module.aws_node_termination_handler_sqs.aws_sqs_queue.this",
            "module.eks_addons.module.aws_node_termination_handler_sqs.aws_sqs_queue_policy.dlq",
            "module.eks_addons.module.aws_node_termination_handler_sqs.aws_sqs_queue_policy.this",
            "module.eks_addons.module.aws_node_termination_handler_sqs.aws_sqs_queue_redrive_allow_policy.dlq",
            "module.eks_addons.module.aws_node_termination_handler_sqs.aws_sqs_queue_redrive_allow_policy.this",
            "module.eks_addons.module.aws_node_termination_handler_sqs.aws_sqs_queue_redrive_policy.dlq",
            "module.eks_addons.module.aws_node_termination_handler_sqs.aws_sqs_queue_redrive_policy.this",
            "module.eks_addons.module.aws_node_termination_handler_sqs.data.aws_iam_policy_document.dlq",
            "module.eks_addons.module.aws_node_termination_handler_sqs.data.aws_iam_policy_document.this",
            "module.eks_addons.module.aws_privateca_issuer.aws_iam_policy.this",
            "module.eks_addons.module.aws_privateca_issuer.aws_iam_role.this",
            "module.eks_addons.module.aws_privateca_issuer.aws_iam_role_policy_attachment.additional",
            "module.eks_addons.module.aws_privateca_issuer.aws_iam_role_policy_attachment.this",
            "module.eks_addons.module.aws_privateca_issuer.data.aws_caller_identity.current",
            "module.eks_addons.module.aws_privateca_issuer.data.aws_iam_policy_document.assume",
            "module.eks_addons.module.aws_privateca_issuer.data.aws_iam_policy_document.this",
            "module.eks_addons.module.aws_privateca_issuer.data.aws_partition.current",
            "module.eks_addons.module.aws_privateca_issuer.helm_release.this",
            "module.eks_addons.module.bottlerocket_shadow.aws_iam_policy.this",
            "module.eks_addons.module.bottlerocket_shadow.aws_iam_role.this",
            "module.eks_addons.module.bottlerocket_shadow.aws_iam_role_policy_attachment.additional",
            "module.eks_addons.module.bottlerocket_shadow.aws_iam_role_policy_attachment.this",
            "module.eks_addons.module.bottlerocket_shadow.data.aws_caller_identity.current",
            "module.eks_addons.module.bottlerocket_shadow.data.aws_iam_policy_document.assume",
            "module.eks_addons.module.bottlerocket_shadow.data.aws_iam_policy_document.this",
            "module.eks_addons.module.bottlerocket_shadow.data.aws_partition.current",
            "module.eks_addons.module.bottlerocket_shadow.helm_release.this",
            "module.eks_addons.module.bottlerocket_update_operator.aws_iam_policy.this",
            "module.eks_addons.module.bottlerocket_update_operator.aws_iam_role.this",
            "module.eks_addons.module.bottlerocket_update_operator.aws_iam_role_policy_attachment.additional",
            "module.eks_addons.module.bottlerocket_update_operator.aws_iam_role_policy_attachment.this",
            "module.eks_addons.module.bottlerocket_update_operator.data.aws_caller_identity.current",
            "module.eks_addons.module.bottlerocket_update_operator.data.aws_iam_policy_document.assume",
            "module.eks_addons.module.bottlerocket_update_operator.data.aws_iam_policy_document.this",
            "module.eks_addons.module.bottlerocket_update_operator.data.aws_partition.current",
            "module.eks_addons.module.bottlerocket_update_operator.helm_release.this",
            "module.eks_addons.module.cert_manager.aws_iam_policy.this",
            "module.eks_addons.module.cert_manager.aws_iam_role.this",
            "module.eks_addons.module.cert_manager.aws_iam_role_policy_attachment.additional",
            "module.eks_addons.module.cert_manager.aws_iam_role_policy_attachment.this",
            "module.eks_addons.module.cert_manager.data.aws_caller_identity.current",
            "module.eks_addons.module.cert_manager.data.aws_iam_policy_document.assume",
            "module.eks_addons.module.cert_manager.data.aws_iam_policy_document.this",
            "module.eks_addons.module.cert_manager.data.aws_partition.current",
            "module.eks_addons.module.cert_manager.helm_release.this",
            "module.eks_addons.module.cluster_autoscaler.aws_iam_policy.this",
            "module.eks_addons.module.cluster_autoscaler.aws_iam_role.this",
            "module.eks_addons.module.cluster_autoscaler.aws_iam_role_policy_attachment.additional",
            "module.eks_addons.module.cluster_autoscaler.aws_iam_role_policy_attachment.this",
            "module.eks_addons.module.cluster_autoscaler.data.aws_caller_identity.current",
            "module.eks_addons.module.cluster_autoscaler.data.aws_iam_policy_document.assume",
            "module.eks_addons.module.cluster_autoscaler.data.aws_iam_policy_document.this",
            "module.eks_addons.module.cluster_autoscaler.data.aws_partition.current",
            "module.eks_addons.module.cluster_autoscaler.helm_release.this",
            "module.eks_addons.module.cluster_proportional_autoscaler.aws_iam_policy.this",
            "module.eks_addons.module.cluster_proportional_autoscaler.aws_iam_role.this",
            "module.eks_addons.module.cluster_proportional_autoscaler.aws_iam_role_policy_attachment.additional",
            "module.eks_addons.module.cluster_proportional_autoscaler.aws_iam_role_policy_attachment.this",
            "module.eks_addons.module.cluster_proportional_autoscaler.data.aws_caller_identity.current",
            "module.eks_addons.module.cluster_proportional_autoscaler.data.aws_iam_policy_document.assume",
            "module.eks_addons.module.cluster_proportional_autoscaler.data.aws_iam_policy_document.this",
            "module.eks_addons.module.cluster_proportional_autoscaler.data.aws_partition.current",
            "module.eks_addons.module.cluster_proportional_autoscaler.helm_release.this",
            "module.eks_addons.module.external_dns.aws_iam_policy.this",
            "module.eks_addons.module.external_dns.aws_iam_role.this",
            "module.eks_addons.module.external_dns.aws_iam_role_policy_attachment.additional",
            "module.eks_addons.module.external_dns.aws_iam_role_policy_attachment.this",
            "module.eks_addons.module.external_dns.data.aws_caller_identity.current",
            "module.eks_addons.module.external_dns.data.aws_iam_policy_document.assume",
            "module.eks_addons.module.external_dns.data.aws_iam_policy_document.this",
            "module.eks_addons.module.external_dns.data.aws_partition.current",
            "module.eks_addons.module.external_dns.helm_release.this",
            "module.eks_addons.module.external_secrets.aws_iam_policy.this",
            "module.eks_addons.module.external_secrets.aws_iam_role.this",
            "module.eks_addons.module.external_secrets.aws_iam_role_policy_attachment.additional",
            "module.eks_addons.module.external_secrets.aws_iam_role_policy_attachment.this",
            "module.eks_addons.module.external_secrets.data.aws_caller_identity.current",
            "module.eks_addons.module.external_secrets.data.aws_iam_policy_document.assume",
            "module.eks_addons.module.external_secrets.data.aws_iam_policy_document.this",
            "module.eks_addons.module.external_secrets.data.aws_partition.current",
            "module.eks_addons.module.external_secrets.helm_release.this",
            "module.eks_addons.module.gatekeeper.aws_iam_policy.this",
            "module.eks_addons.module.gatekeeper.aws_iam_role.this",
            "module.eks_addons.module.gatekeeper.aws_iam_role_policy_attachment.additional",
            "module.eks_addons.module.gatekeeper.aws_iam_role_policy_attachment.this",
            "module.eks_addons.module.gatekeeper.data.aws_caller_identity.current",
            "module.eks_addons.module.gatekeeper.data.aws_iam_policy_document.assume",
            "module.eks_addons.module.gatekeeper.data.aws_iam_policy_document.this",
            "module.eks_addons.module.gatekeeper.data.aws_partition.current",
            "module.eks_addons.module.gatekeeper.helm_release.this",
            "module.eks_addons.module.ingress_nginx.aws_iam_policy.this",
            "module.eks_addons.module.ingress_nginx.aws_iam_role.this",
            "module.eks_addons.module.ingress_nginx.aws_iam_role_policy_attachment.additional",
            "module.eks_addons.module.ingress_nginx.aws_iam_role_policy_attachment.this",
            "module.eks_addons.module.ingress_nginx.data.aws_caller_identity.current",
            "module.eks_addons.module.ingress_nginx.data.aws_iam_policy_document.assume",
            "module.eks_addons.module.ingress_nginx.data.aws_iam_policy_document.this",
            "module.eks_addons.module.ingress_nginx.data.aws_partition.current",
            "module.eks_addons.module.ingress_nginx.helm_release.this",
            "module.eks_addons.module.karpenter.aws_iam_policy.this",
            "module.eks_addons.module.karpenter.aws_iam_role.this",
            "module.eks_addons.module.karpenter.aws_iam_role_policy_attachment.additional",
            "module.eks_addons.module.karpenter.aws_iam_role_policy_attachment.this",
            "module.eks_addons.module.karpenter.data.aws_caller_identity.current",
            "module.eks_addons.module.karpenter.data.aws_iam_policy_document.assume",
            "module.eks_addons.module.karpenter.data.aws_iam_policy_document.this",
            "module.eks_addons.module.karpenter.data.aws_partition.current",
            "module.eks_addons.module.karpenter.helm_release.this",
            "module.eks_addons.module.karpenter_sqs.aws_sqs_queue.dlq",
            "module.eks_addons.module.karpenter_sqs.aws_sqs_queue.this",
            "module.eks_addons.module.karpenter_sqs.aws_sqs_queue_policy.dlq",
            "module.eks_addons.module.karpenter_sqs.aws_sqs_queue_policy.this",
            "module.eks_addons.module.karpenter_sqs.aws_sqs_queue_redrive_allow_policy.dlq",
            "module.eks_addons.module.karpenter_sqs.aws_sqs_queue_redrive_allow_policy.this",
            "module.eks_addons.module.karpenter_sqs.aws_sqs_queue_redrive_policy.dlq",
            "module.eks_addons.module.karpenter_sqs.aws_sqs_queue_redrive_policy.this",
            "module.eks_addons.module.karpenter_sqs.data.aws_iam_policy_document.dlq",
            "module.eks_addons.module.karpenter_sqs.data.aws_iam_policy_document.this",
            "module.eks_addons.module.kube_prometheus_stack.aws_iam_policy.this",
            "module.eks_addons.module.kube_prometheus_stack.aws_iam_role.this",
            "module.eks_addons.module.kube_prometheus_stack.aws_iam_role_policy_attachment.additional",
            "module.eks_addons.module.kube_prometheus_stack.aws_iam_role_policy_attachment.this",
            "module.eks_addons.module.kube_prometheus_stack.data.aws_caller_identity.current",
            "module.eks_addons.module.kube_prometheus_stack.data.aws_iam_policy_document.assume",
            "module.eks_addons.module.kube_prometheus_stack.data.aws_iam_policy_document.this",
            "module.eks_addons.module.kube_prometheus_stack.data.aws_partition.current",
            "module.eks_addons.module.kube_prometheus_stack.helm_release.this",
            "module.eks_addons.module.metrics_server.aws_iam_policy.this",
            "module.eks_addons.module.metrics_server.aws_iam_role.this",
            "module.eks_addons.module.metrics_server.aws_iam_role_policy_attachment.additional",
            "module.eks_addons.module.metrics_server.aws_iam_role_policy_attachment.this",
            "module.eks_addons.module.metrics_server.data.aws_caller_identity.current",
            "module.eks_addons.module.metrics_server.data.aws_iam_policy_document.assume",
            "module.eks_addons.module.metrics_server.data.aws_iam_policy_document.this",
            "module.eks_addons.module.metrics_server.data.aws_partition.current",
            "module.eks_addons.module.metrics_server.helm_release.this",
            "module.eks_addons.module.secrets_store_csi_driver.aws_iam_policy.this",
            "module.eks_addons.module.secrets_store_csi_driver.aws_iam_role.this",
            "module.eks_addons.module.secrets_store_csi_driver.aws_iam_role_policy_attachment.additional",
            "module.eks_addons.module.secrets_store_csi_driver.aws_iam_role_policy_attachment.this",
            "module.eks_addons.module.secrets_store_csi_driver.data.aws_caller_identity.current",
            "module.eks_addons.module.secrets_store_csi_driver.data.aws_iam_policy_document.assume",
            "module.eks_addons.module.secrets_store_csi_driver.data.aws_iam_policy_document.this",
            "module.eks_addons.module.secrets_store_csi_driver.data.aws_partition.current",
            "module.eks_addons.module.secrets_store_csi_driver.helm_release.this",
            "module.eks_addons.module.secrets_store_csi_driver_provider_aws.aws_iam_policy.this",
            "module.eks_addons.module.secrets_store_csi_driver_provider_aws.aws_iam_role.this",
            "module.eks_addons.module.secrets_store_csi_driver_provider_aws.aws_iam_role_policy_attachment.additional",
            "module.eks_addons.module.secrets_store_csi_driver_provider_aws.aws_iam_role_policy_attachment.this",
            "module.eks_addons.module.secrets_store_csi_driver_provider_aws.data.aws_caller_identity.current",
            "module.eks_addons.module.secrets_store_csi_driver_provider_aws.data.aws_iam_policy_document.assume",
            "module.eks_addons.module.secrets_store_csi_driver_provider_aws.data.aws_iam_policy_document.this",
            "module.eks_addons.module.secrets_store_csi_driver_provider_aws.data.aws_partition.current",
            "module.eks_addons.module.secrets_store_csi_driver_provider_aws.helm_release.this",
            "module.eks_addons.module.velero.aws_iam_policy.this",
            "module.eks_addons.module.velero.aws_iam_role.this",
            "module.eks_addons.module.velero.aws_iam_role_policy_attachment.additional",
            "module.eks_addons.module.velero.aws_iam_role_policy_attachment.this",
            "module.eks_addons.module.velero.data.aws_caller_identity.current",
            "module.eks_addons.module.velero.data.aws_iam_policy_document.assume",
            "module.eks_addons.module.velero.data.aws_iam_policy_document.this",
            "module.eks_addons.module.velero.data.aws_partition.current",
            "module.eks_addons.module.velero.helm_release.this",
            "module.eks_addons.module.vpa.aws_iam_policy.this",
            "module.eks_addons.module.vpa.aws_iam_role.this",
            "module.eks_addons.module.vpa.aws_iam_role_policy_attachment.additional",
            "module.eks_addons.module.vpa.aws_iam_role_policy_attachment.this",
            "module.eks_addons.module.vpa.data.aws_caller_identity.current",
            "module.eks_addons.module.vpa.data.aws_iam_policy_document.assume",
            "module.eks_addons.module.vpa.data.aws_iam_policy_document.this",
            "module.eks_addons.module.vpa.data.aws_partition.current",
            "module.eks_addons.module.vpa.helm_release.this",
            "module.eks_addons.random_bytes.this",
            "module.eks_addons.time_sleep.this",
            "module.retail_app_eks.aws_cloudwatch_log_group.this",
            "module.retail_app_eks.aws_ec2_tag.cluster_primary_security_group",
            "module.retail_app_eks.aws_eks_access_entry.this",
            "module.retail_app_eks.aws_eks_access_policy_association.this",
            "module.retail_app_eks.aws_eks_addon.before_compute",
            "module.retail_app_eks.aws_eks_addon.this",
            "module.retail_app_eks.aws_eks_cluster.this",
            "module.retail_app_eks.aws_eks_identity_provider_config.this",
            "module.retail_app_eks.aws_iam_openid_connect_provider.oidc_provider",
            "module.retail_app_eks.aws_iam_policy.cluster_encryption",
            "module.retail_app_eks.aws_iam_policy.cni_ipv6_policy",
            "module.retail_app_eks.aws_iam_policy.custom",
            "module.retail_app_eks.aws_iam_role.eks_auto",
            "module.retail_app_eks.aws_iam_role.this",
            "module.retail_app_eks.aws_iam_role_policy_attachment.additional",
            "module.retail_app_eks.aws_iam_role_policy_attachment.cluster_encryption",
            "module.retail_app_eks.aws_iam_role_policy_attachment.custom",
            "module.retail_app_eks.aws_iam_role_policy_attachment.eks_auto",
            "module.retail_app_eks.aws_iam_role_policy_attachment.eks_auto_additional",
            "module.retail_app_eks.aws_iam_role_policy_attachment.this",
            "module.retail_app_eks.aws_security_group.cluster",
            "module.retail_app_eks.aws_security_group.node",
            "module.retail_app_eks.aws_security_group_rule.cluster",
            "module.retail_app_eks.aws_security_group_rule.node",
            "module.retail_app_eks.data.aws_caller_identity.current",
            "module.retail_app_eks.data.aws_eks_addon_version.this",
            "module.retail_app_eks.data.aws_iam_policy_document.assume_role_policy",
            "module.retail_app_eks.data.aws_iam_policy_document.cni_ipv6_policy",
            "module.retail_app_eks.data.aws_iam_policy_document.custom",
            "module.retail_app_eks.data.aws_iam_policy_document.node_assume_role_policy",
            "module.retail_app_eks.data.aws_iam_session_context.current",
            "module.retail_app_eks.data.aws_partition.current",
            "module.retail_app_eks.data.tls_certificate.this",
            "module.retail_app_eks.module.eks_managed_node_group.aws_autoscaling_schedule.this",
            "module.retail_app_eks.module.eks_managed_node_group.aws_eks_node_group.this",
            "module.retail_app_eks.module.eks_managed_node_group.aws_iam_role.this",
            "module.retail_app_eks.module.eks_managed_node_group.aws_iam_role_policy.this",
            "module.retail_app_eks.module.eks_managed_node_group.aws_iam_role_policy_attachment.additional",
            "module.retail_app_eks.module.eks_managed_node_group.aws_iam_role_policy_attachment.this",
            "module.retail_app_eks.module.eks_managed_node_group.aws_launch_template.this",
            "module.retail_app_eks.module.eks_managed_node_group.aws_placement_group.this",
            "module.retail_app_eks.module.eks_managed_node_group.data.aws_caller_identity.current",
            "module.retail_app_eks.module.eks_managed_node_group.data.aws_ec2_instance_type.this",
            "module.retail_app_eks.module.eks_managed_node_group.data.aws_ec2_instance_type_offerings.this",
            "module.retail_app_eks.module.eks_managed_node_group.data.aws_iam_policy_document.assume_role_policy",
            "module.retail_app_eks.module.eks_managed_node_group.data.aws_iam_policy_document.role",
            "module.retail_app_eks.module.eks_managed_node_group.data.aws_partition.current",
            "module.retail_app_eks.module.eks_managed_node_group.data.aws_ssm_parameter.ami",
            "module.retail_app_eks.module.eks_managed_node_group.data.aws_subnets.placement_group",
            "module.retail_app_eks.module.eks_managed_node_group.module.user_data.data.cloudinit_config.al2023_eks_managed_node_group",
            "module.retail_app_eks.module.eks_managed_node_group.module.user_data.data.cloudinit_config.linux_eks_managed_node_group",
            "module.retail_app_eks.module.eks_managed_node_group.module.user_data.null_resource.validate_cluster_service_cidr",
            "module.retail_app_eks.module.fargate_profile.aws_eks_fargate_profile.this",
            "module.retail_app_eks.module.fargate_profile.aws_iam_role.this",
            "module.retail_app_eks.module.fargate_profile.aws_iam_role_policy.this",
            "module.retail_app_eks.module.fargate_profile.aws_iam_role_policy_attachment.additional",
            "module.retail_app_eks.module.fargate_profile.aws_iam_role_policy_attachment.this",
            "module.retail_app_eks.module.fargate_profile.data.aws_caller_identity.current",
            "module.retail_app_eks.module.fargate_profile.data.aws_iam_policy_document.assume_role_policy",
            "module.retail_app_eks.module.fargate_profile.data.aws_iam_policy_document.role",
            "module.retail_app_eks.module.fargate_profile.data.aws_partition.current",
            "module.retail_app_eks.module.fargate_profile.data.aws_region.current",
            "module.retail_app_eks.module.kms.aws_kms_alias.this",
            "module.retail_app_eks.module.kms.aws_kms_external_key.this",
            "module.retail_app_eks.module.kms.aws_kms_grant.this",
            "module.retail_app_eks.module.kms.aws_kms_key.this",
            "module.retail_app_eks.module.kms.aws_kms_replica_external_key.this",
            "module.retail_app_eks.module.kms.aws_kms_replica_key.this",
            "module.retail_app_eks.module.kms.data.aws_caller_identity.current",
            "module.retail_app_eks.module.kms.data.aws_iam_policy_document.this",
            "module.retail_app_eks.module.kms.data.aws_partition.current",
            "module.retail_app_eks.module.self_managed_node_group.aws_autoscaling_group.this",
            "module.retail_app_eks.module.self_managed_node_group.aws_autoscaling_schedule.this",
            "module.retail_app_eks.module.self_managed_node_group.aws_eks_access_entry.this",
            "module.retail_app_eks.module.self_managed_node_group.aws_iam_instance_profile.this",
            "module.retail_app_eks.module.self_managed_node_group.aws_iam_role.this",
            "module.retail_app_eks.module.self_managed_node_group.aws_iam_role_policy.this",
            "module.retail_app_eks.module.self_managed_node_group.aws_iam_role_policy_attachment.additional",
            "module.retail_app_eks.module.self_managed_node_group.aws_iam_role_policy_attachment.this",
            "module.retail_app_eks.module.self_managed_node_group.aws_launch_template.this",
            "module.retail_app_eks.module.self_managed_node_group.aws_placement_group.this",
            "module.retail_app_eks.module.self_managed_node_group.data.aws_caller_identity.current",
            "module.retail_app_eks.module.self_managed_node_group.data.aws_ec2_instance_type.this",
            "module.retail_app_eks.module.self_managed_node_group.data.aws_ec2_instance_type_offerings.this",
            "module.retail_app_eks.module.self_managed_node_group.data.aws_iam_policy_document.assume_role_policy",
            "module.retail_app_eks.module.self_managed_node_group.data.aws_iam_policy_document.role",
            "module.retail_app_eks.module.self_managed_node_group.data.aws_partition.current",
            "module.retail_app_eks.module.self_managed_node_group.data.aws_ssm_parameter.ami",
            "module.retail_app_eks.module.self_managed_node_group.data.aws_subnets.placement_group",
            "module.retail_app_eks.module.self_managed_node_group.module.user_data.data.cloudinit_config.al2023_eks_managed_node_group",
            "module.retail_app_eks.module.self_managed_node_group.module.user_data.data.cloudinit_config.linux_eks_managed_node_group",
            "module.retail_app_eks.module.self_managed_node_group.module.user_data.null_resource.validate_cluster_service_cidr",
            "module.retail_app_eks.time_sleep.this",
            "module.vpc.aws_subnet.private",
            "module.vpc.aws_vpc.this",
            "module.vpc.aws_vpc_ipv4_cidr_block_association.this",
            "random_string.suffix",
            "time_sleep.wait_for_cluster"
          ]
        }
      ]
    },
    {
      "mode": "managed",
      "type": "time_sleep",
      "name": "wait_for_cluster",
      "provider": "provider[\"registry.terraform.io/hashicorp/time\"]",
      "instances": [
        {
          "schema_version": 0,
          "attributes": {
            "create_duration": "30s",
            "destroy_duration": null,
            "id": "2025-09-26T13:07:58Z",
            "triggers": null
          },
          "sensitive_attributes": [],
          "identity_schema_version": 0,
          "dependencies": [
            "data.aws_availability_zones.available",
            "data.aws_caller_identity.current",
            "module.eks_addons.aws_autoscaling_group_tag.aws_node_termination_handler",
            "module.eks_addons.aws_autoscaling_lifecycle_hook.aws_node_termination_handler",
            "module.eks_addons.aws_cloudformation_stack.usage_telemetry",
            "module.eks_addons.aws_cloudwatch_event_rule.aws_node_termination_handler",
            "module.eks_addons.aws_cloudwatch_event_rule.karpenter",
            "module.eks_addons.aws_cloudwatch_event_target.aws_node_termination_handler",
            "module.eks_addons.aws_cloudwatch_event_target.karpenter",
            "module.eks_addons.aws_cloudwatch_log_group.aws_for_fluentbit",
            "module.eks_addons.aws_cloudwatch_log_group.fargate_fluentbit",
            "module.eks_addons.aws_eks_addon.this",
            "module.eks_addons.aws_iam_instance_profile.karpenter",
            "module.eks_addons.aws_iam_policy.fargate_fluentbit",
            "module.eks_addons.aws_iam_role.karpenter",
            "module.eks_addons.aws_iam_role_policy_attachment.additional",
            "module.eks_addons.aws_iam_role_policy_attachment.karpenter",
            "module.eks_addons.data.aws_caller_identity.current",
            "module.eks_addons.data.aws_eks_addon_version.this",
            "module.eks_addons.data.aws_iam_policy_document.aws_efs_csi_driver",
            "module.eks_addons.data.aws_iam_policy_document.aws_for_fluentbit",
            "module.eks_addons.data.aws_iam_policy_document.aws_fsx_csi_driver",
            "module.eks_addons.data.aws_iam_policy_document.aws_gateway_api_controller",
            "module.eks_addons.data.aws_iam_policy_document.aws_load_balancer_controller",
            "module.eks_addons.data.aws_iam_policy_document.aws_node_termination_handler",
            "module.eks_addons.data.aws_iam_policy_document.aws_privateca_issuer",
            "module.eks_addons.data.aws_iam_policy_document.cert_manager",
            "module.eks_addons.data.aws_iam_policy_document.cluster_autoscaler",
            "module.eks_addons.data.aws_iam_policy_document.external_dns",
            "module.eks_addons.data.aws_iam_policy_document.external_secrets",
            "module.eks_addons.data.aws_iam_policy_document.fargate_fluentbit",
            "module.eks_addons.data.aws_iam_policy_document.karpenter",
            "module.eks_addons.data.aws_iam_policy_document.karpenter_assume_role",
            "module.eks_addons.data.aws_iam_policy_document.velero",
            "module.eks_addons.data.aws_partition.current",
            "module.eks_addons.data.aws_region.current",
            "module.eks_addons.helm_release.this",
            "module.eks_addons.kubernetes_config_map_v1.aws_logging",
            "module.eks_addons.kubernetes_config_map_v1_data.aws_for_fluentbit_containerinsights",
            "module.eks_addons.kubernetes_namespace_v1.aws_observability",
            "module.eks_addons.module.argo_events.aws_iam_policy.this",
            "module.eks_addons.module.argo_events.aws_iam_role.this",
            "module.eks_addons.module.argo_events.aws_iam_role_policy_attachment.additional",
            "module.eks_addons.module.argo_events.aws_iam_role_policy_attachment.this",
            "module.eks_addons.module.argo_events.data.aws_caller_identity.current",
            "module.eks_addons.module.argo_events.data.aws_iam_policy_document.assume",
            "module.eks_addons.module.argo_events.data.aws_iam_policy_document.this",
            "module.eks_addons.module.argo_events.data.aws_partition.current",
            "module.eks_addons.module.argo_events.helm_release.this",
            "module.eks_addons.module.argo_rollouts.aws_iam_policy.this",
            "module.eks_addons.module.argo_rollouts.aws_iam_role.this",
            "module.eks_addons.module.argo_rollouts.aws_iam_role_policy_attachment.additional",
            "module.eks_addons.module.argo_rollouts.aws_iam_role_policy_attachment.this",
            "module.eks_addons.module.argo_rollouts.data.aws_caller_identity.current",
            "module.eks_addons.module.argo_rollouts.data.aws_iam_policy_document.assume",
            "module.eks_addons.module.argo_rollouts.data.aws_iam_policy_document.this",
            "module.eks_addons.module.argo_rollouts.data.aws_partition.current",
            "module.eks_addons.module.argo_rollouts.helm_release.this",
            "module.eks_addons.module.argo_workflows.aws_iam_policy.this",
            "module.eks_addons.module.argo_workflows.aws_iam_role.this",
            "module.eks_addons.module.argo_workflows.aws_iam_role_policy_attachment.additional",
            "module.eks_addons.module.argo_workflows.aws_iam_role_policy_attachment.this",
            "module.eks_addons.module.argo_workflows.data.aws_caller_identity.current",
            "module.eks_addons.module.argo_workflows.data.aws_iam_policy_document.assume",
            "module.eks_addons.module.argo_workflows.data.aws_iam_policy_document.this",
            "module.eks_addons.module.argo_workflows.data.aws_partition.current",
            "module.eks_addons.module.argo_workflows.helm_release.this",
            "module.eks_addons.module.argocd.aws_iam_policy.this",
            "module.eks_addons.module.argocd.aws_iam_role.this",
            "module.eks_addons.module.argocd.aws_iam_role_policy_attachment.additional",
            "module.eks_addons.module.argocd.aws_iam_role_policy_attachment.this",
            "module.eks_addons.module.argocd.data.aws_caller_identity.current",
            "module.eks_addons.module.argocd.data.aws_iam_policy_document.assume",
            "module.eks_addons.module.argocd.data.aws_iam_policy_document.this",
            "module.eks_addons.module.argocd.data.aws_partition.current",
            "module.eks_addons.module.argocd.helm_release.this",
            "module.eks_addons.module.aws_cloudwatch_metrics.aws_iam_policy.this",
            "module.eks_addons.module.aws_cloudwatch_metrics.aws_iam_role.this",
            "module.eks_addons.module.aws_cloudwatch_metrics.aws_iam_role_policy_attachment.additional",
            "module.eks_addons.module.aws_cloudwatch_metrics.aws_iam_role_policy_attachment.this",
            "module.eks_addons.module.aws_cloudwatch_metrics.data.aws_caller_identity.current",
            "module.eks_addons.module.aws_cloudwatch_metrics.data.aws_iam_policy_document.assume",
            "module.eks_addons.module.aws_cloudwatch_metrics.data.aws_iam_policy_document.this",
            "module.eks_addons.module.aws_cloudwatch_metrics.data.aws_partition.current",
            "module.eks_addons.module.aws_cloudwatch_metrics.helm_release.this",
            "module.eks_addons.module.aws_efs_csi_driver.aws_iam_policy.this",
            "module.eks_addons.module.aws_efs_csi_driver.aws_iam_role.this",
            "module.eks_addons.module.aws_efs_csi_driver.aws_iam_role_policy_attachment.additional",
            "module.eks_addons.module.aws_efs_csi_driver.aws_iam_role_policy_attachment.this",
            "module.eks_addons.module.aws_efs_csi_driver.data.aws_caller_identity.current",
            "module.eks_addons.module.aws_efs_csi_driver.data.aws_iam_policy_document.assume",
            "module.eks_addons.module.aws_efs_csi_driver.data.aws_iam_policy_document.this",
            "module.eks_addons.module.aws_efs_csi_driver.data.aws_partition.current",
            "module.eks_addons.module.aws_efs_csi_driver.helm_release.this",
            "module.eks_addons.module.aws_for_fluentbit.aws_iam_policy.this",
            "module.eks_addons.module.aws_for_fluentbit.aws_iam_role.this",
            "module.eks_addons.module.aws_for_fluentbit.aws_iam_role_policy_attachment.additional",
            "module.eks_addons.module.aws_for_fluentbit.aws_iam_role_policy_attachment.this",
            "module.eks_addons.module.aws_for_fluentbit.data.aws_caller_identity.current",
            "module.eks_addons.module.aws_for_fluentbit.data.aws_iam_policy_document.assume",
            "module.eks_addons.module.aws_for_fluentbit.data.aws_iam_policy_document.this",
            "module.eks_addons.module.aws_for_fluentbit.data.aws_partition.current",
            "module.eks_addons.module.aws_for_fluentbit.helm_release.this",
            "module.eks_addons.module.aws_fsx_csi_driver.aws_iam_policy.this",
            "module.eks_addons.module.aws_fsx_csi_driver.aws_iam_role.this",
            "module.eks_addons.module.aws_fsx_csi_driver.aws_iam_role_policy_attachment.additional",
            "module.eks_addons.module.aws_fsx_csi_driver.aws_iam_role_policy_attachment.this",
            "module.eks_addons.module.aws_fsx_csi_driver.data.aws_caller_identity.current",
            "module.eks_addons.module.aws_fsx_csi_driver.data.aws_iam_policy_document.assume",
            "module.eks_addons.module.aws_fsx_csi_driver.data.aws_iam_policy_document.this",
            "module.eks_addons.module.aws_fsx_csi_driver.data.aws_partition.current",
            "module.eks_addons.module.aws_fsx_csi_driver.helm_release.this",
            "module.eks_addons.module.aws_gateway_api_controller.aws_iam_policy.this",
            "module.eks_addons.module.aws_gateway_api_controller.aws_iam_role.this",
            "module.eks_addons.module.aws_gateway_api_controller.aws_iam_role_policy_attachment.additional",
            "module.eks_addons.module.aws_gateway_api_controller.aws_iam_role_policy_attachment.this",
            "module.eks_addons.module.aws_gateway_api_controller.data.aws_caller_identity.current",
            "module.eks_addons.module.aws_gateway_api_controller.data.aws_iam_policy_document.assume",
            "module.eks_addons.module.aws_gateway_api_controller.data.aws_iam_policy_document.this",
            "module.eks_addons.module.aws_gateway_api_controller.data.aws_partition.current",
            "module.eks_addons.module.aws_gateway_api_controller.helm_release.this",
            "module.eks_addons.module.aws_load_balancer_controller.aws_iam_policy.this",
            "module.eks_addons.module.aws_load_balancer_controller.aws_iam_role.this",
            "module.eks_addons.module.aws_load_balancer_controller.aws_iam_role_policy_attachment.additional",
            "module.eks_addons.module.aws_load_balancer_controller.aws_iam_role_policy_attachment.this",
            "module.eks_addons.module.aws_load_balancer_controller.data.aws_caller_identity.current",
            "module.eks_addons.module.aws_load_balancer_controller.data.aws_iam_policy_document.assume",
            "module.eks_addons.module.aws_load_balancer_controller.data.aws_iam_policy_document.this",
            "module.eks_addons.module.aws_load_balancer_controller.data.aws_partition.current",
            "module.eks_addons.module.aws_load_balancer_controller.helm_release.this",
            "module.eks_addons.module.aws_node_termination_handler.aws_iam_policy.this",
            "module.eks_addons.module.aws_node_termination_handler.aws_iam_role.this",
            "module.eks_addons.module.aws_node_termination_handler.aws_iam_role_policy_attachment.additional",
            "module.eks_addons.module.aws_node_termination_handler.aws_iam_role_policy_attachment.this",
            "module.eks_addons.module.aws_node_termination_handler.data.aws_caller_identity.current",
            "module.eks_addons.module.aws_node_termination_handler.data.aws_iam_policy_document.assume",
            "module.eks_addons.module.aws_node_termination_handler.data.aws_iam_policy_document.this",
            "module.eks_addons.module.aws_node_termination_handler.data.aws_partition.current",
            "module.eks_addons.module.aws_node_termination_handler.helm_release.this",
            "module.eks_addons.module.aws_node_termination_handler_sqs.aws_sqs_queue.dlq",
            "module.eks_addons.module.aws_node_termination_handler_sqs.aws_sqs_queue.this",
            "module.eks_addons.module.aws_node_termination_handler_sqs.aws_sqs_queue_policy.dlq",
            "module.eks_addons.module.aws_node_termination_handler_sqs.aws_sqs_queue_policy.this",
            "module.eks_addons.module.aws_node_termination_handler_sqs.aws_sqs_queue_redrive_allow_policy.dlq",
            "module.eks_addons.module.aws_node_termination_handler_sqs.aws_sqs_queue_redrive_allow_policy.this",
            "module.eks_addons.module.aws_node_termination_handler_sqs.aws_sqs_queue_redrive_policy.dlq",
            "module.eks_addons.module.aws_node_termination_handler_sqs.aws_sqs_queue_redrive_policy.this",
            "module.eks_addons.module.aws_node_termination_handler_sqs.data.aws_iam_policy_document.dlq",
            "module.eks_addons.module.aws_node_termination_handler_sqs.data.aws_iam_policy_document.this",
            "module.eks_addons.module.aws_privateca_issuer.aws_iam_policy.this",
            "module.eks_addons.module.aws_privateca_issuer.aws_iam_role.this",
            "module.eks_addons.module.aws_privateca_issuer.aws_iam_role_policy_attachment.additional",
            "module.eks_addons.module.aws_privateca_issuer.aws_iam_role_policy_attachment.this",
            "module.eks_addons.module.aws_privateca_issuer.data.aws_caller_identity.current",
            "module.eks_addons.module.aws_privateca_issuer.data.aws_iam_policy_document.assume",
            "module.eks_addons.module.aws_privateca_issuer.data.aws_iam_policy_document.this",
            "module.eks_addons.module.aws_privateca_issuer.data.aws_partition.current",
            "module.eks_addons.module.aws_privateca_issuer.helm_release.this",
            "module.eks_addons.module.bottlerocket_shadow.aws_iam_policy.this",
            "module.eks_addons.module.bottlerocket_shadow.aws_iam_role.this",
            "module.eks_addons.module.bottlerocket_shadow.aws_iam_role_policy_attachment.additional",
            "module.eks_addons.module.bottlerocket_shadow.aws_iam_role_policy_attachment.this",
            "module.eks_addons.module.bottlerocket_shadow.data.aws_caller_identity.current",
            "module.eks_addons.module.bottlerocket_shadow.data.aws_iam_policy_document.assume",
            "module.eks_addons.module.bottlerocket_shadow.data.aws_iam_policy_document.this",
            "module.eks_addons.module.bottlerocket_shadow.data.aws_partition.current",
            "module.eks_addons.module.bottlerocket_shadow.helm_release.this",
            "module.eks_addons.module.bottlerocket_update_operator.aws_iam_policy.this",
            "module.eks_addons.module.bottlerocket_update_operator.aws_iam_role.this",
            "module.eks_addons.module.bottlerocket_update_operator.aws_iam_role_policy_attachment.additional",
            "module.eks_addons.module.bottlerocket_update_operator.aws_iam_role_policy_attachment.this",
            "module.eks_addons.module.bottlerocket_update_operator.data.aws_caller_identity.current",
            "module.eks_addons.module.bottlerocket_update_operator.data.aws_iam_policy_document.assume",
            "module.eks_addons.module.bottlerocket_update_operator.data.aws_iam_policy_document.this",
            "module.eks_addons.module.bottlerocket_update_operator.data.aws_partition.current",
            "module.eks_addons.module.bottlerocket_update_operator.helm_release.this",
            "module.eks_addons.module.cert_manager.aws_iam_policy.this",
            "module.eks_addons.module.cert_manager.aws_iam_role.this",
            "module.eks_addons.module.cert_manager.aws_iam_role_policy_attachment.additional",
            "module.eks_addons.module.cert_manager.aws_iam_role_policy_attachment.this",
            "module.eks_addons.module.cert_manager.data.aws_caller_identity.current",
            "module.eks_addons.module.cert_manager.data.aws_iam_policy_document.assume",
            "module.eks_addons.module.cert_manager.data.aws_iam_policy_document.this",
            "module.eks_addons.module.cert_manager.data.aws_partition.current",
            "module.eks_addons.module.cert_manager.helm_release.this",
            "module.eks_addons.module.cluster_autoscaler.aws_iam_policy.this",
            "module.eks_addons.module.cluster_autoscaler.aws_iam_role.this",
            "module.eks_addons.module.cluster_autoscaler.aws_iam_role_policy_attachment.additional",
            "module.eks_addons.module.cluster_autoscaler.aws_iam_role_policy_attachment.this",
            "module.eks_addons.module.cluster_autoscaler.data.aws_caller_identity.current",
            "module.eks_addons.module.cluster_autoscaler.data.aws_iam_policy_document.assume",
            "module.eks_addons.module.cluster_autoscaler.data.aws_iam_policy_document.this",
            "module.eks_addons.module.cluster_autoscaler.data.aws_partition.current",
            "module.eks_addons.module.cluster_autoscaler.helm_release.this",
            "module.eks_addons.module.cluster_proportional_autoscaler.aws_iam_policy.this",
            "module.eks_addons.module.cluster_proportional_autoscaler.aws_iam_role.this",
            "module.eks_addons.module.cluster_proportional_autoscaler.aws_iam_role_policy_attachment.additional",
            "module.eks_addons.module.cluster_proportional_autoscaler.aws_iam_role_policy_attachment.this",
            "module.eks_addons.module.cluster_proportional_autoscaler.data.aws_caller_identity.current",
            "module.eks_addons.module.cluster_proportional_autoscaler.data.aws_iam_policy_document.assume",
            "module.eks_addons.module.cluster_proportional_autoscaler.data.aws_iam_policy_document.this",
            "module.eks_addons.module.cluster_proportional_autoscaler.data.aws_partition.current",
            "module.eks_addons.module.cluster_proportional_autoscaler.helm_release.this",
            "module.eks_addons.module.external_dns.aws_iam_policy.this",
            "module.eks_addons.module.external_dns.aws_iam_role.this",
            "module.eks_addons.module.external_dns.aws_iam_role_policy_attachment.additional",
            "module.eks_addons.module.external_dns.aws_iam_role_policy_attachment.this",
            "module.eks_addons.module.external_dns.data.aws_caller_identity.current",
            "module.eks_addons.module.external_dns.data.aws_iam_policy_document.assume",
            "module.eks_addons.module.external_dns.data.aws_iam_policy_document.this",
            "module.eks_addons.module.external_dns.data.aws_partition.current",
            "module.eks_addons.module.external_dns.helm_release.this",
            "module.eks_addons.module.external_secrets.aws_iam_policy.this",
            "module.eks_addons.module.external_secrets.aws_iam_role.this",
            "module.eks_addons.module.external_secrets.aws_iam_role_policy_attachment.additional",
            "module.eks_addons.module.external_secrets.aws_iam_role_policy_attachment.this",
            "module.eks_addons.module.external_secrets.data.aws_caller_identity.current",
            "module.eks_addons.module.external_secrets.data.aws_iam_policy_document.assume",
            "module.eks_addons.module.external_secrets.data.aws_iam_policy_document.this",
            "module.eks_addons.module.external_secrets.data.aws_partition.current",
            "module.eks_addons.module.external_secrets.helm_release.this",
            "module.eks_addons.module.gatekeeper.aws_iam_policy.this",
            "module.eks_addons.module.gatekeeper.aws_iam_role.this",
            "module.eks_addons.module.gatekeeper.aws_iam_role_policy_attachment.additional",
            "module.eks_addons.module.gatekeeper.aws_iam_role_policy_attachment.this",
            "module.eks_addons.module.gatekeeper.data.aws_caller_identity.current",
            "module.eks_addons.module.gatekeeper.data.aws_iam_policy_document.assume",
            "module.eks_addons.module.gatekeeper.data.aws_iam_policy_document.this",
            "module.eks_addons.module.gatekeeper.data.aws_partition.current",
            "module.eks_addons.module.gatekeeper.helm_release.this",
            "module.eks_addons.module.ingress_nginx.aws_iam_policy.this",
            "module.eks_addons.module.ingress_nginx.aws_iam_role.this",
            "module.eks_addons.module.ingress_nginx.aws_iam_role_policy_attachment.additional",
            "module.eks_addons.module.ingress_nginx.aws_iam_role_policy_attachment.this",
            "module.eks_addons.module.ingress_nginx.data.aws_caller_identity.current",
            "module.eks_addons.module.ingress_nginx.data.aws_iam_policy_document.assume",
            "module.eks_addons.module.ingress_nginx.data.aws_iam_policy_document.this",
            "module.eks_addons.module.ingress_nginx.data.aws_partition.current",
            "module.eks_addons.module.ingress_nginx.helm_release.this",
            "module.eks_addons.module.karpenter.aws_iam_policy.this",
            "module.eks_addons.module.karpenter.aws_iam_role.this",
            "module.eks_addons.module.karpenter.aws_iam_role_policy_attachment.additional",
            "module.eks_addons.module.karpenter.aws_iam_role_policy_attachment.this",
            "module.eks_addons.module.karpenter.data.aws_caller_identity.current",
            "module.eks_addons.module.karpenter.data.aws_iam_policy_document.assume",
            "module.eks_addons.module.karpenter.data.aws_iam_policy_document.this",
            "module.eks_addons.module.karpenter.data.aws_partition.current",
            "module.eks_addons.module.karpenter.helm_release.this",
            "module.eks_addons.module.karpenter_sqs.aws_sqs_queue.dlq",
            "module.eks_addons.module.karpenter_sqs.aws_sqs_queue.this",
            "module.eks_addons.module.karpenter_sqs.aws_sqs_queue_policy.dlq",
            "module.eks_addons.module.karpenter_sqs.aws_sqs_queue_policy.this",
            "module.eks_addons.module.karpenter_sqs.aws_sqs_queue_redrive_allow_policy.dlq",
            "module.eks_addons.module.karpenter_sqs.aws_sqs_queue_redrive_allow_policy.this",
            "module.eks_addons.module.karpenter_sqs.aws_sqs_queue_redrive_policy.dlq",
            "module.eks_addons.module.karpenter_sqs.aws_sqs_queue_redrive_policy.this",
            "module.eks_addons.module.karpenter_sqs.data.aws_iam_policy_document.dlq",
            "module.eks_addons.module.karpenter_sqs.data.aws_iam_policy_document.this",
            "module.eks_addons.module.kube_prometheus_stack.aws_iam_policy.this",
            "module.eks_addons.module.kube_prometheus_stack.aws_iam_role.this",
            "module.eks_addons.module.kube_prometheus_stack.aws_iam_role_policy_attachment.additional",
            "module.eks_addons.module.kube_prometheus_stack.aws_iam_role_policy_attachment.this",
            "module.eks_addons.module.kube_prometheus_stack.data.aws_caller_identity.current",
            "module.eks_addons.module.kube_prometheus_stack.data.aws_iam_policy_document.assume",
            "module.eks_addons.module.kube_prometheus_stack.data.aws_iam_policy_document.this",
            "module.eks_addons.module.kube_prometheus_stack.data.aws_partition.current",
            "module.eks_addons.module.kube_prometheus_stack.helm_release.this",
            "module.eks_addons.module.metrics_server.aws_iam_policy.this",
            "module.eks_addons.module.metrics_server.aws_iam_role.this",
            "module.eks_addons.module.metrics_server.aws_iam_role_policy_attachment.additional",
            "module.eks_addons.module.metrics_server.aws_iam_role_policy_attachment.this",
            "module.eks_addons.module.metrics_server.data.aws_caller_identity.current",
            "module.eks_addons.module.metrics_server.data.aws_iam_policy_document.assume",
            "module.eks_addons.module.metrics_server.data.aws_iam_policy_document.this",
            "module.eks_addons.module.metrics_server.data.aws_partition.current",
            "module.eks_addons.module.metrics_server.helm_release.this",
            "module.eks_addons.module.secrets_store_csi_driver.aws_iam_policy.this",
            "module.eks_addons.module.secrets_store_csi_driver.aws_iam_role.this",
            "module.eks_addons.module.secrets_store_csi_driver.aws_iam_role_policy_attachment.additional",
            "module.eks_addons.module.secrets_store_csi_driver.aws_iam_role_policy_attachment.this",
            "module.eks_addons.module.secrets_store_csi_driver.data.aws_caller_identity.current",
            "module.eks_addons.module.secrets_store_csi_driver.data.aws_iam_policy_document.assume",
            "module.eks_addons.module.secrets_store_csi_driver.data.aws_iam_policy_document.this",
            "module.eks_addons.module.secrets_store_csi_driver.data.aws_partition.current",
            "module.eks_addons.module.secrets_store_csi_driver.helm_release.this",
            "module.eks_addons.module.secrets_store_csi_driver_provider_aws.aws_iam_policy.this",
            "module.eks_addons.module.secrets_store_csi_driver_provider_aws.aws_iam_role.this",
            "module.eks_addons.module.secrets_store_csi_driver_provider_aws.aws_iam_role_policy_attachment.additional",
            "module.eks_addons.module.secrets_store_csi_driver_provider_aws.aws_iam_role_policy_attachment.this",
            "module.eks_addons.module.secrets_store_csi_driver_provider_aws.data.aws_caller_identity.current",
            "module.eks_addons.module.secrets_store_csi_driver_provider_aws.data.aws_iam_policy_document.assume",
            "module.eks_addons.module.secrets_store_csi_driver_provider_aws.data.aws_iam_policy_document.this",
            "module.eks_addons.module.secrets_store_csi_driver_provider_aws.data.aws_partition.current",
            "module.eks_addons.module.secrets_store_csi_driver_provider_aws.helm_release.this",
            "module.eks_addons.module.velero.aws_iam_policy.this",
            "module.eks_addons.module.velero.aws_iam_role.this",
            "module.eks_addons.module.velero.aws_iam_role_policy_attachment.additional",
            "module.eks_addons.module.velero.aws_iam_role_policy_attachment.this",
            "module.eks_addons.module.velero.data.aws_caller_identity.current",
            "module.eks_addons.module.velero.data.aws_iam_policy_document.assume",
            "module.eks_addons.module.velero.data.aws_iam_policy_document.this",
            "module.eks_addons.module.velero.data.aws_partition.current",
            "module.eks_addons.module.velero.helm_release.this",
            "module.eks_addons.module.vpa.aws_iam_policy.this",
            "module.eks_addons.module.vpa.aws_iam_role.this",
            "module.eks_addons.module.vpa.aws_iam_role_policy_attachment.additional",
            "module.eks_addons.module.vpa.aws_iam_role_policy_attachment.this",
            "module.eks_addons.module.vpa.data.aws_caller_identity.current",
            "module.eks_addons.module.vpa.data.aws_iam_policy_document.assume",
            "module.eks_addons.module.vpa.data.aws_iam_policy_document.this",
            "module.eks_addons.module.vpa.data.aws_partition.current",
            "module.eks_addons.module.vpa.helm_release.this",
            "module.eks_addons.random_bytes.this",
            "module.eks_addons.time_sleep.this",
            "module.retail_app_eks.aws_cloudwatch_log_group.this",
            "module.retail_app_eks.aws_ec2_tag.cluster_primary_security_group",
            "module.retail_app_eks.aws_eks_access_entry.this",
            "module.retail_app_eks.aws_eks_access_policy_association.this",
            "module.retail_app_eks.aws_eks_addon.before_compute",
            "module.retail_app_eks.aws_eks_addon.this",
            "module.retail_app_eks.aws_eks_cluster.this",
            "module.retail_app_eks.aws_eks_identity_provider_config.this",
            "module.retail_app_eks.aws_iam_openid_connect_provider.oidc_provider",
            "module.retail_app_eks.aws_iam_policy.cluster_encryption",
            "module.retail_app_eks.aws_iam_policy.cni_ipv6_policy",
            "module.retail_app_eks.aws_iam_policy.custom",
            "module.retail_app_eks.aws_iam_role.eks_auto",
            "module.retail_app_eks.aws_iam_role.this",
            "module.retail_app_eks.aws_iam_role_policy_attachment.additional",
            "module.retail_app_eks.aws_iam_role_policy_attachment.cluster_encryption",
            "module.retail_app_eks.aws_iam_role_policy_attachment.custom",
            "module.retail_app_eks.aws_iam_role_policy_attachment.eks_auto",
            "module.retail_app_eks.aws_iam_role_policy_attachment.eks_auto_additional",
            "module.retail_app_eks.aws_iam_role_policy_attachment.this",
            "module.retail_app_eks.aws_security_group.cluster",
            "module.retail_app_eks.aws_security_group.node",
            "module.retail_app_eks.aws_security_group_rule.cluster",
            "module.retail_app_eks.aws_security_group_rule.node",
            "module.retail_app_eks.data.aws_caller_identity.current",
            "module.retail_app_eks.data.aws_eks_addon_version.this",
            "module.retail_app_eks.data.aws_iam_policy_document.assume_role_policy",
            "module.retail_app_eks.data.aws_iam_policy_document.cni_ipv6_policy",
            "module.retail_app_eks.data.aws_iam_policy_document.custom",
            "module.retail_app_eks.data.aws_iam_policy_document.node_assume_role_policy",
            "module.retail_app_eks.data.aws_iam_session_context.current",
            "module.retail_app_eks.data.aws_partition.current",
            "module.retail_app_eks.data.tls_certificate.this",
            "module.retail_app_eks.module.eks_managed_node_group.aws_autoscaling_schedule.this",
            "module.retail_app_eks.module.eks_managed_node_group.aws_eks_node_group.this",
            "module.retail_app_eks.module.eks_managed_node_group.aws_iam_role.this",
            "module.retail_app_eks.module.eks_managed_node_group.aws_iam_role_policy.this",
            "module.retail_app_eks.module.eks_managed_node_group.aws_iam_role_policy_attachment.additional",
            "module.retail_app_eks.module.eks_managed_node_group.aws_iam_role_policy_attachment.this",
            "module.retail_app_eks.module.eks_managed_node_group.aws_launch_template.this",
            "module.retail_app_eks.module.eks_managed_node_group.aws_placement_group.this",
            "module.retail_app_eks.module.eks_managed_node_group.data.aws_caller_identity.current",
            "module.retail_app_eks.module.eks_managed_node_group.data.aws_ec2_instance_type.this",
            "module.retail_app_eks.module.eks_managed_node_group.data.aws_ec2_instance_type_offerings.this",
            "module.retail_app_eks.module.eks_managed_node_group.data.aws_iam_policy_document.assume_role_policy",
            "module.retail_app_eks.module.eks_managed_node_group.data.aws_iam_policy_document.role",
            "module.retail_app_eks.module.eks_managed_node_group.data.aws_partition.current",
            "module.retail_app_eks.module.eks_managed_node_group.data.aws_ssm_parameter.ami",
            "module.retail_app_eks.module.eks_managed_node_group.data.aws_subnets.placement_group",
            "module.retail_app_eks.module.eks_managed_node_group.module.user_data.data.cloudinit_config.al2023_eks_managed_node_group",
            "module.retail_app_eks.module.eks_managed_node_group.module.user_data.data.cloudinit_config.linux_eks_managed_node_group",
            "module.retail_app_eks.module.eks_managed_node_group.module.user_data.null_resource.validate_cluster_service_cidr",
            "module.retail_app_eks.module.fargate_profile.aws_eks_fargate_profile.this",
            "module.retail_app_eks.module.fargate_profile.aws_iam_role.this",
            "module.retail_app_eks.module.fargate_profile.aws_iam_role_policy.this",
            "module.retail_app_eks.module.fargate_profile.aws_iam_role_policy_attachment.additional",
            "module.retail_app_eks.module.fargate_profile.aws_iam_role_policy_attachment.this",
            "module.retail_app_eks.module.fargate_profile.data.aws_caller_identity.current",
            "module.retail_app_eks.module.fargate_profile.data.aws_iam_policy_document.assume_role_policy",
            "module.retail_app_eks.module.fargate_profile.data.aws_iam_policy_document.role",
            "module.retail_app_eks.module.fargate_profile.data.aws_partition.current",
            "module.retail_app_eks.module.fargate_profile.data.aws_region.current",
            "module.retail_app_eks.module.kms.aws_kms_alias.this",
            "module.retail_app_eks.module.kms.aws_kms_external_key.this",
            "module.retail_app_eks.module.kms.aws_kms_grant.this",
            "module.retail_app_eks.module.kms.aws_kms_key.this",
            "module.retail_app_eks.module.kms.aws_kms_replica_external_key.this",
            "module.retail_app_eks.module.kms.aws_kms_replica_key.this",
            "module.retail_app_eks.module.kms.data.aws_caller_identity.current",
            "module.retail_app_eks.module.kms.data.aws_iam_policy_document.this",
            "module.retail_app_eks.module.kms.data.aws_partition.current",
            "module.retail_app_eks.module.self_managed_node_group.aws_autoscaling_group.this",
            "module.retail_app_eks.module.self_managed_node_group.aws_autoscaling_schedule.this",
            "module.retail_app_eks.module.self_managed_node_group.aws_eks_access_entry.this",
            "module.retail_app_eks.module.self_managed_node_group.aws_iam_instance_profile.this",
            "module.retail_app_eks.module.self_managed_node_group.aws_iam_role.this",
            "module.retail_app_eks.module.self_managed_node_group.aws_iam_role_policy.this",
            "module.retail_app_eks.module.self_managed_node_group.aws_iam_role_policy_attachment.additional",
            "module.retail_app_eks.module.self_managed_node_group.aws_iam_role_policy_attachment.this",
            "module.retail_app_eks.module.self_managed_node_group.aws_launch_template.this",
            "module.retail_app_eks.module.self_managed_node_group.aws_placement_group.this",
            "module.retail_app_eks.module.self_managed_node_group.data.aws_caller_identity.current",
            "module.retail_app_eks.module.self_managed_node_group.data.aws_ec2_instance_type.this",
            "module.retail_app_eks.module.self_managed_node_group.data.aws_ec2_instance_type_offerings.this",
            "module.retail_app_eks.module.self_managed_node_group.data.aws_iam_policy_document.assume_role_policy",
            "module.retail_app_eks.module.self_managed_node_group.data.aws_iam_policy_document.role",
            "module.retail_app_eks.module.self_managed_node_group.data.aws_partition.current",
            "module.retail_app_eks.module.self_managed_node_group.data.aws_ssm_parameter.ami",
            "module.retail_app_eks.module.self_managed_node_group.data.aws_subnets.placement_group",
            "module.retail_app_eks.module.self_managed_node_group.module.user_data.data.cloudinit_config.al2023_eks_managed_node_group",
            "module.retail_app_eks.module.self_managed_node_group.module.user_data.data.cloudinit_config.linux_eks_managed_node_group",
            "module.retail_app_eks.module.self_managed_node_group.module.user_data.null_resource.validate_cluster_service_cidr",
            "module.retail_app_eks.time_sleep.this",
            "module.vpc.aws_subnet.private",
            "module.vpc.aws_vpc.this",
            "module.vpc.aws_vpc_ipv4_cidr_block_association.this",
            "random_string.suffix"
          ]
        }
      ]
    },
    {
      "module": "module.eks_addons",
      "mode": "data",
      "type": "aws_caller_identity",
      "name": "current",
      "provider": "provider[\"registry.terraform.io/hashicorp/aws\"]",
      "instances": [
        {
          "schema_version": 0,
          "attributes": {
            "account_id": "245991315809",
            "arn": "arn:aws:iam::245991315809:user/cli-user",
            "id": "245991315809",
            "user_id": "AIDATSRRZTFQTAWT6544P"
          },
          "sensitive_attributes": [],
          "identity_schema_version": 0
        }
      ]
    },
    {
      "module": "module.eks_addons",
      "mode": "data",
      "type": "aws_iam_policy_document",
      "name": "aws_load_balancer_controller",
      "provider": "provider[\"registry.terraform.io/hashicorp/aws\"]",
      "instances": [
        {
          "index_key": 0,
          "schema_version": 0,
          "attributes": {
            "id": "481461162",
            "json": "{\n  \"Version\": \"2012-10-17\",\n  \"Statement\": [\n    {\n      \"Effect\": \"Allow\",\n      \"Action\": \"iam:CreateServiceLinkedRole\",\n      \"Resource\": \"*\",\n      \"Condition\": {\n        \"StringEquals\": {\n          \"iam:AWSServiceName\": \"elasticloadbalancing.amazonaws.com\"\n        }\n      }\n    },\n    {\n      \"Effect\": \"Allow\",\n      \"Action\": [\n        \"elasticloadbalancing:DescribeTrustStores\",\n        \"elasticloadbalancing:DescribeTargetHealth\",\n        \"elasticloadbalancing:DescribeTargetGroups\",\n        \"elasticloadbalancing:DescribeTargetGroupAttributes\",\n        \"elasticloadbalancing:DescribeTags\",\n        \"elasticloadbalancing:DescribeSSLPolicies\",\n        \"elasticloadbalancing:DescribeRules\",\n        \"elasticloadbalancing:DescribeLoadBalancers\",\n        \"elasticloadbalancing:DescribeLoadBalancerAttributes\",\n        \"elasticloadbalancing:DescribeListeners\",\n        \"elasticloadbalancing:DescribeListenerCertificates\",\n        \"elasticloadbalancing:DescribeListenerAttributes\",\n        \"elasticloadbalancing:DescribeCapacityReservation\",\n        \"ec2:GetSecurityGroupsForVpc\",\n        \"ec2:GetCoipPoolUsage\",\n        \"ec2:DescribeVpcs\",\n        \"ec2:DescribeVpcPeeringConnections\",\n        \"ec2:DescribeTags\",\n        \"ec2:DescribeSubnets\",\n        \"ec2:DescribeSecurityGroups\",\n        \"ec2:DescribeNetworkInterfaces\",\n        \"ec2:DescribeIpamPools\",\n        \"ec2:DescribeInternetGateways\",\n        \"ec2:DescribeInstances\",\n        \"ec2:DescribeCoipPools\",\n        \"ec2:DescribeAvailabilityZones\",\n        \"ec2:DescribeAddresses\",\n        \"ec2:DescribeAccountAttributes\"\n      ],\n      \"Resource\": \"*\"\n    },\n    {\n      \"Effect\": \"Allow\",\n      \"Action\": [\n        \"wafv2:GetWebACLForResource\",\n        \"wafv2:GetWebACL\",\n        \"wafv2:DisassociateWebACL\",\n        \"wafv2:AssociateWebACL\",\n        \"waf-regional:GetWebACLForResource\",\n        \"waf-regional:GetWebACL\",\n        \"waf-regional:DisassociateWebACL\",\n        \"waf-regional:AssociateWebACL\",\n        \"shield:GetSubscriptionState\",\n        \"shield:DescribeProtection\",\n        \"shield:DeleteProtection\",\n        \"shield:CreateProtection\",\n        \"iam:ListServerCertificates\",\n        \"iam:GetServerCertificate\",\n        \"cognito-idp:DescribeUserPoolClient\",\n        \"acm:ListCertificates\",\n        \"acm:DescribeCertificate\"\n      ],\n      \"Resource\": \"*\"\n    },\n    {\n      \"Effect\": \"Allow\",\n      \"Action\": [\n        \"ec2:RevokeSecurityGroupIngress\",\n        \"ec2:AuthorizeSecurityGroupIngress\"\n      ],\n      \"Resource\": \"*\"\n    },\n    {\n      \"Effect\": \"Allow\",\n      \"Action\": \"ec2:CreateSecurityGroup\",\n      \"Resource\": \"*\"\n    },\n    {\n      \"Effect\": \"Allow\",\n      \"Action\": \"ec2:CreateTags\",\n      \"Resource\": \"arn:aws:ec2:*:*:security-group/*\",\n      \"Condition\": {\n        \"Null\": {\n          \"aws:RequestTag/elbv2.k8s.aws/cluster\": \"false\"\n        },\n        \"StringEquals\": {\n          \"ec2:CreateAction\": \"CreateSecurityGroup\"\n        }\n      }\n    },\n    {\n      \"Effect\": \"Allow\",\n      \"Action\": [\n        \"ec2:DeleteTags\",\n        \"ec2:CreateTags\"\n      ],\n      \"Resource\": \"arn:aws:ec2:*:*:security-group/*\",\n      \"Condition\": {\n        \"Null\": {\n          \"aws:RequestTag/elbv2.k8s.aws/cluster\": \"true\",\n          \"aws:ResourceTag/elbv2.k8s.aws/cluster\": \"false\"\n        }\n      }\n    },\n    {\n      \"Effect\": \"Allow\",\n      \"Action\": [\n        \"ec2:RevokeSecurityGroupIngress\",\n        \"ec2:DeleteSecurityGroup\",\n        \"ec2:AuthorizeSecurityGroupIngress\"\n      ],\n      \"Resource\": \"*\",\n      \"Condition\": {\n        \"Null\": {\n          \"aws:ResourceTag/elbv2.k8s.aws/cluster\": \"false\"\n        }\n      }\n    },\n    {\n      \"Effect\": \"Allow\",\n      \"Action\": [\n        \"elasticloadbalancing:CreateTargetGroup\",\n        \"elasticloadbalancing:CreateLoadBalancer\"\n      ],\n      \"Resource\": \"*\",\n      \"Condition\": {\n        \"Null\": {\n          \"aws:RequestTag/elbv2.k8s.aws/cluster\": \"false\"\n        }\n      }\n    },\n    {\n      \"Effect\": \"Allow\",\n      \"Action\": [\n        \"elasticloadbalancing:DeleteRule\",\n        \"elasticloadbalancing:DeleteListener\",\n        \"elasticloadbalancing:CreateRule\",\n        \"elasticloadbalancing:CreateListener\"\n      ],\n      \"Resource\": \"*\"\n    },\n    {\n      \"Effect\": \"Allow\",\n      \"Action\": [\n        \"elasticloadbalancing:RemoveTags\",\n        \"elasticloadbalancing:AddTags\"\n      ],\n      \"Resource\": [\n        \"arn:aws:elasticloadbalancing:*:*:targetgroup/*/*\",\n        \"arn:aws:elasticloadbalancing:*:*:loadbalancer/net/*/*\",\n        \"arn:aws:elasticloadbalancing:*:*:loadbalancer/app/*/*\"\n      ],\n      \"Condition\": {\n        \"Null\": {\n          \"aws:RequestTag/elbv2.k8s.aws/cluster\": \"true\",\n          \"aws:ResourceTag/elbv2.k8s.aws/cluster\": \"false\"\n        }\n      }\n    },\n    {\n      \"Effect\": \"Allow\",\n      \"Action\": [\n        \"elasticloadbalancing:RemoveTags\",\n        \"elasticloadbalancing:AddTags\"\n      ],\n      \"Resource\": [\n        \"arn:aws:elasticloadbalancing:*:*:listener/net/*/*/*\",\n        \"arn:aws:elasticloadbalancing:*:*:listener/app/*/*/*\",\n        \"arn:aws:elasticloadbalancing:*:*:listener-rule/net/*/*/*\",\n        \"arn:aws:elasticloadbalancing:*:*:listener-rule/app/*/*/*\"\n      ]\n    },\n    {\n      \"Effect\": \"Allow\",\n      \"Action\": [\n        \"elasticloadbalancing:SetSubnets\",\n        \"elasticloadbalancing:SetSecurityGroups\",\n        \"elasticloadbalancing:SetIpAddressType\",\n        \"elasticloadbalancing:ModifyTargetGroupAttributes\",\n        \"elasticloadbalancing:ModifyTargetGroup\",\n        \"elasticloadbalancing:ModifyLoadBalancerAttributes\",\n        \"elasticloadbalancing:ModifyListenerAttributes\",\n        \"elasticloadbalancing:ModifyIpPools\",\n        \"elasticloadbalancing:ModifyCapacityReservation\",\n        \"elasticloadbalancing:DeleteTargetGroup\",\n        \"elasticloadbalancing:DeleteLoadBalancer\"\n      ],\n      \"Resource\": \"*\",\n      \"Condition\": {\n        \"Null\": {\n          \"aws:ResourceTag/elbv2.k8s.aws/cluster\": \"false\"\n        }\n      }\n    },\n    {\n      \"Effect\": \"Allow\",\n      \"Action\": \"elasticloadbalancing:AddTags\",\n      \"Resource\": [\n        \"arn:aws:elasticloadbalancing:*:*:targetgroup/*/*\",\n        \"arn:aws:elasticloadbalancing:*:*:loadbalancer/net/*/*\",\n        \"arn:aws:elasticloadbalancing:*:*:loadbalancer/app/*/*\"\n      ],\n      \"Condition\": {\n        \"Null\": {\n          \"aws:RequestTag/elbv2.k8s.aws/cluster\": \"false\"\n        },\n        \"StringEquals\": {\n          \"elasticloadbalancing:CreateAction\": [\n            \"CreateTargetGroup\",\n            \"CreateLoadBalancer\"\n          ]\n        }\n      }\n    },\n    {\n      \"Effect\": \"Allow\",\n      \"Action\": [\n        \"elasticloadbalancing:RegisterTargets\",\n        \"elasticloadbalancing:DeregisterTargets\"\n      ],\n      \"Resource\": \"arn:aws:elasticloadbalancing:*:*:targetgroup/*/*\"\n    },\n    {\n      \"Effect\": \"Allow\",\n      \"Action\": [\n        \"elasticloadbalancing:SetWebAcl\",\n        \"elasticloadbalancing:SetRulePriorities\",\n        \"elasticloadbalancing:RemoveListenerCertificates\",\n        \"elasticloadbalancing:ModifyRule\",\n        \"elasticloadbalancing:ModifyListener\",\n        \"elasticloadbalancing:AddListenerCertificates\"\n      ],\n      \"Resource\": \"*\"\n    }\n  ]\n}",
            "minified_json": "{\"Version\":\"2012-10-17\",\"Statement\":[{\"Effect\":\"Allow\",\"Action\":\"iam:CreateServiceLinkedRole\",\"Resource\":\"*\",\"Condition\":{\"StringEquals\":{\"iam:AWSServiceName\":\"elasticloadbalancing.amazonaws.com\"}}},{\"Effect\":\"Allow\",\"Action\":[\"elasticloadbalancing:DescribeTrustStores\",\"elasticloadbalancing:DescribeTargetHealth\",\"elasticloadbalancing:DescribeTargetGroups\",\"elasticloadbalancing:DescribeTargetGroupAttributes\",\"elasticloadbalancing:DescribeTags\",\"elasticloadbalancing:DescribeSSLPolicies\",\"elasticloadbalancing:DescribeRules\",\"elasticloadbalancing:DescribeLoadBalancers\",\"elasticloadbalancing:DescribeLoadBalancerAttributes\",\"elasticloadbalancing:DescribeListeners\",\"elasticloadbalancing:DescribeListenerCertificates\",\"elasticloadbalancing:DescribeListenerAttributes\",\"elasticloadbalancing:DescribeCapacityReservation\",\"ec2:GetSecurityGroupsForVpc\",\"ec2:GetCoipPoolUsage\",\"ec2:DescribeVpcs\",\"ec2:DescribeVpcPeeringConnections\",\"ec2:DescribeTags\",\"ec2:DescribeSubnets\",\"ec2:DescribeSecurityGroups\",\"ec2:DescribeNetworkInterfaces\",\"ec2:DescribeIpamPools\",\"ec2:DescribeInternetGateways\",\"ec2:DescribeInstances\",\"ec2:DescribeCoipPools\",\"ec2:DescribeAvailabilityZones\",\"ec2:DescribeAddresses\",\"ec2:DescribeAccountAttributes\"],\"Resource\":\"*\"},{\"Effect\":\"Allow\",\"Action\":[\"wafv2:GetWebACLForResource\",\"wafv2:GetWebACL\",\"wafv2:DisassociateWebACL\",\"wafv2:AssociateWebACL\",\"waf-regional:GetWebACLForResource\",\"waf-regional:GetWebACL\",\"waf-regional:DisassociateWebACL\",\"waf-regional:AssociateWebACL\",\"shield:GetSubscriptionState\",\"shield:DescribeProtection\",\"shield:DeleteProtection\",\"shield:CreateProtection\",\"iam:ListServerCertificates\",\"iam:GetServerCertificate\",\"cognito-idp:DescribeUserPoolClient\",\"acm:ListCertificates\",\"acm:DescribeCertificate\"],\"Resource\":\"*\"},{\"Effect\":\"Allow\",\"Action\":[\"ec2:RevokeSecurityGroupIngress\",\"ec2:AuthorizeSecurityGroupIngress\"],\"Resource\":\"*\"},{\"Effect\":\"Allow\",\"Action\":\"ec2:CreateSecurityGroup\",\"Resource\":\"*\"},{\"Effect\":\"Allow\",\"Action\":\"ec2:CreateTags\",\"Resource\":\"arn:aws:ec2:*:*:security-group/*\",\"Condition\":{\"Null\":{\"aws:RequestTag/elbv2.k8s.aws/cluster\":\"false\"},\"StringEquals\":{\"ec2:CreateAction\":\"CreateSecurityGroup\"}}},{\"Effect\":\"Allow\",\"Action\":[\"ec2:DeleteTags\",\"ec2:CreateTags\"],\"Resource\":\"arn:aws:ec2:*:*:security-group/*\",\"Condition\":{\"Null\":{\"aws:RequestTag/elbv2.k8s.aws/cluster\":\"true\",\"aws:ResourceTag/elbv2.k8s.aws/cluster\":\"false\"}}},{\"Effect\":\"Allow\",\"Action\":[\"ec2:RevokeSecurityGroupIngress\",\"ec2:DeleteSecurityGroup\",\"ec2:AuthorizeSecurityGroupIngress\"],\"Resource\":\"*\",\"Condition\":{\"Null\":{\"aws:ResourceTag/elbv2.k8s.aws/cluster\":\"false\"}}},{\"Effect\":\"Allow\",\"Action\":[\"elasticloadbalancing:CreateTargetGroup\",\"elasticloadbalancing:CreateLoadBalancer\"],\"Resource\":\"*\",\"Condition\":{\"Null\":{\"aws:RequestTag/elbv2.k8s.aws/cluster\":\"false\"}}},{\"Effect\":\"Allow\",\"Action\":[\"elasticloadbalancing:DeleteRule\",\"elasticloadbalancing:DeleteListener\",\"elasticloadbalancing:CreateRule\",\"elasticloadbalancing:CreateListener\"],\"Resource\":\"*\"},{\"Effect\":\"Allow\",\"Action\":[\"elasticloadbalancing:RemoveTags\",\"elasticloadbalancing:AddTags\"],\"Resource\":[\"arn:aws:elasticloadbalancing:*:*:targetgroup/*/*\",\"arn:aws:elasticloadbalancing:*:*:loadbalancer/net/*/*\",\"arn:aws:elasticloadbalancing:*:*:loadbalancer/app/*/*\"],\"Condition\":{\"Null\":{\"aws:RequestTag/elbv2.k8s.aws/cluster\":\"true\",\"aws:ResourceTag/elbv2.k8s.aws/cluster\":\"false\"}}},{\"Effect\":\"Allow\",\"Action\":[\"elasticloadbalancing:RemoveTags\",\"elasticloadbalancing:AddTags\"],\"Resource\":[\"arn:aws:elasticloadbalancing:*:*:listener/net/*/*/*\",\"arn:aws:elasticloadbalancing:*:*:listener/app/*/*/*\",\"arn:aws:elasticloadbalancing:*:*:listener-rule/net/*/*/*\",\"arn:aws:elasticloadbalancing:*:*:listener-rule/app/*/*/*\"]},{\"Effect\":\"Allow\",\"Action\":[\"elasticloadbalancing:SetSubnets\",\"elasticloadbalancing:SetSecurityGroups\",\"elasticloadbalancing:SetIpAddressType\",\"elasticloadbalancing:ModifyTargetGroupAttributes\",\"elasticloadbalancing:ModifyTargetGroup\",\"elasticloadbalancing:ModifyLoadBalancerAttributes\",\"elasticloadbalancing:ModifyListenerAttributes\",\"elasticloadbalancing:ModifyIpPools\",\"elasticloadbalancing:ModifyCapacityReservation\",\"elasticloadbalancing:DeleteTargetGroup\",\"elasticloadbalancing:DeleteLoadBalancer\"],\"Resource\":\"*\",\"Condition\":{\"Null\":{\"aws:ResourceTag/elbv2.k8s.aws/cluster\":\"false\"}}},{\"Effect\":\"Allow\",\"Action\":\"elasticloadbalancing:AddTags\",\"Resource\":[\"arn:aws:elasticloadbalancing:*:*:targetgroup/*/*\",\"arn:aws:elasticloadbalancing:*:*:loadbalancer/net/*/*\",\"arn:aws:elasticloadbalancing:*:*:loadbalancer/app/*/*\"],\"Condition\":{\"Null\":{\"aws:RequestTag/elbv2.k8s.aws/cluster\":\"false\"},\"StringEquals\":{\"elasticloadbalancing:CreateAction\":[\"CreateTargetGroup\",\"CreateLoadBalancer\"]}}},{\"Effect\":\"Allow\",\"Action\":[\"elasticloadbalancing:RegisterTargets\",\"elasticloadbalancing:DeregisterTargets\"],\"Resource\":\"arn:aws:elasticloadbalancing:*:*:targetgroup/*/*\"},{\"Effect\":\"Allow\",\"Action\":[\"elasticloadbalancing:SetWebAcl\",\"elasticloadbalancing:SetRulePriorities\",\"elasticloadbalancing:RemoveListenerCertificates\",\"elasticloadbalancing:ModifyRule\",\"elasticloadbalancing:ModifyListener\",\"elasticloadbalancing:AddListenerCertificates\"],\"Resource\":\"*\"}]}",
            "override_json": null,
            "override_policy_documents": null,
            "policy_id": null,
            "source_json": null,
            "source_policy_documents": null,
            "statement": [
              {
                "actions": [
                  "iam:CreateServiceLinkedRole"
                ],
                "condition": [
                  {
                    "test": "StringEquals",
                    "values": [
                      "elasticloadbalancing.amazonaws.com"
                    ],
                    "variable": "iam:AWSServiceName"
                  }
                ],
                "effect": "Allow",
                "not_actions": [],
                "not_principals": [],
                "not_resources": [],
                "principals": [],
                "resources": [
                  "*"
                ],
                "sid": ""
              },
              {
                "actions": [
                  "ec2:DescribeAccountAttributes",
                  "ec2:DescribeAddresses",
                  "ec2:DescribeAvailabilityZones",
                  "ec2:DescribeCoipPools",
                  "ec2:DescribeInstances",
                  "ec2:DescribeInternetGateways",
                  "ec2:DescribeIpamPools",
                  "ec2:DescribeNetworkInterfaces",
                  "ec2:DescribeSecurityGroups",
                  "ec2:DescribeSubnets",
                  "ec2:DescribeTags",
                  "ec2:DescribeVpcPeeringConnections",
                  "ec2:DescribeVpcs",
                  "ec2:GetCoipPoolUsage",
                  "ec2:GetSecurityGroupsForVpc",
                  "elasticloadbalancing:DescribeCapacityReservation",
                  "elasticloadbalancing:DescribeListenerAttributes",
                  "elasticloadbalancing:DescribeListenerCertificates",
                  "elasticloadbalancing:DescribeListeners",
                  "elasticloadbalancing:DescribeLoadBalancerAttributes",
                  "elasticloadbalancing:DescribeLoadBalancers",
                  "elasticloadbalancing:DescribeRules",
                  "elasticloadbalancing:DescribeSSLPolicies",
                  "elasticloadbalancing:DescribeTags",
                  "elasticloadbalancing:DescribeTargetGroupAttributes",
                  "elasticloadbalancing:DescribeTargetGroups",
                  "elasticloadbalancing:DescribeTargetHealth",
                  "elasticloadbalancing:DescribeTrustStores"
                ],
                "condition": [],
                "effect": "Allow",
                "not_actions": [],
                "not_principals": [],
                "not_resources": [],
                "principals": [],
                "resources": [
                  "*"
                ],
                "sid": ""
              },
              {
                "actions": [
                  "acm:DescribeCertificate",
                  "acm:ListCertificates",
                  "cognito-idp:DescribeUserPoolClient",
                  "iam:GetServerCertificate",
                  "iam:ListServerCertificates",
                  "shield:CreateProtection",
                  "shield:DeleteProtection",
                  "shield:DescribeProtection",
                  "shield:GetSubscriptionState",
                  "waf-regional:AssociateWebACL",
                  "waf-regional:DisassociateWebACL",
                  "waf-regional:GetWebACL",
                  "waf-regional:GetWebACLForResource",
                  "wafv2:AssociateWebACL",
                  "wafv2:DisassociateWebACL",
                  "wafv2:GetWebACL",
                  "wafv2:GetWebACLForResource"
                ],
                "condition": [],
                "effect": "Allow",
                "not_actions": [],
                "not_principals": [],
                "not_resources": [],
                "principals": [],
                "resources": [
                  "*"
                ],
                "sid": ""
              },
              {
                "actions": [
                  "ec2:AuthorizeSecurityGroupIngress",
                  "ec2:RevokeSecurityGroupIngress"
                ],
                "condition": [],
                "effect": "Allow",
                "not_actions": [],
                "not_principals": [],
                "not_resources": [],
                "principals": [],
                "resources": [
                  "*"
                ],
                "sid": ""
              },
              {
                "actions": [
                  "ec2:CreateSecurityGroup"
                ],
                "condition": [],
                "effect": "Allow",
                "not_actions": [],
                "not_principals": [],
                "not_resources": [],
                "principals": [],
                "resources": [
                  "*"
                ],
                "sid": ""
              },
              {
                "actions": [
                  "ec2:CreateTags"
                ],
                "condition": [
                  {
                    "test": "Null",
                    "values": [
                      "false"
                    ],
                    "variable": "aws:RequestTag/elbv2.k8s.aws/cluster"
                  },
                  {
                    "test": "StringEquals",
                    "values": [
                      "CreateSecurityGroup"
                    ],
                    "variable": "ec2:CreateAction"
                  }
                ],
                "effect": "Allow",
                "not_actions": [],
                "not_principals": [],
                "not_resources": [],
                "principals": [],
                "resources": [
                  "arn:aws:ec2:*:*:security-group/*"
                ],
                "sid": ""
              },
              {
                "actions": [
                  "ec2:CreateTags",
                  "ec2:DeleteTags"
                ],
                "condition": [
                  {
                    "test": "Null",
                    "values": [
                      "false"
                    ],
                    "variable": "aws:ResourceTag/elbv2.k8s.aws/cluster"
                  },
                  {
                    "test": "Null",
                    "values": [
                      "true"
                    ],
                    "variable": "aws:RequestTag/elbv2.k8s.aws/cluster"
                  }
                ],
                "effect": "Allow",
                "not_actions": [],
                "not_principals": [],
                "not_resources": [],
                "principals": [],
                "resources": [
                  "arn:aws:ec2:*:*:security-group/*"
                ],
                "sid": ""
              },
              {
                "actions": [
                  "ec2:AuthorizeSecurityGroupIngress",
                  "ec2:DeleteSecurityGroup",
                  "ec2:RevokeSecurityGroupIngress"
                ],
                "condition": [
                  {
                    "test": "Null",
                    "values": [
                      "false"
                    ],
                    "variable": "aws:ResourceTag/elbv2.k8s.aws/cluster"
                  }
                ],
                "effect": "Allow",
                "not_actions": [],
                "not_principals": [],
                "not_resources": [],
                "principals": [],
                "resources": [
                  "*"
                ],
                "sid": ""
              },
              {
                "actions": [
                  "elasticloadbalancing:CreateLoadBalancer",
                  "elasticloadbalancing:CreateTargetGroup"
                ],
                "condition": [
                  {
                    "test": "Null",
                    "values": [
                      "false"
                    ],
                    "variable": "aws:RequestTag/elbv2.k8s.aws/cluster"
                  }
                ],
                "effect": "Allow",
                "not_actions": [],
                "not_principals": [],
                "not_resources": [],
                "principals": [],
                "resources": [
                  "*"
                ],
                "sid": ""
              },
              {
                "actions": [
                  "elasticloadbalancing:CreateListener",
                  "elasticloadbalancing:CreateRule",
                  "elasticloadbalancing:DeleteListener",
                  "elasticloadbalancing:DeleteRule"
                ],
                "condition": [],
                "effect": "Allow",
                "not_actions": [],
                "not_principals": [],
                "not_resources": [],
                "principals": [],
                "resources": [
                  "*"
                ],
                "sid": ""
              },
              {
                "actions": [
                  "elasticloadbalancing:AddTags",
                  "elasticloadbalancing:RemoveTags"
                ],
                "condition": [
                  {
                    "test": "Null",
                    "values": [
                      "false"
                    ],
                    "variable": "aws:ResourceTag/elbv2.k8s.aws/cluster"
                  },
                  {
                    "test": "Null",
                    "values": [
                      "true"
                    ],
                    "variable": "aws:RequestTag/elbv2.k8s.aws/cluster"
                  }
                ],
                "effect": "Allow",
                "not_actions": [],
                "not_principals": [],
                "not_resources": [],
                "principals": [],
                "resources": [
                  "arn:aws:elasticloadbalancing:*:*:loadbalancer/app/*/*",
                  "arn:aws:elasticloadbalancing:*:*:loadbalancer/net/*/*",
                  "arn:aws:elasticloadbalancing:*:*:targetgroup/*/*"
                ],
                "sid": ""
              },
              {
                "actions": [
                  "elasticloadbalancing:AddTags",
                  "elasticloadbalancing:RemoveTags"
                ],
                "condition": [],
                "effect": "Allow",
                "not_actions": [],
                "not_principals": [],
                "not_resources": [],
                "principals": [],
                "resources": [
                  "arn:aws:elasticloadbalancing:*:*:listener-rule/app/*/*/*",
                  "arn:aws:elasticloadbalancing:*:*:listener-rule/net/*/*/*",
                  "arn:aws:elasticloadbalancing:*:*:listener/app/*/*/*",
                  "arn:aws:elasticloadbalancing:*:*:listener/net/*/*/*"
                ],
                "sid": ""
              },
              {
                "actions": [
                  "elasticloadbalancing:DeleteLoadBalancer",
                  "elasticloadbalancing:DeleteTargetGroup",
                  "elasticloadbalancing:ModifyCapacityReservation",
                  "elasticloadbalancing:ModifyIpPools",
                  "elasticloadbalancing:ModifyListenerAttributes",
                  "elasticloadbalancing:ModifyLoadBalancerAttributes",
                  "elasticloadbalancing:ModifyTargetGroup",
                  "elasticloadbalancing:ModifyTargetGroupAttributes",
                  "elasticloadbalancing:SetIpAddressType",
                  "elasticloadbalancing:SetSecurityGroups",
                  "elasticloadbalancing:SetSubnets"
                ],
                "condition": [
                  {
                    "test": "Null",
                    "values": [
                      "false"
                    ],
                    "variable": "aws:ResourceTag/elbv2.k8s.aws/cluster"
                  }
                ],
                "effect": "Allow",
                "not_actions": [],
                "not_principals": [],
                "not_resources": [],
                "principals": [],
                "resources": [
                  "*"
                ],
                "sid": ""
              },
              {
                "actions": [
                  "elasticloadbalancing:AddTags"
                ],
                "condition": [
                  {
                    "test": "Null",
                    "values": [
                      "false"
                    ],
                    "variable": "aws:RequestTag/elbv2.k8s.aws/cluster"
                  },
                  {
                    "test": "StringEquals",
                    "values": [
                      "CreateTargetGroup",
                      "CreateLoadBalancer"
                    ],
                    "variable": "elasticloadbalancing:CreateAction"
                  }
                ],
                "effect": "Allow",
                "not_actions": [],
                "not_principals": [],
                "not_resources": [],
                "principals": [],
                "resources": [
                  "arn:aws:elasticloadbalancing:*:*:loadbalancer/app/*/*",
                  "arn:aws:elasticloadbalancing:*:*:loadbalancer/net/*/*",
                  "arn:aws:elasticloadbalancing:*:*:targetgroup/*/*"
                ],
                "sid": ""
              },
              {
                "actions": [
                  "elasticloadbalancing:DeregisterTargets",
                  "elasticloadbalancing:RegisterTargets"
                ],
                "condition": [],
                "effect": "Allow",
                "not_actions": [],
                "not_principals": [],
                "not_resources": [],
                "principals": [],
                "resources": [
                  "arn:aws:elasticloadbalancing:*:*:targetgroup/*/*"
                ],
                "sid": ""
              },
              {
                "actions": [
                  "elasticloadbalancing:AddListenerCertificates",
                  "elasticloadbalancing:ModifyListener",
                  "elasticloadbalancing:ModifyRule",
                  "elasticloadbalancing:RemoveListenerCertificates",
                  "elasticloadbalancing:SetRulePriorities",
                  "elasticloadbalancing:SetWebAcl"
                ],
                "condition": [],
                "effect": "Allow",
                "not_actions": [],
                "not_principals": [],
                "not_resources": [],
                "principals": [],
                "resources": [
                  "*"
                ],
                "sid": ""
              }
            ],
            "version": "2012-10-17"
          },
          "sensitive_attributes": [],
          "identity_schema_version": 0
        }
      ]
    },
    {
      "module": "module.eks_addons",
      "mode": "data",
      "type": "aws_iam_policy_document",
      "name": "cert_manager",
      "provider": "provider[\"registry.terraform.io/hashicorp/aws\"]",
      "instances": [
        {
          "index_key": 0,
          "schema_version": 0,
          "attributes": {
            "id": "3416383923",
            "json": "{\n  \"Version\": \"2012-10-17\",\n  \"Statement\": [\n    {\n      \"Effect\": \"Allow\",\n      \"Action\": \"route53:GetChange\",\n      \"Resource\": \"arn:aws:route53:::change/*\"\n    },\n    {\n      \"Effect\": \"Allow\",\n      \"Action\": [\n        \"route53:ListResourceRecordSets\",\n        \"route53:ChangeResourceRecordSets\"\n      ],\n      \"Resource\": \"arn:aws:route53:::hostedzone/*\"\n    },\n    {\n      \"Effect\": \"Allow\",\n      \"Action\": \"route53:ListHostedZonesByName\",\n      \"Resource\": \"*\"\n    }\n  ]\n}",
            "minified_json": "{\"Version\":\"2012-10-17\",\"Statement\":[{\"Effect\":\"Allow\",\"Action\":\"route53:GetChange\",\"Resource\":\"arn:aws:route53:::change/*\"},{\"Effect\":\"Allow\",\"Action\":[\"route53:ListResourceRecordSets\",\"route53:ChangeResourceRecordSets\"],\"Resource\":\"arn:aws:route53:::hostedzone/*\"},{\"Effect\":\"Allow\",\"Action\":\"route53:ListHostedZonesByName\",\"Resource\":\"*\"}]}",
            "override_json": null,
            "override_policy_documents": null,
            "policy_id": null,
            "source_json": null,
            "source_policy_documents": null,
            "statement": [
              {
                "actions": [
                  "route53:GetChange"
                ],
                "condition": [],
                "effect": "Allow",
                "not_actions": [],
                "not_principals": [],
                "not_resources": [],
                "principals": [],
                "resources": [
                  "arn:aws:route53:::change/*"
                ],
                "sid": ""
              },
              {
                "actions": [
                  "route53:ChangeResourceRecordSets",
                  "route53:ListResourceRecordSets"
                ],
                "condition": [],
                "effect": "Allow",
                "not_actions": [],
                "not_principals": [],
                "not_resources": [],
                "principals": [],
                "resources": [
                  "arn:aws:route53:::hostedzone/*"
                ],
                "sid": ""
              },
              {
                "actions": [
                  "route53:ListHostedZonesByName"
                ],
                "condition": [],
                "effect": "Allow",
                "not_actions": [],
                "not_principals": [],
                "not_resources": [],
                "principals": [],
                "resources": [
                  "*"
                ],
                "sid": ""
              }
            ],
            "version": "2012-10-17"
          },
          "sensitive_attributes": [],
          "identity_schema_version": 0
        }
      ]
    },
    {
      "module": "module.eks_addons",
      "mode": "data",
      "type": "aws_partition",
      "name": "current",
      "provider": "provider[\"registry.terraform.io/hashicorp/aws\"]",
      "instances": [
        {
          "schema_version": 0,
          "attributes": {
            "dns_suffix": "amazonaws.com",
            "id": "aws",
            "partition": "aws",
            "reverse_dns_prefix": "com.amazonaws"
          },
          "sensitive_attributes": [],
          "identity_schema_version": 0
        }
      ]
    },
    {
      "module": "module.eks_addons",
      "mode": "data",
      "type": "aws_region",
      "name": "current",
      "provider": "provider[\"registry.terraform.io/hashicorp/aws\"]",
      "instances": [
        {
          "schema_version": 0,
          "attributes": {
            "description": "US West (Oregon)",
            "endpoint": "ec2.us-west-2.amazonaws.com",
            "id": "us-west-2",
            "name": "us-west-2"
          },
          "sensitive_attributes": [],
          "identity_schema_version": 0
        }
      ]
    },
    {
      "module": "module.eks_addons",
      "mode": "managed",
      "type": "aws_cloudformation_stack",
      "name": "usage_telemetry",
      "provider": "provider[\"registry.terraform.io/hashicorp/aws\"]",
      "instances": [
        {
          "index_key": 0,
          "schema_version": 0,
          "attributes": {
            "capabilities": null,
            "disable_rollback": false,
            "iam_role_arn": "",
            "id": "arn:aws:cloudformation:us-west-2:245991315809:stack/biomarine-ai-5hw9-ae82/76510f90-9ad9-11f0-bf74-0ad1d4d9bcff",
            "name": "biomarine-ai-5hw9-ae82",
            "notification_arns": null,
            "on_failure": "DO_NOTHING",
            "outputs": {},
            "parameters": {},
            "policy_body": null,
            "policy_url": null,
            "tags": null,
            "tags_all": {},
            "template_body": "{\"AWSTemplateFormatVersion\":\"2010-09-09\",\"Description\":\"Usage telemetry for EKS Blueprints. (qs-1ubotj5kl)\",\"Resources\":{\"EmptyResource\":{\"Type\":\"AWS::CloudFormation::WaitConditionHandle\"}}}",
            "template_url": null,
            "timeout_in_minutes": 0,
            "timeouts": null
          },
          "sensitive_attributes": [
            [
              {
                "type": "get_attr",
                "value": "name"
              }
            ]
          ],
          "identity_schema_version": 0,
          "private": "eyJlMmJmYjczMC1lY2FhLTExZTYtOGY4OC0zNDM2M2JjN2M0YzAiOnsiY3JlYXRlIjoxODAwMDAwMDAwMDAwLCJkZWxldGUiOjE4MDAwMDAwMDAwMDAsInVwZGF0ZSI6MTgwMDAwMDAwMDAwMH19",
          "dependencies": [
            "data.aws_availability_zones.available",
            "data.aws_caller_identity.current",
            "module.eks_addons.random_bytes.this",
            "module.retail_app_eks.aws_cloudwatch_log_group.this",
            "module.retail_app_eks.aws_ec2_tag.cluster_primary_security_group",
            "module.retail_app_eks.aws_eks_access_entry.this",
            "module.retail_app_eks.aws_eks_access_policy_association.this",
            "module.retail_app_eks.aws_eks_addon.before_compute",
            "module.retail_app_eks.aws_eks_addon.this",
            "module.retail_app_eks.aws_eks_cluster.this",
            "module.retail_app_eks.aws_eks_identity_provider_config.this",
            "module.retail_app_eks.aws_iam_openid_connect_provider.oidc_provider",
            "module.retail_app_eks.aws_iam_policy.cluster_encryption",
            "module.retail_app_eks.aws_iam_policy.cni_ipv6_policy",
            "module.retail_app_eks.aws_iam_policy.custom",
            "module.retail_app_eks.aws_iam_role.eks_auto",
            "module.retail_app_eks.aws_iam_role.this",
            "module.retail_app_eks.aws_iam_role_policy_attachment.additional",
            "module.retail_app_eks.aws_iam_role_policy_attachment.cluster_encryption",
            "module.retail_app_eks.aws_iam_role_policy_attachment.custom",
            "module.retail_app_eks.aws_iam_role_policy_attachment.eks_auto",
            "module.retail_app_eks.aws_iam_role_policy_attachment.eks_auto_additional",
            "module.retail_app_eks.aws_iam_role_policy_attachment.this",
            "module.retail_app_eks.aws_security_group.cluster",
            "module.retail_app_eks.aws_security_group.node",
            "module.retail_app_eks.aws_security_group_rule.cluster",
            "module.retail_app_eks.aws_security_group_rule.node",
            "module.retail_app_eks.data.aws_caller_identity.current",
            "module.retail_app_eks.data.aws_eks_addon_version.this",
            "module.retail_app_eks.data.aws_iam_policy_document.assume_role_policy",
            "module.retail_app_eks.data.aws_iam_policy_document.cni_ipv6_policy",
            "module.retail_app_eks.data.aws_iam_policy_document.custom",
            "module.retail_app_eks.data.aws_iam_policy_document.node_assume_role_policy",
            "module.retail_app_eks.data.aws_iam_session_context.current",
            "module.retail_app_eks.data.aws_partition.current",
            "module.retail_app_eks.data.tls_certificate.this",
            "module.retail_app_eks.module.eks_managed_node_group.aws_autoscaling_schedule.this",
            "module.retail_app_eks.module.eks_managed_node_group.aws_eks_node_group.this",
            "module.retail_app_eks.module.eks_managed_node_group.aws_iam_role.this",
            "module.retail_app_eks.module.eks_managed_node_group.aws_iam_role_policy.this",
            "module.retail_app_eks.module.eks_managed_node_group.aws_iam_role_policy_attachment.additional",
            "module.retail_app_eks.module.eks_managed_node_group.aws_iam_role_policy_attachment.this",
            "module.retail_app_eks.module.eks_managed_node_group.aws_launch_template.this",
            "module.retail_app_eks.module.eks_managed_node_group.aws_placement_group.this",
            "module.retail_app_eks.module.eks_managed_node_group.data.aws_caller_identity.current",
            "module.retail_app_eks.module.eks_managed_node_group.data.aws_ec2_instance_type.this",
            "module.retail_app_eks.module.eks_managed_node_group.data.aws_ec2_instance_type_offerings.this",
            "module.retail_app_eks.module.eks_managed_node_group.data.aws_iam_policy_document.assume_role_policy",
            "module.retail_app_eks.module.eks_managed_node_group.data.aws_iam_policy_document.role",
            "module.retail_app_eks.module.eks_managed_node_group.data.aws_partition.current",
            "module.retail_app_eks.module.eks_managed_node_group.data.aws_ssm_parameter.ami",
            "module.retail_app_eks.module.eks_managed_node_group.data.aws_subnets.placement_group",
            "module.retail_app_eks.module.eks_managed_node_group.module.user_data.data.cloudinit_config.al2023_eks_managed_node_group",
            "module.retail_app_eks.module.eks_managed_node_group.module.user_data.data.cloudinit_config.linux_eks_managed_node_group",
            "module.retail_app_eks.module.eks_managed_node_group.module.user_data.null_resource.validate_cluster_service_cidr",
            "module.retail_app_eks.module.fargate_profile.aws_eks_fargate_profile.this",
            "module.retail_app_eks.module.fargate_profile.aws_iam_role.this",
            "module.retail_app_eks.module.fargate_profile.aws_iam_role_policy.this",
            "module.retail_app_eks.module.fargate_profile.aws_iam_role_policy_attachment.additional",
            "module.retail_app_eks.module.fargate_profile.aws_iam_role_policy_attachment.this",
            "module.retail_app_eks.module.fargate_profile.data.aws_caller_identity.current",
            "module.retail_app_eks.module.fargate_profile.data.aws_iam_policy_document.assume_role_policy",
            "module.retail_app_eks.module.fargate_profile.data.aws_iam_policy_document.role",
            "module.retail_app_eks.module.fargate_profile.data.aws_partition.current",
            "module.retail_app_eks.module.fargate_profile.data.aws_region.current",
            "module.retail_app_eks.module.kms.aws_kms_alias.this",
            "module.retail_app_eks.module.kms.aws_kms_external_key.this",
            "module.retail_app_eks.module.kms.aws_kms_grant.this",
            "module.retail_app_eks.module.kms.aws_kms_key.this",
            "module.retail_app_eks.module.kms.aws_kms_replica_external_key.this",
            "module.retail_app_eks.module.kms.aws_kms_replica_key.this",
            "module.retail_app_eks.module.kms.data.aws_caller_identity.current",
            "module.retail_app_eks.module.kms.data.aws_iam_policy_document.this",
            "module.retail_app_eks.module.kms.data.aws_partition.current",
            "module.retail_app_eks.module.self_managed_node_group.aws_autoscaling_group.this",
            "module.retail_app_eks.module.self_managed_node_group.aws_autoscaling_schedule.this",
            "module.retail_app_eks.module.self_managed_node_group.aws_eks_access_entry.this",
            "module.retail_app_eks.module.self_managed_node_group.aws_iam_instance_profile.this",
            "module.retail_app_eks.module.self_managed_node_group.aws_iam_role.this",
            "module.retail_app_eks.module.self_managed_node_group.aws_iam_role_policy.this",
            "module.retail_app_eks.module.self_managed_node_group.aws_iam_role_policy_attachment.additional",
            "module.retail_app_eks.module.self_managed_node_group.aws_iam_role_policy_attachment.this",
            "module.retail_app_eks.module.self_managed_node_group.aws_launch_template.this",
            "module.retail_app_eks.module.self_managed_node_group.aws_placement_group.this",
            "module.retail_app_eks.module.self_managed_node_group.data.aws_caller_identity.current",
            "module.retail_app_eks.module.self_managed_node_group.data.aws_ec2_instance_type.this",
            "module.retail_app_eks.module.self_managed_node_group.data.aws_ec2_instance_type_offerings.this",
            "module.retail_app_eks.module.self_managed_node_group.data.aws_iam_policy_document.assume_role_policy",
            "module.retail_app_eks.module.self_managed_node_group.data.aws_iam_policy_document.role",
            "module.retail_app_eks.module.self_managed_node_group.data.aws_partition.current",
            "module.retail_app_eks.module.self_managed_node_group.data.aws_ssm_parameter.ami",
            "module.retail_app_eks.module.self_managed_node_group.data.aws_subnets.placement_group",
            "module.retail_app_eks.module.self_managed_node_group.module.user_data.data.cloudinit_config.al2023_eks_managed_node_group",
            "module.retail_app_eks.module.self_managed_node_group.module.user_data.data.cloudinit_config.linux_eks_managed_node_group",
            "module.retail_app_eks.module.self_managed_node_group.module.user_data.null_resource.validate_cluster_service_cidr",
            "module.retail_app_eks.time_sleep.this",
            "module.vpc.aws_subnet.private",
            "module.vpc.aws_vpc.this",
            "module.vpc.aws_vpc_ipv4_cidr_block_association.this",
            "random_string.suffix"
          ]
        }
      ]
    },
    {
      "module": "module.eks_addons",
      "mode": "managed",
      "type": "random_bytes",
      "name": "this",
      "provider": "provider[\"registry.terraform.io/hashicorp/random\"]",
      "instances": [
        {
          "schema_version": 0,
          "attributes": {
            "base64": "roI=",
            "hex": "ae82",
            "keepers": null,
            "length": 2
          },
          "sensitive_attributes": [
            [
              {
                "type": "get_attr",
                "value": "base64"
              }
            ],
            [
              {
                "type": "get_attr",
                "value": "hex"
              }
            ]
          ],
          "identity_schema_version": 0,
          "dependencies": [
            "data.aws_availability_zones.available",
            "data.aws_caller_identity.current",
            "module.retail_app_eks.aws_cloudwatch_log_group.this",
            "module.retail_app_eks.aws_ec2_tag.cluster_primary_security_group",
            "module.retail_app_eks.aws_eks_access_entry.this",
            "module.retail_app_eks.aws_eks_access_policy_association.this",
            "module.retail_app_eks.aws_eks_addon.before_compute",
            "module.retail_app_eks.aws_eks_addon.this",
            "module.retail_app_eks.aws_eks_cluster.this",
            "module.retail_app_eks.aws_eks_identity_provider_config.this",
            "module.retail_app_eks.aws_iam_openid_connect_provider.oidc_provider",
            "module.retail_app_eks.aws_iam_policy.cluster_encryption",
            "module.retail_app_eks.aws_iam_policy.cni_ipv6_policy",
            "module.retail_app_eks.aws_iam_policy.custom",
            "module.retail_app_eks.aws_iam_role.eks_auto",
            "module.retail_app_eks.aws_iam_role.this",
            "module.retail_app_eks.aws_iam_role_policy_attachment.additional",
            "module.retail_app_eks.aws_iam_role_policy_attachment.cluster_encryption",
            "module.retail_app_eks.aws_iam_role_policy_attachment.custom",
            "module.retail_app_eks.aws_iam_role_policy_attachment.eks_auto",
            "module.retail_app_eks.aws_iam_role_policy_attachment.eks_auto_additional",
            "module.retail_app_eks.aws_iam_role_policy_attachment.this",
            "module.retail_app_eks.aws_security_group.cluster",
            "module.retail_app_eks.aws_security_group.node",
            "module.retail_app_eks.aws_security_group_rule.cluster",
            "module.retail_app_eks.aws_security_group_rule.node",
            "module.retail_app_eks.data.aws_caller_identity.current",
            "module.retail_app_eks.data.aws_eks_addon_version.this",
            "module.retail_app_eks.data.aws_iam_policy_document.assume_role_policy",
            "module.retail_app_eks.data.aws_iam_policy_document.cni_ipv6_policy",
            "module.retail_app_eks.data.aws_iam_policy_document.custom",
            "module.retail_app_eks.data.aws_iam_policy_document.node_assume_role_policy",
            "module.retail_app_eks.data.aws_iam_session_context.current",
            "module.retail_app_eks.data.aws_partition.current",
            "module.retail_app_eks.data.tls_certificate.this",
            "module.retail_app_eks.module.eks_managed_node_group.aws_autoscaling_schedule.this",
            "module.retail_app_eks.module.eks_managed_node_group.aws_eks_node_group.this",
            "module.retail_app_eks.module.eks_managed_node_group.aws_iam_role.this",
            "module.retail_app_eks.module.eks_managed_node_group.aws_iam_role_policy.this",
            "module.retail_app_eks.module.eks_managed_node_group.aws_iam_role_policy_attachment.additional",
            "module.retail_app_eks.module.eks_managed_node_group.aws_iam_role_policy_attachment.this",
            "module.retail_app_eks.module.eks_managed_node_group.aws_launch_template.this",
            "module.retail_app_eks.module.eks_managed_node_group.aws_placement_group.this",
            "module.retail_app_eks.module.eks_managed_node_group.data.aws_caller_identity.current",
            "module.retail_app_eks.module.eks_managed_node_group.data.aws_ec2_instance_type.this",
            "module.retail_app_eks.module.eks_managed_node_group.data.aws_ec2_instance_type_offerings.this",
            "module.retail_app_eks.module.eks_managed_node_group.data.aws_iam_policy_document.assume_role_policy",
            "module.retail_app_eks.module.eks_managed_node_group.data.aws_iam_policy_document.role",
            "module.retail_app_eks.module.eks_managed_node_group.data.aws_partition.current",
            "module.retail_app_eks.module.eks_managed_node_group.data.aws_ssm_parameter.ami",
            "module.retail_app_eks.module.eks_managed_node_group.data.aws_subnets.placement_group",
            "module.retail_app_eks.module.eks_managed_node_group.module.user_data.data.cloudinit_config.al2023_eks_managed_node_group",
            "module.retail_app_eks.module.eks_managed_node_group.module.user_data.data.cloudinit_config.linux_eks_managed_node_group",
            "module.retail_app_eks.module.eks_managed_node_group.module.user_data.null_resource.validate_cluster_service_cidr",
            "module.retail_app_eks.module.fargate_profile.aws_eks_fargate_profile.this",
            "module.retail_app_eks.module.fargate_profile.aws_iam_role.this",
            "module.retail_app_eks.module.fargate_profile.aws_iam_role_policy.this",
            "module.retail_app_eks.module.fargate_profile.aws_iam_role_policy_attachment.additional",
            "module.retail_app_eks.module.fargate_profile.aws_iam_role_policy_attachment.this",
            "module.retail_app_eks.module.fargate_profile.data.aws_caller_identity.current",
            "module.retail_app_eks.module.fargate_profile.data.aws_iam_policy_document.assume_role_policy",
            "module.retail_app_eks.module.fargate_profile.data.aws_iam_policy_document.role",
            "module.retail_app_eks.module.fargate_profile.data.aws_partition.current",
            "module.retail_app_eks.module.fargate_profile.data.aws_region.current",
            "module.retail_app_eks.module.kms.aws_kms_alias.this",
            "module.retail_app_eks.module.kms.aws_kms_external_key.this",
            "module.retail_app_eks.module.kms.aws_kms_grant.this",
            "module.retail_app_eks.module.kms.aws_kms_key.this",
            "module.retail_app_eks.module.kms.aws_kms_replica_external_key.this",
            "module.retail_app_eks.module.kms.aws_kms_replica_key.this",
            "module.retail_app_eks.module.kms.data.aws_caller_identity.current",
            "module.retail_app_eks.module.kms.data.aws_iam_policy_document.this",
            "module.retail_app_eks.module.kms.data.aws_partition.current",
            "module.retail_app_eks.module.self_managed_node_group.aws_autoscaling_group.this",
            "module.retail_app_eks.module.self_managed_node_group.aws_autoscaling_schedule.this",
            "module.retail_app_eks.module.self_managed_node_group.aws_eks_access_entry.this",
            "module.retail_app_eks.module.self_managed_node_group.aws_iam_instance_profile.this",
            "module.retail_app_eks.module.self_managed_node_group.aws_iam_role.this",
            "module.retail_app_eks.module.self_managed_node_group.aws_iam_role_policy.this",
            "module.retail_app_eks.module.self_managed_node_group.aws_iam_role_policy_attachment.additional",
            "module.retail_app_eks.module.self_managed_node_group.aws_iam_role_policy_attachment.this",
            "module.retail_app_eks.module.self_managed_node_group.aws_launch_template.this",
            "module.retail_app_eks.module.self_managed_node_group.aws_placement_group.this",
            "module.retail_app_eks.module.self_managed_node_group.data.aws_caller_identity.current",
            "module.retail_app_eks.module.self_managed_node_group.data.aws_ec2_instance_type.this",
            "module.retail_app_eks.module.self_managed_node_group.data.aws_ec2_instance_type_offerings.this",
            "module.retail_app_eks.module.self_managed_node_group.data.aws_iam_policy_document.assume_role_policy",
            "module.retail_app_eks.module.self_managed_node_group.data.aws_iam_policy_document.role",
            "module.retail_app_eks.module.self_managed_node_group.data.aws_partition.current",
            "module.retail_app_eks.module.self_managed_node_group.data.aws_ssm_parameter.ami",
            "module.retail_app_eks.module.self_managed_node_group.data.aws_subnets.placement_group",
            "module.retail_app_eks.module.self_managed_node_group.module.user_data.data.cloudinit_config.al2023_eks_managed_node_group",
            "module.retail_app_eks.module.self_managed_node_group.module.user_data.data.cloudinit_config.linux_eks_managed_node_group",
            "module.retail_app_eks.module.self_managed_node_group.module.user_data.null_resource.validate_cluster_service_cidr",
            "module.retail_app_eks.time_sleep.this",
            "module.vpc.aws_subnet.private",
            "module.vpc.aws_vpc.this",
            "module.vpc.aws_vpc_ipv4_cidr_block_association.this",
            "random_string.suffix"
          ]
        }
      ]
    },
    {
      "module": "module.eks_addons",
      "mode": "managed",
      "type": "time_sleep",
      "name": "this",
      "provider": "provider[\"registry.terraform.io/hashicorp/time\"]",
      "instances": [
        {
          "schema_version": 0,
          "attributes": {
            "create_duration": "30s",
            "destroy_duration": null,
            "id": "2025-09-26T13:05:52Z",
            "triggers": {
              "cluster_endpoint": "https://083D67A559A7D511596B8673F0DA06D4.sk1.us-west-2.eks.amazonaws.com",
              "cluster_name": "biomarine-ai-5hw9",
              "custom": "",
              "oidc_provider_arn": "arn:aws:iam::245991315809:oidc-provider/oidc.eks.us-west-2.amazonaws.com/id/083D67A559A7D511596B8673F0DA06D4"
            }
          },
          "sensitive_attributes": [],
          "identity_schema_version": 0,
          "dependencies": [
            "data.aws_availability_zones.available",
            "data.aws_caller_identity.current",
            "module.retail_app_eks.aws_cloudwatch_log_group.this",
            "module.retail_app_eks.aws_ec2_tag.cluster_primary_security_group",
            "module.retail_app_eks.aws_eks_access_entry.this",
            "module.retail_app_eks.aws_eks_access_policy_association.this",
            "module.retail_app_eks.aws_eks_addon.before_compute",
            "module.retail_app_eks.aws_eks_addon.this",
            "module.retail_app_eks.aws_eks_cluster.this",
            "module.retail_app_eks.aws_eks_identity_provider_config.this",
            "module.retail_app_eks.aws_iam_openid_connect_provider.oidc_provider",
            "module.retail_app_eks.aws_iam_policy.cluster_encryption",
            "module.retail_app_eks.aws_iam_policy.cni_ipv6_policy",
            "module.retail_app_eks.aws_iam_policy.custom",
            "module.retail_app_eks.aws_iam_role.eks_auto",
            "module.retail_app_eks.aws_iam_role.this",
            "module.retail_app_eks.aws_iam_role_policy_attachment.additional",
            "module.retail_app_eks.aws_iam_role_policy_attachment.cluster_encryption",
            "module.retail_app_eks.aws_iam_role_policy_attachment.custom",
            "module.retail_app_eks.aws_iam_role_policy_attachment.eks_auto",
            "module.retail_app_eks.aws_iam_role_policy_attachment.eks_auto_additional",
            "module.retail_app_eks.aws_iam_role_policy_attachment.this",
            "module.retail_app_eks.aws_security_group.cluster",
            "module.retail_app_eks.aws_security_group.node",
            "module.retail_app_eks.aws_security_group_rule.cluster",
            "module.retail_app_eks.aws_security_group_rule.node",
            "module.retail_app_eks.data.aws_caller_identity.current",
            "module.retail_app_eks.data.aws_eks_addon_version.this",
            "module.retail_app_eks.data.aws_iam_policy_document.assume_role_policy",
            "module.retail_app_eks.data.aws_iam_policy_document.cni_ipv6_policy",
            "module.retail_app_eks.data.aws_iam_policy_document.custom",
            "module.retail_app_eks.data.aws_iam_policy_document.node_assume_role_policy",
            "module.retail_app_eks.data.aws_iam_session_context.current",
            "module.retail_app_eks.data.aws_partition.current",
            "module.retail_app_eks.data.tls_certificate.this",
            "module.retail_app_eks.module.eks_managed_node_group.aws_autoscaling_schedule.this",
            "module.retail_app_eks.module.eks_managed_node_group.aws_eks_node_group.this",
            "module.retail_app_eks.module.eks_managed_node_group.aws_iam_role.this",
            "module.retail_app_eks.module.eks_managed_node_group.aws_iam_role_policy.this",
            "module.retail_app_eks.module.eks_managed_node_group.aws_iam_role_policy_attachment.additional",
            "module.retail_app_eks.module.eks_managed_node_group.aws_iam_role_policy_attachment.this",
            "module.retail_app_eks.module.eks_managed_node_group.aws_launch_template.this",
            "module.retail_app_eks.module.eks_managed_node_group.aws_placement_group.this",
            "module.retail_app_eks.module.eks_managed_node_group.data.aws_caller_identity.current",
            "module.retail_app_eks.module.eks_managed_node_group.data.aws_ec2_instance_type.this",
            "module.retail_app_eks.module.eks_managed_node_group.data.aws_ec2_instance_type_offerings.this",
            "module.retail_app_eks.module.eks_managed_node_group.data.aws_iam_policy_document.assume_role_policy",
            "module.retail_app_eks.module.eks_managed_node_group.data.aws_iam_policy_document.role",
            "module.retail_app_eks.module.eks_managed_node_group.data.aws_partition.current",
            "module.retail_app_eks.module.eks_managed_node_group.data.aws_ssm_parameter.ami",
            "module.retail_app_eks.module.eks_managed_node_group.data.aws_subnets.placement_group",
            "module.retail_app_eks.module.eks_managed_node_group.module.user_data.data.cloudinit_config.al2023_eks_managed_node_group",
            "module.retail_app_eks.module.eks_managed_node_group.module.user_data.data.cloudinit_config.linux_eks_managed_node_group",
            "module.retail_app_eks.module.eks_managed_node_group.module.user_data.null_resource.validate_cluster_service_cidr",
            "module.retail_app_eks.module.fargate_profile.aws_eks_fargate_profile.this",
            "module.retail_app_eks.module.fargate_profile.aws_iam_role.this",
            "module.retail_app_eks.module.fargate_profile.aws_iam_role_policy.this",
            "module.retail_app_eks.module.fargate_profile.aws_iam_role_policy_attachment.additional",
            "module.retail_app_eks.module.fargate_profile.aws_iam_role_policy_attachment.this",
            "module.retail_app_eks.module.fargate_profile.data.aws_caller_identity.current",
            "module.retail_app_eks.module.fargate_profile.data.aws_iam_policy_document.assume_role_policy",
            "module.retail_app_eks.module.fargate_profile.data.aws_iam_policy_document.role",
            "module.retail_app_eks.module.fargate_profile.data.aws_partition.current",
            "module.retail_app_eks.module.fargate_profile.data.aws_region.current",
            "module.retail_app_eks.module.kms.aws_kms_alias.this",
            "module.retail_app_eks.module.kms.aws_kms_external_key.this",
            "module.retail_app_eks.module.kms.aws_kms_grant.this",
            "module.retail_app_eks.module.kms.aws_kms_key.this",
            "module.retail_app_eks.module.kms.aws_kms_replica_external_key.this",
            "module.retail_app_eks.module.kms.aws_kms_replica_key.this",
            "module.retail_app_eks.module.kms.data.aws_caller_identity.current",
            "module.retail_app_eks.module.kms.data.aws_iam_policy_document.this",
            "module.retail_app_eks.module.kms.data.aws_partition.current",
            "module.retail_app_eks.module.self_managed_node_group.aws_autoscaling_group.this",
            "module.retail_app_eks.module.self_managed_node_group.aws_autoscaling_schedule.this",
            "module.retail_app_eks.module.self_managed_node_group.aws_eks_access_entry.this",
            "module.retail_app_eks.module.self_managed_node_group.aws_iam_instance_profile.this",
            "module.retail_app_eks.module.self_managed_node_group.aws_iam_role.this",
            "module.retail_app_eks.module.self_managed_node_group.aws_iam_role_policy.this",
            "module.retail_app_eks.module.self_managed_node_group.aws_iam_role_policy_attachment.additional",
            "module.retail_app_eks.module.self_managed_node_group.aws_iam_role_policy_attachment.this",
            "module.retail_app_eks.module.self_managed_node_group.aws_launch_template.this",
            "module.retail_app_eks.module.self_managed_node_group.aws_placement_group.this",
            "module.retail_app_eks.module.self_managed_node_group.data.aws_caller_identity.current",
            "module.retail_app_eks.module.self_managed_node_group.data.aws_ec2_instance_type.this",
            "module.retail_app_eks.module.self_managed_node_group.data.aws_ec2_instance_type_offerings.this",
            "module.retail_app_eks.module.self_managed_node_group.data.aws_iam_policy_document.assume_role_policy",
            "module.retail_app_eks.module.self_managed_node_group.data.aws_iam_policy_document.role",
            "module.retail_app_eks.module.self_managed_node_group.data.aws_partition.current",
            "module.retail_app_eks.module.self_managed_node_group.data.aws_ssm_parameter.ami",
            "module.retail_app_eks.module.self_managed_node_group.data.aws_subnets.placement_group",
            "module.retail_app_eks.module.self_managed_node_group.module.user_data.data.cloudinit_config.al2023_eks_managed_node_group",
            "module.retail_app_eks.module.self_managed_node_group.module.user_data.data.cloudinit_config.linux_eks_managed_node_group",
            "module.retail_app_eks.module.self_managed_node_group.module.user_data.null_resource.validate_cluster_service_cidr",
            "module.retail_app_eks.time_sleep.this",
            "module.vpc.aws_subnet.private",
            "module.vpc.aws_vpc.this",
            "module.vpc.aws_vpc_ipv4_cidr_block_association.this",
            "random_string.suffix"
          ]
        }
      ]
    },
    {
      "module": "module.eks_addons.module.aws_load_balancer_controller",
      "mode": "data",
      "type": "aws_caller_identity",
      "name": "current",
      "provider": "provider[\"registry.terraform.io/hashicorp/aws\"]",
      "instances": [
        {
          "index_key": 0,
          "schema_version": 0,
          "attributes": {
            "account_id": "245991315809",
            "arn": "arn:aws:iam::245991315809:user/cli-user",
            "id": "245991315809",
            "user_id": "AIDATSRRZTFQTAWT6544P"
          },
          "sensitive_attributes": [],
          "identity_schema_version": 0
        }
      ]
    },
    {
      "module": "module.eks_addons.module.aws_load_balancer_controller",
      "mode": "data",
      "type": "aws_iam_policy_document",
      "name": "assume",
      "provider": "provider[\"registry.terraform.io/hashicorp/aws\"]",
      "instances": [
        {
          "index_key": 0,
          "schema_version": 0,
          "attributes": {
            "id": "2489756657",
            "json": "{\n  \"Version\": \"2012-10-17\",\n  \"Statement\": [\n    {\n      \"Effect\": \"Allow\",\n      \"Action\": \"sts:AssumeRoleWithWebIdentity\",\n      \"Principal\": {\n        \"Federated\": \"arn:aws:iam::245991315809:oidc-provider/oidc.eks.us-west-2.amazonaws.com/id/083D67A559A7D511596B8673F0DA06D4\"\n      },\n      \"Condition\": {\n        \"StringEquals\": {\n          \"oidc.eks.us-west-2.amazonaws.com/id/083D67A559A7D511596B8673F0DA06D4:aud\": \"sts.amazonaws.com\",\n          \"oidc.eks.us-west-2.amazonaws.com/id/083D67A559A7D511596B8673F0DA06D4:sub\": \"system:serviceaccount:kube-system:aws-load-balancer-controller-sa\"\n        }\n      }\n    }\n  ]\n}",
            "minified_json": "{\"Version\":\"2012-10-17\",\"Statement\":[{\"Effect\":\"Allow\",\"Action\":\"sts:AssumeRoleWithWebIdentity\",\"Principal\":{\"Federated\":\"arn:aws:iam::245991315809:oidc-provider/oidc.eks.us-west-2.amazonaws.com/id/083D67A559A7D511596B8673F0DA06D4\"},\"Condition\":{\"StringEquals\":{\"oidc.eks.us-west-2.amazonaws.com/id/083D67A559A7D511596B8673F0DA06D4:aud\":\"sts.amazonaws.com\",\"oidc.eks.us-west-2.amazonaws.com/id/083D67A559A7D511596B8673F0DA06D4:sub\":\"system:serviceaccount:kube-system:aws-load-balancer-controller-sa\"}}}]}",
            "override_json": null,
            "override_policy_documents": null,
            "policy_id": null,
            "source_json": null,
            "source_policy_documents": null,
            "statement": [
              {
                "actions": [
                  "sts:AssumeRoleWithWebIdentity"
                ],
                "condition": [
                  {
                    "test": "StringEquals",
                    "values": [
                      "sts.amazonaws.com"
                    ],
                    "variable": "oidc.eks.us-west-2.amazonaws.com/id/083D67A559A7D511596B8673F0DA06D4:aud"
                  },
                  {
                    "test": "StringEquals",
                    "values": [
                      "system:serviceaccount:kube-system:aws-load-balancer-controller-sa"
                    ],
                    "variable": "oidc.eks.us-west-2.amazonaws.com/id/083D67A559A7D511596B8673F0DA06D4:sub"
                  }
                ],
                "effect": "Allow",
                "not_actions": [],
                "not_principals": [],
                "not_resources": [],
                "principals": [
                  {
                    "identifiers": [
                      "arn:aws:iam::245991315809:oidc-provider/oidc.eks.us-west-2.amazonaws.com/id/083D67A559A7D511596B8673F0DA06D4"
                    ],
                    "type": "Federated"
                  }
                ],
                "resources": [],
                "sid": ""
              }
            ],
            "version": "2012-10-17"
          },
          "sensitive_attributes": [],
          "identity_schema_version": 0
        }
      ]
    },
    {
      "module": "module.eks_addons.module.aws_load_balancer_controller",
      "mode": "data",
      "type": "aws_iam_policy_document",
      "name": "this",
      "provider": "provider[\"registry.terraform.io/hashicorp/aws\"]",
      "instances": [
        {
          "index_key": 0,
          "schema_version": 0,
          "attributes": {
            "id": "481461162",
            "json": "{\n  \"Version\": \"2012-10-17\",\n  \"Statement\": [\n    {\n      \"Effect\": \"Allow\",\n      \"Action\": \"iam:CreateServiceLinkedRole\",\n      \"Resource\": \"*\",\n      \"Condition\": {\n        \"StringEquals\": {\n          \"iam:AWSServiceName\": \"elasticloadbalancing.amazonaws.com\"\n        }\n      }\n    },\n    {\n      \"Effect\": \"Allow\",\n      \"Action\": [\n        \"elasticloadbalancing:DescribeTrustStores\",\n        \"elasticloadbalancing:DescribeTargetHealth\",\n        \"elasticloadbalancing:DescribeTargetGroups\",\n        \"elasticloadbalancing:DescribeTargetGroupAttributes\",\n        \"elasticloadbalancing:DescribeTags\",\n        \"elasticloadbalancing:DescribeSSLPolicies\",\n        \"elasticloadbalancing:DescribeRules\",\n        \"elasticloadbalancing:DescribeLoadBalancers\",\n        \"elasticloadbalancing:DescribeLoadBalancerAttributes\",\n        \"elasticloadbalancing:DescribeListeners\",\n        \"elasticloadbalancing:DescribeListenerCertificates\",\n        \"elasticloadbalancing:DescribeListenerAttributes\",\n        \"elasticloadbalancing:DescribeCapacityReservation\",\n        \"ec2:GetSecurityGroupsForVpc\",\n        \"ec2:GetCoipPoolUsage\",\n        \"ec2:DescribeVpcs\",\n        \"ec2:DescribeVpcPeeringConnections\",\n        \"ec2:DescribeTags\",\n        \"ec2:DescribeSubnets\",\n        \"ec2:DescribeSecurityGroups\",\n        \"ec2:DescribeNetworkInterfaces\",\n        \"ec2:DescribeIpamPools\",\n        \"ec2:DescribeInternetGateways\",\n        \"ec2:DescribeInstances\",\n        \"ec2:DescribeCoipPools\",\n        \"ec2:DescribeAvailabilityZones\",\n        \"ec2:DescribeAddresses\",\n        \"ec2:DescribeAccountAttributes\"\n      ],\n      \"Resource\": \"*\"\n    },\n    {\n      \"Effect\": \"Allow\",\n      \"Action\": [\n        \"wafv2:GetWebACLForResource\",\n        \"wafv2:GetWebACL\",\n        \"wafv2:DisassociateWebACL\",\n        \"wafv2:AssociateWebACL\",\n        \"waf-regional:GetWebACLForResource\",\n        \"waf-regional:GetWebACL\",\n        \"waf-regional:DisassociateWebACL\",\n        \"waf-regional:AssociateWebACL\",\n        \"shield:GetSubscriptionState\",\n        \"shield:DescribeProtection\",\n        \"shield:DeleteProtection\",\n        \"shield:CreateProtection\",\n        \"iam:ListServerCertificates\",\n        \"iam:GetServerCertificate\",\n        \"cognito-idp:DescribeUserPoolClient\",\n        \"acm:ListCertificates\",\n        \"acm:DescribeCertificate\"\n      ],\n      \"Resource\": \"*\"\n    },\n    {\n      \"Effect\": \"Allow\",\n      \"Action\": [\n        \"ec2:RevokeSecurityGroupIngress\",\n        \"ec2:AuthorizeSecurityGroupIngress\"\n      ],\n      \"Resource\": \"*\"\n    },\n    {\n      \"Effect\": \"Allow\",\n      \"Action\": \"ec2:CreateSecurityGroup\",\n      \"Resource\": \"*\"\n    },\n    {\n      \"Effect\": \"Allow\",\n      \"Action\": \"ec2:CreateTags\",\n      \"Resource\": \"arn:aws:ec2:*:*:security-group/*\",\n      \"Condition\": {\n        \"Null\": {\n          \"aws:RequestTag/elbv2.k8s.aws/cluster\": \"false\"\n        },\n        \"StringEquals\": {\n          \"ec2:CreateAction\": \"CreateSecurityGroup\"\n        }\n      }\n    },\n    {\n      \"Effect\": \"Allow\",\n      \"Action\": [\n        \"ec2:DeleteTags\",\n        \"ec2:CreateTags\"\n      ],\n      \"Resource\": \"arn:aws:ec2:*:*:security-group/*\",\n      \"Condition\": {\n        \"Null\": {\n          \"aws:RequestTag/elbv2.k8s.aws/cluster\": \"true\",\n          \"aws:ResourceTag/elbv2.k8s.aws/cluster\": \"false\"\n        }\n      }\n    },\n    {\n      \"Effect\": \"Allow\",\n      \"Action\": [\n        \"ec2:RevokeSecurityGroupIngress\",\n        \"ec2:DeleteSecurityGroup\",\n        \"ec2:AuthorizeSecurityGroupIngress\"\n      ],\n      \"Resource\": \"*\",\n      \"Condition\": {\n        \"Null\": {\n          \"aws:ResourceTag/elbv2.k8s.aws/cluster\": \"false\"\n        }\n      }\n    },\n    {\n      \"Effect\": \"Allow\",\n      \"Action\": [\n        \"elasticloadbalancing:CreateTargetGroup\",\n        \"elasticloadbalancing:CreateLoadBalancer\"\n      ],\n      \"Resource\": \"*\",\n      \"Condition\": {\n        \"Null\": {\n          \"aws:RequestTag/elbv2.k8s.aws/cluster\": \"false\"\n        }\n      }\n    },\n    {\n      \"Effect\": \"Allow\",\n      \"Action\": [\n        \"elasticloadbalancing:DeleteRule\",\n        \"elasticloadbalancing:DeleteListener\",\n        \"elasticloadbalancing:CreateRule\",\n        \"elasticloadbalancing:CreateListener\"\n      ],\n      \"Resource\": \"*\"\n    },\n    {\n      \"Effect\": \"Allow\",\n      \"Action\": [\n        \"elasticloadbalancing:RemoveTags\",\n        \"elasticloadbalancing:AddTags\"\n      ],\n      \"Resource\": [\n        \"arn:aws:elasticloadbalancing:*:*:targetgroup/*/*\",\n        \"arn:aws:elasticloadbalancing:*:*:loadbalancer/net/*/*\",\n        \"arn:aws:elasticloadbalancing:*:*:loadbalancer/app/*/*\"\n      ],\n      \"Condition\": {\n        \"Null\": {\n          \"aws:RequestTag/elbv2.k8s.aws/cluster\": \"true\",\n          \"aws:ResourceTag/elbv2.k8s.aws/cluster\": \"false\"\n        }\n      }\n    },\n    {\n      \"Effect\": \"Allow\",\n      \"Action\": [\n        \"elasticloadbalancing:RemoveTags\",\n        \"elasticloadbalancing:AddTags\"\n      ],\n      \"Resource\": [\n        \"arn:aws:elasticloadbalancing:*:*:listener/net/*/*/*\",\n        \"arn:aws:elasticloadbalancing:*:*:listener/app/*/*/*\",\n        \"arn:aws:elasticloadbalancing:*:*:listener-rule/net/*/*/*\",\n        \"arn:aws:elasticloadbalancing:*:*:listener-rule/app/*/*/*\"\n      ]\n    },\n    {\n      \"Effect\": \"Allow\",\n      \"Action\": [\n        \"elasticloadbalancing:SetSubnets\",\n        \"elasticloadbalancing:SetSecurityGroups\",\n        \"elasticloadbalancing:SetIpAddressType\",\n        \"elasticloadbalancing:ModifyTargetGroupAttributes\",\n        \"elasticloadbalancing:ModifyTargetGroup\",\n        \"elasticloadbalancing:ModifyLoadBalancerAttributes\",\n        \"elasticloadbalancing:ModifyListenerAttributes\",\n        \"elasticloadbalancing:ModifyIpPools\",\n        \"elasticloadbalancing:ModifyCapacityReservation\",\n        \"elasticloadbalancing:DeleteTargetGroup\",\n        \"elasticloadbalancing:DeleteLoadBalancer\"\n      ],\n      \"Resource\": \"*\",\n      \"Condition\": {\n        \"Null\": {\n          \"aws:ResourceTag/elbv2.k8s.aws/cluster\": \"false\"\n        }\n      }\n    },\n    {\n      \"Effect\": \"Allow\",\n      \"Action\": \"elasticloadbalancing:AddTags\",\n      \"Resource\": [\n        \"arn:aws:elasticloadbalancing:*:*:targetgroup/*/*\",\n        \"arn:aws:elasticloadbalancing:*:*:loadbalancer/net/*/*\",\n        \"arn:aws:elasticloadbalancing:*:*:loadbalancer/app/*/*\"\n      ],\n      \"Condition\": {\n        \"Null\": {\n          \"aws:RequestTag/elbv2.k8s.aws/cluster\": \"false\"\n        },\n        \"StringEquals\": {\n          \"elasticloadbalancing:CreateAction\": [\n            \"CreateTargetGroup\",\n            \"CreateLoadBalancer\"\n          ]\n        }\n      }\n    },\n    {\n      \"Effect\": \"Allow\",\n      \"Action\": [\n        \"elasticloadbalancing:RegisterTargets\",\n        \"elasticloadbalancing:DeregisterTargets\"\n      ],\n      \"Resource\": \"arn:aws:elasticloadbalancing:*:*:targetgroup/*/*\"\n    },\n    {\n      \"Effect\": \"Allow\",\n      \"Action\": [\n        \"elasticloadbalancing:SetWebAcl\",\n        \"elasticloadbalancing:SetRulePriorities\",\n        \"elasticloadbalancing:RemoveListenerCertificates\",\n        \"elasticloadbalancing:ModifyRule\",\n        \"elasticloadbalancing:ModifyListener\",\n        \"elasticloadbalancing:AddListenerCertificates\"\n      ],\n      \"Resource\": \"*\"\n    }\n  ]\n}",
            "minified_json": "{\"Version\":\"2012-10-17\",\"Statement\":[{\"Effect\":\"Allow\",\"Action\":\"iam:CreateServiceLinkedRole\",\"Resource\":\"*\",\"Condition\":{\"StringEquals\":{\"iam:AWSServiceName\":\"elasticloadbalancing.amazonaws.com\"}}},{\"Effect\":\"Allow\",\"Action\":[\"elasticloadbalancing:DescribeTrustStores\",\"elasticloadbalancing:DescribeTargetHealth\",\"elasticloadbalancing:DescribeTargetGroups\",\"elasticloadbalancing:DescribeTargetGroupAttributes\",\"elasticloadbalancing:DescribeTags\",\"elasticloadbalancing:DescribeSSLPolicies\",\"elasticloadbalancing:DescribeRules\",\"elasticloadbalancing:DescribeLoadBalancers\",\"elasticloadbalancing:DescribeLoadBalancerAttributes\",\"elasticloadbalancing:DescribeListeners\",\"elasticloadbalancing:DescribeListenerCertificates\",\"elasticloadbalancing:DescribeListenerAttributes\",\"elasticloadbalancing:DescribeCapacityReservation\",\"ec2:GetSecurityGroupsForVpc\",\"ec2:GetCoipPoolUsage\",\"ec2:DescribeVpcs\",\"ec2:DescribeVpcPeeringConnections\",\"ec2:DescribeTags\",\"ec2:DescribeSubnets\",\"ec2:DescribeSecurityGroups\",\"ec2:DescribeNetworkInterfaces\",\"ec2:DescribeIpamPools\",\"ec2:DescribeInternetGateways\",\"ec2:DescribeInstances\",\"ec2:DescribeCoipPools\",\"ec2:DescribeAvailabilityZones\",\"ec2:DescribeAddresses\",\"ec2:DescribeAccountAttributes\"],\"Resource\":\"*\"},{\"Effect\":\"Allow\",\"Action\":[\"wafv2:GetWebACLForResource\",\"wafv2:GetWebACL\",\"wafv2:DisassociateWebACL\",\"wafv2:AssociateWebACL\",\"waf-regional:GetWebACLForResource\",\"waf-regional:GetWebACL\",\"waf-regional:DisassociateWebACL\",\"waf-regional:AssociateWebACL\",\"shield:GetSubscriptionState\",\"shield:DescribeProtection\",\"shield:DeleteProtection\",\"shield:CreateProtection\",\"iam:ListServerCertificates\",\"iam:GetServerCertificate\",\"cognito-idp:DescribeUserPoolClient\",\"acm:ListCertificates\",\"acm:DescribeCertificate\"],\"Resource\":\"*\"},{\"Effect\":\"Allow\",\"Action\":[\"ec2:RevokeSecurityGroupIngress\",\"ec2:AuthorizeSecurityGroupIngress\"],\"Resource\":\"*\"},{\"Effect\":\"Allow\",\"Action\":\"ec2:CreateSecurityGroup\",\"Resource\":\"*\"},{\"Effect\":\"Allow\",\"Action\":\"ec2:CreateTags\",\"Resource\":\"arn:aws:ec2:*:*:security-group/*\",\"Condition\":{\"Null\":{\"aws:RequestTag/elbv2.k8s.aws/cluster\":\"false\"},\"StringEquals\":{\"ec2:CreateAction\":\"CreateSecurityGroup\"}}},{\"Effect\":\"Allow\",\"Action\":[\"ec2:DeleteTags\",\"ec2:CreateTags\"],\"Resource\":\"arn:aws:ec2:*:*:security-group/*\",\"Condition\":{\"Null\":{\"aws:RequestTag/elbv2.k8s.aws/cluster\":\"true\",\"aws:ResourceTag/elbv2.k8s.aws/cluster\":\"false\"}}},{\"Effect\":\"Allow\",\"Action\":[\"ec2:RevokeSecurityGroupIngress\",\"ec2:DeleteSecurityGroup\",\"ec2:AuthorizeSecurityGroupIngress\"],\"Resource\":\"*\",\"Condition\":{\"Null\":{\"aws:ResourceTag/elbv2.k8s.aws/cluster\":\"false\"}}},{\"Effect\":\"Allow\",\"Action\":[\"elasticloadbalancing:CreateTargetGroup\",\"elasticloadbalancing:CreateLoadBalancer\"],\"Resource\":\"*\",\"Condition\":{\"Null\":{\"aws:RequestTag/elbv2.k8s.aws/cluster\":\"false\"}}},{\"Effect\":\"Allow\",\"Action\":[\"elasticloadbalancing:DeleteRule\",\"elasticloadbalancing:DeleteListener\",\"elasticloadbalancing:CreateRule\",\"elasticloadbalancing:CreateListener\"],\"Resource\":\"*\"},{\"Effect\":\"Allow\",\"Action\":[\"elasticloadbalancing:RemoveTags\",\"elasticloadbalancing:AddTags\"],\"Resource\":[\"arn:aws:elasticloadbalancing:*:*:targetgroup/*/*\",\"arn:aws:elasticloadbalancing:*:*:loadbalancer/net/*/*\",\"arn:aws:elasticloadbalancing:*:*:loadbalancer/app/*/*\"],\"Condition\":{\"Null\":{\"aws:RequestTag/elbv2.k8s.aws/cluster\":\"true\",\"aws:ResourceTag/elbv2.k8s.aws/cluster\":\"false\"}}},{\"Effect\":\"Allow\",\"Action\":[\"elasticloadbalancing:RemoveTags\",\"elasticloadbalancing:AddTags\"],\"Resource\":[\"arn:aws:elasticloadbalancing:*:*:listener/net/*/*/*\",\"arn:aws:elasticloadbalancing:*:*:listener/app/*/*/*\",\"arn:aws:elasticloadbalancing:*:*:listener-rule/net/*/*/*\",\"arn:aws:elasticloadbalancing:*:*:listener-rule/app/*/*/*\"]},{\"Effect\":\"Allow\",\"Action\":[\"elasticloadbalancing:SetSubnets\",\"elasticloadbalancing:SetSecurityGroups\",\"elasticloadbalancing:SetIpAddressType\",\"elasticloadbalancing:ModifyTargetGroupAttributes\",\"elasticloadbalancing:ModifyTargetGroup\",\"elasticloadbalancing:ModifyLoadBalancerAttributes\",\"elasticloadbalancing:ModifyListenerAttributes\",\"elasticloadbalancing:ModifyIpPools\",\"elasticloadbalancing:ModifyCapacityReservation\",\"elasticloadbalancing:DeleteTargetGroup\",\"elasticloadbalancing:DeleteLoadBalancer\"],\"Resource\":\"*\",\"Condition\":{\"Null\":{\"aws:ResourceTag/elbv2.k8s.aws/cluster\":\"false\"}}},{\"Effect\":\"Allow\",\"Action\":\"elasticloadbalancing:AddTags\",\"Resource\":[\"arn:aws:elasticloadbalancing:*:*:targetgroup/*/*\",\"arn:aws:elasticloadbalancing:*:*:loadbalancer/net/*/*\",\"arn:aws:elasticloadbalancing:*:*:loadbalancer/app/*/*\"],\"Condition\":{\"Null\":{\"aws:RequestTag/elbv2.k8s.aws/cluster\":\"false\"},\"StringEquals\":{\"elasticloadbalancing:CreateAction\":[\"CreateTargetGroup\",\"CreateLoadBalancer\"]}}},{\"Effect\":\"Allow\",\"Action\":[\"elasticloadbalancing:RegisterTargets\",\"elasticloadbalancing:DeregisterTargets\"],\"Resource\":\"arn:aws:elasticloadbalancing:*:*:targetgroup/*/*\"},{\"Effect\":\"Allow\",\"Action\":[\"elasticloadbalancing:SetWebAcl\",\"elasticloadbalancing:SetRulePriorities\",\"elasticloadbalancing:RemoveListenerCertificates\",\"elasticloadbalancing:ModifyRule\",\"elasticloadbalancing:ModifyListener\",\"elasticloadbalancing:AddListenerCertificates\"],\"Resource\":\"*\"}]}",
            "override_json": null,
            "override_policy_documents": null,
            "policy_id": null,
            "source_json": null,
            "source_policy_documents": [
              "{\n  \"Version\": \"2012-10-17\",\n  \"Statement\": [\n    {\n      \"Effect\": \"Allow\",\n      \"Action\": \"iam:CreateServiceLinkedRole\",\n      \"Resource\": \"*\",\n      \"Condition\": {\n        \"StringEquals\": {\n          \"iam:AWSServiceName\": \"elasticloadbalancing.amazonaws.com\"\n        }\n      }\n    },\n    {\n      \"Effect\": \"Allow\",\n      \"Action\": [\n        \"elasticloadbalancing:DescribeTrustStores\",\n        \"elasticloadbalancing:DescribeTargetHealth\",\n        \"elasticloadbalancing:DescribeTargetGroups\",\n        \"elasticloadbalancing:DescribeTargetGroupAttributes\",\n        \"elasticloadbalancing:DescribeTags\",\n        \"elasticloadbalancing:DescribeSSLPolicies\",\n        \"elasticloadbalancing:DescribeRules\",\n        \"elasticloadbalancing:DescribeLoadBalancers\",\n        \"elasticloadbalancing:DescribeLoadBalancerAttributes\",\n        \"elasticloadbalancing:DescribeListeners\",\n        \"elasticloadbalancing:DescribeListenerCertificates\",\n        \"elasticloadbalancing:DescribeListenerAttributes\",\n        \"elasticloadbalancing:DescribeCapacityReservation\",\n        \"ec2:GetSecurityGroupsForVpc\",\n        \"ec2:GetCoipPoolUsage\",\n        \"ec2:DescribeVpcs\",\n        \"ec2:DescribeVpcPeeringConnections\",\n        \"ec2:DescribeTags\",\n        \"ec2:DescribeSubnets\",\n        \"ec2:DescribeSecurityGroups\",\n        \"ec2:DescribeNetworkInterfaces\",\n        \"ec2:DescribeIpamPools\",\n        \"ec2:DescribeInternetGateways\",\n        \"ec2:DescribeInstances\",\n        \"ec2:DescribeCoipPools\",\n        \"ec2:DescribeAvailabilityZones\",\n        \"ec2:DescribeAddresses\",\n        \"ec2:DescribeAccountAttributes\"\n      ],\n      \"Resource\": \"*\"\n    },\n    {\n      \"Effect\": \"Allow\",\n      \"Action\": [\n        \"wafv2:GetWebACLForResource\",\n        \"wafv2:GetWebACL\",\n        \"wafv2:DisassociateWebACL\",\n        \"wafv2:AssociateWebACL\",\n        \"waf-regional:GetWebACLForResource\",\n        \"waf-regional:GetWebACL\",\n        \"waf-regional:DisassociateWebACL\",\n        \"waf-regional:AssociateWebACL\",\n        \"shield:GetSubscriptionState\",\n        \"shield:DescribeProtection\",\n        \"shield:DeleteProtection\",\n        \"shield:CreateProtection\",\n        \"iam:ListServerCertificates\",\n        \"iam:GetServerCertificate\",\n        \"cognito-idp:DescribeUserPoolClient\",\n        \"acm:ListCertificates\",\n        \"acm:DescribeCertificate\"\n      ],\n      \"Resource\": \"*\"\n    },\n    {\n      \"Effect\": \"Allow\",\n      \"Action\": [\n        \"ec2:RevokeSecurityGroupIngress\",\n        \"ec2:AuthorizeSecurityGroupIngress\"\n      ],\n      \"Resource\": \"*\"\n    },\n    {\n      \"Effect\": \"Allow\",\n      \"Action\": \"ec2:CreateSecurityGroup\",\n      \"Resource\": \"*\"\n    },\n    {\n      \"Effect\": \"Allow\",\n      \"Action\": \"ec2:CreateTags\",\n      \"Resource\": \"arn:aws:ec2:*:*:security-group/*\",\n      \"Condition\": {\n        \"Null\": {\n          \"aws:RequestTag/elbv2.k8s.aws/cluster\": \"false\"\n        },\n        \"StringEquals\": {\n          \"ec2:CreateAction\": \"CreateSecurityGroup\"\n        }\n      }\n    },\n    {\n      \"Effect\": \"Allow\",\n      \"Action\": [\n        \"ec2:DeleteTags\",\n        \"ec2:CreateTags\"\n      ],\n      \"Resource\": \"arn:aws:ec2:*:*:security-group/*\",\n      \"Condition\": {\n        \"Null\": {\n          \"aws:RequestTag/elbv2.k8s.aws/cluster\": \"true\",\n          \"aws:ResourceTag/elbv2.k8s.aws/cluster\": \"false\"\n        }\n      }\n    },\n    {\n      \"Effect\": \"Allow\",\n      \"Action\": [\n        \"ec2:RevokeSecurityGroupIngress\",\n        \"ec2:DeleteSecurityGroup\",\n        \"ec2:AuthorizeSecurityGroupIngress\"\n      ],\n      \"Resource\": \"*\",\n      \"Condition\": {\n        \"Null\": {\n          \"aws:ResourceTag/elbv2.k8s.aws/cluster\": \"false\"\n        }\n      }\n    },\n    {\n      \"Effect\": \"Allow\",\n      \"Action\": [\n        \"elasticloadbalancing:CreateTargetGroup\",\n        \"elasticloadbalancing:CreateLoadBalancer\"\n      ],\n      \"Resource\": \"*\",\n      \"Condition\": {\n        \"Null\": {\n          \"aws:RequestTag/elbv2.k8s.aws/cluster\": \"false\"\n        }\n      }\n    },\n    {\n      \"Effect\": \"Allow\",\n      \"Action\": [\n        \"elasticloadbalancing:DeleteRule\",\n        \"elasticloadbalancing:DeleteListener\",\n        \"elasticloadbalancing:CreateRule\",\n        \"elasticloadbalancing:CreateListener\"\n      ],\n      \"Resource\": \"*\"\n    },\n    {\n      \"Effect\": \"Allow\",\n      \"Action\": [\n        \"elasticloadbalancing:RemoveTags\",\n        \"elasticloadbalancing:AddTags\"\n      ],\n      \"Resource\": [\n        \"arn:aws:elasticloadbalancing:*:*:targetgroup/*/*\",\n        \"arn:aws:elasticloadbalancing:*:*:loadbalancer/net/*/*\",\n        \"arn:aws:elasticloadbalancing:*:*:loadbalancer/app/*/*\"\n      ],\n      \"Condition\": {\n        \"Null\": {\n          \"aws:RequestTag/elbv2.k8s.aws/cluster\": \"true\",\n          \"aws:ResourceTag/elbv2.k8s.aws/cluster\": \"false\"\n        }\n      }\n    },\n    {\n      \"Effect\": \"Allow\",\n      \"Action\": [\n        \"elasticloadbalancing:RemoveTags\",\n        \"elasticloadbalancing:AddTags\"\n      ],\n      \"Resource\": [\n        \"arn:aws:elasticloadbalancing:*:*:listener/net/*/*/*\",\n        \"arn:aws:elasticloadbalancing:*:*:listener/app/*/*/*\",\n        \"arn:aws:elasticloadbalancing:*:*:listener-rule/net/*/*/*\",\n        \"arn:aws:elasticloadbalancing:*:*:listener-rule/app/*/*/*\"\n      ]\n    },\n    {\n      \"Effect\": \"Allow\",\n      \"Action\": [\n        \"elasticloadbalancing:SetSubnets\",\n        \"elasticloadbalancing:SetSecurityGroups\",\n        \"elasticloadbalancing:SetIpAddressType\",\n        \"elasticloadbalancing:ModifyTargetGroupAttributes\",\n        \"elasticloadbalancing:ModifyTargetGroup\",\n        \"elasticloadbalancing:ModifyLoadBalancerAttributes\",\n        \"elasticloadbalancing:ModifyListenerAttributes\",\n        \"elasticloadbalancing:ModifyIpPools\",\n        \"elasticloadbalancing:ModifyCapacityReservation\",\n        \"elasticloadbalancing:DeleteTargetGroup\",\n        \"elasticloadbalancing:DeleteLoadBalancer\"\n      ],\n      \"Resource\": \"*\",\n      \"Condition\": {\n        \"Null\": {\n          \"aws:ResourceTag/elbv2.k8s.aws/cluster\": \"false\"\n        }\n      }\n    },\n    {\n      \"Effect\": \"Allow\",\n      \"Action\": \"elasticloadbalancing:AddTags\",\n      \"Resource\": [\n        \"arn:aws:elasticloadbalancing:*:*:targetgroup/*/*\",\n        \"arn:aws:elasticloadbalancing:*:*:loadbalancer/net/*/*\",\n        \"arn:aws:elasticloadbalancing:*:*:loadbalancer/app/*/*\"\n      ],\n      \"Condition\": {\n        \"Null\": {\n          \"aws:RequestTag/elbv2.k8s.aws/cluster\": \"false\"\n        },\n        \"StringEquals\": {\n          \"elasticloadbalancing:CreateAction\": [\n            \"CreateTargetGroup\",\n            \"CreateLoadBalancer\"\n          ]\n        }\n      }\n    },\n    {\n      \"Effect\": \"Allow\",\n      \"Action\": [\n        \"elasticloadbalancing:RegisterTargets\",\n        \"elasticloadbalancing:DeregisterTargets\"\n      ],\n      \"Resource\": \"arn:aws:elasticloadbalancing:*:*:targetgroup/*/*\"\n    },\n    {\n      \"Effect\": \"Allow\",\n      \"Action\": [\n        \"elasticloadbalancing:SetWebAcl\",\n        \"elasticloadbalancing:SetRulePriorities\",\n        \"elasticloadbalancing:RemoveListenerCertificates\",\n        \"elasticloadbalancing:ModifyRule\",\n        \"elasticloadbalancing:ModifyListener\",\n        \"elasticloadbalancing:AddListenerCertificates\"\n      ],\n      \"Resource\": \"*\"\n    }\n  ]\n}"
            ],
            "statement": null,
            "version": "2012-10-17"
          },
          "sensitive_attributes": [],
          "identity_schema_version": 0
        }
      ]
    },
    {
      "module": "module.eks_addons.module.aws_load_balancer_controller",
      "mode": "data",
      "type": "aws_partition",
      "name": "current",
      "provider": "provider[\"registry.terraform.io/hashicorp/aws\"]",
      "instances": [
        {
          "index_key": 0,
          "schema_version": 0,
          "attributes": {
            "dns_suffix": "amazonaws.com",
            "id": "aws",
            "partition": "aws",
            "reverse_dns_prefix": "com.amazonaws"
          },
          "sensitive_attributes": [],
          "identity_schema_version": 0
        }
      ]
    },
    {
      "module": "module.eks_addons.module.aws_load_balancer_controller",
      "mode": "managed",
      "type": "aws_iam_policy",
      "name": "this",
      "provider": "provider[\"registry.terraform.io/hashicorp/aws\"]",
      "instances": [
        {
          "index_key": 0,
          "schema_version": 0,
          "attributes": {
            "arn": "arn:aws:iam::245991315809:policy/alb-controller-20250926130521806400000017",
            "attachment_count": 0,
            "description": "IAM Policy for AWS Load Balancer Controller",
            "id": "arn:aws:iam::245991315809:policy/alb-controller-20250926130521806400000017",
            "name": "alb-controller-20250926130521806400000017",
            "name_prefix": "alb-controller-",
            "path": "/",
            "policy": "{\"Statement\":[{\"Action\":\"iam:CreateServiceLinkedRole\",\"Condition\":{\"StringEquals\":{\"iam:AWSServiceName\":\"elasticloadbalancing.amazonaws.com\"}},\"Effect\":\"Allow\",\"Resource\":\"*\"},{\"Action\":[\"elasticloadbalancing:DescribeTrustStores\",\"elasticloadbalancing:DescribeTargetHealth\",\"elasticloadbalancing:DescribeTargetGroups\",\"elasticloadbalancing:DescribeTargetGroupAttributes\",\"elasticloadbalancing:DescribeTags\",\"elasticloadbalancing:DescribeSSLPolicies\",\"elasticloadbalancing:DescribeRules\",\"elasticloadbalancing:DescribeLoadBalancers\",\"elasticloadbalancing:DescribeLoadBalancerAttributes\",\"elasticloadbalancing:DescribeListeners\",\"elasticloadbalancing:DescribeListenerCertificates\",\"elasticloadbalancing:DescribeListenerAttributes\",\"elasticloadbalancing:DescribeCapacityReservation\",\"ec2:GetSecurityGroupsForVpc\",\"ec2:GetCoipPoolUsage\",\"ec2:DescribeVpcs\",\"ec2:DescribeVpcPeeringConnections\",\"ec2:DescribeTags\",\"ec2:DescribeSubnets\",\"ec2:DescribeSecurityGroups\",\"ec2:DescribeNetworkInterfaces\",\"ec2:DescribeIpamPools\",\"ec2:DescribeInternetGateways\",\"ec2:DescribeInstances\",\"ec2:DescribeCoipPools\",\"ec2:DescribeAvailabilityZones\",\"ec2:DescribeAddresses\",\"ec2:DescribeAccountAttributes\"],\"Effect\":\"Allow\",\"Resource\":\"*\"},{\"Action\":[\"wafv2:GetWebACLForResource\",\"wafv2:GetWebACL\",\"wafv2:DisassociateWebACL\",\"wafv2:AssociateWebACL\",\"waf-regional:GetWebACLForResource\",\"waf-regional:GetWebACL\",\"waf-regional:DisassociateWebACL\",\"waf-regional:AssociateWebACL\",\"shield:GetSubscriptionState\",\"shield:DescribeProtection\",\"shield:DeleteProtection\",\"shield:CreateProtection\",\"iam:ListServerCertificates\",\"iam:GetServerCertificate\",\"cognito-idp:DescribeUserPoolClient\",\"acm:ListCertificates\",\"acm:DescribeCertificate\"],\"Effect\":\"Allow\",\"Resource\":\"*\"},{\"Action\":[\"ec2:RevokeSecurityGroupIngress\",\"ec2:AuthorizeSecurityGroupIngress\"],\"Effect\":\"Allow\",\"Resource\":\"*\"},{\"Action\":\"ec2:CreateSecurityGroup\",\"Effect\":\"Allow\",\"Resource\":\"*\"},{\"Action\":\"ec2:CreateTags\",\"Condition\":{\"Null\":{\"aws:RequestTag/elbv2.k8s.aws/cluster\":\"false\"},\"StringEquals\":{\"ec2:CreateAction\":\"CreateSecurityGroup\"}},\"Effect\":\"Allow\",\"Resource\":\"arn:aws:ec2:*:*:security-group/*\"},{\"Action\":[\"ec2:DeleteTags\",\"ec2:CreateTags\"],\"Condition\":{\"Null\":{\"aws:RequestTag/elbv2.k8s.aws/cluster\":\"true\",\"aws:ResourceTag/elbv2.k8s.aws/cluster\":\"false\"}},\"Effect\":\"Allow\",\"Resource\":\"arn:aws:ec2:*:*:security-group/*\"},{\"Action\":[\"ec2:RevokeSecurityGroupIngress\",\"ec2:DeleteSecurityGroup\",\"ec2:AuthorizeSecurityGroupIngress\"],\"Condition\":{\"Null\":{\"aws:ResourceTag/elbv2.k8s.aws/cluster\":\"false\"}},\"Effect\":\"Allow\",\"Resource\":\"*\"},{\"Action\":[\"elasticloadbalancing:CreateTargetGroup\",\"elasticloadbalancing:CreateLoadBalancer\"],\"Condition\":{\"Null\":{\"aws:RequestTag/elbv2.k8s.aws/cluster\":\"false\"}},\"Effect\":\"Allow\",\"Resource\":\"*\"},{\"Action\":[\"elasticloadbalancing:DeleteRule\",\"elasticloadbalancing:DeleteListener\",\"elasticloadbalancing:CreateRule\",\"elasticloadbalancing:CreateListener\"],\"Effect\":\"Allow\",\"Resource\":\"*\"},{\"Action\":[\"elasticloadbalancing:RemoveTags\",\"elasticloadbalancing:AddTags\"],\"Condition\":{\"Null\":{\"aws:RequestTag/elbv2.k8s.aws/cluster\":\"true\",\"aws:ResourceTag/elbv2.k8s.aws/cluster\":\"false\"}},\"Effect\":\"Allow\",\"Resource\":[\"arn:aws:elasticloadbalancing:*:*:targetgroup/*/*\",\"arn:aws:elasticloadbalancing:*:*:loadbalancer/net/*/*\",\"arn:aws:elasticloadbalancing:*:*:loadbalancer/app/*/*\"]},{\"Action\":[\"elasticloadbalancing:RemoveTags\",\"elasticloadbalancing:AddTags\"],\"Effect\":\"Allow\",\"Resource\":[\"arn:aws:elasticloadbalancing:*:*:listener/net/*/*/*\",\"arn:aws:elasticloadbalancing:*:*:listener/app/*/*/*\",\"arn:aws:elasticloadbalancing:*:*:listener-rule/net/*/*/*\",\"arn:aws:elasticloadbalancing:*:*:listener-rule/app/*/*/*\"]},{\"Action\":[\"elasticloadbalancing:SetSubnets\",\"elasticloadbalancing:SetSecurityGroups\",\"elasticloadbalancing:SetIpAddressType\",\"elasticloadbalancing:ModifyTargetGroupAttributes\",\"elasticloadbalancing:ModifyTargetGroup\",\"elasticloadbalancing:ModifyLoadBalancerAttributes\",\"elasticloadbalancing:ModifyListenerAttributes\",\"elasticloadbalancing:ModifyIpPools\",\"elasticloadbalancing:ModifyCapacityReservation\",\"elasticloadbalancing:DeleteTargetGroup\",\"elasticloadbalancing:DeleteLoadBalancer\"],\"Condition\":{\"Null\":{\"aws:ResourceTag/elbv2.k8s.aws/cluster\":\"false\"}},\"Effect\":\"Allow\",\"Resource\":\"*\"},{\"Action\":\"elasticloadbalancing:AddTags\",\"Condition\":{\"Null\":{\"aws:RequestTag/elbv2.k8s.aws/cluster\":\"false\"},\"StringEquals\":{\"elasticloadbalancing:CreateAction\":[\"CreateTargetGroup\",\"CreateLoadBalancer\"]}},\"Effect\":\"Allow\",\"Resource\":[\"arn:aws:elasticloadbalancing:*:*:targetgroup/*/*\",\"arn:aws:elasticloadbalancing:*:*:loadbalancer/net/*/*\",\"arn:aws:elasticloadbalancing:*:*:loadbalancer/app/*/*\"]},{\"Action\":[\"elasticloadbalancing:RegisterTargets\",\"elasticloadbalancing:DeregisterTargets\"],\"Effect\":\"Allow\",\"Resource\":\"arn:aws:elasticloadbalancing:*:*:targetgroup/*/*\"},{\"Action\":[\"elasticloadbalancing:SetWebAcl\",\"elasticloadbalancing:SetRulePriorities\",\"elasticloadbalancing:RemoveListenerCertificates\",\"elasticloadbalancing:ModifyRule\",\"elasticloadbalancing:ModifyListener\",\"elasticloadbalancing:AddListenerCertificates\"],\"Effect\":\"Allow\",\"Resource\":\"*\"}],\"Version\":\"2012-10-17\"}",
            "policy_id": "ANPATSRRZTFQTCAZJROL4",
            "tags": null,
            "tags_all": {}
          },
          "sensitive_attributes": [],
          "identity_schema_version": 0,
          "private": "bnVsbA==",
          "dependencies": [
            "data.aws_availability_zones.available",
            "data.aws_caller_identity.current",
            "module.eks_addons.data.aws_iam_policy_document.aws_load_balancer_controller",
            "module.eks_addons.data.aws_partition.current",
            "module.eks_addons.module.aws_load_balancer_controller.data.aws_iam_policy_document.this",
            "module.retail_app_eks.aws_cloudwatch_log_group.this",
            "module.retail_app_eks.aws_ec2_tag.cluster_primary_security_group",
            "module.retail_app_eks.aws_eks_access_entry.this",
            "module.retail_app_eks.aws_eks_access_policy_association.this",
            "module.retail_app_eks.aws_eks_addon.before_compute",
            "module.retail_app_eks.aws_eks_addon.this",
            "module.retail_app_eks.aws_eks_cluster.this",
            "module.retail_app_eks.aws_eks_identity_provider_config.this",
            "module.retail_app_eks.aws_iam_openid_connect_provider.oidc_provider",
            "module.retail_app_eks.aws_iam_policy.cluster_encryption",
            "module.retail_app_eks.aws_iam_policy.cni_ipv6_policy",
            "module.retail_app_eks.aws_iam_policy.custom",
            "module.retail_app_eks.aws_iam_role.eks_auto",
            "module.retail_app_eks.aws_iam_role.this",
            "module.retail_app_eks.aws_iam_role_policy_attachment.additional",
            "module.retail_app_eks.aws_iam_role_policy_attachment.cluster_encryption",
            "module.retail_app_eks.aws_iam_role_policy_attachment.custom",
            "module.retail_app_eks.aws_iam_role_policy_attachment.eks_auto",
            "module.retail_app_eks.aws_iam_role_policy_attachment.eks_auto_additional",
            "module.retail_app_eks.aws_iam_role_policy_attachment.this",
            "module.retail_app_eks.aws_security_group.cluster",
            "module.retail_app_eks.aws_security_group.node",
            "module.retail_app_eks.aws_security_group_rule.cluster",
            "module.retail_app_eks.aws_security_group_rule.node",
            "module.retail_app_eks.data.aws_caller_identity.current",
            "module.retail_app_eks.data.aws_eks_addon_version.this",
            "module.retail_app_eks.data.aws_iam_policy_document.assume_role_policy",
            "module.retail_app_eks.data.aws_iam_policy_document.cni_ipv6_policy",
            "module.retail_app_eks.data.aws_iam_policy_document.custom",
            "module.retail_app_eks.data.aws_iam_policy_document.node_assume_role_policy",
            "module.retail_app_eks.data.aws_iam_session_context.current",
            "module.retail_app_eks.data.aws_partition.current",
            "module.retail_app_eks.data.tls_certificate.this",
            "module.retail_app_eks.module.eks_managed_node_group.aws_autoscaling_schedule.this",
            "module.retail_app_eks.module.eks_managed_node_group.aws_eks_node_group.this",
            "module.retail_app_eks.module.eks_managed_node_group.aws_iam_role.this",
            "module.retail_app_eks.module.eks_managed_node_group.aws_iam_role_policy.this",
            "module.retail_app_eks.module.eks_managed_node_group.aws_iam_role_policy_attachment.additional",
            "module.retail_app_eks.module.eks_managed_node_group.aws_iam_role_policy_attachment.this",
            "module.retail_app_eks.module.eks_managed_node_group.aws_launch_template.this",
            "module.retail_app_eks.module.eks_managed_node_group.aws_placement_group.this",
            "module.retail_app_eks.module.eks_managed_node_group.data.aws_caller_identity.current",
            "module.retail_app_eks.module.eks_managed_node_group.data.aws_ec2_instance_type.this",
            "module.retail_app_eks.module.eks_managed_node_group.data.aws_ec2_instance_type_offerings.this",
            "module.retail_app_eks.module.eks_managed_node_group.data.aws_iam_policy_document.assume_role_policy",
            "module.retail_app_eks.module.eks_managed_node_group.data.aws_iam_policy_document.role",
            "module.retail_app_eks.module.eks_managed_node_group.data.aws_partition.current",
            "module.retail_app_eks.module.eks_managed_node_group.data.aws_ssm_parameter.ami",
            "module.retail_app_eks.module.eks_managed_node_group.data.aws_subnets.placement_group",
            "module.retail_app_eks.module.eks_managed_node_group.module.user_data.data.cloudinit_config.al2023_eks_managed_node_group",
            "module.retail_app_eks.module.eks_managed_node_group.module.user_data.data.cloudinit_config.linux_eks_managed_node_group",
            "module.retail_app_eks.module.eks_managed_node_group.module.user_data.null_resource.validate_cluster_service_cidr",
            "module.retail_app_eks.module.fargate_profile.aws_eks_fargate_profile.this",
            "module.retail_app_eks.module.fargate_profile.aws_iam_role.this",
            "module.retail_app_eks.module.fargate_profile.aws_iam_role_policy.this",
            "module.retail_app_eks.module.fargate_profile.aws_iam_role_policy_attachment.additional",
            "module.retail_app_eks.module.fargate_profile.aws_iam_role_policy_attachment.this",
            "module.retail_app_eks.module.fargate_profile.data.aws_caller_identity.current",
            "module.retail_app_eks.module.fargate_profile.data.aws_iam_policy_document.assume_role_policy",
            "module.retail_app_eks.module.fargate_profile.data.aws_iam_policy_document.role",
            "module.retail_app_eks.module.fargate_profile.data.aws_partition.current",
            "module.retail_app_eks.module.fargate_profile.data.aws_region.current",
            "module.retail_app_eks.module.kms.aws_kms_alias.this",
            "module.retail_app_eks.module.kms.aws_kms_external_key.this",
            "module.retail_app_eks.module.kms.aws_kms_grant.this",
            "module.retail_app_eks.module.kms.aws_kms_key.this",
            "module.retail_app_eks.module.kms.aws_kms_replica_external_key.this",
            "module.retail_app_eks.module.kms.aws_kms_replica_key.this",
            "module.retail_app_eks.module.kms.data.aws_caller_identity.current",
            "module.retail_app_eks.module.kms.data.aws_iam_policy_document.this",
            "module.retail_app_eks.module.kms.data.aws_partition.current",
            "module.retail_app_eks.module.self_managed_node_group.aws_autoscaling_group.this",
            "module.retail_app_eks.module.self_managed_node_group.aws_autoscaling_schedule.this",
            "module.retail_app_eks.module.self_managed_node_group.aws_eks_access_entry.this",
            "module.retail_app_eks.module.self_managed_node_group.aws_iam_instance_profile.this",
            "module.retail_app_eks.module.self_managed_node_group.aws_iam_role.this",
            "module.retail_app_eks.module.self_managed_node_group.aws_iam_role_policy.this",
            "module.retail_app_eks.module.self_managed_node_group.aws_iam_role_policy_attachment.additional",
            "module.retail_app_eks.module.self_managed_node_group.aws_iam_role_policy_attachment.this",
            "module.retail_app_eks.module.self_managed_node_group.aws_launch_template.this",
            "module.retail_app_eks.module.self_managed_node_group.aws_placement_group.this",
            "module.retail_app_eks.module.self_managed_node_group.data.aws_caller_identity.current",
            "module.retail_app_eks.module.self_managed_node_group.data.aws_ec2_instance_type.this",
            "module.retail_app_eks.module.self_managed_node_group.data.aws_ec2_instance_type_offerings.this",
            "module.retail_app_eks.module.self_managed_node_group.data.aws_iam_policy_document.assume_role_policy",
            "module.retail_app_eks.module.self_managed_node_group.data.aws_iam_policy_document.role",
            "module.retail_app_eks.module.self_managed_node_group.data.aws_partition.current",
            "module.retail_app_eks.module.self_managed_node_group.data.aws_ssm_parameter.ami",
            "module.retail_app_eks.module.self_managed_node_group.data.aws_subnets.placement_group",
            "module.retail_app_eks.module.self_managed_node_group.module.user_data.data.cloudinit_config.al2023_eks_managed_node_group",
            "module.retail_app_eks.module.self_managed_node_group.module.user_data.data.cloudinit_config.linux_eks_managed_node_group",
            "module.retail_app_eks.module.self_managed_node_group.module.user_data.null_resource.validate_cluster_service_cidr",
            "module.retail_app_eks.time_sleep.this",
            "module.vpc.aws_subnet.private",
            "module.vpc.aws_vpc.this",
            "module.vpc.aws_vpc_ipv4_cidr_block_association.this",
            "random_string.suffix"
          ]
        }
      ]
    },
    {
      "module": "module.eks_addons.module.aws_load_balancer_controller",
      "mode": "managed",
      "type": "aws_iam_role",
      "name": "this",
      "provider": "provider[\"registry.terraform.io/hashicorp/aws\"]",
      "instances": [
        {
          "index_key": 0,
          "schema_version": 0,
          "attributes": {
            "arn": "arn:aws:iam::245991315809:role/alb-controller-20250926130552968300000019",
            "assume_role_policy": "{\"Statement\":[{\"Action\":\"sts:AssumeRoleWithWebIdentity\",\"Condition\":{\"StringEquals\":{\"oidc.eks.us-west-2.amazonaws.com/id/083D67A559A7D511596B8673F0DA06D4:aud\":\"sts.amazonaws.com\",\"oidc.eks.us-west-2.amazonaws.com/id/083D67A559A7D511596B8673F0DA06D4:sub\":\"system:serviceaccount:kube-system:aws-load-balancer-controller-sa\"}},\"Effect\":\"Allow\",\"Principal\":{\"Federated\":\"arn:aws:iam::245991315809:oidc-provider/oidc.eks.us-west-2.amazonaws.com/id/083D67A559A7D511596B8673F0DA06D4\"}}],\"Version\":\"2012-10-17\"}",
            "create_date": "2025-09-26T13:05:53Z",
            "description": "IRSA for aws-load-balancer-controller project",
            "force_detach_policies": true,
            "id": "alb-controller-20250926130552968300000019",
            "inline_policy": [],
            "managed_policy_arns": [],
            "max_session_duration": 3600,
            "name": "alb-controller-20250926130552968300000019",
            "name_prefix": "alb-controller-",
            "path": "/",
            "permissions_boundary": "",
            "tags": null,
            "tags_all": {},
            "unique_id": "AROATSRRZTFQ74HDFCICD"
          },
          "sensitive_attributes": [],
          "identity_schema_version": 0,
          "private": "bnVsbA==",
          "dependencies": [
            "data.aws_availability_zones.available",
            "data.aws_caller_identity.current",
            "module.eks_addons.module.aws_load_balancer_controller.data.aws_caller_identity.current",
            "module.eks_addons.module.aws_load_balancer_controller.data.aws_iam_policy_document.assume",
            "module.eks_addons.module.aws_load_balancer_controller.data.aws_partition.current",
            "module.eks_addons.time_sleep.this",
            "module.retail_app_eks.aws_cloudwatch_log_group.this",
            "module.retail_app_eks.aws_ec2_tag.cluster_primary_security_group",
            "module.retail_app_eks.aws_eks_access_entry.this",
            "module.retail_app_eks.aws_eks_access_policy_association.this",
            "module.retail_app_eks.aws_eks_addon.before_compute",
            "module.retail_app_eks.aws_eks_addon.this",
            "module.retail_app_eks.aws_eks_cluster.this",
            "module.retail_app_eks.aws_eks_identity_provider_config.this",
            "module.retail_app_eks.aws_iam_openid_connect_provider.oidc_provider",
            "module.retail_app_eks.aws_iam_policy.cluster_encryption",
            "module.retail_app_eks.aws_iam_policy.cni_ipv6_policy",
            "module.retail_app_eks.aws_iam_policy.custom",
            "module.retail_app_eks.aws_iam_role.eks_auto",
            "module.retail_app_eks.aws_iam_role.this",
            "module.retail_app_eks.aws_iam_role_policy_attachment.additional",
            "module.retail_app_eks.aws_iam_role_policy_attachment.cluster_encryption",
            "module.retail_app_eks.aws_iam_role_policy_attachment.custom",
            "module.retail_app_eks.aws_iam_role_policy_attachment.eks_auto",
            "module.retail_app_eks.aws_iam_role_policy_attachment.eks_auto_additional",
            "module.retail_app_eks.aws_iam_role_policy_attachment.this",
            "module.retail_app_eks.aws_security_group.cluster",
            "module.retail_app_eks.aws_security_group.node",
            "module.retail_app_eks.aws_security_group_rule.cluster",
            "module.retail_app_eks.aws_security_group_rule.node",
            "module.retail_app_eks.data.aws_caller_identity.current",
            "module.retail_app_eks.data.aws_eks_addon_version.this",
            "module.retail_app_eks.data.aws_iam_policy_document.assume_role_policy",
            "module.retail_app_eks.data.aws_iam_policy_document.cni_ipv6_policy",
            "module.retail_app_eks.data.aws_iam_policy_document.custom",
            "module.retail_app_eks.data.aws_iam_policy_document.node_assume_role_policy",
            "module.retail_app_eks.data.aws_iam_session_context.current",
            "module.retail_app_eks.data.aws_partition.current",
            "module.retail_app_eks.data.tls_certificate.this",
            "module.retail_app_eks.module.eks_managed_node_group.aws_autoscaling_schedule.this",
            "module.retail_app_eks.module.eks_managed_node_group.aws_eks_node_group.this",
            "module.retail_app_eks.module.eks_managed_node_group.aws_iam_role.this",
            "module.retail_app_eks.module.eks_managed_node_group.aws_iam_role_policy.this",
            "module.retail_app_eks.module.eks_managed_node_group.aws_iam_role_policy_attachment.additional",
            "module.retail_app_eks.module.eks_managed_node_group.aws_iam_role_policy_attachment.this",
            "module.retail_app_eks.module.eks_managed_node_group.aws_launch_template.this",
            "module.retail_app_eks.module.eks_managed_node_group.aws_placement_group.this",
            "module.retail_app_eks.module.eks_managed_node_group.data.aws_caller_identity.current",
            "module.retail_app_eks.module.eks_managed_node_group.data.aws_ec2_instance_type.this",
            "module.retail_app_eks.module.eks_managed_node_group.data.aws_ec2_instance_type_offerings.this",
            "module.retail_app_eks.module.eks_managed_node_group.data.aws_iam_policy_document.assume_role_policy",
            "module.retail_app_eks.module.eks_managed_node_group.data.aws_iam_policy_document.role",
            "module.retail_app_eks.module.eks_managed_node_group.data.aws_partition.current",
            "module.retail_app_eks.module.eks_managed_node_group.data.aws_ssm_parameter.ami",
            "module.retail_app_eks.module.eks_managed_node_group.data.aws_subnets.placement_group",
            "module.retail_app_eks.module.eks_managed_node_group.module.user_data.data.cloudinit_config.al2023_eks_managed_node_group",
            "module.retail_app_eks.module.eks_managed_node_group.module.user_data.data.cloudinit_config.linux_eks_managed_node_group",
            "module.retail_app_eks.module.eks_managed_node_group.module.user_data.null_resource.validate_cluster_service_cidr",
            "module.retail_app_eks.module.fargate_profile.aws_eks_fargate_profile.this",
            "module.retail_app_eks.module.fargate_profile.aws_iam_role.this",
            "module.retail_app_eks.module.fargate_profile.aws_iam_role_policy.this",
            "module.retail_app_eks.module.fargate_profile.aws_iam_role_policy_attachment.additional",
            "module.retail_app_eks.module.fargate_profile.aws_iam_role_policy_attachment.this",
            "module.retail_app_eks.module.fargate_profile.data.aws_caller_identity.current",
            "module.retail_app_eks.module.fargate_profile.data.aws_iam_policy_document.assume_role_policy",
            "module.retail_app_eks.module.fargate_profile.data.aws_iam_policy_document.role",
            "module.retail_app_eks.module.fargate_profile.data.aws_partition.current",
            "module.retail_app_eks.module.fargate_profile.data.aws_region.current",
            "module.retail_app_eks.module.kms.aws_kms_alias.this",
            "module.retail_app_eks.module.kms.aws_kms_external_key.this",
            "module.retail_app_eks.module.kms.aws_kms_grant.this",
            "module.retail_app_eks.module.kms.aws_kms_key.this",
            "module.retail_app_eks.module.kms.aws_kms_replica_external_key.this",
            "module.retail_app_eks.module.kms.aws_kms_replica_key.this",
            "module.retail_app_eks.module.kms.data.aws_caller_identity.current",
            "module.retail_app_eks.module.kms.data.aws_iam_policy_document.this",
            "module.retail_app_eks.module.kms.data.aws_partition.current",
            "module.retail_app_eks.module.self_managed_node_group.aws_autoscaling_group.this",
            "module.retail_app_eks.module.self_managed_node_group.aws_autoscaling_schedule.this",
            "module.retail_app_eks.module.self_managed_node_group.aws_eks_access_entry.this",
            "module.retail_app_eks.module.self_managed_node_group.aws_iam_instance_profile.this",
            "module.retail_app_eks.module.self_managed_node_group.aws_iam_role.this",
            "module.retail_app_eks.module.self_managed_node_group.aws_iam_role_policy.this",
            "module.retail_app_eks.module.self_managed_node_group.aws_iam_role_policy_attachment.additional",
            "module.retail_app_eks.module.self_managed_node_group.aws_iam_role_policy_attachment.this",
            "module.retail_app_eks.module.self_managed_node_group.aws_launch_template.this",
            "module.retail_app_eks.module.self_managed_node_group.aws_placement_group.this",
            "module.retail_app_eks.module.self_managed_node_group.data.aws_caller_identity.current",
            "module.retail_app_eks.module.self_managed_node_group.data.aws_ec2_instance_type.this",
            "module.retail_app_eks.module.self_managed_node_group.data.aws_ec2_instance_type_offerings.this",
            "module.retail_app_eks.module.self_managed_node_group.data.aws_iam_policy_document.assume_role_policy",
            "module.retail_app_eks.module.self_managed_node_group.data.aws_iam_policy_document.role",
            "module.retail_app_eks.module.self_managed_node_group.data.aws_partition.current",
            "module.retail_app_eks.module.self_managed_node_group.data.aws_ssm_parameter.ami",
            "module.retail_app_eks.module.self_managed_node_group.data.aws_subnets.placement_group",
            "module.retail_app_eks.module.self_managed_node_group.module.user_data.data.cloudinit_config.al2023_eks_managed_node_group",
            "module.retail_app_eks.module.self_managed_node_group.module.user_data.data.cloudinit_config.linux_eks_managed_node_group",
            "module.retail_app_eks.module.self_managed_node_group.module.user_data.null_resource.validate_cluster_service_cidr",
            "module.retail_app_eks.time_sleep.this",
            "module.vpc.aws_subnet.private",
            "module.vpc.aws_vpc.this",
            "module.vpc.aws_vpc_ipv4_cidr_block_association.this",
            "random_string.suffix"
          ]
        }
      ]
    },
    {
      "module": "module.eks_addons.module.aws_load_balancer_controller",
      "mode": "managed",
      "type": "aws_iam_role_policy_attachment",
      "name": "this",
      "provider": "provider[\"registry.terraform.io/hashicorp/aws\"]",
      "instances": [
        {
          "index_key": 0,
          "schema_version": 0,
          "attributes": {
            "id": "alb-controller-20250926130552968300000019-2025092613055474520000001b",
            "policy_arn": "arn:aws:iam::245991315809:policy/alb-controller-20250926130521806400000017",
            "role": "alb-controller-20250926130552968300000019"
          },
          "sensitive_attributes": [],
          "identity_schema_version": 0,
          "private": "bnVsbA==",
          "dependencies": [
            "data.aws_availability_zones.available",
            "data.aws_caller_identity.current",
            "module.eks_addons.data.aws_iam_policy_document.aws_load_balancer_controller",
            "module.eks_addons.data.aws_partition.current",
            "module.eks_addons.module.aws_load_balancer_controller.aws_iam_policy.this",
            "module.eks_addons.module.aws_load_balancer_controller.aws_iam_role.this",
            "module.eks_addons.module.aws_load_balancer_controller.data.aws_caller_identity.current",
            "module.eks_addons.module.aws_load_balancer_controller.data.aws_iam_policy_document.assume",
            "module.eks_addons.module.aws_load_balancer_controller.data.aws_iam_policy_document.this",
            "module.eks_addons.module.aws_load_balancer_controller.data.aws_partition.current",
            "module.eks_addons.time_sleep.this",
            "module.retail_app_eks.aws_cloudwatch_log_group.this",
            "module.retail_app_eks.aws_ec2_tag.cluster_primary_security_group",
            "module.retail_app_eks.aws_eks_access_entry.this",
            "module.retail_app_eks.aws_eks_access_policy_association.this",
            "module.retail_app_eks.aws_eks_addon.before_compute",
            "module.retail_app_eks.aws_eks_addon.this",
            "module.retail_app_eks.aws_eks_cluster.this",
            "module.retail_app_eks.aws_eks_identity_provider_config.this",
            "module.retail_app_eks.aws_iam_openid_connect_provider.oidc_provider",
            "module.retail_app_eks.aws_iam_policy.cluster_encryption",
            "module.retail_app_eks.aws_iam_policy.cni_ipv6_policy",
            "module.retail_app_eks.aws_iam_policy.custom",
            "module.retail_app_eks.aws_iam_role.eks_auto",
            "module.retail_app_eks.aws_iam_role.this",
            "module.retail_app_eks.aws_iam_role_policy_attachment.additional",
            "module.retail_app_eks.aws_iam_role_policy_attachment.cluster_encryption",
            "module.retail_app_eks.aws_iam_role_policy_attachment.custom",
            "module.retail_app_eks.aws_iam_role_policy_attachment.eks_auto",
            "module.retail_app_eks.aws_iam_role_policy_attachment.eks_auto_additional",
            "module.retail_app_eks.aws_iam_role_policy_attachment.this",
            "module.retail_app_eks.aws_security_group.cluster",
            "module.retail_app_eks.aws_security_group.node",
            "module.retail_app_eks.aws_security_group_rule.cluster",
            "module.retail_app_eks.aws_security_group_rule.node",
            "module.retail_app_eks.data.aws_caller_identity.current",
            "module.retail_app_eks.data.aws_eks_addon_version.this",
            "module.retail_app_eks.data.aws_iam_policy_document.assume_role_policy",
            "module.retail_app_eks.data.aws_iam_policy_document.cni_ipv6_policy",
            "module.retail_app_eks.data.aws_iam_policy_document.custom",
            "module.retail_app_eks.data.aws_iam_policy_document.node_assume_role_policy",
            "module.retail_app_eks.data.aws_iam_session_context.current",
            "module.retail_app_eks.data.aws_partition.current",
            "module.retail_app_eks.data.tls_certificate.this",
            "module.retail_app_eks.module.eks_managed_node_group.aws_autoscaling_schedule.this",
            "module.retail_app_eks.module.eks_managed_node_group.aws_eks_node_group.this",
            "module.retail_app_eks.module.eks_managed_node_group.aws_iam_role.this",
            "module.retail_app_eks.module.eks_managed_node_group.aws_iam_role_policy.this",
            "module.retail_app_eks.module.eks_managed_node_group.aws_iam_role_policy_attachment.additional",
            "module.retail_app_eks.module.eks_managed_node_group.aws_iam_role_policy_attachment.this",
            "module.retail_app_eks.module.eks_managed_node_group.aws_launch_template.this",
            "module.retail_app_eks.module.eks_managed_node_group.aws_placement_group.this",
            "module.retail_app_eks.module.eks_managed_node_group.data.aws_caller_identity.current",
            "module.retail_app_eks.module.eks_managed_node_group.data.aws_ec2_instance_type.this",
            "module.retail_app_eks.module.eks_managed_node_group.data.aws_ec2_instance_type_offerings.this",
            "module.retail_app_eks.module.eks_managed_node_group.data.aws_iam_policy_document.assume_role_policy",
            "module.retail_app_eks.module.eks_managed_node_group.data.aws_iam_policy_document.role",
            "module.retail_app_eks.module.eks_managed_node_group.data.aws_partition.current",
            "module.retail_app_eks.module.eks_managed_node_group.data.aws_ssm_parameter.ami",
            "module.retail_app_eks.module.eks_managed_node_group.data.aws_subnets.placement_group",
            "module.retail_app_eks.module.eks_managed_node_group.module.user_data.data.cloudinit_config.al2023_eks_managed_node_group",
            "module.retail_app_eks.module.eks_managed_node_group.module.user_data.data.cloudinit_config.linux_eks_managed_node_group",
            "module.retail_app_eks.module.eks_managed_node_group.module.user_data.null_resource.validate_cluster_service_cidr",
            "module.retail_app_eks.module.fargate_profile.aws_eks_fargate_profile.this",
            "module.retail_app_eks.module.fargate_profile.aws_iam_role.this",
            "module.retail_app_eks.module.fargate_profile.aws_iam_role_policy.this",
            "module.retail_app_eks.module.fargate_profile.aws_iam_role_policy_attachment.additional",
            "module.retail_app_eks.module.fargate_profile.aws_iam_role_policy_attachment.this",
            "module.retail_app_eks.module.fargate_profile.data.aws_caller_identity.current",
            "module.retail_app_eks.module.fargate_profile.data.aws_iam_policy_document.assume_role_policy",
            "module.retail_app_eks.module.fargate_profile.data.aws_iam_policy_document.role",
            "module.retail_app_eks.module.fargate_profile.data.aws_partition.current",
            "module.retail_app_eks.module.fargate_profile.data.aws_region.current",
            "module.retail_app_eks.module.kms.aws_kms_alias.this",
            "module.retail_app_eks.module.kms.aws_kms_external_key.this",
            "module.retail_app_eks.module.kms.aws_kms_grant.this",
            "module.retail_app_eks.module.kms.aws_kms_key.this",
            "module.retail_app_eks.module.kms.aws_kms_replica_external_key.this",
            "module.retail_app_eks.module.kms.aws_kms_replica_key.this",
            "module.retail_app_eks.module.kms.data.aws_caller_identity.current",
            "module.retail_app_eks.module.kms.data.aws_iam_policy_document.this",
            "module.retail_app_eks.module.kms.data.aws_partition.current",
            "module.retail_app_eks.module.self_managed_node_group.aws_autoscaling_group.this",
            "module.retail_app_eks.module.self_managed_node_group.aws_autoscaling_schedule.this",
            "module.retail_app_eks.module.self_managed_node_group.aws_eks_access_entry.this",
            "module.retail_app_eks.module.self_managed_node_group.aws_iam_instance_profile.this",
            "module.retail_app_eks.module.self_managed_node_group.aws_iam_role.this",
            "module.retail_app_eks.module.self_managed_node_group.aws_iam_role_policy.this",
            "module.retail_app_eks.module.self_managed_node_group.aws_iam_role_policy_attachment.additional",
            "module.retail_app_eks.module.self_managed_node_group.aws_iam_role_policy_attachment.this",
            "module.retail_app_eks.module.self_managed_node_group.aws_launch_template.this",
            "module.retail_app_eks.module.self_managed_node_group.aws_placement_group.this",
            "module.retail_app_eks.module.self_managed_node_group.data.aws_caller_identity.current",
            "module.retail_app_eks.module.self_managed_node_group.data.aws_ec2_instance_type.this",
            "module.retail_app_eks.module.self_managed_node_group.data.aws_ec2_instance_type_offerings.this",
            "module.retail_app_eks.module.self_managed_node_group.data.aws_iam_policy_document.assume_role_policy",
            "module.retail_app_eks.module.self_managed_node_group.data.aws_iam_policy_document.role",
            "module.retail_app_eks.module.self_managed_node_group.data.aws_partition.current",
            "module.retail_app_eks.module.self_managed_node_group.data.aws_ssm_parameter.ami",
            "module.retail_app_eks.module.self_managed_node_group.data.aws_subnets.placement_group",
            "module.retail_app_eks.module.self_managed_node_group.module.user_data.data.cloudinit_config.al2023_eks_managed_node_group",
            "module.retail_app_eks.module.self_managed_node_group.module.user_data.data.cloudinit_config.linux_eks_managed_node_group",
            "module.retail_app_eks.module.self_managed_node_group.module.user_data.null_resource.validate_cluster_service_cidr",
            "module.retail_app_eks.time_sleep.this",
            "module.vpc.aws_subnet.private",
            "module.vpc.aws_vpc.this",
            "module.vpc.aws_vpc_ipv4_cidr_block_association.this",
            "random_string.suffix"
          ]
        }
      ]
    },
    {
      "module": "module.eks_addons.module.aws_load_balancer_controller",
      "mode": "managed",
      "type": "helm_release",
      "name": "this",
      "provider": "provider[\"registry.terraform.io/hashicorp/helm\"]",
      "instances": [
        {
          "index_key": 0,
          "schema_version": 1,
          "attributes": {
            "atomic": false,
            "chart": "aws-load-balancer-controller",
            "cleanup_on_fail": false,
            "create_namespace": false,
            "dependency_update": false,
            "description": "A Helm chart to deploy aws-load-balancer-controller for ingress resources",
            "devel": null,
            "disable_crd_hooks": false,
            "disable_openapi_validation": false,
            "disable_webhooks": false,
            "force_update": false,
            "id": "aws-load-balancer-controller",
            "keyring": null,
            "lint": false,
            "manifest": null,
            "max_history": 0,
            "metadata": [
              {
                "app_version": "v2.7.1",
                "chart": "aws-load-balancer-controller",
                "first_deployed": 1758891963,
                "last_deployed": 1758891963,
                "name": "aws-load-balancer-controller",
                "namespace": "kube-system",
                "notes": "AWS Load Balancer controller installed!\n",
                "revision": 1,
                "values": "{\"clusterName\":\"biomarine-ai-5hw9\",\"serviceAccount\":{\"annotations\":{\"eks.amazonaws.com/role-arn\":\"arn:aws:iam::245991315809:role/alb-controller-20250926130552968300000019\"},\"name\":\"aws-load-balancer-controller-sa\"}}",
                "version": "1.7.1"
              }
            ],
            "name": "aws-load-balancer-controller",
            "namespace": "kube-system",
            "pass_credentials": false,
            "postrender": [],
            "recreate_pods": false,
            "render_subchart_notes": true,
            "replace": false,
            "repository": "https://aws.github.io/eks-charts",
            "repository_ca_file": null,
            "repository_cert_file": null,
            "repository_key_file": null,
            "repository_password": null,
            "repository_username": null,
            "reset_values": false,
            "reuse_values": false,
            "set": [
              {
                "name": "clusterName",
                "type": "",
                "value": "biomarine-ai-5hw9"
              },
              {
                "name": "serviceAccount.annotations.eks\\.amazonaws\\.com/role-arn",
                "type": "",
                "value": "arn:aws:iam::245991315809:role/alb-controller-20250926130552968300000019"
              },
              {
                "name": "serviceAccount.name",
                "type": "",
                "value": "aws-load-balancer-controller-sa"
              }
            ],
            "set_list": [],
            "set_sensitive": [],
            "skip_crds": false,
            "status": "deployed",
            "timeout": 300,
            "upgrade_install": null,
            "values": [],
            "verify": false,
            "version": "1.7.1",
            "wait": false,
            "wait_for_jobs": false
          },
          "sensitive_attributes": [
            [
              {
                "type": "get_attr",
                "value": "repository_password"
              }
            ]
          ],
          "identity_schema_version": 0,
          "private": "eyJzY2hlbWFfdmVyc2lvbiI6IjEifQ==",
          "dependencies": [
            "data.aws_availability_zones.available",
            "data.aws_caller_identity.current",
            "module.eks_addons.module.aws_load_balancer_controller.aws_iam_role.this",
            "module.eks_addons.module.aws_load_balancer_controller.data.aws_caller_identity.current",
            "module.eks_addons.module.aws_load_balancer_controller.data.aws_iam_policy_document.assume",
            "module.eks_addons.module.aws_load_balancer_controller.data.aws_partition.current",
            "module.eks_addons.time_sleep.this",
            "module.retail_app_eks.aws_cloudwatch_log_group.this",
            "module.retail_app_eks.aws_ec2_tag.cluster_primary_security_group",
            "module.retail_app_eks.aws_eks_access_entry.this",
            "module.retail_app_eks.aws_eks_access_policy_association.this",
            "module.retail_app_eks.aws_eks_addon.before_compute",
            "module.retail_app_eks.aws_eks_addon.this",
            "module.retail_app_eks.aws_eks_cluster.this",
            "module.retail_app_eks.aws_eks_identity_provider_config.this",
            "module.retail_app_eks.aws_iam_openid_connect_provider.oidc_provider",
            "module.retail_app_eks.aws_iam_policy.cluster_encryption",
            "module.retail_app_eks.aws_iam_policy.cni_ipv6_policy",
            "module.retail_app_eks.aws_iam_policy.custom",
            "module.retail_app_eks.aws_iam_role.eks_auto",
            "module.retail_app_eks.aws_iam_role.this",
            "module.retail_app_eks.aws_iam_role_policy_attachment.additional",
            "module.retail_app_eks.aws_iam_role_policy_attachment.cluster_encryption",
            "module.retail_app_eks.aws_iam_role_policy_attachment.custom",
            "module.retail_app_eks.aws_iam_role_policy_attachment.eks_auto",
            "module.retail_app_eks.aws_iam_role_policy_attachment.eks_auto_additional",
            "module.retail_app_eks.aws_iam_role_policy_attachment.this",
            "module.retail_app_eks.aws_security_group.cluster",
            "module.retail_app_eks.aws_security_group.node",
            "module.retail_app_eks.aws_security_group_rule.cluster",
            "module.retail_app_eks.aws_security_group_rule.node",
            "module.retail_app_eks.data.aws_caller_identity.current",
            "module.retail_app_eks.data.aws_eks_addon_version.this",
            "module.retail_app_eks.data.aws_iam_policy_document.assume_role_policy",
            "module.retail_app_eks.data.aws_iam_policy_document.cni_ipv6_policy",
            "module.retail_app_eks.data.aws_iam_policy_document.custom",
            "module.retail_app_eks.data.aws_iam_policy_document.node_assume_role_policy",
            "module.retail_app_eks.data.aws_iam_session_context.current",
            "module.retail_app_eks.data.aws_partition.current",
            "module.retail_app_eks.data.tls_certificate.this",
            "module.retail_app_eks.module.eks_managed_node_group.aws_autoscaling_schedule.this",
            "module.retail_app_eks.module.eks_managed_node_group.aws_eks_node_group.this",
            "module.retail_app_eks.module.eks_managed_node_group.aws_iam_role.this",
            "module.retail_app_eks.module.eks_managed_node_group.aws_iam_role_policy.this",
            "module.retail_app_eks.module.eks_managed_node_group.aws_iam_role_policy_attachment.additional",
            "module.retail_app_eks.module.eks_managed_node_group.aws_iam_role_policy_attachment.this",
            "module.retail_app_eks.module.eks_managed_node_group.aws_launch_template.this",
            "module.retail_app_eks.module.eks_managed_node_group.aws_placement_group.this",
            "module.retail_app_eks.module.eks_managed_node_group.data.aws_caller_identity.current",
            "module.retail_app_eks.module.eks_managed_node_group.data.aws_ec2_instance_type.this",
            "module.retail_app_eks.module.eks_managed_node_group.data.aws_ec2_instance_type_offerings.this",
            "module.retail_app_eks.module.eks_managed_node_group.data.aws_iam_policy_document.assume_role_policy",
            "module.retail_app_eks.module.eks_managed_node_group.data.aws_iam_policy_document.role",
            "module.retail_app_eks.module.eks_managed_node_group.data.aws_partition.current",
            "module.retail_app_eks.module.eks_managed_node_group.data.aws_ssm_parameter.ami",
            "module.retail_app_eks.module.eks_managed_node_group.data.aws_subnets.placement_group",
            "module.retail_app_eks.module.eks_managed_node_group.module.user_data.data.cloudinit_config.al2023_eks_managed_node_group",
            "module.retail_app_eks.module.eks_managed_node_group.module.user_data.data.cloudinit_config.linux_eks_managed_node_group",
            "module.retail_app_eks.module.eks_managed_node_group.module.user_data.null_resource.validate_cluster_service_cidr",
            "module.retail_app_eks.module.fargate_profile.aws_eks_fargate_profile.this",
            "module.retail_app_eks.module.fargate_profile.aws_iam_role.this",
            "module.retail_app_eks.module.fargate_profile.aws_iam_role_policy.this",
            "module.retail_app_eks.module.fargate_profile.aws_iam_role_policy_attachment.additional",
            "module.retail_app_eks.module.fargate_profile.aws_iam_role_policy_attachment.this",
            "module.retail_app_eks.module.fargate_profile.data.aws_caller_identity.current",
            "module.retail_app_eks.module.fargate_profile.data.aws_iam_policy_document.assume_role_policy",
            "module.retail_app_eks.module.fargate_profile.data.aws_iam_policy_document.role",
            "module.retail_app_eks.module.fargate_profile.data.aws_partition.current",
            "module.retail_app_eks.module.fargate_profile.data.aws_region.current",
            "module.retail_app_eks.module.kms.aws_kms_alias.this",
            "module.retail_app_eks.module.kms.aws_kms_external_key.this",
            "module.retail_app_eks.module.kms.aws_kms_grant.this",
            "module.retail_app_eks.module.kms.aws_kms_key.this",
            "module.retail_app_eks.module.kms.aws_kms_replica_external_key.this",
            "module.retail_app_eks.module.kms.aws_kms_replica_key.this",
            "module.retail_app_eks.module.kms.data.aws_caller_identity.current",
            "module.retail_app_eks.module.kms.data.aws_iam_policy_document.this",
            "module.retail_app_eks.module.kms.data.aws_partition.current",
            "module.retail_app_eks.module.self_managed_node_group.aws_autoscaling_group.this",
            "module.retail_app_eks.module.self_managed_node_group.aws_autoscaling_schedule.this",
            "module.retail_app_eks.module.self_managed_node_group.aws_eks_access_entry.this",
            "module.retail_app_eks.module.self_managed_node_group.aws_iam_instance_profile.this",
            "module.retail_app_eks.module.self_managed_node_group.aws_iam_role.this",
            "module.retail_app_eks.module.self_managed_node_group.aws_iam_role_policy.this",
            "module.retail_app_eks.module.self_managed_node_group.aws_iam_role_policy_attachment.additional",
            "module.retail_app_eks.module.self_managed_node_group.aws_iam_role_policy_attachment.this",
            "module.retail_app_eks.module.self_managed_node_group.aws_launch_template.this",
            "module.retail_app_eks.module.self_managed_node_group.aws_placement_group.this",
            "module.retail_app_eks.module.self_managed_node_group.data.aws_caller_identity.current",
            "module.retail_app_eks.module.self_managed_node_group.data.aws_ec2_instance_type.this",
            "module.retail_app_eks.module.self_managed_node_group.data.aws_ec2_instance_type_offerings.this",
            "module.retail_app_eks.module.self_managed_node_group.data.aws_iam_policy_document.assume_role_policy",
            "module.retail_app_eks.module.self_managed_node_group.data.aws_iam_policy_document.role",
            "module.retail_app_eks.module.self_managed_node_group.data.aws_partition.current",
            "module.retail_app_eks.module.self_managed_node_group.data.aws_ssm_parameter.ami",
            "module.retail_app_eks.module.self_managed_node_group.data.aws_subnets.placement_group",
            "module.retail_app_eks.module.self_managed_node_group.module.user_data.data.cloudinit_config.al2023_eks_managed_node_group",
            "module.retail_app_eks.module.self_managed_node_group.module.user_data.data.cloudinit_config.linux_eks_managed_node_group",
            "module.retail_app_eks.module.self_managed_node_group.module.user_data.null_resource.validate_cluster_service_cidr",
            "module.retail_app_eks.time_sleep.this",
            "module.vpc.aws_subnet.private",
            "module.vpc.aws_vpc.this",
            "module.vpc.aws_vpc_ipv4_cidr_block_association.this",
            "random_string.suffix"
          ]
        }
      ]
    },
    {
      "module": "module.eks_addons.module.cert_manager",
      "mode": "data",
      "type": "aws_caller_identity",
      "name": "current",
      "provider": "provider[\"registry.terraform.io/hashicorp/aws\"]",
      "instances": [
        {
          "index_key": 0,
          "schema_version": 0,
          "attributes": {
            "account_id": "245991315809",
            "arn": "arn:aws:iam::245991315809:user/cli-user",
            "id": "245991315809",
            "user_id": "AIDATSRRZTFQTAWT6544P"
          },
          "sensitive_attributes": [],
          "identity_schema_version": 0
        }
      ]
    },
    {
      "module": "module.eks_addons.module.cert_manager",
      "mode": "data",
      "type": "aws_iam_policy_document",
      "name": "assume",
      "provider": "provider[\"registry.terraform.io/hashicorp/aws\"]",
      "instances": [
        {
          "index_key": 0,
          "schema_version": 0,
          "attributes": {
            "id": "3315607534",
            "json": "{\n  \"Version\": \"2012-10-17\",\n  \"Statement\": [\n    {\n      \"Sid\": \"ExplicitSelfRoleAssumption\",\n      \"Effect\": \"Allow\",\n      \"Action\": \"sts:AssumeRole\",\n      \"Principal\": {\n        \"AWS\": \"*\"\n      },\n      \"Condition\": {\n        \"ArnLike\": {\n          \"aws:PrincipalArn\": \"arn:aws:iam::245991315809:role/cert-manager-*\"\n        }\n      }\n    },\n    {\n      \"Effect\": \"Allow\",\n      \"Action\": \"sts:AssumeRoleWithWebIdentity\",\n      \"Principal\": {\n        \"Federated\": \"arn:aws:iam::245991315809:oidc-provider/oidc.eks.us-west-2.amazonaws.com/id/083D67A559A7D511596B8673F0DA06D4\"\n      },\n      \"Condition\": {\n        \"StringEquals\": {\n          \"oidc.eks.us-west-2.amazonaws.com/id/083D67A559A7D511596B8673F0DA06D4:aud\": \"sts.amazonaws.com\",\n          \"oidc.eks.us-west-2.amazonaws.com/id/083D67A559A7D511596B8673F0DA06D4:sub\": \"system:serviceaccount:cert-manager:cert-manager\"\n        }\n      }\n    }\n  ]\n}",
            "minified_json": "{\"Version\":\"2012-10-17\",\"Statement\":[{\"Sid\":\"ExplicitSelfRoleAssumption\",\"Effect\":\"Allow\",\"Action\":\"sts:AssumeRole\",\"Principal\":{\"AWS\":\"*\"},\"Condition\":{\"ArnLike\":{\"aws:PrincipalArn\":\"arn:aws:iam::245991315809:role/cert-manager-*\"}}},{\"Effect\":\"Allow\",\"Action\":\"sts:AssumeRoleWithWebIdentity\",\"Principal\":{\"Federated\":\"arn:aws:iam::245991315809:oidc-provider/oidc.eks.us-west-2.amazonaws.com/id/083D67A559A7D511596B8673F0DA06D4\"},\"Condition\":{\"StringEquals\":{\"oidc.eks.us-west-2.amazonaws.com/id/083D67A559A7D511596B8673F0DA06D4:aud\":\"sts.amazonaws.com\",\"oidc.eks.us-west-2.amazonaws.com/id/083D67A559A7D511596B8673F0DA06D4:sub\":\"system:serviceaccount:cert-manager:cert-manager\"}}}]}",
            "override_json": null,
            "override_policy_documents": null,
            "policy_id": null,
            "source_json": null,
            "source_policy_documents": null,
            "statement": [
              {
                "actions": [
                  "sts:AssumeRole"
                ],
                "condition": [
                  {
                    "test": "ArnLike",
                    "values": [
                      "arn:aws:iam::245991315809:role/cert-manager-*"
                    ],
                    "variable": "aws:PrincipalArn"
                  }
                ],
                "effect": "Allow",
                "not_actions": [],
                "not_principals": [],
                "not_resources": [],
                "principals": [
                  {
                    "identifiers": [
                      "*"
                    ],
                    "type": "AWS"
                  }
                ],
                "resources": [],
                "sid": "ExplicitSelfRoleAssumption"
              },
              {
                "actions": [
                  "sts:AssumeRoleWithWebIdentity"
                ],
                "condition": [
                  {
                    "test": "StringEquals",
                    "values": [
                      "sts.amazonaws.com"
                    ],
                    "variable": "oidc.eks.us-west-2.amazonaws.com/id/083D67A559A7D511596B8673F0DA06D4:aud"
                  },
                  {
                    "test": "StringEquals",
                    "values": [
                      "system:serviceaccount:cert-manager:cert-manager"
                    ],
                    "variable": "oidc.eks.us-west-2.amazonaws.com/id/083D67A559A7D511596B8673F0DA06D4:sub"
                  }
                ],
                "effect": "Allow",
                "not_actions": [],
                "not_principals": [],
                "not_resources": [],
                "principals": [
                  {
                    "identifiers": [
                      "arn:aws:iam::245991315809:oidc-provider/oidc.eks.us-west-2.amazonaws.com/id/083D67A559A7D511596B8673F0DA06D4"
                    ],
                    "type": "Federated"
                  }
                ],
                "resources": [],
                "sid": ""
              }
            ],
            "version": "2012-10-17"
          },
          "sensitive_attributes": [],
          "identity_schema_version": 0
        }
      ]
    },
    {
      "module": "module.eks_addons.module.cert_manager",
      "mode": "data",
      "type": "aws_iam_policy_document",
      "name": "this",
      "provider": "provider[\"registry.terraform.io/hashicorp/aws\"]",
      "instances": [
        {
          "index_key": 0,
          "schema_version": 0,
          "attributes": {
            "id": "3416383923",
            "json": "{\n  \"Version\": \"2012-10-17\",\n  \"Statement\": [\n    {\n      \"Effect\": \"Allow\",\n      \"Action\": \"route53:GetChange\",\n      \"Resource\": \"arn:aws:route53:::change/*\"\n    },\n    {\n      \"Effect\": \"Allow\",\n      \"Action\": [\n        \"route53:ListResourceRecordSets\",\n        \"route53:ChangeResourceRecordSets\"\n      ],\n      \"Resource\": \"arn:aws:route53:::hostedzone/*\"\n    },\n    {\n      \"Effect\": \"Allow\",\n      \"Action\": \"route53:ListHostedZonesByName\",\n      \"Resource\": \"*\"\n    }\n  ]\n}",
            "minified_json": "{\"Version\":\"2012-10-17\",\"Statement\":[{\"Effect\":\"Allow\",\"Action\":\"route53:GetChange\",\"Resource\":\"arn:aws:route53:::change/*\"},{\"Effect\":\"Allow\",\"Action\":[\"route53:ListResourceRecordSets\",\"route53:ChangeResourceRecordSets\"],\"Resource\":\"arn:aws:route53:::hostedzone/*\"},{\"Effect\":\"Allow\",\"Action\":\"route53:ListHostedZonesByName\",\"Resource\":\"*\"}]}",
            "override_json": null,
            "override_policy_documents": null,
            "policy_id": null,
            "source_json": null,
            "source_policy_documents": [
              "{\n  \"Version\": \"2012-10-17\",\n  \"Statement\": [\n    {\n      \"Effect\": \"Allow\",\n      \"Action\": \"route53:GetChange\",\n      \"Resource\": \"arn:aws:route53:::change/*\"\n    },\n    {\n      \"Effect\": \"Allow\",\n      \"Action\": [\n        \"route53:ListResourceRecordSets\",\n        \"route53:ChangeResourceRecordSets\"\n      ],\n      \"Resource\": \"arn:aws:route53:::hostedzone/*\"\n    },\n    {\n      \"Effect\": \"Allow\",\n      \"Action\": \"route53:ListHostedZonesByName\",\n      \"Resource\": \"*\"\n    }\n  ]\n}"
            ],
            "statement": null,
            "version": "2012-10-17"
          },
          "sensitive_attributes": [],
          "identity_schema_version": 0
        }
      ]
    },
    {
      "module": "module.eks_addons.module.cert_manager",
      "mode": "data",
      "type": "aws_partition",
      "name": "current",
      "provider": "provider[\"registry.terraform.io/hashicorp/aws\"]",
      "instances": [
        {
          "index_key": 0,
          "schema_version": 0,
          "attributes": {
            "dns_suffix": "amazonaws.com",
            "id": "aws",
            "partition": "aws",
            "reverse_dns_prefix": "com.amazonaws"
          },
          "sensitive_attributes": [],
          "identity_schema_version": 0
        }
      ]
    },
    {
      "module": "module.eks_addons.module.cert_manager",
      "mode": "managed",
      "type": "aws_iam_policy",
      "name": "this",
      "provider": "provider[\"registry.terraform.io/hashicorp/aws\"]",
      "instances": [
        {
          "index_key": 0,
          "schema_version": 0,
          "attributes": {
            "arn": "arn:aws:iam::245991315809:policy/cert-manager-20250926130521806000000016",
            "attachment_count": 0,
            "description": "IAM Policy for cert-manager",
            "id": "arn:aws:iam::245991315809:policy/cert-manager-20250926130521806000000016",
            "name": "cert-manager-20250926130521806000000016",
            "name_prefix": "cert-manager-",
            "path": "/",
            "policy": "{\"Statement\":[{\"Action\":\"route53:GetChange\",\"Effect\":\"Allow\",\"Resource\":\"arn:aws:route53:::change/*\"},{\"Action\":[\"route53:ListResourceRecordSets\",\"route53:ChangeResourceRecordSets\"],\"Effect\":\"Allow\",\"Resource\":\"arn:aws:route53:::hostedzone/*\"},{\"Action\":\"route53:ListHostedZonesByName\",\"Effect\":\"Allow\",\"Resource\":\"*\"}],\"Version\":\"2012-10-17\"}",
            "policy_id": "ANPATSRRZTFQUHCR7NFFO",
            "tags": null,
            "tags_all": {}
          },
          "sensitive_attributes": [],
          "identity_schema_version": 0,
          "private": "bnVsbA==",
          "dependencies": [
            "data.aws_availability_zones.available",
            "data.aws_caller_identity.current",
            "module.eks_addons.data.aws_iam_policy_document.cert_manager",
            "module.eks_addons.data.aws_partition.current",
            "module.eks_addons.module.cert_manager.data.aws_iam_policy_document.this",
            "module.retail_app_eks.aws_cloudwatch_log_group.this",
            "module.retail_app_eks.aws_ec2_tag.cluster_primary_security_group",
            "module.retail_app_eks.aws_eks_access_entry.this",
            "module.retail_app_eks.aws_eks_access_policy_association.this",
            "module.retail_app_eks.aws_eks_addon.before_compute",
            "module.retail_app_eks.aws_eks_addon.this",
            "module.retail_app_eks.aws_eks_cluster.this",
            "module.retail_app_eks.aws_eks_identity_provider_config.this",
            "module.retail_app_eks.aws_iam_openid_connect_provider.oidc_provider",
            "module.retail_app_eks.aws_iam_policy.cluster_encryption",
            "module.retail_app_eks.aws_iam_policy.cni_ipv6_policy",
            "module.retail_app_eks.aws_iam_policy.custom",
            "module.retail_app_eks.aws_iam_role.eks_auto",
            "module.retail_app_eks.aws_iam_role.this",
            "module.retail_app_eks.aws_iam_role_policy_attachment.additional",
            "module.retail_app_eks.aws_iam_role_policy_attachment.cluster_encryption",
            "module.retail_app_eks.aws_iam_role_policy_attachment.custom",
            "module.retail_app_eks.aws_iam_role_policy_attachment.eks_auto",
            "module.retail_app_eks.aws_iam_role_policy_attachment.eks_auto_additional",
            "module.retail_app_eks.aws_iam_role_policy_attachment.this",
            "module.retail_app_eks.aws_security_group.cluster",
            "module.retail_app_eks.aws_security_group.node",
            "module.retail_app_eks.aws_security_group_rule.cluster",
            "module.retail_app_eks.aws_security_group_rule.node",
            "module.retail_app_eks.data.aws_caller_identity.current",
            "module.retail_app_eks.data.aws_eks_addon_version.this",
            "module.retail_app_eks.data.aws_iam_policy_document.assume_role_policy",
            "module.retail_app_eks.data.aws_iam_policy_document.cni_ipv6_policy",
            "module.retail_app_eks.data.aws_iam_policy_document.custom",
            "module.retail_app_eks.data.aws_iam_policy_document.node_assume_role_policy",
            "module.retail_app_eks.data.aws_iam_session_context.current",
            "module.retail_app_eks.data.aws_partition.current",
            "module.retail_app_eks.data.tls_certificate.this",
            "module.retail_app_eks.module.eks_managed_node_group.aws_autoscaling_schedule.this",
            "module.retail_app_eks.module.eks_managed_node_group.aws_eks_node_group.this",
            "module.retail_app_eks.module.eks_managed_node_group.aws_iam_role.this",
            "module.retail_app_eks.module.eks_managed_node_group.aws_iam_role_policy.this",
            "module.retail_app_eks.module.eks_managed_node_group.aws_iam_role_policy_attachment.additional",
            "module.retail_app_eks.module.eks_managed_node_group.aws_iam_role_policy_attachment.this",
            "module.retail_app_eks.module.eks_managed_node_group.aws_launch_template.this",
            "module.retail_app_eks.module.eks_managed_node_group.aws_placement_group.this",
            "module.retail_app_eks.module.eks_managed_node_group.data.aws_caller_identity.current",
            "module.retail_app_eks.module.eks_managed_node_group.data.aws_ec2_instance_type.this",
            "module.retail_app_eks.module.eks_managed_node_group.data.aws_ec2_instance_type_offerings.this",
            "module.retail_app_eks.module.eks_managed_node_group.data.aws_iam_policy_document.assume_role_policy",
            "module.retail_app_eks.module.eks_managed_node_group.data.aws_iam_policy_document.role",
            "module.retail_app_eks.module.eks_managed_node_group.data.aws_partition.current",
            "module.retail_app_eks.module.eks_managed_node_group.data.aws_ssm_parameter.ami",
            "module.retail_app_eks.module.eks_managed_node_group.data.aws_subnets.placement_group",
            "module.retail_app_eks.module.eks_managed_node_group.module.user_data.data.cloudinit_config.al2023_eks_managed_node_group",
            "module.retail_app_eks.module.eks_managed_node_group.module.user_data.data.cloudinit_config.linux_eks_managed_node_group",
            "module.retail_app_eks.module.eks_managed_node_group.module.user_data.null_resource.validate_cluster_service_cidr",
            "module.retail_app_eks.module.fargate_profile.aws_eks_fargate_profile.this",
            "module.retail_app_eks.module.fargate_profile.aws_iam_role.this",
            "module.retail_app_eks.module.fargate_profile.aws_iam_role_policy.this",
            "module.retail_app_eks.module.fargate_profile.aws_iam_role_policy_attachment.additional",
            "module.retail_app_eks.module.fargate_profile.aws_iam_role_policy_attachment.this",
            "module.retail_app_eks.module.fargate_profile.data.aws_caller_identity.current",
            "module.retail_app_eks.module.fargate_profile.data.aws_iam_policy_document.assume_role_policy",
            "module.retail_app_eks.module.fargate_profile.data.aws_iam_policy_document.role",
            "module.retail_app_eks.module.fargate_profile.data.aws_partition.current",
            "module.retail_app_eks.module.fargate_profile.data.aws_region.current",
            "module.retail_app_eks.module.kms.aws_kms_alias.this",
            "module.retail_app_eks.module.kms.aws_kms_external_key.this",
            "module.retail_app_eks.module.kms.aws_kms_grant.this",
            "module.retail_app_eks.module.kms.aws_kms_key.this",
            "module.retail_app_eks.module.kms.aws_kms_replica_external_key.this",
            "module.retail_app_eks.module.kms.aws_kms_replica_key.this",
            "module.retail_app_eks.module.kms.data.aws_caller_identity.current",
            "module.retail_app_eks.module.kms.data.aws_iam_policy_document.this",
            "module.retail_app_eks.module.kms.data.aws_partition.current",
            "module.retail_app_eks.module.self_managed_node_group.aws_autoscaling_group.this",
            "module.retail_app_eks.module.self_managed_node_group.aws_autoscaling_schedule.this",
            "module.retail_app_eks.module.self_managed_node_group.aws_eks_access_entry.this",
            "module.retail_app_eks.module.self_managed_node_group.aws_iam_instance_profile.this",
            "module.retail_app_eks.module.self_managed_node_group.aws_iam_role.this",
            "module.retail_app_eks.module.self_managed_node_group.aws_iam_role_policy.this",
            "module.retail_app_eks.module.self_managed_node_group.aws_iam_role_policy_attachment.additional",
            "module.retail_app_eks.module.self_managed_node_group.aws_iam_role_policy_attachment.this",
            "module.retail_app_eks.module.self_managed_node_group.aws_launch_template.this",
            "module.retail_app_eks.module.self_managed_node_group.aws_placement_group.this",
            "module.retail_app_eks.module.self_managed_node_group.data.aws_caller_identity.current",
            "module.retail_app_eks.module.self_managed_node_group.data.aws_ec2_instance_type.this",
            "module.retail_app_eks.module.self_managed_node_group.data.aws_ec2_instance_type_offerings.this",
            "module.retail_app_eks.module.self_managed_node_group.data.aws_iam_policy_document.assume_role_policy",
            "module.retail_app_eks.module.self_managed_node_group.data.aws_iam_policy_document.role",
            "module.retail_app_eks.module.self_managed_node_group.data.aws_partition.current",
            "module.retail_app_eks.module.self_managed_node_group.data.aws_ssm_parameter.ami",
            "module.retail_app_eks.module.self_managed_node_group.data.aws_subnets.placement_group",
            "module.retail_app_eks.module.self_managed_node_group.module.user_data.data.cloudinit_config.al2023_eks_managed_node_group",
            "module.retail_app_eks.module.self_managed_node_group.module.user_data.data.cloudinit_config.linux_eks_managed_node_group",
            "module.retail_app_eks.module.self_managed_node_group.module.user_data.null_resource.validate_cluster_service_cidr",
            "module.retail_app_eks.time_sleep.this",
            "module.vpc.aws_subnet.private",
            "module.vpc.aws_vpc.this",
            "module.vpc.aws_vpc_ipv4_cidr_block_association.this",
            "random_string.suffix"
          ]
        }
      ]
    },
    {
      "module": "module.eks_addons.module.cert_manager",
      "mode": "managed",
      "type": "aws_iam_role",
      "name": "this",
      "provider": "provider[\"registry.terraform.io/hashicorp/aws\"]",
      "instances": [
        {
          "index_key": 0,
          "schema_version": 0,
          "attributes": {
            "arn": "arn:aws:iam::245991315809:role/cert-manager-20250926130552968100000018",
            "assume_role_policy": "{\"Statement\":[{\"Action\":\"sts:AssumeRole\",\"Condition\":{\"ArnLike\":{\"aws:PrincipalArn\":\"arn:aws:iam::245991315809:role/cert-manager-*\"}},\"Effect\":\"Allow\",\"Principal\":{\"AWS\":\"*\"},\"Sid\":\"ExplicitSelfRoleAssumption\"},{\"Action\":\"sts:AssumeRoleWithWebIdentity\",\"Condition\":{\"StringEquals\":{\"oidc.eks.us-west-2.amazonaws.com/id/083D67A559A7D511596B8673F0DA06D4:aud\":\"sts.amazonaws.com\",\"oidc.eks.us-west-2.amazonaws.com/id/083D67A559A7D511596B8673F0DA06D4:sub\":\"system:serviceaccount:cert-manager:cert-manager\"}},\"Effect\":\"Allow\",\"Principal\":{\"Federated\":\"arn:aws:iam::245991315809:oidc-provider/oidc.eks.us-west-2.amazonaws.com/id/083D67A559A7D511596B8673F0DA06D4\"}}],\"Version\":\"2012-10-17\"}",
            "create_date": "2025-09-26T13:05:53Z",
            "description": "IRSA for cert-manger project",
            "force_detach_policies": true,
            "id": "cert-manager-20250926130552968100000018",
            "inline_policy": [],
            "managed_policy_arns": [],
            "max_session_duration": 3600,
            "name": "cert-manager-20250926130552968100000018",
            "name_prefix": "cert-manager-",
            "path": "/",
            "permissions_boundary": "",
            "tags": null,
            "tags_all": {},
            "unique_id": "AROATSRRZTFQVTBTVHLEF"
          },
          "sensitive_attributes": [],
          "identity_schema_version": 0,
          "private": "bnVsbA==",
          "dependencies": [
            "data.aws_availability_zones.available",
            "data.aws_caller_identity.current",
            "module.eks_addons.module.cert_manager.data.aws_caller_identity.current",
            "module.eks_addons.module.cert_manager.data.aws_iam_policy_document.assume",
            "module.eks_addons.module.cert_manager.data.aws_partition.current",
            "module.eks_addons.time_sleep.this",
            "module.retail_app_eks.aws_cloudwatch_log_group.this",
            "module.retail_app_eks.aws_ec2_tag.cluster_primary_security_group",
            "module.retail_app_eks.aws_eks_access_entry.this",
            "module.retail_app_eks.aws_eks_access_policy_association.this",
            "module.retail_app_eks.aws_eks_addon.before_compute",
            "module.retail_app_eks.aws_eks_addon.this",
            "module.retail_app_eks.aws_eks_cluster.this",
            "module.retail_app_eks.aws_eks_identity_provider_config.this",
            "module.retail_app_eks.aws_iam_openid_connect_provider.oidc_provider",
            "module.retail_app_eks.aws_iam_policy.cluster_encryption",
            "module.retail_app_eks.aws_iam_policy.cni_ipv6_policy",
            "module.retail_app_eks.aws_iam_policy.custom",
            "module.retail_app_eks.aws_iam_role.eks_auto",
            "module.retail_app_eks.aws_iam_role.this",
            "module.retail_app_eks.aws_iam_role_policy_attachment.additional",
            "module.retail_app_eks.aws_iam_role_policy_attachment.cluster_encryption",
            "module.retail_app_eks.aws_iam_role_policy_attachment.custom",
            "module.retail_app_eks.aws_iam_role_policy_attachment.eks_auto",
            "module.retail_app_eks.aws_iam_role_policy_attachment.eks_auto_additional",
            "module.retail_app_eks.aws_iam_role_policy_attachment.this",
            "module.retail_app_eks.aws_security_group.cluster",
            "module.retail_app_eks.aws_security_group.node",
            "module.retail_app_eks.aws_security_group_rule.cluster",
            "module.retail_app_eks.aws_security_group_rule.node",
            "module.retail_app_eks.data.aws_caller_identity.current",
            "module.retail_app_eks.data.aws_eks_addon_version.this",
            "module.retail_app_eks.data.aws_iam_policy_document.assume_role_policy",
            "module.retail_app_eks.data.aws_iam_policy_document.cni_ipv6_policy",
            "module.retail_app_eks.data.aws_iam_policy_document.custom",
            "module.retail_app_eks.data.aws_iam_policy_document.node_assume_role_policy",
            "module.retail_app_eks.data.aws_iam_session_context.current",
            "module.retail_app_eks.data.aws_partition.current",
            "module.retail_app_eks.data.tls_certificate.this",
            "module.retail_app_eks.module.eks_managed_node_group.aws_autoscaling_schedule.this",
            "module.retail_app_eks.module.eks_managed_node_group.aws_eks_node_group.this",
            "module.retail_app_eks.module.eks_managed_node_group.aws_iam_role.this",
            "module.retail_app_eks.module.eks_managed_node_group.aws_iam_role_policy.this",
            "module.retail_app_eks.module.eks_managed_node_group.aws_iam_role_policy_attachment.additional",
            "module.retail_app_eks.module.eks_managed_node_group.aws_iam_role_policy_attachment.this",
            "module.retail_app_eks.module.eks_managed_node_group.aws_launch_template.this",
            "module.retail_app_eks.module.eks_managed_node_group.aws_placement_group.this",
            "module.retail_app_eks.module.eks_managed_node_group.data.aws_caller_identity.current",
            "module.retail_app_eks.module.eks_managed_node_group.data.aws_ec2_instance_type.this",
            "module.retail_app_eks.module.eks_managed_node_group.data.aws_ec2_instance_type_offerings.this",
            "module.retail_app_eks.module.eks_managed_node_group.data.aws_iam_policy_document.assume_role_policy",
            "module.retail_app_eks.module.eks_managed_node_group.data.aws_iam_policy_document.role",
            "module.retail_app_eks.module.eks_managed_node_group.data.aws_partition.current",
            "module.retail_app_eks.module.eks_managed_node_group.data.aws_ssm_parameter.ami",
            "module.retail_app_eks.module.eks_managed_node_group.data.aws_subnets.placement_group",
            "module.retail_app_eks.module.eks_managed_node_group.module.user_data.data.cloudinit_config.al2023_eks_managed_node_group",
            "module.retail_app_eks.module.eks_managed_node_group.module.user_data.data.cloudinit_config.linux_eks_managed_node_group",
            "module.retail_app_eks.module.eks_managed_node_group.module.user_data.null_resource.validate_cluster_service_cidr",
            "module.retail_app_eks.module.fargate_profile.aws_eks_fargate_profile.this",
            "module.retail_app_eks.module.fargate_profile.aws_iam_role.this",
            "module.retail_app_eks.module.fargate_profile.aws_iam_role_policy.this",
            "module.retail_app_eks.module.fargate_profile.aws_iam_role_policy_attachment.additional",
            "module.retail_app_eks.module.fargate_profile.aws_iam_role_policy_attachment.this",
            "module.retail_app_eks.module.fargate_profile.data.aws_caller_identity.current",
            "module.retail_app_eks.module.fargate_profile.data.aws_iam_policy_document.assume_role_policy",
            "module.retail_app_eks.module.fargate_profile.data.aws_iam_policy_document.role",
            "module.retail_app_eks.module.fargate_profile.data.aws_partition.current",
            "module.retail_app_eks.module.fargate_profile.data.aws_region.current",
            "module.retail_app_eks.module.kms.aws_kms_alias.this",
            "module.retail_app_eks.module.kms.aws_kms_external_key.this",
            "module.retail_app_eks.module.kms.aws_kms_grant.this",
            "module.retail_app_eks.module.kms.aws_kms_key.this",
            "module.retail_app_eks.module.kms.aws_kms_replica_external_key.this",
            "module.retail_app_eks.module.kms.aws_kms_replica_key.this",
            "module.retail_app_eks.module.kms.data.aws_caller_identity.current",
            "module.retail_app_eks.module.kms.data.aws_iam_policy_document.this",
            "module.retail_app_eks.module.kms.data.aws_partition.current",
            "module.retail_app_eks.module.self_managed_node_group.aws_autoscaling_group.this",
            "module.retail_app_eks.module.self_managed_node_group.aws_autoscaling_schedule.this",
            "module.retail_app_eks.module.self_managed_node_group.aws_eks_access_entry.this",
            "module.retail_app_eks.module.self_managed_node_group.aws_iam_instance_profile.this",
            "module.retail_app_eks.module.self_managed_node_group.aws_iam_role.this",
            "module.retail_app_eks.module.self_managed_node_group.aws_iam_role_policy.this",
            "module.retail_app_eks.module.self_managed_node_group.aws_iam_role_policy_attachment.additional",
            "module.retail_app_eks.module.self_managed_node_group.aws_iam_role_policy_attachment.this",
            "module.retail_app_eks.module.self_managed_node_group.aws_launch_template.this",
            "module.retail_app_eks.module.self_managed_node_group.aws_placement_group.this",
            "module.retail_app_eks.module.self_managed_node_group.data.aws_caller_identity.current",
            "module.retail_app_eks.module.self_managed_node_group.data.aws_ec2_instance_type.this",
            "module.retail_app_eks.module.self_managed_node_group.data.aws_ec2_instance_type_offerings.this",
            "module.retail_app_eks.module.self_managed_node_group.data.aws_iam_policy_document.assume_role_policy",
            "module.retail_app_eks.module.self_managed_node_group.data.aws_iam_policy_document.role",
            "module.retail_app_eks.module.self_managed_node_group.data.aws_partition.current",
            "module.retail_app_eks.module.self_managed_node_group.data.aws_ssm_parameter.ami",
            "module.retail_app_eks.module.self_managed_node_group.data.aws_subnets.placement_group",
            "module.retail_app_eks.module.self_managed_node_group.module.user_data.data.cloudinit_config.al2023_eks_managed_node_group",
            "module.retail_app_eks.module.self_managed_node_group.module.user_data.data.cloudinit_config.linux_eks_managed_node_group",
            "module.retail_app_eks.module.self_managed_node_group.module.user_data.null_resource.validate_cluster_service_cidr",
            "module.retail_app_eks.time_sleep.this",
            "module.vpc.aws_subnet.private",
            "module.vpc.aws_vpc.this",
            "module.vpc.aws_vpc_ipv4_cidr_block_association.this",
            "random_string.suffix"
          ]
        }
      ]
    },
    {
      "module": "module.eks_addons.module.cert_manager",
      "mode": "managed",
      "type": "aws_iam_role_policy_attachment",
      "name": "this",
      "provider": "provider[\"registry.terraform.io/hashicorp/aws\"]",
      "instances": [
        {
          "index_key": 0,
          "schema_version": 0,
          "attributes": {
            "id": "cert-manager-20250926130552968100000018-2025092613055464850000001a",
            "policy_arn": "arn:aws:iam::245991315809:policy/cert-manager-20250926130521806000000016",
            "role": "cert-manager-20250926130552968100000018"
          },
          "sensitive_attributes": [],
          "identity_schema_version": 0,
          "private": "bnVsbA==",
          "dependencies": [
            "data.aws_availability_zones.available",
            "data.aws_caller_identity.current",
            "module.eks_addons.data.aws_iam_policy_document.cert_manager",
            "module.eks_addons.data.aws_partition.current",
            "module.eks_addons.module.cert_manager.aws_iam_policy.this",
            "module.eks_addons.module.cert_manager.aws_iam_role.this",
            "module.eks_addons.module.cert_manager.data.aws_caller_identity.current",
            "module.eks_addons.module.cert_manager.data.aws_iam_policy_document.assume",
            "module.eks_addons.module.cert_manager.data.aws_iam_policy_document.this",
            "module.eks_addons.module.cert_manager.data.aws_partition.current",
            "module.eks_addons.time_sleep.this",
            "module.retail_app_eks.aws_cloudwatch_log_group.this",
            "module.retail_app_eks.aws_ec2_tag.cluster_primary_security_group",
            "module.retail_app_eks.aws_eks_access_entry.this",
            "module.retail_app_eks.aws_eks_access_policy_association.this",
            "module.retail_app_eks.aws_eks_addon.before_compute",
            "module.retail_app_eks.aws_eks_addon.this",
            "module.retail_app_eks.aws_eks_cluster.this",
            "module.retail_app_eks.aws_eks_identity_provider_config.this",
            "module.retail_app_eks.aws_iam_openid_connect_provider.oidc_provider",
            "module.retail_app_eks.aws_iam_policy.cluster_encryption",
            "module.retail_app_eks.aws_iam_policy.cni_ipv6_policy",
            "module.retail_app_eks.aws_iam_policy.custom",
            "module.retail_app_eks.aws_iam_role.eks_auto",
            "module.retail_app_eks.aws_iam_role.this",
            "module.retail_app_eks.aws_iam_role_policy_attachment.additional",
            "module.retail_app_eks.aws_iam_role_policy_attachment.cluster_encryption",
            "module.retail_app_eks.aws_iam_role_policy_attachment.custom",
            "module.retail_app_eks.aws_iam_role_policy_attachment.eks_auto",
            "module.retail_app_eks.aws_iam_role_policy_attachment.eks_auto_additional",
            "module.retail_app_eks.aws_iam_role_policy_attachment.this",
            "module.retail_app_eks.aws_security_group.cluster",
            "module.retail_app_eks.aws_security_group.node",
            "module.retail_app_eks.aws_security_group_rule.cluster",
            "module.retail_app_eks.aws_security_group_rule.node",
            "module.retail_app_eks.data.aws_caller_identity.current",
            "module.retail_app_eks.data.aws_eks_addon_version.this",
            "module.retail_app_eks.data.aws_iam_policy_document.assume_role_policy",
            "module.retail_app_eks.data.aws_iam_policy_document.cni_ipv6_policy",
            "module.retail_app_eks.data.aws_iam_policy_document.custom",
            "module.retail_app_eks.data.aws_iam_policy_document.node_assume_role_policy",
            "module.retail_app_eks.data.aws_iam_session_context.current",
            "module.retail_app_eks.data.aws_partition.current",
            "module.retail_app_eks.data.tls_certificate.this",
            "module.retail_app_eks.module.eks_managed_node_group.aws_autoscaling_schedule.this",
            "module.retail_app_eks.module.eks_managed_node_group.aws_eks_node_group.this",
            "module.retail_app_eks.module.eks_managed_node_group.aws_iam_role.this",
            "module.retail_app_eks.module.eks_managed_node_group.aws_iam_role_policy.this",
            "module.retail_app_eks.module.eks_managed_node_group.aws_iam_role_policy_attachment.additional",
            "module.retail_app_eks.module.eks_managed_node_group.aws_iam_role_policy_attachment.this",
            "module.retail_app_eks.module.eks_managed_node_group.aws_launch_template.this",
            "module.retail_app_eks.module.eks_managed_node_group.aws_placement_group.this",
            "module.retail_app_eks.module.eks_managed_node_group.data.aws_caller_identity.current",
            "module.retail_app_eks.module.eks_managed_node_group.data.aws_ec2_instance_type.this",
            "module.retail_app_eks.module.eks_managed_node_group.data.aws_ec2_instance_type_offerings.this",
            "module.retail_app_eks.module.eks_managed_node_group.data.aws_iam_policy_document.assume_role_policy",
            "module.retail_app_eks.module.eks_managed_node_group.data.aws_iam_policy_document.role",
            "module.retail_app_eks.module.eks_managed_node_group.data.aws_partition.current",
            "module.retail_app_eks.module.eks_managed_node_group.data.aws_ssm_parameter.ami",
            "module.retail_app_eks.module.eks_managed_node_group.data.aws_subnets.placement_group",
            "module.retail_app_eks.module.eks_managed_node_group.module.user_data.data.cloudinit_config.al2023_eks_managed_node_group",
            "module.retail_app_eks.module.eks_managed_node_group.module.user_data.data.cloudinit_config.linux_eks_managed_node_group",
            "module.retail_app_eks.module.eks_managed_node_group.module.user_data.null_resource.validate_cluster_service_cidr",
            "module.retail_app_eks.module.fargate_profile.aws_eks_fargate_profile.this",
            "module.retail_app_eks.module.fargate_profile.aws_iam_role.this",
            "module.retail_app_eks.module.fargate_profile.aws_iam_role_policy.this",
            "module.retail_app_eks.module.fargate_profile.aws_iam_role_policy_attachment.additional",
            "module.retail_app_eks.module.fargate_profile.aws_iam_role_policy_attachment.this",
            "module.retail_app_eks.module.fargate_profile.data.aws_caller_identity.current",
            "module.retail_app_eks.module.fargate_profile.data.aws_iam_policy_document.assume_role_policy",
            "module.retail_app_eks.module.fargate_profile.data.aws_iam_policy_document.role",
            "module.retail_app_eks.module.fargate_profile.data.aws_partition.current",
            "module.retail_app_eks.module.fargate_profile.data.aws_region.current",
            "module.retail_app_eks.module.kms.aws_kms_alias.this",
            "module.retail_app_eks.module.kms.aws_kms_external_key.this",
            "module.retail_app_eks.module.kms.aws_kms_grant.this",
            "module.retail_app_eks.module.kms.aws_kms_key.this",
            "module.retail_app_eks.module.kms.aws_kms_replica_external_key.this",
            "module.retail_app_eks.module.kms.aws_kms_replica_key.this",
            "module.retail_app_eks.module.kms.data.aws_caller_identity.current",
            "module.retail_app_eks.module.kms.data.aws_iam_policy_document.this",
            "module.retail_app_eks.module.kms.data.aws_partition.current",
            "module.retail_app_eks.module.self_managed_node_group.aws_autoscaling_group.this",
            "module.retail_app_eks.module.self_managed_node_group.aws_autoscaling_schedule.this",
            "module.retail_app_eks.module.self_managed_node_group.aws_eks_access_entry.this",
            "module.retail_app_eks.module.self_managed_node_group.aws_iam_instance_profile.this",
            "module.retail_app_eks.module.self_managed_node_group.aws_iam_role.this",
            "module.retail_app_eks.module.self_managed_node_group.aws_iam_role_policy.this",
            "module.retail_app_eks.module.self_managed_node_group.aws_iam_role_policy_attachment.additional",
            "module.retail_app_eks.module.self_managed_node_group.aws_iam_role_policy_attachment.this",
            "module.retail_app_eks.module.self_managed_node_group.aws_launch_template.this",
            "module.retail_app_eks.module.self_managed_node_group.aws_placement_group.this",
            "module.retail_app_eks.module.self_managed_node_group.data.aws_caller_identity.current",
            "module.retail_app_eks.module.self_managed_node_group.data.aws_ec2_instance_type.this",
            "module.retail_app_eks.module.self_managed_node_group.data.aws_ec2_instance_type_offerings.this",
            "module.retail_app_eks.module.self_managed_node_group.data.aws_iam_policy_document.assume_role_policy",
            "module.retail_app_eks.module.self_managed_node_group.data.aws_iam_policy_document.role",
            "module.retail_app_eks.module.self_managed_node_group.data.aws_partition.current",
            "module.retail_app_eks.module.self_managed_node_group.data.aws_ssm_parameter.ami",
            "module.retail_app_eks.module.self_managed_node_group.data.aws_subnets.placement_group",
            "module.retail_app_eks.module.self_managed_node_group.module.user_data.data.cloudinit_config.al2023_eks_managed_node_group",
            "module.retail_app_eks.module.self_managed_node_group.module.user_data.data.cloudinit_config.linux_eks_managed_node_group",
            "module.retail_app_eks.module.self_managed_node_group.module.user_data.null_resource.validate_cluster_service_cidr",
            "module.retail_app_eks.time_sleep.this",
            "module.vpc.aws_subnet.private",
            "module.vpc.aws_vpc.this",
            "module.vpc.aws_vpc_ipv4_cidr_block_association.this",
            "random_string.suffix"
          ]
        }
      ]
    },
    {
      "module": "module.eks_addons.module.cert_manager",
      "mode": "managed",
      "type": "helm_release",
      "name": "this",
      "provider": "provider[\"registry.terraform.io/hashicorp/helm\"]",
      "instances": [
        {
          "index_key": 0,
          "schema_version": 1,
          "attributes": {
            "atomic": false,
            "chart": "cert-manager",
            "cleanup_on_fail": false,
            "create_namespace": true,
            "dependency_update": false,
            "description": "A Helm chart to deploy cert-manager",
            "devel": null,
            "disable_crd_hooks": false,
            "disable_openapi_validation": false,
            "disable_webhooks": false,
            "force_update": false,
            "id": "cert-manager",
            "keyring": null,
            "lint": false,
            "manifest": null,
            "max_history": 0,
            "metadata": [
              {
                "app_version": "v1.14.3",
                "chart": "cert-manager",
                "first_deployed": 1758891960,
                "last_deployed": 1758891960,
                "name": "cert-manager",
                "namespace": "cert-manager",
                "notes": "cert-manager v1.14.3 has been deployed successfully!\n\nIn order to begin issuing certificates, you will need to set up a ClusterIssuer\nor Issuer resource (for example, by creating a 'letsencrypt-staging' issuer).\n\nMore information on the different types of issuers and how to configure them\ncan be found in our documentation:\n\nhttps://cert-manager.io/docs/configuration/\n\nFor information on how to configure cert-manager to automatically provision\nCertificates for Ingress resources, take a look at the `ingress-shim`\ndocumentation:\n\nhttps://cert-manager.io/docs/usage/ingress/\n",
                "revision": 1,
                "values": "{\"installCRDs\":true,\"serviceAccount\":{\"annotations\":{\"eks.amazonaws.com/role-arn\":\"arn:aws:iam::245991315809:role/cert-manager-20250926130552968100000018\"},\"name\":\"cert-manager\"}}",
                "version": "v1.14.3"
              }
            ],
            "name": "cert-manager",
            "namespace": "cert-manager",
            "pass_credentials": false,
            "postrender": [],
            "recreate_pods": false,
            "render_subchart_notes": true,
            "replace": false,
            "repository": "https://charts.jetstack.io",
            "repository_ca_file": null,
            "repository_cert_file": null,
            "repository_key_file": null,
            "repository_password": null,
            "repository_username": null,
            "reset_values": false,
            "reuse_values": false,
            "set": [
              {
                "name": "installCRDs",
                "type": "",
                "value": "true"
              },
              {
                "name": "serviceAccount.annotations.eks\\.amazonaws\\.com/role-arn",
                "type": "",
                "value": "arn:aws:iam::245991315809:role/cert-manager-20250926130552968100000018"
              },
              {
                "name": "serviceAccount.name",
                "type": "",
                "value": "cert-manager"
              }
            ],
            "set_list": [],
            "set_sensitive": [],
            "skip_crds": false,
            "status": "deployed",
            "timeout": 300,
            "upgrade_install": null,
            "values": [],
            "verify": false,
            "version": "v1.14.3",
            "wait": false,
            "wait_for_jobs": false
          },
          "sensitive_attributes": [
            [
              {
                "type": "get_attr",
                "value": "repository_password"
              }
            ]
          ],
          "identity_schema_version": 0,
          "private": "eyJzY2hlbWFfdmVyc2lvbiI6IjEifQ==",
          "dependencies": [
            "data.aws_availability_zones.available",
            "data.aws_caller_identity.current",
            "module.eks_addons.module.cert_manager.aws_iam_role.this",
            "module.eks_addons.module.cert_manager.data.aws_caller_identity.current",
            "module.eks_addons.module.cert_manager.data.aws_iam_policy_document.assume",
            "module.eks_addons.module.cert_manager.data.aws_partition.current",
            "module.eks_addons.time_sleep.this",
            "module.retail_app_eks.aws_cloudwatch_log_group.this",
            "module.retail_app_eks.aws_ec2_tag.cluster_primary_security_group",
            "module.retail_app_eks.aws_eks_access_entry.this",
            "module.retail_app_eks.aws_eks_access_policy_association.this",
            "module.retail_app_eks.aws_eks_addon.before_compute",
            "module.retail_app_eks.aws_eks_addon.this",
            "module.retail_app_eks.aws_eks_cluster.this",
            "module.retail_app_eks.aws_eks_identity_provider_config.this",
            "module.retail_app_eks.aws_iam_openid_connect_provider.oidc_provider",
            "module.retail_app_eks.aws_iam_policy.cluster_encryption",
            "module.retail_app_eks.aws_iam_policy.cni_ipv6_policy",
            "module.retail_app_eks.aws_iam_policy.custom",
            "module.retail_app_eks.aws_iam_role.eks_auto",
            "module.retail_app_eks.aws_iam_role.this",
            "module.retail_app_eks.aws_iam_role_policy_attachment.additional",
            "module.retail_app_eks.aws_iam_role_policy_attachment.cluster_encryption",
            "module.retail_app_eks.aws_iam_role_policy_attachment.custom",
            "module.retail_app_eks.aws_iam_role_policy_attachment.eks_auto",
            "module.retail_app_eks.aws_iam_role_policy_attachment.eks_auto_additional",
            "module.retail_app_eks.aws_iam_role_policy_attachment.this",
            "module.retail_app_eks.aws_security_group.cluster",
            "module.retail_app_eks.aws_security_group.node",
            "module.retail_app_eks.aws_security_group_rule.cluster",
            "module.retail_app_eks.aws_security_group_rule.node",
            "module.retail_app_eks.data.aws_caller_identity.current",
            "module.retail_app_eks.data.aws_eks_addon_version.this",
            "module.retail_app_eks.data.aws_iam_policy_document.assume_role_policy",
            "module.retail_app_eks.data.aws_iam_policy_document.cni_ipv6_policy",
            "module.retail_app_eks.data.aws_iam_policy_document.custom",
            "module.retail_app_eks.data.aws_iam_policy_document.node_assume_role_policy",
            "module.retail_app_eks.data.aws_iam_session_context.current",
            "module.retail_app_eks.data.aws_partition.current",
            "module.retail_app_eks.data.tls_certificate.this",
            "module.retail_app_eks.module.eks_managed_node_group.aws_autoscaling_schedule.this",
            "module.retail_app_eks.module.eks_managed_node_group.aws_eks_node_group.this",
            "module.retail_app_eks.module.eks_managed_node_group.aws_iam_role.this",
            "module.retail_app_eks.module.eks_managed_node_group.aws_iam_role_policy.this",
            "module.retail_app_eks.module.eks_managed_node_group.aws_iam_role_policy_attachment.additional",
            "module.retail_app_eks.module.eks_managed_node_group.aws_iam_role_policy_attachment.this",
            "module.retail_app_eks.module.eks_managed_node_group.aws_launch_template.this",
            "module.retail_app_eks.module.eks_managed_node_group.aws_placement_group.this",
            "module.retail_app_eks.module.eks_managed_node_group.data.aws_caller_identity.current",
            "module.retail_app_eks.module.eks_managed_node_group.data.aws_ec2_instance_type.this",
            "module.retail_app_eks.module.eks_managed_node_group.data.aws_ec2_instance_type_offerings.this",
            "module.retail_app_eks.module.eks_managed_node_group.data.aws_iam_policy_document.assume_role_policy",
            "module.retail_app_eks.module.eks_managed_node_group.data.aws_iam_policy_document.role",
            "module.retail_app_eks.module.eks_managed_node_group.data.aws_partition.current",
            "module.retail_app_eks.module.eks_managed_node_group.data.aws_ssm_parameter.ami",
            "module.retail_app_eks.module.eks_managed_node_group.data.aws_subnets.placement_group",
            "module.retail_app_eks.module.eks_managed_node_group.module.user_data.data.cloudinit_config.al2023_eks_managed_node_group",
            "module.retail_app_eks.module.eks_managed_node_group.module.user_data.data.cloudinit_config.linux_eks_managed_node_group",
            "module.retail_app_eks.module.eks_managed_node_group.module.user_data.null_resource.validate_cluster_service_cidr",
            "module.retail_app_eks.module.fargate_profile.aws_eks_fargate_profile.this",
            "module.retail_app_eks.module.fargate_profile.aws_iam_role.this",
            "module.retail_app_eks.module.fargate_profile.aws_iam_role_policy.this",
            "module.retail_app_eks.module.fargate_profile.aws_iam_role_policy_attachment.additional",
            "module.retail_app_eks.module.fargate_profile.aws_iam_role_policy_attachment.this",
            "module.retail_app_eks.module.fargate_profile.data.aws_caller_identity.current",
            "module.retail_app_eks.module.fargate_profile.data.aws_iam_policy_document.assume_role_policy",
            "module.retail_app_eks.module.fargate_profile.data.aws_iam_policy_document.role",
            "module.retail_app_eks.module.fargate_profile.data.aws_partition.current",
            "module.retail_app_eks.module.fargate_profile.data.aws_region.current",
            "module.retail_app_eks.module.kms.aws_kms_alias.this",
            "module.retail_app_eks.module.kms.aws_kms_external_key.this",
            "module.retail_app_eks.module.kms.aws_kms_grant.this",
            "module.retail_app_eks.module.kms.aws_kms_key.this",
            "module.retail_app_eks.module.kms.aws_kms_replica_external_key.this",
            "module.retail_app_eks.module.kms.aws_kms_replica_key.this",
            "module.retail_app_eks.module.kms.data.aws_caller_identity.current",
            "module.retail_app_eks.module.kms.data.aws_iam_policy_document.this",
            "module.retail_app_eks.module.kms.data.aws_partition.current",
            "module.retail_app_eks.module.self_managed_node_group.aws_autoscaling_group.this",
            "module.retail_app_eks.module.self_managed_node_group.aws_autoscaling_schedule.this",
            "module.retail_app_eks.module.self_managed_node_group.aws_eks_access_entry.this",
            "module.retail_app_eks.module.self_managed_node_group.aws_iam_instance_profile.this",
            "module.retail_app_eks.module.self_managed_node_group.aws_iam_role.this",
            "module.retail_app_eks.module.self_managed_node_group.aws_iam_role_policy.this",
            "module.retail_app_eks.module.self_managed_node_group.aws_iam_role_policy_attachment.additional",
            "module.retail_app_eks.module.self_managed_node_group.aws_iam_role_policy_attachment.this",
            "module.retail_app_eks.module.self_managed_node_group.aws_launch_template.this",
            "module.retail_app_eks.module.self_managed_node_group.aws_placement_group.this",
            "module.retail_app_eks.module.self_managed_node_group.data.aws_caller_identity.current",
            "module.retail_app_eks.module.self_managed_node_group.data.aws_ec2_instance_type.this",
            "module.retail_app_eks.module.self_managed_node_group.data.aws_ec2_instance_type_offerings.this",
            "module.retail_app_eks.module.self_managed_node_group.data.aws_iam_policy_document.assume_role_policy",
            "module.retail_app_eks.module.self_managed_node_group.data.aws_iam_policy_document.role",
            "module.retail_app_eks.module.self_managed_node_group.data.aws_partition.current",
            "module.retail_app_eks.module.self_managed_node_group.data.aws_ssm_parameter.ami",
            "module.retail_app_eks.module.self_managed_node_group.data.aws_subnets.placement_group",
            "module.retail_app_eks.module.self_managed_node_group.module.user_data.data.cloudinit_config.al2023_eks_managed_node_group",
            "module.retail_app_eks.module.self_managed_node_group.module.user_data.data.cloudinit_config.linux_eks_managed_node_group",
            "module.retail_app_eks.module.self_managed_node_group.module.user_data.null_resource.validate_cluster_service_cidr",
            "module.retail_app_eks.time_sleep.this",
            "module.vpc.aws_subnet.private",
            "module.vpc.aws_vpc.this",
            "module.vpc.aws_vpc_ipv4_cidr_block_association.this",
            "random_string.suffix"
          ]
        }
      ]
    },
    {
      "module": "module.retail_app_eks",
      "mode": "data",
      "type": "aws_caller_identity",
      "name": "current",
      "provider": "provider[\"registry.terraform.io/hashicorp/aws\"]",
      "instances": [
        {
          "index_key": 0,
          "schema_version": 0,
          "attributes": {
            "account_id": "245991315809",
            "arn": "arn:aws:iam::245991315809:user/cli-user",
            "id": "245991315809",
            "user_id": "AIDATSRRZTFQTAWT6544P"
          },
          "sensitive_attributes": [],
          "identity_schema_version": 0
        }
      ]
    },
    {
      "module": "module.retail_app_eks",
      "mode": "data",
      "type": "aws_iam_policy_document",
      "name": "assume_role_policy",
      "provider": "provider[\"registry.terraform.io/hashicorp/aws\"]",
      "instances": [
        {
          "index_key": 0,
          "schema_version": 0,
          "attributes": {
            "id": "2830595799",
            "json": "{\n  \"Version\": \"2012-10-17\",\n  \"Statement\": [\n    {\n      \"Sid\": \"EKSClusterAssumeRole\",\n      \"Effect\": \"Allow\",\n      \"Action\": [\n        \"sts:TagSession\",\n        \"sts:AssumeRole\"\n      ],\n      \"Principal\": {\n        \"Service\": \"eks.amazonaws.com\"\n      }\n    }\n  ]\n}",
            "minified_json": "{\"Version\":\"2012-10-17\",\"Statement\":[{\"Sid\":\"EKSClusterAssumeRole\",\"Effect\":\"Allow\",\"Action\":[\"sts:TagSession\",\"sts:AssumeRole\"],\"Principal\":{\"Service\":\"eks.amazonaws.com\"}}]}",
            "override_json": null,
            "override_policy_documents": null,
            "policy_id": null,
            "source_json": null,
            "source_policy_documents": null,
            "statement": [
              {
                "actions": [
                  "sts:AssumeRole",
                  "sts:TagSession"
                ],
                "condition": [],
                "effect": "Allow",
                "not_actions": [],
                "not_principals": [],
                "not_resources": [],
                "principals": [
                  {
                    "identifiers": [
                      "eks.amazonaws.com"
                    ],
                    "type": "Service"
                  }
                ],
                "resources": [],
                "sid": "EKSClusterAssumeRole"
              }
            ],
            "version": "2012-10-17"
          },
          "sensitive_attributes": [],
          "identity_schema_version": 0
        }
      ]
    },
    {
      "module": "module.retail_app_eks",
      "mode": "data",
      "type": "aws_iam_policy_document",
      "name": "custom",
      "provider": "provider[\"registry.terraform.io/hashicorp/aws\"]",
      "instances": [
        {
          "index_key": 0,
          "schema_version": 0,
          "attributes": {
            "id": "513122117",
            "json": "{\n  \"Version\": \"2012-10-17\",\n  \"Statement\": [\n    {\n      \"Sid\": \"Compute\",\n      \"Effect\": \"Allow\",\n      \"Action\": [\n        \"ec2:RunInstances\",\n        \"ec2:CreateLaunchTemplate\",\n        \"ec2:CreateFleet\"\n      ],\n      \"Resource\": \"*\",\n      \"Condition\": {\n        \"StringEquals\": {\n          \"aws:RequestTag/eks:eks-cluster-name\": \"${aws:PrincipalTag/eks:eks-cluster-name}\"\n        },\n        \"StringLike\": {\n          \"aws:RequestTag/eks:kubernetes-node-class-name\": \"*\",\n          \"aws:RequestTag/eks:kubernetes-node-pool-name\": \"*\"\n        }\n      }\n    },\n    {\n      \"Sid\": \"Storage\",\n      \"Effect\": \"Allow\",\n      \"Action\": [\n        \"ec2:CreateVolume\",\n        \"ec2:CreateSnapshot\"\n      ],\n      \"Resource\": [\n        \"arn:aws:ec2:*:*:volume/*\",\n        \"arn:aws:ec2:*:*:snapshot/*\"\n      ],\n      \"Condition\": {\n        \"StringEquals\": {\n          \"aws:RequestTag/eks:eks-cluster-name\": \"${aws:PrincipalTag/eks:eks-cluster-name}\"\n        }\n      }\n    },\n    {\n      \"Sid\": \"Networking\",\n      \"Effect\": \"Allow\",\n      \"Action\": \"ec2:CreateNetworkInterface\",\n      \"Resource\": \"*\",\n      \"Condition\": {\n        \"StringEquals\": {\n          \"aws:RequestTag/eks:eks-cluster-name\": \"${aws:PrincipalTag/eks:eks-cluster-name}\",\n          \"aws:RequestTag/eks:kubernetes-cni-node-name\": \"*\"\n        }\n      }\n    },\n    {\n      \"Sid\": \"LoadBalancer\",\n      \"Effect\": \"Allow\",\n      \"Action\": [\n        \"elasticloadbalancing:CreateTargetGroup\",\n        \"elasticloadbalancing:CreateRule\",\n        \"elasticloadbalancing:CreateLoadBalancer\",\n        \"elasticloadbalancing:CreateListener\",\n        \"ec2:CreateSecurityGroup\"\n      ],\n      \"Resource\": \"*\",\n      \"Condition\": {\n        \"StringEquals\": {\n          \"aws:RequestTag/eks:eks-cluster-name\": \"${aws:PrincipalTag/eks:eks-cluster-name}\"\n        }\n      }\n    },\n    {\n      \"Sid\": \"ShieldProtection\",\n      \"Effect\": \"Allow\",\n      \"Action\": \"shield:CreateProtection\",\n      \"Resource\": \"*\",\n      \"Condition\": {\n        \"StringEquals\": {\n          \"aws:RequestTag/eks:eks-cluster-name\": \"${aws:PrincipalTag/eks:eks-cluster-name}\"\n        }\n      }\n    },\n    {\n      \"Sid\": \"ShieldTagResource\",\n      \"Effect\": \"Allow\",\n      \"Action\": \"shield:TagResource\",\n      \"Resource\": \"arn:aws:shield::*:protection/*\",\n      \"Condition\": {\n        \"StringEquals\": {\n          \"aws:RequestTag/eks:eks-cluster-name\": \"${aws:PrincipalTag/eks:eks-cluster-name}\"\n        }\n      }\n    }\n  ]\n}",
            "minified_json": "{\"Version\":\"2012-10-17\",\"Statement\":[{\"Sid\":\"Compute\",\"Effect\":\"Allow\",\"Action\":[\"ec2:RunInstances\",\"ec2:CreateLaunchTemplate\",\"ec2:CreateFleet\"],\"Resource\":\"*\",\"Condition\":{\"StringEquals\":{\"aws:RequestTag/eks:eks-cluster-name\":\"${aws:PrincipalTag/eks:eks-cluster-name}\"},\"StringLike\":{\"aws:RequestTag/eks:kubernetes-node-class-name\":\"*\",\"aws:RequestTag/eks:kubernetes-node-pool-name\":\"*\"}}},{\"Sid\":\"Storage\",\"Effect\":\"Allow\",\"Action\":[\"ec2:CreateVolume\",\"ec2:CreateSnapshot\"],\"Resource\":[\"arn:aws:ec2:*:*:volume/*\",\"arn:aws:ec2:*:*:snapshot/*\"],\"Condition\":{\"StringEquals\":{\"aws:RequestTag/eks:eks-cluster-name\":\"${aws:PrincipalTag/eks:eks-cluster-name}\"}}},{\"Sid\":\"Networking\",\"Effect\":\"Allow\",\"Action\":\"ec2:CreateNetworkInterface\",\"Resource\":\"*\",\"Condition\":{\"StringEquals\":{\"aws:RequestTag/eks:eks-cluster-name\":\"${aws:PrincipalTag/eks:eks-cluster-name}\",\"aws:RequestTag/eks:kubernetes-cni-node-name\":\"*\"}}},{\"Sid\":\"LoadBalancer\",\"Effect\":\"Allow\",\"Action\":[\"elasticloadbalancing:CreateTargetGroup\",\"elasticloadbalancing:CreateRule\",\"elasticloadbalancing:CreateLoadBalancer\",\"elasticloadbalancing:CreateListener\",\"ec2:CreateSecurityGroup\"],\"Resource\":\"*\",\"Condition\":{\"StringEquals\":{\"aws:RequestTag/eks:eks-cluster-name\":\"${aws:PrincipalTag/eks:eks-cluster-name}\"}}},{\"Sid\":\"ShieldProtection\",\"Effect\":\"Allow\",\"Action\":\"shield:CreateProtection\",\"Resource\":\"*\",\"Condition\":{\"StringEquals\":{\"aws:RequestTag/eks:eks-cluster-name\":\"${aws:PrincipalTag/eks:eks-cluster-name}\"}}},{\"Sid\":\"ShieldTagResource\",\"Effect\":\"Allow\",\"Action\":\"shield:TagResource\",\"Resource\":\"arn:aws:shield::*:protection/*\",\"Condition\":{\"StringEquals\":{\"aws:RequestTag/eks:eks-cluster-name\":\"${aws:PrincipalTag/eks:eks-cluster-name}\"}}}]}",
            "override_json": null,
            "override_policy_documents": null,
            "policy_id": null,
            "source_json": null,
            "source_policy_documents": null,
            "statement": [
              {
                "actions": [
                  "ec2:CreateFleet",
                  "ec2:CreateLaunchTemplate",
                  "ec2:RunInstances"
                ],
                "condition": [
                  {
                    "test": "StringEquals",
                    "values": [
                      "${aws:PrincipalTag/eks:eks-cluster-name}"
                    ],
                    "variable": "aws:RequestTag/eks:eks-cluster-name"
                  },
                  {
                    "test": "StringLike",
                    "values": [
                      "*"
                    ],
                    "variable": "aws:RequestTag/eks:kubernetes-node-class-name"
                  },
                  {
                    "test": "StringLike",
                    "values": [
                      "*"
                    ],
                    "variable": "aws:RequestTag/eks:kubernetes-node-pool-name"
                  }
                ],
                "effect": "Allow",
                "not_actions": [],
                "not_principals": [],
                "not_resources": [],
                "principals": [],
                "resources": [
                  "*"
                ],
                "sid": "Compute"
              },
              {
                "actions": [
                  "ec2:CreateSnapshot",
                  "ec2:CreateVolume"
                ],
                "condition": [
                  {
                    "test": "StringEquals",
                    "values": [
                      "${aws:PrincipalTag/eks:eks-cluster-name}"
                    ],
                    "variable": "aws:RequestTag/eks:eks-cluster-name"
                  }
                ],
                "effect": "Allow",
                "not_actions": [],
                "not_principals": [],
                "not_resources": [],
                "principals": [],
                "resources": [
                  "arn:aws:ec2:*:*:snapshot/*",
                  "arn:aws:ec2:*:*:volume/*"
                ],
                "sid": "Storage"
              },
              {
                "actions": [
                  "ec2:CreateNetworkInterface"
                ],
                "condition": [
                  {
                    "test": "StringEquals",
                    "values": [
                      "${aws:PrincipalTag/eks:eks-cluster-name}"
                    ],
                    "variable": "aws:RequestTag/eks:eks-cluster-name"
                  },
                  {
                    "test": "StringEquals",
                    "values": [
                      "*"
                    ],
                    "variable": "aws:RequestTag/eks:kubernetes-cni-node-name"
                  }
                ],
                "effect": "Allow",
                "not_actions": [],
                "not_principals": [],
                "not_resources": [],
                "principals": [],
                "resources": [
                  "*"
                ],
                "sid": "Networking"
              },
              {
                "actions": [
                  "ec2:CreateSecurityGroup",
                  "elasticloadbalancing:CreateListener",
                  "elasticloadbalancing:CreateLoadBalancer",
                  "elasticloadbalancing:CreateRule",
                  "elasticloadbalancing:CreateTargetGroup"
                ],
                "condition": [
                  {
                    "test": "StringEquals",
                    "values": [
                      "${aws:PrincipalTag/eks:eks-cluster-name}"
                    ],
                    "variable": "aws:RequestTag/eks:eks-cluster-name"
                  }
                ],
                "effect": "Allow",
                "not_actions": [],
                "not_principals": [],
                "not_resources": [],
                "principals": [],
                "resources": [
                  "*"
                ],
                "sid": "LoadBalancer"
              },
              {
                "actions": [
                  "shield:CreateProtection"
                ],
                "condition": [
                  {
                    "test": "StringEquals",
                    "values": [
                      "${aws:PrincipalTag/eks:eks-cluster-name}"
                    ],
                    "variable": "aws:RequestTag/eks:eks-cluster-name"
                  }
                ],
                "effect": "Allow",
                "not_actions": [],
                "not_principals": [],
                "not_resources": [],
                "principals": [],
                "resources": [
                  "*"
                ],
                "sid": "ShieldProtection"
              },
              {
                "actions": [
                  "shield:TagResource"
                ],
                "condition": [
                  {
                    "test": "StringEquals",
                    "values": [
                      "${aws:PrincipalTag/eks:eks-cluster-name}"
                    ],
                    "variable": "aws:RequestTag/eks:eks-cluster-name"
                  }
                ],
                "effect": "Allow",
                "not_actions": [],
                "not_principals": [],
                "not_resources": [],
                "principals": [],
                "resources": [
                  "arn:aws:shield::*:protection/*"
                ],
                "sid": "ShieldTagResource"
              }
            ],
            "version": "2012-10-17"
          },
          "sensitive_attributes": [],
          "identity_schema_version": 0
        }
      ]
    },
    {
      "module": "module.retail_app_eks",
      "mode": "data",
      "type": "aws_iam_session_context",
      "name": "current",
      "provider": "provider[\"registry.terraform.io/hashicorp/aws\"]",
      "instances": [
        {
          "index_key": 0,
          "schema_version": 0,
          "attributes": {
            "arn": "arn:aws:iam::245991315809:user/cli-user",
            "id": "arn:aws:iam::245991315809:user/cli-user",
            "issuer_arn": "arn:aws:iam::245991315809:user/cli-user",
            "issuer_id": "",
            "issuer_name": "",
            "session_name": ""
          },
          "sensitive_attributes": [],
          "identity_schema_version": 0
        }
      ]
    },
    {
      "module": "module.retail_app_eks",
      "mode": "data",
      "type": "aws_partition",
      "name": "current",
      "provider": "provider[\"registry.terraform.io/hashicorp/aws\"]",
      "instances": [
        {
          "index_key": 0,
          "schema_version": 0,
          "attributes": {
            "dns_suffix": "amazonaws.com",
            "id": "aws",
            "partition": "aws",
            "reverse_dns_prefix": "com.amazonaws"
          },
          "sensitive_attributes": [],
          "identity_schema_version": 0
        }
      ]
    },
    {
      "module": "module.retail_app_eks",
      "mode": "data",
      "type": "tls_certificate",
      "name": "this",
      "provider": "provider[\"registry.terraform.io/hashicorp/tls\"]",
      "instances": [
        {
          "index_key": 0,
          "schema_version": 0,
          "attributes": {
            "certificates": [
              {
                "cert_pem": "-----BEGIN CERTIFICATE-----\nMIIEdTCCA12gAwIBAgIJAKcOSkw0grd/MA0GCSqGSIb3DQEBCwUAMGgxCzAJBgNV\nBAYTAlVTMSUwIwYDVQQKExxTdGFyZmllbGQgVGVjaG5vbG9naWVzLCBJbmMuMTIw\nMAYDVQQLEylTdGFyZmllbGQgQ2xhc3MgMiBDZXJ0aWZpY2F0aW9uIEF1dGhvcml0\neTAeFw0wOTA5MDIwMDAwMDBaFw0zNDA2MjgxNzM5MTZaMIGYMQswCQYDVQQGEwJV\nUzEQMA4GA1UECBMHQXJpem9uYTETMBEGA1UEBxMKU2NvdHRzZGFsZTElMCMGA1UE\nChMcU3RhcmZpZWxkIFRlY2hub2xvZ2llcywgSW5jLjE7MDkGA1UEAxMyU3RhcmZp\nZWxkIFNlcnZpY2VzIFJvb3QgQ2VydGlmaWNhdGUgQXV0aG9yaXR5IC0gRzIwggEi\nMA0GCSqGSIb3DQEBAQUAA4IBDwAwggEKAoIBAQDVDDrEKvlO4vW+GZdfjohTsR8/\ny8+fIBNtKTrID30892t2OGPZNmCom15cAICyL1l/9of5JUOG52kbUpqQ4XHj2C0N\nTm/2yEnZtvMaVq4rtnQU68/7JuMauh2WLmo7WJSJR1b/JaCTcFOD2oR0FMNnngRo\nOt+OQFodSk7PQ5E751bWAHDLUu57fa4657wx+UX2wmDPE1kCK4DMNEffud6QZW0C\nzyyRpqbn3oUYSXxmTqM6bam17jQuug0DuDPfR+uxa40l2ZvOgdFFRjKWcIfeAg5J\nQ4W2bHO7ZOphQazJ1FTfhy/HIrImzJ9ZVGif/L4qL8RVHHVAYBeFAlU5i38FAgMB\nAAGjgfAwge0wDwYDVR0TAQH/BAUwAwEB/zAOBgNVHQ8BAf8EBAMCAYYwHQYDVR0O\nBBYEFJxfAN+qAdcwKziIorhtSpzyEZGDMB8GA1UdIwQYMBaAFL9ft9HO3R+G9FtV\nrNzXEMIOqYjnME8GCCsGAQUFBwEBBEMwQTAcBggrBgEFBQcwAYYQaHR0cDovL28u\nc3MyLnVzLzAhBggrBgEFBQcwAoYVaHR0cDovL3guc3MyLnVzL3guY2VyMCYGA1Ud\nHwQfMB0wG6AZoBeGFWh0dHA6Ly9zLnNzMi51cy9yLmNybDARBgNVHSAECjAIMAYG\nBFUdIAAwDQYJKoZIhvcNAQELBQADggEBACMd44pXyn3pF3lM8R5V/cxTbj5HD9/G\nVfKyBDbtgB9TxF00KGu+x1X8Z+rLP3+QsjPNG1gQggL4+C/1E2DUBc7xgQjB3ad1\nl08YuW3e95ORCLp+QCztweq7dp4zBncdDQh/U90bZKuCJ/Fp1U1ervShw3WnWEQt\n8jxwmKy6abaVd38PMV4s/KCHOkdp8Hlf9BRUpJVeEXgSYCfOn8J3/yNTd126/+pZ\n59vPr5KW7ySaNRB6nJHGDn2Z9j8Z3/VyVOEVqQdZe4O/Ui5GjLIAZHYcSNPYeehu\nVsyuLAOQ1xk4meTKCRlb/weWsKh/NEnfVqn3sF/tM+2MR7cwA130A4w=\n-----END CERTIFICATE-----\n",
                "is_ca": true,
                "issuer": "OU=Starfield Class 2 Certification Authority,O=Starfield Technologies\\, Inc.,C=US",
                "not_after": "2034-06-28T17:39:16Z",
                "not_before": "2009-09-02T00:00:00Z",
                "public_key_algorithm": "RSA",
                "serial_number": "12037640545166866303",
                "sha1_fingerprint": "9e99a48a9960b14926bb7f3b02e22da2b0ab7280",
                "signature_algorithm": "SHA256-RSA",
                "subject": "CN=Starfield Services Root Certificate Authority - G2,O=Starfield Technologies\\, Inc.,L=Scottsdale,ST=Arizona,C=US",
                "version": 3
              },
              {
                "cert_pem": "-----BEGIN CERTIFICATE-----\nMIIEkjCCA3qgAwIBAgITBn+USionzfP6wq4rAfkI7rnExjANBgkqhkiG9w0BAQsF\nADCBmDELMAkGA1UEBhMCVVMxEDAOBgNVBAgTB0FyaXpvbmExEzARBgNVBAcTClNj\nb3R0c2RhbGUxJTAjBgNVBAoTHFN0YXJmaWVsZCBUZWNobm9sb2dpZXMsIEluYy4x\nOzA5BgNVBAMTMlN0YXJmaWVsZCBTZXJ2aWNlcyBSb290IENlcnRpZmljYXRlIEF1\ndGhvcml0eSAtIEcyMB4XDTE1MDUyNTEyMDAwMFoXDTM3MTIzMTAxMDAwMFowOTEL\nMAkGA1UEBhMCVVMxDzANBgNVBAoTBkFtYXpvbjEZMBcGA1UEAxMQQW1hem9uIFJv\nb3QgQ0EgMTCCASIwDQYJKoZIhvcNAQEBBQADggEPADCCAQoCggEBALJ4gHHKeNXj\nca9HgFB0fW7Y14h29Jlo91ghYPl0hAEvrAIthtOgQ3pOsqTQNroBvo3bSMgHFzZM\n9O6II8c+6zf1tRn4SWiw3te5djgdYZ6k/oI2peVKVuRF4fn9tBb6dNqcmzU5L/qw\nIFAGbHrQgLKm+a/sRxmPUDgH3KKHOVj4utWp+UhnMJbulHheb4mjUcAwhmahRWa6\nVOujw5H5SNz/0egwLX0tdHA114gk957EWW67c4cX8jJGKLhD+rcdqsq08p8kDi1L\n93FcXmn/6pUCyziKrlA4b9v7LWIbxcceVOF34GfID5yHI9Y/QCB/IIDEgEw+OyQm\njgSubJrIqg0CAwEAAaOCATEwggEtMA8GA1UdEwEB/wQFMAMBAf8wDgYDVR0PAQH/\nBAQDAgGGMB0GA1UdDgQWBBSEGMyFNOy8DJSULghZnMeyEE4KCDAfBgNVHSMEGDAW\ngBScXwDfqgHXMCs4iKK4bUqc8hGRgzB4BggrBgEFBQcBAQRsMGowLgYIKwYBBQUH\nMAGGImh0dHA6Ly9vY3NwLnJvb3RnMi5hbWF6b250cnVzdC5jb20wOAYIKwYBBQUH\nMAKGLGh0dHA6Ly9jcnQucm9vdGcyLmFtYXpvbnRydXN0LmNvbS9yb290ZzIuY2Vy\nMD0GA1UdHwQ2MDQwMqAwoC6GLGh0dHA6Ly9jcmwucm9vdGcyLmFtYXpvbnRydXN0\nLmNvbS9yb290ZzIuY3JsMBEGA1UdIAQKMAgwBgYEVR0gADANBgkqhkiG9w0BAQsF\nAAOCAQEAYjdCXLwQtT6LLOkMm2xF4gcAevnFWAu5CIw+7bMlPLVvUOTNNWqnkzSW\nMiGpSESrnO09tKpzbeR/FoCJbM8oAxiDR3mjEH4wW6w7sGDgd9QIpuEdfF7Au/ma\neyKdpwAJfqxGF4PcnCZXmTA5YpaP7dreqsXMGz7KQ2hsVxa81Q4gLv7/wmpdLqBK\nbRRYh5TmOTFffHPLkIhqhBGWJ6bt2YFGpn6jcgAKUj6DiAdjd4lpFw85hdKrCEVN\n0FE6/V1dN2RMfjCyVSRCnTawXZwXgWHxyvkQAiSr6w10kY17RSlQOYiypok1JR4U\nakcjMS9cmvqtmg5iUaQqqcT5NJ0hGA==\n-----END CERTIFICATE-----\n",
                "is_ca": true,
                "issuer": "CN=Starfield Services Root Certificate Authority - G2,O=Starfield Technologies\\, Inc.,L=Scottsdale,ST=Arizona,C=US",
                "not_after": "2037-12-31T01:00:00Z",
                "not_before": "2015-05-25T12:00:00Z",
                "public_key_algorithm": "RSA",
                "serial_number": "144918191876577076464031512351042010504348870",
                "sha1_fingerprint": "06b25927c42a721631c1efd9431e648fa62e1e39",
                "signature_algorithm": "SHA256-RSA",
                "subject": "CN=Amazon Root CA 1,O=Amazon,C=US",
                "version": 3
              },
              {
                "cert_pem": "-----BEGIN CERTIFICATE-----\nMIIEXjCCA0agAwIBAgITB3MSTNQG0mfAmRzdKZqfODF5hTANBgkqhkiG9w0BAQsF\nADA5MQswCQYDVQQGEwJVUzEPMA0GA1UEChMGQW1hem9uMRkwFwYDVQQDExBBbWF6\nb24gUm9vdCBDQSAxMB4XDTIyMDgyMzIyMjYwNFoXDTMwMDgyMzIyMjYwNFowPDEL\nMAkGA1UEBhMCVVMxDzANBgNVBAoTBkFtYXpvbjEcMBoGA1UEAxMTQW1hem9uIFJT\nQSAyMDQ4IE0wMzCCASIwDQYJKoZIhvcNAQEBBQADggEPADCCAQoCggEBALd/pVko\n8vuM475Tf45HV3BbCl/B9Jy89G1CRkFjcPY06WA9lS+7dWbUA7GtWUKoksr69hKM\nwcMsNpxlw7b3jeXFgxB09/nmalcAWtnLzF+LaDKEA5DQmvKzuh1nfIfqEiKCQSmX\nXh09Xs+dO7cm5qbaL2hhNJCSAejciwcvOFgFNgEMR42wm6KIFHsQW28jhA+1u/M0\np6fVwReuEgZfLfdx82Px0LJck3lST3EB/JfbdsdOzzzg5YkY1dfuqf8y5fUeZ7Cz\nWXbTjujwX/TovmeWKA36VLCz75azW6tDNuDn66FOpADZZ9omVaF6BqNJiLMVl6P3\n/c0OiUMC6Z5OfKcCAwEAAaOCAVowggFWMBIGA1UdEwEB/wQIMAYBAf8CAQAwDgYD\nVR0PAQH/BAQDAgGGMB0GA1UdJQQWMBQGCCsGAQUFBwMBBggrBgEFBQcDAjAdBgNV\nHQ4EFgQUVdkYX9IczAHhWLS+q9lVQgHXLgIwHwYDVR0jBBgwFoAUhBjMhTTsvAyU\nlC4IWZzHshBOCggwewYIKwYBBQUHAQEEbzBtMC8GCCsGAQUFBzABhiNodHRwOi8v\nb2NzcC5yb290Y2ExLmFtYXpvbnRydXN0LmNvbTA6BggrBgEFBQcwAoYuaHR0cDov\nL2NydC5yb290Y2ExLmFtYXpvbnRydXN0LmNvbS9yb290Y2ExLmNlcjA/BgNVHR8E\nODA2MDSgMqAwhi5odHRwOi8vY3JsLnJvb3RjYTEuYW1hem9udHJ1c3QuY29tL3Jv\nb3RjYTEuY3JsMBMGA1UdIAQMMAowCAYGZ4EMAQIBMA0GCSqGSIb3DQEBCwUAA4IB\nAQAGjeWm2cC+3z2MzSCnte46/7JZvj3iQZDY7EvODNdZF41n71Lrk9kbfNwerK0d\nVNzW36Wefr7j7ZSwBVg50W5ay65jNSN74TTQV1yt4WnSbVvN6KlMs1hiyOZdoHKs\nKDV2UGNxbdoBYCQNa2GYF8FQIWLugNp35aSOpMy6cFlymFQomIrnOQHwK1nvVY4q\nxDSJMU/gNJz17D8ArPN3ngnyZ2TwepJ0uBINz3G5te2rdFUF4i4Y3Bb7FUlHDYm4\nu8aIRGpk2ZpfXmxaoxnbIBZRvGLPSUuPwnwoUOMsJ8jirI5vs2dvchPb7MtI1rle\ni02f2ivH2vxkjDLltSpe2fiC\n-----END CERTIFICATE-----\n",
                "is_ca": true,
                "issuer": "CN=Amazon Root CA 1,O=Amazon,C=US",
                "not_after": "2030-08-23T22:26:04Z",
                "not_before": "2022-08-23T22:26:04Z",
                "public_key_algorithm": "RSA",
                "serial_number": "166129356476704345391986644047206454194698629",
                "sha1_fingerprint": "d9fe0a65fa00cabf61f5120d373a8135e1461f15",
                "signature_algorithm": "SHA256-RSA",
                "subject": "CN=Amazon RSA 2048 M03,O=Amazon,C=US",
                "version": 3
              },
              {
                "cert_pem": "-----BEGIN CERTIFICATE-----\nMIIF6DCCBNCgAwIBAgIQBv66XyqnBqR8D/sF0JzzHTANBgkqhkiG9w0BAQsFADA8\nMQswCQYDVQQGEwJVUzEPMA0GA1UEChMGQW1hem9uMRwwGgYDVQQDExNBbWF6b24g\nUlNBIDIwNDggTTAzMB4XDTI1MDMwMjAwMDAwMFoXDTI2MDQwMTIzNTk1OVowKDEm\nMCQGA1UEAwwdKi5la3MudXMtd2VzdC0yLmFtYXpvbmF3cy5jb20wggEiMA0GCSqG\nSIb3DQEBAQUAA4IBDwAwggEKAoIBAQCfvO2Esh0vzmZxCPzfNlHCnH1745SQp00q\nPlS7O+PscmHxnzVa5VLmMZ609FV22Nf1DwEhfo/cxRLiCA3BHxPoAAbE8j5zhoLp\nEn8/GEDYaz0iFBGoLD+oXN7JUW3jpyvq2e60lg0V6aDo9r/nkiVryZ2pv0HpD+UT\nTUhK0dnrBNEVdc6r8wh9bec5PXcDpbyTqgcOVzqe0DvGHLf2GfFUHgekPXkA9g/s\nOs3i7q6eszZj2Lj6JLlJRgptVIgZRcTdroNlbOVIUri4N0O2VRM9N5IWg8oTgc8n\njDRlwzOddWceiFIaaaKLcGlClTpwv+GmLYsWi9/Ut4iJvykMu+aNAgMBAAGjggL4\nMIIC9DAfBgNVHSMEGDAWgBRV2Rhf0hzMAeFYtL6r2VVCAdcuAjAdBgNVHQ4EFgQU\nAChHNssPUZLuggbNPwBJrrWOY0owKAYDVR0RBCEwH4IdKi5la3MudXMtd2VzdC0y\nLmFtYXpvbmF3cy5jb20wEwYDVR0gBAwwCjAIBgZngQwBAgEwDgYDVR0PAQH/BAQD\nAgWgMB0GA1UdJQQWMBQGCCsGAQUFBwMBBggrBgEFBQcDAjA7BgNVHR8ENDAyMDCg\nLqAshipodHRwOi8vY3JsLnIybTAzLmFtYXpvbnRydXN0LmNvbS9yMm0wMy5jcmww\ndQYIKwYBBQUHAQEEaTBnMC0GCCsGAQUFBzABhiFodHRwOi8vb2NzcC5yMm0wMy5h\nbWF6b250cnVzdC5jb20wNgYIKwYBBQUHMAKGKmh0dHA6Ly9jcnQucjJtMDMuYW1h\nem9udHJ1c3QuY29tL3IybTAzLmNlcjAMBgNVHRMBAf8EAjAAMIIBgAYKKwYBBAHW\neQIEAgSCAXAEggFsAWoAdwAOV5S8866pPjMbLJkHs/eQ35vCPXEyJd0hqSWsYcVO\nIQAAAZVUXKmmAAAEAwBIMEYCIQCFd4Z7oyEJQmbZikEocI2h9QFRDFNeqe36ETZt\nN6cYPAIhAJrwPV50ncMOzvBJwbpDlqTg77x523TVW1NtwEa052diAHcAZBHEbKQS\n7KeJHKICLgC8q08oB9QeNSer6v7VA8l9zfAAAAGVVFyp6AAABAMASDBGAiEA92Vs\nqLJxjsOxnQoEdCqQlS8MXH33CkII5kZkIyVXO90CIQDQLcVutogxZJXL9gDq3vYt\nvLEeApjx3/jaa80h8IEFOgB2AEmcm2neHXzs/DbezYdkprhbrwqHgBnRVVL76esp\n3fjDAAABlVRcqfQAAAQDAEcwRQIhAKxL9D1igVrXlrEoahU5MCINMqujvaiFDF8N\nW+VEtEENAiAnHaF+ws06pp3W4X13bY5rWNNueoGkTZEIJaMdpqB2sjANBgkqhkiG\n9w0BAQsFAAOCAQEAA/rMiAebzGQ8pDU9DFsMFREV77bzVJLMZy/avsl+dyvkom+T\nYyBfPZ/a82AoN0y6jM3v6RsMq26Lp0ZiFJ3/4Vddfx/EXv288/ztKt2VP8NeuWim\nM/YClUrkbu5Nx/q2JeIryhkcWqlDQMPFtd5OVfbC7qIWWLlDpKdBzmlheeTqQF3Y\ntShfHyhslseAqBt6hMAt6+F/NSpmUspR7VZN++X0C344SoASYKsrZ94yPaWTtIah\n2hgki3nkJCP/B7zSYOjcecbk8VB3gAl57ZSQMGSHY9Dqaq5ThfQl2Co0ODsV0dqW\nXH0SYy4Tq414jDnyLFru2M+pcH28OIDkH+mKaw==\n-----END CERTIFICATE-----\n",
                "is_ca": false,
                "issuer": "CN=Amazon RSA 2048 M03,O=Amazon,C=US",
                "not_after": "2026-04-01T23:59:59Z",
                "not_before": "2025-03-02T00:00:00Z",
                "public_key_algorithm": "RSA",
                "serial_number": "9297991444839351913657215057320014621",
                "sha1_fingerprint": "567dc0929bef44b0cd9d0d9abadfb33ea85a536c",
                "signature_algorithm": "SHA256-RSA",
                "subject": "CN=*.eks.us-west-2.amazonaws.com",
                "version": 3
              }
            ],
            "content": null,
            "id": "213644035344c59e44dd4b37f3e17ae888eed9e0",
            "url": "https://oidc.eks.us-west-2.amazonaws.com/id/083D67A559A7D511596B8673F0DA06D4",
            "verify_chain": true
          },
          "sensitive_attributes": [],
          "identity_schema_version": 0
        }
      ]
    },
    {
      "module": "module.retail_app_eks",
      "mode": "managed",
      "type": "aws_cloudwatch_log_group",
      "name": "this",
      "provider": "provider[\"registry.terraform.io/hashicorp/aws\"]",
      "instances": [
        {
          "index_key": 0,
          "schema_version": 0,
          "attributes": {
            "arn": "arn:aws:logs:us-west-2:245991315809:log-group:/aws/eks/biomarine-ai-5hw9/cluster",
            "id": "/aws/eks/biomarine-ai-5hw9/cluster",
            "kms_key_id": "",
            "log_group_class": "STANDARD",
            "name": "/aws/eks/biomarine-ai-5hw9/cluster",
            "name_prefix": "",
            "retention_in_days": 90,
            "skip_destroy": false,
            "tags": {
              "CreatedBy": "TrainWithShubhamCommunity",
              "CreatedDate": "2025-09-26",
              "Environment": "dev",
              "ManagedBy": "terraform",
              "Name": "/aws/eks/biomarine-ai-5hw9/cluster",
              "Owner": "AIDATSRRZTFQTAWT6544P",
              "Project": "retail-store"
            },
            "tags_all": {
              "CreatedBy": "TrainWithShubhamCommunity",
              "CreatedDate": "2025-09-26",
              "Environment": "dev",
              "ManagedBy": "terraform",
              "Name": "/aws/eks/biomarine-ai-5hw9/cluster",
              "Owner": "AIDATSRRZTFQTAWT6544P",
              "Project": "retail-store"
            }
          },
          "sensitive_attributes": [],
          "identity_schema_version": 0,
          "private": "bnVsbA==",
          "dependencies": [
            "data.aws_caller_identity.current",
            "random_string.suffix"
          ],
          "create_before_destroy": true
        }
      ]
    },
    {
      "module": "module.retail_app_eks",
      "mode": "managed",
      "type": "aws_ec2_tag",
      "name": "cluster_primary_security_group",
      "provider": "provider[\"registry.terraform.io/hashicorp/aws\"]",
      "instances": [
        {
          "index_key": "CreatedBy",
          "schema_version": 0,
          "attributes": {
            "id": "sg-0a98dd047598a9891,CreatedBy",
            "key": "CreatedBy",
            "resource_id": "sg-0a98dd047598a9891",
            "value": "TrainWithShubhamCommunity"
          },
          "sensitive_attributes": [],
          "identity_schema_version": 0,
          "private": "bnVsbA==",
          "dependencies": [
            "data.aws_availability_zones.available",
            "data.aws_caller_identity.current",
            "module.retail_app_eks.aws_cloudwatch_log_group.this",
            "module.retail_app_eks.aws_eks_cluster.this",
            "module.retail_app_eks.aws_iam_policy.cni_ipv6_policy",
            "module.retail_app_eks.aws_iam_role.eks_auto",
            "module.retail_app_eks.aws_iam_role.this",
            "module.retail_app_eks.aws_iam_role_policy_attachment.this",
            "module.retail_app_eks.aws_security_group.cluster",
            "module.retail_app_eks.aws_security_group.node",
            "module.retail_app_eks.aws_security_group_rule.cluster",
            "module.retail_app_eks.aws_security_group_rule.node",
            "module.retail_app_eks.data.aws_caller_identity.current",
            "module.retail_app_eks.data.aws_iam_policy_document.assume_role_policy",
            "module.retail_app_eks.data.aws_iam_policy_document.cni_ipv6_policy",
            "module.retail_app_eks.data.aws_iam_policy_document.node_assume_role_policy",
            "module.retail_app_eks.data.aws_iam_session_context.current",
            "module.retail_app_eks.data.aws_partition.current",
            "module.retail_app_eks.module.kms.aws_kms_external_key.this",
            "module.retail_app_eks.module.kms.aws_kms_key.this",
            "module.retail_app_eks.module.kms.aws_kms_replica_external_key.this",
            "module.retail_app_eks.module.kms.aws_kms_replica_key.this",
            "module.retail_app_eks.module.kms.data.aws_caller_identity.current",
            "module.retail_app_eks.module.kms.data.aws_iam_policy_document.this",
            "module.retail_app_eks.module.kms.data.aws_partition.current",
            "module.vpc.aws_subnet.private",
            "module.vpc.aws_vpc.this",
            "module.vpc.aws_vpc_ipv4_cidr_block_association.this",
            "random_string.suffix"
          ]
        },
        {
          "index_key": "CreatedDate",
          "schema_version": 0,
          "attributes": {
            "id": "sg-0a98dd047598a9891,CreatedDate",
            "key": "CreatedDate",
            "resource_id": "sg-0a98dd047598a9891",
            "value": "2025-09-26"
          },
          "sensitive_attributes": [],
          "identity_schema_version": 0,
          "private": "bnVsbA==",
          "dependencies": [
            "data.aws_availability_zones.available",
            "data.aws_caller_identity.current",
            "module.retail_app_eks.aws_cloudwatch_log_group.this",
            "module.retail_app_eks.aws_eks_cluster.this",
            "module.retail_app_eks.aws_iam_policy.cni_ipv6_policy",
            "module.retail_app_eks.aws_iam_role.eks_auto",
            "module.retail_app_eks.aws_iam_role.this",
            "module.retail_app_eks.aws_iam_role_policy_attachment.this",
            "module.retail_app_eks.aws_security_group.cluster",
            "module.retail_app_eks.aws_security_group.node",
            "module.retail_app_eks.aws_security_group_rule.cluster",
            "module.retail_app_eks.aws_security_group_rule.node",
            "module.retail_app_eks.data.aws_caller_identity.current",
            "module.retail_app_eks.data.aws_iam_policy_document.assume_role_policy",
            "module.retail_app_eks.data.aws_iam_policy_document.cni_ipv6_policy",
            "module.retail_app_eks.data.aws_iam_policy_document.node_assume_role_policy",
            "module.retail_app_eks.data.aws_iam_session_context.current",
            "module.retail_app_eks.data.aws_partition.current",
            "module.retail_app_eks.module.kms.aws_kms_external_key.this",
            "module.retail_app_eks.module.kms.aws_kms_key.this",
            "module.retail_app_eks.module.kms.aws_kms_replica_external_key.this",
            "module.retail_app_eks.module.kms.aws_kms_replica_key.this",
            "module.retail_app_eks.module.kms.data.aws_caller_identity.current",
            "module.retail_app_eks.module.kms.data.aws_iam_policy_document.this",
            "module.retail_app_eks.module.kms.data.aws_partition.current",
            "module.vpc.aws_subnet.private",
            "module.vpc.aws_vpc.this",
            "module.vpc.aws_vpc_ipv4_cidr_block_association.this",
            "random_string.suffix"
          ]
        },
        {
          "index_key": "Environment",
          "schema_version": 0,
          "attributes": {
            "id": "sg-0a98dd047598a9891,Environment",
            "key": "Environment",
            "resource_id": "sg-0a98dd047598a9891",
            "value": "dev"
          },
          "sensitive_attributes": [],
          "identity_schema_version": 0,
          "private": "bnVsbA==",
          "dependencies": [
            "data.aws_availability_zones.available",
            "data.aws_caller_identity.current",
            "module.retail_app_eks.aws_cloudwatch_log_group.this",
            "module.retail_app_eks.aws_eks_cluster.this",
            "module.retail_app_eks.aws_iam_policy.cni_ipv6_policy",
            "module.retail_app_eks.aws_iam_role.eks_auto",
            "module.retail_app_eks.aws_iam_role.this",
            "module.retail_app_eks.aws_iam_role_policy_attachment.this",
            "module.retail_app_eks.aws_security_group.cluster",
            "module.retail_app_eks.aws_security_group.node",
            "module.retail_app_eks.aws_security_group_rule.cluster",
            "module.retail_app_eks.aws_security_group_rule.node",
            "module.retail_app_eks.data.aws_caller_identity.current",
            "module.retail_app_eks.data.aws_iam_policy_document.assume_role_policy",
            "module.retail_app_eks.data.aws_iam_policy_document.cni_ipv6_policy",
            "module.retail_app_eks.data.aws_iam_policy_document.node_assume_role_policy",
            "module.retail_app_eks.data.aws_iam_session_context.current",
            "module.retail_app_eks.data.aws_partition.current",
            "module.retail_app_eks.module.kms.aws_kms_external_key.this",
            "module.retail_app_eks.module.kms.aws_kms_key.this",
            "module.retail_app_eks.module.kms.aws_kms_replica_external_key.this",
            "module.retail_app_eks.module.kms.aws_kms_replica_key.this",
            "module.retail_app_eks.module.kms.data.aws_caller_identity.current",
            "module.retail_app_eks.module.kms.data.aws_iam_policy_document.this",
            "module.retail_app_eks.module.kms.data.aws_partition.current",
            "module.vpc.aws_subnet.private",
            "module.vpc.aws_vpc.this",
            "module.vpc.aws_vpc_ipv4_cidr_block_association.this",
            "random_string.suffix"
          ]
        },
        {
          "index_key": "ManagedBy",
          "schema_version": 0,
          "attributes": {
            "id": "sg-0a98dd047598a9891,ManagedBy",
            "key": "ManagedBy",
            "resource_id": "sg-0a98dd047598a9891",
            "value": "terraform"
          },
          "sensitive_attributes": [],
          "identity_schema_version": 0,
          "private": "bnVsbA==",
          "dependencies": [
            "data.aws_availability_zones.available",
            "data.aws_caller_identity.current",
            "module.retail_app_eks.aws_cloudwatch_log_group.this",
            "module.retail_app_eks.aws_eks_cluster.this",
            "module.retail_app_eks.aws_iam_policy.cni_ipv6_policy",
            "module.retail_app_eks.aws_iam_role.eks_auto",
            "module.retail_app_eks.aws_iam_role.this",
            "module.retail_app_eks.aws_iam_role_policy_attachment.this",
            "module.retail_app_eks.aws_security_group.cluster",
            "module.retail_app_eks.aws_security_group.node",
            "module.retail_app_eks.aws_security_group_rule.cluster",
            "module.retail_app_eks.aws_security_group_rule.node",
            "module.retail_app_eks.data.aws_caller_identity.current",
            "module.retail_app_eks.data.aws_iam_policy_document.assume_role_policy",
            "module.retail_app_eks.data.aws_iam_policy_document.cni_ipv6_policy",
            "module.retail_app_eks.data.aws_iam_policy_document.node_assume_role_policy",
            "module.retail_app_eks.data.aws_iam_session_context.current",
            "module.retail_app_eks.data.aws_partition.current",
            "module.retail_app_eks.module.kms.aws_kms_external_key.this",
            "module.retail_app_eks.module.kms.aws_kms_key.this",
            "module.retail_app_eks.module.kms.aws_kms_replica_external_key.this",
            "module.retail_app_eks.module.kms.aws_kms_replica_key.this",
            "module.retail_app_eks.module.kms.data.aws_caller_identity.current",
            "module.retail_app_eks.module.kms.data.aws_iam_policy_document.this",
            "module.retail_app_eks.module.kms.data.aws_partition.current",
            "module.vpc.aws_subnet.private",
            "module.vpc.aws_vpc.this",
            "module.vpc.aws_vpc_ipv4_cidr_block_association.this",
            "random_string.suffix"
          ]
        },
        {
          "index_key": "Owner",
          "schema_version": 0,
          "attributes": {
            "id": "sg-0a98dd047598a9891,Owner",
            "key": "Owner",
            "resource_id": "sg-0a98dd047598a9891",
            "value": "AIDATSRRZTFQTAWT6544P"
          },
          "sensitive_attributes": [],
          "identity_schema_version": 0,
          "private": "bnVsbA==",
          "dependencies": [
            "data.aws_availability_zones.available",
            "data.aws_caller_identity.current",
            "module.retail_app_eks.aws_cloudwatch_log_group.this",
            "module.retail_app_eks.aws_eks_cluster.this",
            "module.retail_app_eks.aws_iam_policy.cni_ipv6_policy",
            "module.retail_app_eks.aws_iam_role.eks_auto",
            "module.retail_app_eks.aws_iam_role.this",
            "module.retail_app_eks.aws_iam_role_policy_attachment.this",
            "module.retail_app_eks.aws_security_group.cluster",
            "module.retail_app_eks.aws_security_group.node",
            "module.retail_app_eks.aws_security_group_rule.cluster",
            "module.retail_app_eks.aws_security_group_rule.node",
            "module.retail_app_eks.data.aws_caller_identity.current",
            "module.retail_app_eks.data.aws_iam_policy_document.assume_role_policy",
            "module.retail_app_eks.data.aws_iam_policy_document.cni_ipv6_policy",
            "module.retail_app_eks.data.aws_iam_policy_document.node_assume_role_policy",
            "module.retail_app_eks.data.aws_iam_session_context.current",
            "module.retail_app_eks.data.aws_partition.current",
            "module.retail_app_eks.module.kms.aws_kms_external_key.this",
            "module.retail_app_eks.module.kms.aws_kms_key.this",
            "module.retail_app_eks.module.kms.aws_kms_replica_external_key.this",
            "module.retail_app_eks.module.kms.aws_kms_replica_key.this",
            "module.retail_app_eks.module.kms.data.aws_caller_identity.current",
            "module.retail_app_eks.module.kms.data.aws_iam_policy_document.this",
            "module.retail_app_eks.module.kms.data.aws_partition.current",
            "module.vpc.aws_subnet.private",
            "module.vpc.aws_vpc.this",
            "module.vpc.aws_vpc_ipv4_cidr_block_association.this",
            "random_string.suffix"
          ]
        },
        {
          "index_key": "Project",
          "schema_version": 0,
          "attributes": {
            "id": "sg-0a98dd047598a9891,Project",
            "key": "Project",
            "resource_id": "sg-0a98dd047598a9891",
            "value": "retail-store"
          },
          "sensitive_attributes": [],
          "identity_schema_version": 0,
          "private": "bnVsbA==",
          "dependencies": [
            "data.aws_availability_zones.available",
            "data.aws_caller_identity.current",
            "module.retail_app_eks.aws_cloudwatch_log_group.this",
            "module.retail_app_eks.aws_eks_cluster.this",
            "module.retail_app_eks.aws_iam_policy.cni_ipv6_policy",
            "module.retail_app_eks.aws_iam_role.eks_auto",
            "module.retail_app_eks.aws_iam_role.this",
            "module.retail_app_eks.aws_iam_role_policy_attachment.this",
            "module.retail_app_eks.aws_security_group.cluster",
            "module.retail_app_eks.aws_security_group.node",
            "module.retail_app_eks.aws_security_group_rule.cluster",
            "module.retail_app_eks.aws_security_group_rule.node",
            "module.retail_app_eks.data.aws_caller_identity.current",
            "module.retail_app_eks.data.aws_iam_policy_document.assume_role_policy",
            "module.retail_app_eks.data.aws_iam_policy_document.cni_ipv6_policy",
            "module.retail_app_eks.data.aws_iam_policy_document.node_assume_role_policy",
            "module.retail_app_eks.data.aws_iam_session_context.current",
            "module.retail_app_eks.data.aws_partition.current",
            "module.retail_app_eks.module.kms.aws_kms_external_key.this",
            "module.retail_app_eks.module.kms.aws_kms_key.this",
            "module.retail_app_eks.module.kms.aws_kms_replica_external_key.this",
            "module.retail_app_eks.module.kms.aws_kms_replica_key.this",
            "module.retail_app_eks.module.kms.data.aws_caller_identity.current",
            "module.retail_app_eks.module.kms.data.aws_iam_policy_document.this",
            "module.retail_app_eks.module.kms.data.aws_partition.current",
            "module.vpc.aws_subnet.private",
            "module.vpc.aws_vpc.this",
            "module.vpc.aws_vpc_ipv4_cidr_block_association.this",
            "random_string.suffix"
          ]
        }
      ]
    },
    {
      "module": "module.retail_app_eks",
      "mode": "managed",
      "type": "aws_eks_access_entry",
      "name": "this",
      "provider": "provider[\"registry.terraform.io/hashicorp/aws\"]",
      "instances": [
        {
          "index_key": "cluster_creator",
          "schema_version": 0,
          "attributes": {
            "access_entry_arn": "arn:aws:eks:us-west-2:245991315809:access-entry/biomarine-ai-5hw9/user/245991315809/cli-user/92ccc30f-3525-038d-677d-a9e420f98602",
            "cluster_name": "biomarine-ai-5hw9",
            "created_at": "2025-09-26T13:02:44Z",
            "id": "biomarine-ai-5hw9:arn:aws:iam::245991315809:user/cli-user",
            "kubernetes_groups": [],
            "modified_at": "2025-09-26T13:02:44Z",
            "principal_arn": "arn:aws:iam::245991315809:user/cli-user",
            "tags": {
              "CreatedBy": "TrainWithShubhamCommunity",
              "CreatedDate": "2025-09-26",
              "Environment": "dev",
              "ManagedBy": "terraform",
              "Owner": "AIDATSRRZTFQTAWT6544P",
              "Project": "retail-store"
            },
            "tags_all": {
              "CreatedBy": "TrainWithShubhamCommunity",
              "CreatedDate": "2025-09-26",
              "Environment": "dev",
              "ManagedBy": "terraform",
              "Owner": "AIDATSRRZTFQTAWT6544P",
              "Project": "retail-store"
            },
            "timeouts": null,
            "type": "STANDARD",
            "user_name": "arn:aws:iam::245991315809:user/cli-user"
          },
          "sensitive_attributes": [],
          "identity_schema_version": 0,
          "private": "eyJlMmJmYjczMC1lY2FhLTExZTYtOGY4OC0zNDM2M2JjN2M0YzAiOnsiY3JlYXRlIjo2MDAwMDAwMDAwMDAsImRlbGV0ZSI6NjAwMDAwMDAwMDAwfX0=",
          "dependencies": [
            "data.aws_availability_zones.available",
            "data.aws_caller_identity.current",
            "module.retail_app_eks.aws_cloudwatch_log_group.this",
            "module.retail_app_eks.aws_eks_cluster.this",
            "module.retail_app_eks.aws_iam_policy.cni_ipv6_policy",
            "module.retail_app_eks.aws_iam_role.eks_auto",
            "module.retail_app_eks.aws_iam_role.this",
            "module.retail_app_eks.aws_iam_role_policy_attachment.this",
            "module.retail_app_eks.aws_security_group.cluster",
            "module.retail_app_eks.aws_security_group.node",
            "module.retail_app_eks.aws_security_group_rule.cluster",
            "module.retail_app_eks.aws_security_group_rule.node",
            "module.retail_app_eks.data.aws_caller_identity.current",
            "module.retail_app_eks.data.aws_iam_policy_document.assume_role_policy",
            "module.retail_app_eks.data.aws_iam_policy_document.cni_ipv6_policy",
            "module.retail_app_eks.data.aws_iam_policy_document.node_assume_role_policy",
            "module.retail_app_eks.data.aws_iam_session_context.current",
            "module.retail_app_eks.data.aws_partition.current",
            "module.retail_app_eks.module.kms.aws_kms_external_key.this",
            "module.retail_app_eks.module.kms.aws_kms_key.this",
            "module.retail_app_eks.module.kms.aws_kms_replica_external_key.this",
            "module.retail_app_eks.module.kms.aws_kms_replica_key.this",
            "module.retail_app_eks.module.kms.data.aws_caller_identity.current",
            "module.retail_app_eks.module.kms.data.aws_iam_policy_document.this",
            "module.retail_app_eks.module.kms.data.aws_partition.current",
            "module.vpc.aws_subnet.private",
            "module.vpc.aws_vpc.this",
            "module.vpc.aws_vpc_ipv4_cidr_block_association.this",
            "random_string.suffix"
          ]
        }
      ]
    },
    {
      "module": "module.retail_app_eks",
      "mode": "managed",
      "type": "aws_eks_access_policy_association",
      "name": "this",
      "provider": "provider[\"registry.terraform.io/hashicorp/aws\"]",
      "instances": [
        {
          "index_key": "cluster_creator_admin",
          "schema_version": 0,
          "attributes": {
            "access_scope": [
              {
                "namespaces": null,
                "type": "cluster"
              }
            ],
            "associated_at": "2025-09-26 13:02:45.762 +0000 UTC",
            "cluster_name": "biomarine-ai-5hw9",
            "id": "biomarine-ai-5hw9#arn:aws:iam::245991315809:user/cli-user#arn:aws:eks::aws:cluster-access-policy/AmazonEKSClusterAdminPolicy",
            "modified_at": "2025-09-26 13:02:45.762 +0000 UTC",
            "policy_arn": "arn:aws:eks::aws:cluster-access-policy/AmazonEKSClusterAdminPolicy",
            "principal_arn": "arn:aws:iam::245991315809:user/cli-user",
            "timeouts": null
          },
          "sensitive_attributes": [],
          "identity_schema_version": 0,
          "private": "eyJlMmJmYjczMC1lY2FhLTExZTYtOGY4OC0zNDM2M2JjN2M0YzAiOnsiY3JlYXRlIjo2MDAwMDAwMDAwMDAsImRlbGV0ZSI6NjAwMDAwMDAwMDAwfX0=",
          "dependencies": [
            "data.aws_availability_zones.available",
            "data.aws_caller_identity.current",
            "module.retail_app_eks.aws_cloudwatch_log_group.this",
            "module.retail_app_eks.aws_eks_access_entry.this",
            "module.retail_app_eks.aws_eks_cluster.this",
            "module.retail_app_eks.aws_iam_policy.cni_ipv6_policy",
            "module.retail_app_eks.aws_iam_role.eks_auto",
            "module.retail_app_eks.aws_iam_role.this",
            "module.retail_app_eks.aws_iam_role_policy_attachment.this",
            "module.retail_app_eks.aws_security_group.cluster",
            "module.retail_app_eks.aws_security_group.node",
            "module.retail_app_eks.aws_security_group_rule.cluster",
            "module.retail_app_eks.aws_security_group_rule.node",
            "module.retail_app_eks.data.aws_caller_identity.current",
            "module.retail_app_eks.data.aws_iam_policy_document.assume_role_policy",
            "module.retail_app_eks.data.aws_iam_policy_document.cni_ipv6_policy",
            "module.retail_app_eks.data.aws_iam_policy_document.node_assume_role_policy",
            "module.retail_app_eks.data.aws_iam_session_context.current",
            "module.retail_app_eks.data.aws_partition.current",
            "module.retail_app_eks.module.kms.aws_kms_external_key.this",
            "module.retail_app_eks.module.kms.aws_kms_key.this",
            "module.retail_app_eks.module.kms.aws_kms_replica_external_key.this",
            "module.retail_app_eks.module.kms.aws_kms_replica_key.this",
            "module.retail_app_eks.module.kms.data.aws_caller_identity.current",
            "module.retail_app_eks.module.kms.data.aws_iam_policy_document.this",
            "module.retail_app_eks.module.kms.data.aws_partition.current",
            "module.vpc.aws_subnet.private",
            "module.vpc.aws_vpc.this",
            "module.vpc.aws_vpc_ipv4_cidr_block_association.this",
            "random_string.suffix"
          ]
        }
      ]
    },
    {
      "module": "module.retail_app_eks",
      "mode": "managed",
      "type": "aws_eks_cluster",
      "name": "this",
      "provider": "provider[\"registry.terraform.io/hashicorp/aws\"]",
      "instances": [
        {
          "index_key": 0,
          "schema_version": 1,
          "attributes": {
            "access_config": [
              {
                "authentication_mode": "API_AND_CONFIG_MAP",
                "bootstrap_cluster_creator_admin_permissions": false
              }
            ],
            "arn": "arn:aws:eks:us-west-2:245991315809:cluster/biomarine-ai-5hw9",
            "bootstrap_self_managed_addons": true,
            "certificate_authority": [
              {
                "data": "LS0tLS1CRUdJTiBDRVJUSUZJQ0FURS0tLS0tCk1JSURCVENDQWUyZ0F3SUJBZ0lJV3RRS3dzbll6V1V3RFFZSktvWklodmNOQVFFTEJRQXdGVEVUTUJFR0ExVUUKQXhNS2EzVmlaWEp1WlhSbGN6QWVGdzB5TlRBNU1qWXhNalUwTVRkYUZ3MHpOVEE1TWpReE1qVTVNVGRhTUJVeApFekFSQmdOVkJBTVRDbXQxWW1WeWJtVjBaWE13Z2dFaU1BMEdDU3FHU0liM0RRRUJBUVVBQTRJQkR3QXdnZ0VLCkFvSUJBUUNrdGtvVzFDcWw5OWx0cFA1d0dKWlk1UXRMeVlpYlFiRE55T1djeHNJdGhJWFZkb2VBRmNiVU1vM1YKVGhBdXBTRGVaOGRwTzFxRjV6MmFzdDAvOGE1QmlKcjFlU28wMmY5RjRHZklSQ3pVTkZJWWp0VmFTWFphakZXLwpBZDRKVDFOYWYvZkxsV3pRa2s5SHdGbUNUc0NQcGE1OEdaQlJkbDM3TS85bUkwaXU4RGoxZzJydWZ4QUFsUVYxCjZxRjc2SEdDcnJmaXJvV21ONlF3bUszQW00MXNUNGdXaWJrVFJGTWdPU1JjQmZxbWZiZ1RKOXlHcldNVDVWOUoKQStJNndJeE10WWVsekM5aVZLaGFxZGNKS1VqTjlnVXYvZFdoMDJSOHFPWEt4cDN6dEpFWDlRMkxldWorYURhQgpyTnkzeGQrd0c1UWFBN3FjMmJMZVkzSDFldTc3QWdNQkFBR2pXVEJYTUE0R0ExVWREd0VCL3dRRUF3SUNwREFQCkJnTlZIUk1CQWY4RUJUQURBUUgvTUIwR0ExVWREZ1FXQkJRdmx4Y1FsdUM0WitrMVdPaktWNzdRQ3Rhb216QVYKQmdOVkhSRUVEakFNZ2dwcmRXSmxjbTVsZEdWek1BMEdDU3FHU0liM0RRRUJDd1VBQTRJQkFRQlRWTisvemExdAp5ZUdmSk5Tc1o0NTgyWDF1VjY0cWlGWEljeHlaL0FGTTdsRThwamFjcUNGUFFYdUN4V3FLSUxQK3hwYjNYcUNlCnZyYXBqK1EvbVNnWUV1cVc0NVNMQlo0ZGJlSTQzVEdGRFRJby9wS1puMnNjK3RROFpBeE1ibU9NbHZYRU8wSWcKTFdWUjlUajJKekxjTWJUcXhtTmZrNjNuQXg5ZklDM1IxdFlRTmVQQmJYeE91MUVzR1lheDdnSHlQWXZhV2RmVgpYVDMyQWNlVkRrY0h4WDVWUmticktmYjFRYWMyV3I1a0pJUmdpb2NGUU9NbGNMc3VCSmlHNU9EYzRKQWVCdzhECjArVnJRQmhrY1kyZ2ZxRklzRWNWSCtSV3liZ0RlaGozSXpXZnRjVFZwN3dxMENaa1c3WktkUTk0UVo3WDc5bGkKWVhOVDJBT2ZDOXBECi0tLS0tRU5EIENFUlRJRklDQVRFLS0tLS0K"
              }
            ],
            "cluster_id": null,
            "compute_config": [],
            "created_at": "2025-09-26T12:53:57Z",
            "enabled_cluster_log_types": null,
            "encryption_config": [
              {
                "provider": [
                  {
                    "key_arn": "arn:aws:kms:us-west-2:245991315809:key/561b49b5-6fd3-4c75-874a-1c3834152edb"
                  }
                ],
                "resources": [
                  "secrets"
                ]
              }
            ],
            "endpoint": "https://083D67A559A7D511596B8673F0DA06D4.sk1.us-west-2.eks.amazonaws.com",
            "force_update_version": null,
            "id": "biomarine-ai-5hw9",
            "identity": [
              {
                "oidc": [
                  {
                    "issuer": "https://oidc.eks.us-west-2.amazonaws.com/id/083D67A559A7D511596B8673F0DA06D4"
                  }
                ]
              }
            ],
            "kubernetes_network_config": [
              {
                "elastic_load_balancing": [
                  {
                    "enabled": false
                  }
                ],
                "ip_family": "ipv4",
                "service_ipv4_cidr": "172.20.0.0/16",
                "service_ipv6_cidr": ""
              }
            ],
            "name": "biomarine-ai-5hw9",
            "outpost_config": [],
            "platform_version": "eks.49",
            "remote_network_config": [],
            "role_arn": "arn:aws:iam::245991315809:role/biomarine-ai-5hw9-cluster-20250926125316743500000002",
            "status": "ACTIVE",
            "storage_config": [],
            "tags": {
              "CreatedBy": "TrainWithShubhamCommunity",
              "CreatedDate": "2025-09-26",
              "Environment": "dev",
              "ManagedBy": "terraform",
              "Owner": "AIDATSRRZTFQTAWT6544P",
              "Project": "retail-store",
              "terraform-aws-modules": "eks"
            },
            "tags_all": {
              "CreatedBy": "TrainWithShubhamCommunity",
              "CreatedDate": "2025-09-26",
              "Environment": "dev",
              "ManagedBy": "terraform",
              "Owner": "AIDATSRRZTFQTAWT6544P",
              "Project": "retail-store",
              "terraform-aws-modules": "eks"
            },
            "timeouts": {
              "create": null,
              "delete": null,
              "update": null
            },
            "upgrade_policy": [
              {
                "support_type": "EXTENDED"
              }
            ],
            "version": "1.29",
            "vpc_config": [
              {
                "cluster_security_group_id": "sg-0a98dd047598a9891",
                "endpoint_private_access": true,
                "endpoint_public_access": true,
                "public_access_cidrs": [
                  "0.0.0.0/0"
                ],
                "security_group_ids": [
                  "sg-09db22cf215ae92d8"
                ],
                "subnet_ids": [
                  "subnet-0352df30ea6abdc06",
                  "subnet-03d336f91466e4a7b",
                  "subnet-08c44b79f8772afa1"
                ],
                "vpc_id": "vpc-01bf87b10c9652b4b"
              }
            ],
            "zonal_shift_config": []
          },
          "sensitive_attributes": [],
          "identity_schema_version": 0,
          "private": "eyJlMmJmYjczMC1lY2FhLTExZTYtOGY4OC0zNDM2M2JjN2M0YzAiOnsiY3JlYXRlIjoxODAwMDAwMDAwMDAwLCJkZWxldGUiOjkwMDAwMDAwMDAwMCwidXBkYXRlIjozNjAwMDAwMDAwMDAwfSwic2NoZW1hX3ZlcnNpb24iOiIxIn0=",
          "dependencies": [
            "data.aws_availability_zones.available",
            "data.aws_caller_identity.current",
            "module.retail_app_eks.aws_cloudwatch_log_group.this",
            "module.retail_app_eks.aws_iam_policy.cni_ipv6_policy",
            "module.retail_app_eks.aws_iam_role.eks_auto",
            "module.retail_app_eks.aws_iam_role.this",
            "module.retail_app_eks.aws_iam_role_policy_attachment.this",
            "module.retail_app_eks.aws_security_group.cluster",
            "module.retail_app_eks.aws_security_group.node",
            "module.retail_app_eks.aws_security_group_rule.cluster",
            "module.retail_app_eks.aws_security_group_rule.node",
            "module.retail_app_eks.data.aws_caller_identity.current",
            "module.retail_app_eks.data.aws_iam_policy_document.assume_role_policy",
            "module.retail_app_eks.data.aws_iam_policy_document.cni_ipv6_policy",
            "module.retail_app_eks.data.aws_iam_policy_document.node_assume_role_policy",
            "module.retail_app_eks.data.aws_iam_session_context.current",
            "module.retail_app_eks.data.aws_partition.current",
            "module.retail_app_eks.module.kms.aws_kms_external_key.this",
            "module.retail_app_eks.module.kms.aws_kms_key.this",
            "module.retail_app_eks.module.kms.aws_kms_replica_external_key.this",
            "module.retail_app_eks.module.kms.aws_kms_replica_key.this",
            "module.retail_app_eks.module.kms.data.aws_caller_identity.current",
            "module.retail_app_eks.module.kms.data.aws_iam_policy_document.this",
            "module.retail_app_eks.module.kms.data.aws_partition.current",
            "module.vpc.aws_subnet.private",
            "module.vpc.aws_vpc.this",
            "module.vpc.aws_vpc_ipv4_cidr_block_association.this",
            "random_string.suffix"
          ],
          "create_before_destroy": true
        }
      ]
    },
    {
      "module": "module.retail_app_eks",
      "mode": "managed",
      "type": "aws_iam_openid_connect_provider",
      "name": "oidc_provider",
      "provider": "provider[\"registry.terraform.io/hashicorp/aws\"]",
      "instances": [
        {
          "index_key": 0,
          "schema_version": 0,
          "attributes": {
            "arn": "arn:aws:iam::245991315809:oidc-provider/oidc.eks.us-west-2.amazonaws.com/id/083D67A559A7D511596B8673F0DA06D4",
            "client_id_list": [
              "sts.amazonaws.com"
            ],
            "id": "arn:aws:iam::245991315809:oidc-provider/oidc.eks.us-west-2.amazonaws.com/id/083D67A559A7D511596B8673F0DA06D4",
            "tags": {
              "CreatedBy": "TrainWithShubhamCommunity",
              "CreatedDate": "2025-09-26",
              "Environment": "dev",
              "ManagedBy": "terraform",
              "Name": "biomarine-ai-5hw9-eks-irsa",
              "Owner": "AIDATSRRZTFQTAWT6544P",
              "Project": "retail-store"
            },
            "tags_all": {
              "CreatedBy": "TrainWithShubhamCommunity",
              "CreatedDate": "2025-09-26",
              "Environment": "dev",
              "ManagedBy": "terraform",
              "Name": "biomarine-ai-5hw9-eks-irsa",
              "Owner": "AIDATSRRZTFQTAWT6544P",
              "Project": "retail-store"
            },
            "thumbprint_list": [
              "9e99a48a9960b14926bb7f3b02e22da2b0ab7280"
            ],
            "url": "oidc.eks.us-west-2.amazonaws.com/id/083D67A559A7D511596B8673F0DA06D4"
          },
          "sensitive_attributes": [],
          "identity_schema_version": 0,
          "private": "bnVsbA==",
          "dependencies": [
            "data.aws_availability_zones.available",
            "data.aws_caller_identity.current",
            "module.retail_app_eks.aws_cloudwatch_log_group.this",
            "module.retail_app_eks.aws_eks_cluster.this",
            "module.retail_app_eks.aws_iam_policy.cni_ipv6_policy",
            "module.retail_app_eks.aws_iam_role.eks_auto",
            "module.retail_app_eks.aws_iam_role.this",
            "module.retail_app_eks.aws_iam_role_policy_attachment.this",
            "module.retail_app_eks.aws_security_group.cluster",
            "module.retail_app_eks.aws_security_group.node",
            "module.retail_app_eks.aws_security_group_rule.cluster",
            "module.retail_app_eks.aws_security_group_rule.node",
            "module.retail_app_eks.data.aws_caller_identity.current",
            "module.retail_app_eks.data.aws_iam_policy_document.assume_role_policy",
            "module.retail_app_eks.data.aws_iam_policy_document.cni_ipv6_policy",
            "module.retail_app_eks.data.aws_iam_policy_document.node_assume_role_policy",
            "module.retail_app_eks.data.aws_iam_session_context.current",
            "module.retail_app_eks.data.aws_partition.current",
            "module.retail_app_eks.data.tls_certificate.this",
            "module.retail_app_eks.module.kms.aws_kms_external_key.this",
            "module.retail_app_eks.module.kms.aws_kms_key.this",
            "module.retail_app_eks.module.kms.aws_kms_replica_external_key.this",
            "module.retail_app_eks.module.kms.aws_kms_replica_key.this",
            "module.retail_app_eks.module.kms.data.aws_caller_identity.current",
            "module.retail_app_eks.module.kms.data.aws_iam_policy_document.this",
            "module.retail_app_eks.module.kms.data.aws_partition.current",
            "module.vpc.aws_subnet.private",
            "module.vpc.aws_vpc.this",
            "module.vpc.aws_vpc_ipv4_cidr_block_association.this",
            "random_string.suffix"
          ]
        }
      ]
    },
    {
      "module": "module.retail_app_eks",
      "mode": "managed",
      "type": "aws_iam_policy",
      "name": "cluster_encryption",
      "provider": "provider[\"registry.terraform.io/hashicorp/aws\"]",
      "instances": [
        {
          "index_key": 0,
          "schema_version": 0,
          "attributes": {
            "arn": "arn:aws:iam::245991315809:policy/biomarine-ai-5hw9-cluster-ClusterEncryption2025092612534785250000000f",
            "attachment_count": 0,
            "description": "Cluster encryption policy to allow cluster role to utilize CMK provided",
            "id": "arn:aws:iam::245991315809:policy/biomarine-ai-5hw9-cluster-ClusterEncryption2025092612534785250000000f",
            "name": "biomarine-ai-5hw9-cluster-ClusterEncryption2025092612534785250000000f",
            "name_prefix": "biomarine-ai-5hw9-cluster-ClusterEncryption",
            "path": "/",
            "policy": "{\"Statement\":[{\"Action\":[\"kms:Encrypt\",\"kms:Decrypt\",\"kms:ListGrants\",\"kms:DescribeKey\"],\"Effect\":\"Allow\",\"Resource\":\"arn:aws:kms:us-west-2:245991315809:key/561b49b5-6fd3-4c75-874a-1c3834152edb\"}],\"Version\":\"2012-10-17\"}",
            "policy_id": "ANPATSRRZTFQ4IASJW4MU",
            "tags": {
              "CreatedBy": "TrainWithShubhamCommunity",
              "CreatedDate": "2025-09-26",
              "Environment": "dev",
              "ManagedBy": "terraform",
              "Owner": "AIDATSRRZTFQTAWT6544P",
              "Project": "retail-store"
            },
            "tags_all": {
              "CreatedBy": "TrainWithShubhamCommunity",
              "CreatedDate": "2025-09-26",
              "Environment": "dev",
              "ManagedBy": "terraform",
              "Owner": "AIDATSRRZTFQTAWT6544P",
              "Project": "retail-store"
            }
          },
          "sensitive_attributes": [],
          "identity_schema_version": 0,
          "private": "bnVsbA==",
          "dependencies": [
            "data.aws_caller_identity.current",
            "module.retail_app_eks.aws_iam_role.this",
            "module.retail_app_eks.data.aws_caller_identity.current",
            "module.retail_app_eks.data.aws_iam_policy_document.assume_role_policy",
            "module.retail_app_eks.data.aws_iam_session_context.current",
            "module.retail_app_eks.module.kms.aws_kms_external_key.this",
            "module.retail_app_eks.module.kms.aws_kms_key.this",
            "module.retail_app_eks.module.kms.aws_kms_replica_external_key.this",
            "module.retail_app_eks.module.kms.aws_kms_replica_key.this",
            "module.retail_app_eks.module.kms.data.aws_caller_identity.current",
            "module.retail_app_eks.module.kms.data.aws_iam_policy_document.this",
            "module.retail_app_eks.module.kms.data.aws_partition.current",
            "random_string.suffix"
          ]
        }
      ]
    },
    {
      "module": "module.retail_app_eks",
      "mode": "managed",
      "type": "aws_iam_policy",
      "name": "custom",
      "provider": "provider[\"registry.terraform.io/hashicorp/aws\"]",
      "instances": [
        {
          "index_key": 0,
          "schema_version": 0,
          "attributes": {
            "arn": "arn:aws:iam::245991315809:policy/biomarine-ai-5hw9-cluster-20250926125316739400000001",
            "attachment_count": 0,
            "description": "",
            "id": "arn:aws:iam::245991315809:policy/biomarine-ai-5hw9-cluster-20250926125316739400000001",
            "name": "biomarine-ai-5hw9-cluster-20250926125316739400000001",
            "name_prefix": "biomarine-ai-5hw9-cluster-",
            "path": "/",
            "policy": "{\"Statement\":[{\"Action\":[\"ec2:RunInstances\",\"ec2:CreateLaunchTemplate\",\"ec2:CreateFleet\"],\"Condition\":{\"StringEquals\":{\"aws:RequestTag/eks:eks-cluster-name\":\"${aws:PrincipalTag/eks:eks-cluster-name}\"},\"StringLike\":{\"aws:RequestTag/eks:kubernetes-node-class-name\":\"*\",\"aws:RequestTag/eks:kubernetes-node-pool-name\":\"*\"}},\"Effect\":\"Allow\",\"Resource\":\"*\",\"Sid\":\"Compute\"},{\"Action\":[\"ec2:CreateVolume\",\"ec2:CreateSnapshot\"],\"Condition\":{\"StringEquals\":{\"aws:RequestTag/eks:eks-cluster-name\":\"${aws:PrincipalTag/eks:eks-cluster-name}\"}},\"Effect\":\"Allow\",\"Resource\":[\"arn:aws:ec2:*:*:volume/*\",\"arn:aws:ec2:*:*:snapshot/*\"],\"Sid\":\"Storage\"},{\"Action\":\"ec2:CreateNetworkInterface\",\"Condition\":{\"StringEquals\":{\"aws:RequestTag/eks:eks-cluster-name\":\"${aws:PrincipalTag/eks:eks-cluster-name}\",\"aws:RequestTag/eks:kubernetes-cni-node-name\":\"*\"}},\"Effect\":\"Allow\",\"Resource\":\"*\",\"Sid\":\"Networking\"},{\"Action\":[\"elasticloadbalancing:CreateTargetGroup\",\"elasticloadbalancing:CreateRule\",\"elasticloadbalancing:CreateLoadBalancer\",\"elasticloadbalancing:CreateListener\",\"ec2:CreateSecurityGroup\"],\"Condition\":{\"StringEquals\":{\"aws:RequestTag/eks:eks-cluster-name\":\"${aws:PrincipalTag/eks:eks-cluster-name}\"}},\"Effect\":\"Allow\",\"Resource\":\"*\",\"Sid\":\"LoadBalancer\"},{\"Action\":\"shield:CreateProtection\",\"Condition\":{\"StringEquals\":{\"aws:RequestTag/eks:eks-cluster-name\":\"${aws:PrincipalTag/eks:eks-cluster-name}\"}},\"Effect\":\"Allow\",\"Resource\":\"*\",\"Sid\":\"ShieldProtection\"},{\"Action\":\"shield:TagResource\",\"Condition\":{\"StringEquals\":{\"aws:RequestTag/eks:eks-cluster-name\":\"${aws:PrincipalTag/eks:eks-cluster-name}\"}},\"Effect\":\"Allow\",\"Resource\":\"arn:aws:shield::*:protection/*\",\"Sid\":\"ShieldTagResource\"}],\"Version\":\"2012-10-17\"}",
            "policy_id": "ANPATSRRZTFQ6FEK45BNY",
            "tags": {
              "CreatedBy": "TrainWithShubhamCommunity",
              "CreatedDate": "2025-09-26",
              "Environment": "dev",
              "ManagedBy": "terraform",
              "Owner": "AIDATSRRZTFQTAWT6544P",
              "Project": "retail-store"
            },
            "tags_all": {
              "CreatedBy": "TrainWithShubhamCommunity",
              "CreatedDate": "2025-09-26",
              "Environment": "dev",
              "ManagedBy": "terraform",
              "Owner": "AIDATSRRZTFQTAWT6544P",
              "Project": "retail-store"
            }
          },
          "sensitive_attributes": [],
          "identity_schema_version": 0,
          "private": "bnVsbA==",
          "dependencies": [
            "data.aws_caller_identity.current",
            "module.retail_app_eks.data.aws_iam_policy_document.custom",
            "module.retail_app_eks.data.aws_partition.current",
            "random_string.suffix"
          ]
        }
      ]
    },
    {
      "module": "module.retail_app_eks",
      "mode": "managed",
      "type": "aws_iam_role",
      "name": "this",
      "provider": "provider[\"registry.terraform.io/hashicorp/aws\"]",
      "instances": [
        {
          "index_key": 0,
          "schema_version": 0,
          "attributes": {
            "arn": "arn:aws:iam::245991315809:role/biomarine-ai-5hw9-cluster-20250926125316743500000002",
            "assume_role_policy": "{\"Statement\":[{\"Action\":[\"sts:TagSession\",\"sts:AssumeRole\"],\"Effect\":\"Allow\",\"Principal\":{\"Service\":\"eks.amazonaws.com\"},\"Sid\":\"EKSClusterAssumeRole\"}],\"Version\":\"2012-10-17\"}",
            "create_date": "2025-09-26T12:53:19Z",
            "description": "",
            "force_detach_policies": true,
            "id": "biomarine-ai-5hw9-cluster-20250926125316743500000002",
            "inline_policy": [],
            "managed_policy_arns": [],
            "max_session_duration": 3600,
            "name": "biomarine-ai-5hw9-cluster-20250926125316743500000002",
            "name_prefix": "biomarine-ai-5hw9-cluster-",
            "path": "/",
            "permissions_boundary": "",
            "tags": {
              "CreatedBy": "TrainWithShubhamCommunity",
              "CreatedDate": "2025-09-26",
              "Environment": "dev",
              "ManagedBy": "terraform",
              "Owner": "AIDATSRRZTFQTAWT6544P",
              "Project": "retail-store"
            },
            "tags_all": {
              "CreatedBy": "TrainWithShubhamCommunity",
              "CreatedDate": "2025-09-26",
              "Environment": "dev",
              "ManagedBy": "terraform",
              "Owner": "AIDATSRRZTFQTAWT6544P",
              "Project": "retail-store"
            },
            "unique_id": "AROATSRRZTFQXGCCNE7XK"
          },
          "sensitive_attributes": [],
          "identity_schema_version": 0,
          "private": "bnVsbA==",
          "dependencies": [
            "data.aws_caller_identity.current",
            "module.retail_app_eks.data.aws_iam_policy_document.assume_role_policy",
            "random_string.suffix"
          ],
          "create_before_destroy": true
        }
      ]
    },
    {
      "module": "module.retail_app_eks",
      "mode": "managed",
      "type": "aws_iam_role_policy_attachment",
      "name": "cluster_encryption",
      "provider": "provider[\"registry.terraform.io/hashicorp/aws\"]",
      "instances": [
        {
          "index_key": 0,
          "schema_version": 0,
          "attributes": {
            "id": "biomarine-ai-5hw9-cluster-20250926125316743500000002-20250926125350375200000010",
            "policy_arn": "arn:aws:iam::245991315809:policy/biomarine-ai-5hw9-cluster-ClusterEncryption2025092612534785250000000f",
            "role": "biomarine-ai-5hw9-cluster-20250926125316743500000002"
          },
          "sensitive_attributes": [],
          "identity_schema_version": 0,
          "private": "bnVsbA==",
          "dependencies": [
            "data.aws_caller_identity.current",
            "module.retail_app_eks.aws_iam_policy.cluster_encryption",
            "module.retail_app_eks.aws_iam_role.this",
            "module.retail_app_eks.data.aws_caller_identity.current",
            "module.retail_app_eks.data.aws_iam_policy_document.assume_role_policy",
            "module.retail_app_eks.data.aws_iam_session_context.current",
            "module.retail_app_eks.module.kms.aws_kms_external_key.this",
            "module.retail_app_eks.module.kms.aws_kms_key.this",
            "module.retail_app_eks.module.kms.aws_kms_replica_external_key.this",
            "module.retail_app_eks.module.kms.aws_kms_replica_key.this",
            "module.retail_app_eks.module.kms.data.aws_caller_identity.current",
            "module.retail_app_eks.module.kms.data.aws_iam_policy_document.this",
            "module.retail_app_eks.module.kms.data.aws_partition.current",
            "random_string.suffix"
          ]
        }
      ]
    },
    {
      "module": "module.retail_app_eks",
      "mode": "managed",
      "type": "aws_iam_role_policy_attachment",
      "name": "custom",
      "provider": "provider[\"registry.terraform.io/hashicorp/aws\"]",
      "instances": [
        {
          "index_key": 0,
          "schema_version": 0,
          "attributes": {
            "id": "biomarine-ai-5hw9-cluster-20250926125316743500000002-20250926125320465000000004",
            "policy_arn": "arn:aws:iam::245991315809:policy/biomarine-ai-5hw9-cluster-20250926125316739400000001",
            "role": "biomarine-ai-5hw9-cluster-20250926125316743500000002"
          },
          "sensitive_attributes": [],
          "identity_schema_version": 0,
          "private": "bnVsbA==",
          "dependencies": [
            "data.aws_caller_identity.current",
            "module.retail_app_eks.aws_iam_policy.custom",
            "module.retail_app_eks.aws_iam_role.this",
            "module.retail_app_eks.data.aws_iam_policy_document.assume_role_policy",
            "module.retail_app_eks.data.aws_iam_policy_document.custom",
            "module.retail_app_eks.data.aws_partition.current",
            "random_string.suffix"
          ]
        }
      ]
    },
    {
      "module": "module.retail_app_eks",
      "mode": "managed",
      "type": "aws_iam_role_policy_attachment",
      "name": "this",
      "provider": "provider[\"registry.terraform.io/hashicorp/aws\"]",
      "instances": [
        {
          "index_key": "AmazonEKSClusterPolicy",
          "schema_version": 0,
          "attributes": {
            "id": "biomarine-ai-5hw9-cluster-20250926125316743500000002-20250926125320780700000005",
            "policy_arn": "arn:aws:iam::aws:policy/AmazonEKSClusterPolicy",
            "role": "biomarine-ai-5hw9-cluster-20250926125316743500000002"
          },
          "sensitive_attributes": [],
          "identity_schema_version": 0,
          "private": "bnVsbA==",
          "dependencies": [
            "data.aws_caller_identity.current",
            "module.retail_app_eks.aws_iam_role.this",
            "module.retail_app_eks.data.aws_iam_policy_document.assume_role_policy",
            "module.retail_app_eks.data.aws_partition.current",
            "random_string.suffix"
          ],
          "create_before_destroy": true
        },
        {
          "index_key": "AmazonEKSVPCResourceController",
          "schema_version": 0,
          "attributes": {
            "id": "biomarine-ai-5hw9-cluster-20250926125316743500000002-20250926125320457500000003",
            "policy_arn": "arn:aws:iam::aws:policy/AmazonEKSVPCResourceController",
            "role": "biomarine-ai-5hw9-cluster-20250926125316743500000002"
          },
          "sensitive_attributes": [],
          "identity_schema_version": 0,
          "private": "bnVsbA==",
          "dependencies": [
            "data.aws_caller_identity.current",
            "module.retail_app_eks.aws_iam_role.this",
            "module.retail_app_eks.data.aws_iam_policy_document.assume_role_policy",
            "module.retail_app_eks.data.aws_partition.current",
            "random_string.suffix"
          ],
          "create_before_destroy": true
        }
      ]
    },
    {
      "module": "module.retail_app_eks",
      "mode": "managed",
      "type": "aws_security_group",
      "name": "cluster",
      "provider": "provider[\"registry.terraform.io/hashicorp/aws\"]",
      "instances": [
        {
          "index_key": 0,
          "schema_version": 1,
          "attributes": {
            "arn": "arn:aws:ec2:us-west-2:245991315809:security-group/sg-09db22cf215ae92d8",
            "description": "EKS cluster security group",
            "egress": [],
            "id": "sg-09db22cf215ae92d8",
            "ingress": [],
            "name": "biomarine-ai-5hw9-cluster-20250926125336307200000008",
            "name_prefix": "biomarine-ai-5hw9-cluster-",
            "owner_id": "245991315809",
            "revoke_rules_on_delete": false,
            "tags": {
              "CreatedBy": "TrainWithShubhamCommunity",
              "CreatedDate": "2025-09-26",
              "Environment": "dev",
              "ManagedBy": "terraform",
              "Name": "biomarine-ai-5hw9-cluster",
              "Owner": "AIDATSRRZTFQTAWT6544P",
              "Project": "retail-store"
            },
            "tags_all": {
              "CreatedBy": "TrainWithShubhamCommunity",
              "CreatedDate": "2025-09-26",
              "Environment": "dev",
              "ManagedBy": "terraform",
              "Name": "biomarine-ai-5hw9-cluster",
              "Owner": "AIDATSRRZTFQTAWT6544P",
              "Project": "retail-store"
            },
            "timeouts": null,
            "vpc_id": "vpc-01bf87b10c9652b4b"
          },
          "sensitive_attributes": [],
          "identity_schema_version": 0,
          "private": "eyJlMmJmYjczMC1lY2FhLTExZTYtOGY4OC0zNDM2M2JjN2M0YzAiOnsiY3JlYXRlIjo2MDAwMDAwMDAwMDAsImRlbGV0ZSI6OTAwMDAwMDAwMDAwfSwic2NoZW1hX3ZlcnNpb24iOiIxIn0=",
          "dependencies": [
            "data.aws_caller_identity.current",
            "module.vpc.aws_vpc.this",
            "random_string.suffix"
          ],
          "create_before_destroy": true
        }
      ]
    },
    {
      "module": "module.retail_app_eks",
      "mode": "managed",
      "type": "aws_security_group",
      "name": "node",
      "provider": "provider[\"registry.terraform.io/hashicorp/aws\"]",
      "instances": [
        {
          "index_key": 0,
          "schema_version": 1,
          "attributes": {
            "arn": "arn:aws:ec2:us-west-2:245991315809:security-group/sg-003f906441fe19292",
            "description": "EKS node shared security group",
            "egress": [],
            "id": "sg-003f906441fe19292",
            "ingress": [],
            "name": "biomarine-ai-5hw9-node-20250926125336307200000009",
            "name_prefix": "biomarine-ai-5hw9-node-",
            "owner_id": "245991315809",
            "revoke_rules_on_delete": false,
            "tags": {
              "CreatedBy": "TrainWithShubhamCommunity",
              "CreatedDate": "2025-09-26",
              "Environment": "dev",
              "ManagedBy": "terraform",
              "Name": "biomarine-ai-5hw9-node",
              "Owner": "AIDATSRRZTFQTAWT6544P",
              "Project": "retail-store",
              "kubernetes.io/cluster/biomarine-ai-5hw9": "owned"
            },
            "tags_all": {
              "CreatedBy": "TrainWithShubhamCommunity",
              "CreatedDate": "2025-09-26",
              "Environment": "dev",
              "ManagedBy": "terraform",
              "Name": "biomarine-ai-5hw9-node",
              "Owner": "AIDATSRRZTFQTAWT6544P",
              "Project": "retail-store",
              "kubernetes.io/cluster/biomarine-ai-5hw9": "owned"
            },
            "timeouts": null,
            "vpc_id": "vpc-01bf87b10c9652b4b"
          },
          "sensitive_attributes": [],
          "identity_schema_version": 0,
          "private": "eyJlMmJmYjczMC1lY2FhLTExZTYtOGY4OC0zNDM2M2JjN2M0YzAiOnsiY3JlYXRlIjo2MDAwMDAwMDAwMDAsImRlbGV0ZSI6OTAwMDAwMDAwMDAwfSwic2NoZW1hX3ZlcnNpb24iOiIxIn0=",
          "dependencies": [
            "data.aws_caller_identity.current",
            "module.vpc.aws_vpc.this",
            "random_string.suffix"
          ],
          "create_before_destroy": true
        }
      ]
    },
    {
      "module": "module.retail_app_eks",
      "mode": "managed",
      "type": "aws_security_group_rule",
      "name": "cluster",
      "provider": "provider[\"registry.terraform.io/hashicorp/aws\"]",
      "instances": [
        {
          "index_key": "ingress_nodes_443",
          "schema_version": 2,
          "attributes": {
            "cidr_blocks": null,
            "description": "Node groups to cluster API",
            "from_port": 443,
            "id": "sgrule-1723426622",
            "ipv6_cidr_blocks": null,
            "prefix_list_ids": null,
            "protocol": "tcp",
            "security_group_id": "sg-09db22cf215ae92d8",
            "security_group_rule_id": "sgr-01b084afbf4fc406e",
            "self": false,
            "source_security_group_id": "sg-003f906441fe19292",
            "timeouts": null,
            "to_port": 443,
            "type": "ingress"
          },
          "sensitive_attributes": [],
          "identity_schema_version": 0,
          "private": "eyJlMmJmYjczMC1lY2FhLTExZTYtOGY4OC0zNDM2M2JjN2M0YzAiOnsiY3JlYXRlIjozMDAwMDAwMDAwMDB9LCJzY2hlbWFfdmVyc2lvbiI6IjIifQ==",
          "dependencies": [
            "data.aws_caller_identity.current",
            "module.retail_app_eks.aws_security_group.cluster",
            "module.retail_app_eks.aws_security_group.node",
            "module.vpc.aws_vpc.this",
            "random_string.suffix"
          ],
          "create_before_destroy": true
        }
      ]
    },
    {
      "module": "module.retail_app_eks",
      "mode": "managed",
      "type": "aws_security_group_rule",
      "name": "node",
      "provider": "provider[\"registry.terraform.io/hashicorp/aws\"]",
      "instances": [
        {
          "index_key": "egress_all",
          "schema_version": 2,
          "attributes": {
            "cidr_blocks": [
              "0.0.0.0/0"
            ],
            "description": "Allow all egress",
            "from_port": 0,
            "id": "sgrule-3605862620",
            "ipv6_cidr_blocks": null,
            "prefix_list_ids": [],
            "protocol": "-1",
            "security_group_id": "sg-003f906441fe19292",
            "security_group_rule_id": "sgr-06c9a4232c301586a",
            "self": false,
            "source_security_group_id": null,
            "timeouts": null,
            "to_port": 0,
            "type": "egress"
          },
          "sensitive_attributes": [],
          "identity_schema_version": 0,
          "private": "eyJlMmJmYjczMC1lY2FhLTExZTYtOGY4OC0zNDM2M2JjN2M0YzAiOnsiY3JlYXRlIjozMDAwMDAwMDAwMDB9LCJzY2hlbWFfdmVyc2lvbiI6IjIifQ==",
          "dependencies": [
            "data.aws_caller_identity.current",
            "module.retail_app_eks.aws_security_group.cluster",
            "module.retail_app_eks.aws_security_group.node",
            "module.vpc.aws_vpc.this",
            "random_string.suffix"
          ],
          "create_before_destroy": true
        },
        {
          "index_key": "ingress_cluster_443",
          "schema_version": 2,
          "attributes": {
            "cidr_blocks": null,
            "description": "Cluster API to node groups",
            "from_port": 443,
            "id": "sgrule-3360442814",
            "ipv6_cidr_blocks": null,
            "prefix_list_ids": [],
            "protocol": "tcp",
            "security_group_id": "sg-003f906441fe19292",
            "security_group_rule_id": "sgr-05ef1660940e6bb02",
            "self": false,
            "source_security_group_id": "sg-09db22cf215ae92d8",
            "timeouts": null,
            "to_port": 443,
            "type": "ingress"
          },
          "sensitive_attributes": [],
          "identity_schema_version": 0,
          "private": "eyJlMmJmYjczMC1lY2FhLTExZTYtOGY4OC0zNDM2M2JjN2M0YzAiOnsiY3JlYXRlIjozMDAwMDAwMDAwMDB9LCJzY2hlbWFfdmVyc2lvbiI6IjIifQ==",
          "dependencies": [
            "data.aws_caller_identity.current",
            "module.retail_app_eks.aws_security_group.cluster",
            "module.retail_app_eks.aws_security_group.node",
            "module.vpc.aws_vpc.this",
            "random_string.suffix"
          ],
          "create_before_destroy": true
        },
        {
          "index_key": "ingress_cluster_4443_webhook",
          "schema_version": 2,
          "attributes": {
            "cidr_blocks": null,
            "description": "Cluster API to node 4443/tcp webhook",
            "from_port": 4443,
            "id": "sgrule-2763293755",
            "ipv6_cidr_blocks": null,
            "prefix_list_ids": [],
            "protocol": "tcp",
            "security_group_id": "sg-003f906441fe19292",
            "security_group_rule_id": "sgr-0fcbbbbbf727b78e7",
            "self": false,
            "source_security_group_id": "sg-09db22cf215ae92d8",
            "timeouts": null,
            "to_port": 4443,
            "type": "ingress"
          },
          "sensitive_attributes": [],
          "identity_schema_version": 0,
          "private": "eyJlMmJmYjczMC1lY2FhLTExZTYtOGY4OC0zNDM2M2JjN2M0YzAiOnsiY3JlYXRlIjozMDAwMDAwMDAwMDB9LCJzY2hlbWFfdmVyc2lvbiI6IjIifQ==",
          "dependencies": [
            "data.aws_caller_identity.current",
            "module.retail_app_eks.aws_security_group.cluster",
            "module.retail_app_eks.aws_security_group.node",
            "module.vpc.aws_vpc.this",
            "random_string.suffix"
          ],
          "create_before_destroy": true
        },
        {
          "index_key": "ingress_cluster_6443_webhook",
          "schema_version": 2,
          "attributes": {
            "cidr_blocks": null,
            "description": "Cluster API to node 6443/tcp webhook",
            "from_port": 6443,
            "id": "sgrule-1844896685",
            "ipv6_cidr_blocks": null,
            "prefix_list_ids": [],
            "protocol": "tcp",
            "security_group_id": "sg-003f906441fe19292",
            "security_group_rule_id": "sgr-09f747093771d82dd",
            "self": false,
            "source_security_group_id": "sg-09db22cf215ae92d8",
            "timeouts": null,
            "to_port": 6443,
            "type": "ingress"
          },
          "sensitive_attributes": [],
          "identity_schema_version": 0,
          "private": "eyJlMmJmYjczMC1lY2FhLTExZTYtOGY4OC0zNDM2M2JjN2M0YzAiOnsiY3JlYXRlIjozMDAwMDAwMDAwMDB9LCJzY2hlbWFfdmVyc2lvbiI6IjIifQ==",
          "dependencies": [
            "data.aws_caller_identity.current",
            "module.retail_app_eks.aws_security_group.cluster",
            "module.retail_app_eks.aws_security_group.node",
            "module.vpc.aws_vpc.this",
            "random_string.suffix"
          ],
          "create_before_destroy": true
        },
        {
          "index_key": "ingress_cluster_8443_webhook",
          "schema_version": 2,
          "attributes": {
            "cidr_blocks": null,
            "description": "Cluster API to node 8443/tcp webhook",
            "from_port": 8443,
            "id": "sgrule-2125127564",
            "ipv6_cidr_blocks": null,
            "prefix_list_ids": [],
            "protocol": "tcp",
            "security_group_id": "sg-003f906441fe19292",
            "security_group_rule_id": "sgr-09ebb8b5e47bf42fe",
            "self": false,
            "source_security_group_id": "sg-09db22cf215ae92d8",
            "timeouts": null,
            "to_port": 8443,
            "type": "ingress"
          },
          "sensitive_attributes": [],
          "identity_schema_version": 0,
          "private": "eyJlMmJmYjczMC1lY2FhLTExZTYtOGY4OC0zNDM2M2JjN2M0YzAiOnsiY3JlYXRlIjozMDAwMDAwMDAwMDB9LCJzY2hlbWFfdmVyc2lvbiI6IjIifQ==",
          "dependencies": [
            "data.aws_caller_identity.current",
            "module.retail_app_eks.aws_security_group.cluster",
            "module.retail_app_eks.aws_security_group.node",
            "module.vpc.aws_vpc.this",
            "random_string.suffix"
          ],
          "create_before_destroy": true
        },
        {
          "index_key": "ingress_cluster_9443_webhook",
          "schema_version": 2,
          "attributes": {
            "cidr_blocks": null,
            "description": "Cluster API to node 9443/tcp webhook",
            "from_port": 9443,
            "id": "sgrule-436988999",
            "ipv6_cidr_blocks": null,
            "prefix_list_ids": [],
            "protocol": "tcp",
            "security_group_id": "sg-003f906441fe19292",
            "security_group_rule_id": "sgr-0a6503af78147f437",
            "self": false,
            "source_security_group_id": "sg-09db22cf215ae92d8",
            "timeouts": null,
            "to_port": 9443,
            "type": "ingress"
          },
          "sensitive_attributes": [],
          "identity_schema_version": 0,
          "private": "eyJlMmJmYjczMC1lY2FhLTExZTYtOGY4OC0zNDM2M2JjN2M0YzAiOnsiY3JlYXRlIjozMDAwMDAwMDAwMDB9LCJzY2hlbWFfdmVyc2lvbiI6IjIifQ==",
          "dependencies": [
            "data.aws_caller_identity.current",
            "module.retail_app_eks.aws_security_group.cluster",
            "module.retail_app_eks.aws_security_group.node",
            "module.vpc.aws_vpc.this",
            "random_string.suffix"
          ],
          "create_before_destroy": true
        },
        {
          "index_key": "ingress_cluster_kubelet",
          "schema_version": 2,
          "attributes": {
            "cidr_blocks": null,
            "description": "Cluster API to node kubelets",
            "from_port": 10250,
            "id": "sgrule-3170102606",
            "ipv6_cidr_blocks": null,
            "prefix_list_ids": [],
            "protocol": "tcp",
            "security_group_id": "sg-003f906441fe19292",
            "security_group_rule_id": "sgr-0cfcbb5374366da69",
            "self": false,
            "source_security_group_id": "sg-09db22cf215ae92d8",
            "timeouts": null,
            "to_port": 10250,
            "type": "ingress"
          },
          "sensitive_attributes": [],
          "identity_schema_version": 0,
          "private": "eyJlMmJmYjczMC1lY2FhLTExZTYtOGY4OC0zNDM2M2JjN2M0YzAiOnsiY3JlYXRlIjozMDAwMDAwMDAwMDB9LCJzY2hlbWFfdmVyc2lvbiI6IjIifQ==",
          "dependencies": [
            "data.aws_caller_identity.current",
            "module.retail_app_eks.aws_security_group.cluster",
            "module.retail_app_eks.aws_security_group.node",
            "module.vpc.aws_vpc.this",
            "random_string.suffix"
          ],
          "create_before_destroy": true
        },
        {
          "index_key": "ingress_nodes_ephemeral",
          "schema_version": 2,
          "attributes": {
            "cidr_blocks": null,
            "description": "Node to node ingress on ephemeral ports",
            "from_port": 1025,
            "id": "sgrule-2126260875",
            "ipv6_cidr_blocks": null,
            "prefix_list_ids": [],
            "protocol": "tcp",
            "security_group_id": "sg-003f906441fe19292",
            "security_group_rule_id": "sgr-07b088523d4c715cb",
            "self": true,
            "source_security_group_id": null,
            "timeouts": null,
            "to_port": 65535,
            "type": "ingress"
          },
          "sensitive_attributes": [],
          "identity_schema_version": 0,
          "private": "eyJlMmJmYjczMC1lY2FhLTExZTYtOGY4OC0zNDM2M2JjN2M0YzAiOnsiY3JlYXRlIjozMDAwMDAwMDAwMDB9LCJzY2hlbWFfdmVyc2lvbiI6IjIifQ==",
          "dependencies": [
            "data.aws_caller_identity.current",
            "module.retail_app_eks.aws_security_group.cluster",
            "module.retail_app_eks.aws_security_group.node",
            "module.vpc.aws_vpc.this",
            "random_string.suffix"
          ],
          "create_before_destroy": true
        },
        {
          "index_key": "ingress_self_coredns_tcp",
          "schema_version": 2,
          "attributes": {
            "cidr_blocks": null,
            "description": "Node to node CoreDNS",
            "from_port": 53,
            "id": "sgrule-2766284256",
            "ipv6_cidr_blocks": null,
            "prefix_list_ids": [],
            "protocol": "tcp",
            "security_group_id": "sg-003f906441fe19292",
            "security_group_rule_id": "sgr-0e51e30093a77f3ea",
            "self": true,
            "source_security_group_id": null,
            "timeouts": null,
            "to_port": 53,
            "type": "ingress"
          },
          "sensitive_attributes": [],
          "identity_schema_version": 0,
          "private": "eyJlMmJmYjczMC1lY2FhLTExZTYtOGY4OC0zNDM2M2JjN2M0YzAiOnsiY3JlYXRlIjozMDAwMDAwMDAwMDB9LCJzY2hlbWFfdmVyc2lvbiI6IjIifQ==",
          "dependencies": [
            "data.aws_caller_identity.current",
            "module.retail_app_eks.aws_security_group.cluster",
            "module.retail_app_eks.aws_security_group.node",
            "module.vpc.aws_vpc.this",
            "random_string.suffix"
          ],
          "create_before_destroy": true
        },
        {
          "index_key": "ingress_self_coredns_udp",
          "schema_version": 2,
          "attributes": {
            "cidr_blocks": null,
            "description": "Node to node CoreDNS UDP",
            "from_port": 53,
            "id": "sgrule-12420623",
            "ipv6_cidr_blocks": null,
            "prefix_list_ids": [],
            "protocol": "udp",
            "security_group_id": "sg-003f906441fe19292",
            "security_group_rule_id": "sgr-05dc2f9931dc8a346",
            "self": true,
            "source_security_group_id": null,
            "timeouts": null,
            "to_port": 53,
            "type": "ingress"
          },
          "sensitive_attributes": [],
          "identity_schema_version": 0,
          "private": "eyJlMmJmYjczMC1lY2FhLTExZTYtOGY4OC0zNDM2M2JjN2M0YzAiOnsiY3JlYXRlIjozMDAwMDAwMDAwMDB9LCJzY2hlbWFfdmVyc2lvbiI6IjIifQ==",
          "dependencies": [
            "data.aws_caller_identity.current",
            "module.retail_app_eks.aws_security_group.cluster",
            "module.retail_app_eks.aws_security_group.node",
            "module.vpc.aws_vpc.this",
            "random_string.suffix"
          ],
          "create_before_destroy": true
        }
      ]
    },
    {
      "module": "module.retail_app_eks",
      "mode": "managed",
      "type": "time_sleep",
      "name": "this",
      "provider": "provider[\"registry.terraform.io/hashicorp/time\"]",
      "instances": [
        {
          "index_key": 0,
          "schema_version": 0,
          "attributes": {
            "create_duration": "30s",
            "destroy_duration": null,
            "id": "2025-09-26T13:03:15Z",
            "triggers": {
              "cluster_certificate_authority_data": "LS0tLS1CRUdJTiBDRVJUSUZJQ0FURS0tLS0tCk1JSURCVENDQWUyZ0F3SUJBZ0lJV3RRS3dzbll6V1V3RFFZSktvWklodmNOQVFFTEJRQXdGVEVUTUJFR0ExVUUKQXhNS2EzVmlaWEp1WlhSbGN6QWVGdzB5TlRBNU1qWXhNalUwTVRkYUZ3MHpOVEE1TWpReE1qVTVNVGRhTUJVeApFekFSQmdOVkJBTVRDbXQxWW1WeWJtVjBaWE13Z2dFaU1BMEdDU3FHU0liM0RRRUJBUVVBQTRJQkR3QXdnZ0VLCkFvSUJBUUNrdGtvVzFDcWw5OWx0cFA1d0dKWlk1UXRMeVlpYlFiRE55T1djeHNJdGhJWFZkb2VBRmNiVU1vM1YKVGhBdXBTRGVaOGRwTzFxRjV6MmFzdDAvOGE1QmlKcjFlU28wMmY5RjRHZklSQ3pVTkZJWWp0VmFTWFphakZXLwpBZDRKVDFOYWYvZkxsV3pRa2s5SHdGbUNUc0NQcGE1OEdaQlJkbDM3TS85bUkwaXU4RGoxZzJydWZ4QUFsUVYxCjZxRjc2SEdDcnJmaXJvV21ONlF3bUszQW00MXNUNGdXaWJrVFJGTWdPU1JjQmZxbWZiZ1RKOXlHcldNVDVWOUoKQStJNndJeE10WWVsekM5aVZLaGFxZGNKS1VqTjlnVXYvZFdoMDJSOHFPWEt4cDN6dEpFWDlRMkxldWorYURhQgpyTnkzeGQrd0c1UWFBN3FjMmJMZVkzSDFldTc3QWdNQkFBR2pXVEJYTUE0R0ExVWREd0VCL3dRRUF3SUNwREFQCkJnTlZIUk1CQWY4RUJUQURBUUgvTUIwR0ExVWREZ1FXQkJRdmx4Y1FsdUM0WitrMVdPaktWNzdRQ3Rhb216QVYKQmdOVkhSRUVEakFNZ2dwcmRXSmxjbTVsZEdWek1BMEdDU3FHU0liM0RRRUJDd1VBQTRJQkFRQlRWTisvemExdAp5ZUdmSk5Tc1o0NTgyWDF1VjY0cWlGWEljeHlaL0FGTTdsRThwamFjcUNGUFFYdUN4V3FLSUxQK3hwYjNYcUNlCnZyYXBqK1EvbVNnWUV1cVc0NVNMQlo0ZGJlSTQzVEdGRFRJby9wS1puMnNjK3RROFpBeE1ibU9NbHZYRU8wSWcKTFdWUjlUajJKekxjTWJUcXhtTmZrNjNuQXg5ZklDM1IxdFlRTmVQQmJYeE91MUVzR1lheDdnSHlQWXZhV2RmVgpYVDMyQWNlVkRrY0h4WDVWUmticktmYjFRYWMyV3I1a0pJUmdpb2NGUU9NbGNMc3VCSmlHNU9EYzRKQWVCdzhECjArVnJRQmhrY1kyZ2ZxRklzRWNWSCtSV3liZ0RlaGozSXpXZnRjVFZwN3dxMENaa1c3WktkUTk0UVo3WDc5bGkKWVhOVDJBT2ZDOXBECi0tLS0tRU5EIENFUlRJRklDQVRFLS0tLS0K",
              "cluster_endpoint": "https://083D67A559A7D511596B8673F0DA06D4.sk1.us-west-2.eks.amazonaws.com",
              "cluster_name": "biomarine-ai-5hw9",
              "cluster_service_cidr": "172.20.0.0/16",
              "cluster_version": "1.29"
            }
          },
          "sensitive_attributes": [],
          "identity_schema_version": 0,
          "dependencies": [
            "data.aws_availability_zones.available",
            "data.aws_caller_identity.current",
            "module.retail_app_eks.aws_cloudwatch_log_group.this",
            "module.retail_app_eks.aws_eks_cluster.this",
            "module.retail_app_eks.aws_iam_policy.cni_ipv6_policy",
            "module.retail_app_eks.aws_iam_role.eks_auto",
            "module.retail_app_eks.aws_iam_role.this",
            "module.retail_app_eks.aws_iam_role_policy_attachment.this",
            "module.retail_app_eks.aws_security_group.cluster",
            "module.retail_app_eks.aws_security_group.node",
            "module.retail_app_eks.aws_security_group_rule.cluster",
            "module.retail_app_eks.aws_security_group_rule.node",
            "module.retail_app_eks.data.aws_caller_identity.current",
            "module.retail_app_eks.data.aws_iam_policy_document.assume_role_policy",
            "module.retail_app_eks.data.aws_iam_policy_document.cni_ipv6_policy",
            "module.retail_app_eks.data.aws_iam_policy_document.node_assume_role_policy",
            "module.retail_app_eks.data.aws_iam_session_context.current",
            "module.retail_app_eks.data.aws_partition.current",
            "module.retail_app_eks.module.kms.aws_kms_external_key.this",
            "module.retail_app_eks.module.kms.aws_kms_key.this",
            "module.retail_app_eks.module.kms.aws_kms_replica_external_key.this",
            "module.retail_app_eks.module.kms.aws_kms_replica_key.this",
            "module.retail_app_eks.module.kms.data.aws_caller_identity.current",
            "module.retail_app_eks.module.kms.data.aws_iam_policy_document.this",
            "module.retail_app_eks.module.kms.data.aws_partition.current",
            "module.vpc.aws_subnet.private",
            "module.vpc.aws_vpc.this",
            "module.vpc.aws_vpc_ipv4_cidr_block_association.this",
            "random_string.suffix"
          ],
          "create_before_destroy": true
        }
      ]
    },
    {
      "module": "module.retail_app_eks.module.eks_managed_node_group[\"default\"]",
      "mode": "data",
      "type": "aws_caller_identity",
      "name": "current",
      "provider": "provider[\"registry.terraform.io/hashicorp/aws\"]",
      "instances": [
        {
          "schema_version": 0,
          "attributes": {
            "account_id": "245991315809",
            "arn": "arn:aws:iam::245991315809:user/cli-user",
            "id": "245991315809",
            "user_id": "AIDATSRRZTFQTAWT6544P"
          },
          "sensitive_attributes": [],
          "identity_schema_version": 0
        }
      ]
    },
    {
      "module": "module.retail_app_eks.module.eks_managed_node_group[\"default\"]",
      "mode": "data",
      "type": "aws_iam_policy_document",
      "name": "assume_role_policy",
      "provider": "provider[\"registry.terraform.io/hashicorp/aws\"]",
      "instances": [
        {
          "index_key": 0,
          "schema_version": 0,
          "attributes": {
            "id": "2560088296",
            "json": "{\n  \"Version\": \"2012-10-17\",\n  \"Statement\": [\n    {\n      \"Sid\": \"EKSNodeAssumeRole\",\n      \"Effect\": \"Allow\",\n      \"Action\": \"sts:AssumeRole\",\n      \"Principal\": {\n        \"Service\": \"ec2.amazonaws.com\"\n      }\n    }\n  ]\n}",
            "minified_json": "{\"Version\":\"2012-10-17\",\"Statement\":[{\"Sid\":\"EKSNodeAssumeRole\",\"Effect\":\"Allow\",\"Action\":\"sts:AssumeRole\",\"Principal\":{\"Service\":\"ec2.amazonaws.com\"}}]}",
            "override_json": null,
            "override_policy_documents": null,
            "policy_id": null,
            "source_json": null,
            "source_policy_documents": null,
            "statement": [
              {
                "actions": [
                  "sts:AssumeRole"
                ],
                "condition": [],
                "effect": "Allow",
                "not_actions": [],
                "not_principals": [],
                "not_resources": [],
                "principals": [
                  {
                    "identifiers": [
                      "ec2.amazonaws.com"
                    ],
                    "type": "Service"
                  }
                ],
                "resources": [],
                "sid": "EKSNodeAssumeRole"
              }
            ],
            "version": "2012-10-17"
          },
          "sensitive_attributes": [],
          "identity_schema_version": 0
        }
      ]
    },
    {
      "module": "module.retail_app_eks.module.eks_managed_node_group[\"default\"]",
      "mode": "data",
      "type": "aws_partition",
      "name": "current",
      "provider": "provider[\"registry.terraform.io/hashicorp/aws\"]",
      "instances": [
        {
          "schema_version": 0,
          "attributes": {
            "dns_suffix": "amazonaws.com",
            "id": "aws",
            "partition": "aws",
            "reverse_dns_prefix": "com.amazonaws"
          },
          "sensitive_attributes": [],
          "identity_schema_version": 0
        }
      ]
    },
    {
      "module": "module.retail_app_eks.module.eks_managed_node_group[\"default\"]",
      "mode": "managed",
      "type": "aws_eks_node_group",
      "name": "this",
      "provider": "provider[\"registry.terraform.io/hashicorp/aws\"]",
      "instances": [
        {
          "index_key": 0,
          "schema_version": 0,
          "attributes": {
            "ami_type": "AL2_x86_64",
            "arn": "arn:aws:eks:us-west-2:245991315809:nodegroup/biomarine-ai-5hw9/default-20250926130323067200000013/5accc30f-8231-1028-8a52-25b8b55420a4",
            "capacity_type": "ON_DEMAND",
            "cluster_name": "biomarine-ai-5hw9",
            "disk_size": 0,
            "force_update_version": null,
            "id": "biomarine-ai-5hw9:default-20250926130323067200000013",
            "instance_types": [
              "t3.medium"
            ],
            "labels": null,
            "launch_template": [
              {
                "id": "lt-04076f141eb4ad907",
                "name": "default-20250926130315199000000011",
                "version": "1"
              }
            ],
            "node_group_name": "default-20250926130323067200000013",
            "node_group_name_prefix": "default-",
            "node_repair_config": [],
            "node_role_arn": "arn:aws:iam::245991315809:role/default-eks-node-group-2025092612533874620000000a",
            "release_version": "1.29.15-20250920",
            "remote_access": [],
            "resources": [
              {
                "autoscaling_groups": [
                  {
                    "name": "eks-default-20250926130323067200000013-5accc30f-8231-1028-8a52-25b8b55420a4"
                  }
                ],
                "remote_access_security_group_id": ""
              }
            ],
            "scaling_config": [
              {
                "desired_size": 2,
                "max_size": 3,
                "min_size": 2
              }
            ],
            "status": "ACTIVE",
            "subnet_ids": [
              "subnet-0352df30ea6abdc06",
              "subnet-03d336f91466e4a7b",
              "subnet-08c44b79f8772afa1"
            ],
            "tags": {
              "CreatedBy": "TrainWithShubhamCommunity",
              "CreatedDate": "2025-09-26",
              "Environment": "dev",
              "ManagedBy": "terraform",
              "Name": "default",
              "Owner": "AIDATSRRZTFQTAWT6544P",
              "Project": "retail-store"
            },
            "tags_all": {
              "CreatedBy": "TrainWithShubhamCommunity",
              "CreatedDate": "2025-09-26",
              "Environment": "dev",
              "ManagedBy": "terraform",
              "Name": "default",
              "Owner": "AIDATSRRZTFQTAWT6544P",
              "Project": "retail-store"
            },
            "taint": [],
            "timeouts": {
              "create": null,
              "delete": null,
              "update": null
            },
            "update_config": [
              {
                "max_unavailable": 0,
                "max_unavailable_percentage": 33
              }
            ],
            "version": "1.29"
          },
          "sensitive_attributes": [],
          "identity_schema_version": 0,
          "private": "eyJlMmJmYjczMC1lY2FhLTExZTYtOGY4OC0zNDM2M2JjN2M0YzAiOnsiY3JlYXRlIjozNjAwMDAwMDAwMDAwLCJkZWxldGUiOjM2MDAwMDAwMDAwMDAsInVwZGF0ZSI6MzYwMDAwMDAwMDAwMH19",
          "dependencies": [
            "data.aws_availability_zones.available",
            "data.aws_caller_identity.current",
            "module.retail_app_eks.aws_cloudwatch_log_group.this",
            "module.retail_app_eks.aws_eks_cluster.this",
            "module.retail_app_eks.aws_iam_policy.cni_ipv6_policy",
            "module.retail_app_eks.aws_iam_role.eks_auto",
            "module.retail_app_eks.aws_iam_role.this",
            "module.retail_app_eks.aws_iam_role_policy_attachment.this",
            "module.retail_app_eks.aws_security_group.cluster",
            "module.retail_app_eks.aws_security_group.node",
            "module.retail_app_eks.aws_security_group_rule.cluster",
            "module.retail_app_eks.aws_security_group_rule.node",
            "module.retail_app_eks.data.aws_caller_identity.current",
            "module.retail_app_eks.data.aws_iam_policy_document.assume_role_policy",
            "module.retail_app_eks.data.aws_iam_policy_document.cni_ipv6_policy",
            "module.retail_app_eks.data.aws_iam_policy_document.node_assume_role_policy",
            "module.retail_app_eks.data.aws_iam_session_context.current",
            "module.retail_app_eks.data.aws_partition.current",
            "module.retail_app_eks.module.eks_managed_node_group.aws_iam_role.this",
            "module.retail_app_eks.module.eks_managed_node_group.aws_iam_role_policy_attachment.additional",
            "module.retail_app_eks.module.eks_managed_node_group.aws_iam_role_policy_attachment.this",
            "module.retail_app_eks.module.eks_managed_node_group.aws_launch_template.this",
            "module.retail_app_eks.module.eks_managed_node_group.aws_placement_group.this",
            "module.retail_app_eks.module.eks_managed_node_group.data.aws_caller_identity.current",
            "module.retail_app_eks.module.eks_managed_node_group.data.aws_ec2_instance_type.this",
            "module.retail_app_eks.module.eks_managed_node_group.data.aws_ec2_instance_type_offerings.this",
            "module.retail_app_eks.module.eks_managed_node_group.data.aws_iam_policy_document.assume_role_policy",
            "module.retail_app_eks.module.eks_managed_node_group.data.aws_partition.current",
            "module.retail_app_eks.module.eks_managed_node_group.data.aws_ssm_parameter.ami",
            "module.retail_app_eks.module.eks_managed_node_group.data.aws_subnets.placement_group",
            "module.retail_app_eks.module.eks_managed_node_group.module.user_data.data.cloudinit_config.al2023_eks_managed_node_group",
            "module.retail_app_eks.module.eks_managed_node_group.module.user_data.data.cloudinit_config.linux_eks_managed_node_group",
            "module.retail_app_eks.module.kms.aws_kms_external_key.this",
            "module.retail_app_eks.module.kms.aws_kms_key.this",
            "module.retail_app_eks.module.kms.aws_kms_replica_external_key.this",
            "module.retail_app_eks.module.kms.aws_kms_replica_key.this",
            "module.retail_app_eks.module.kms.data.aws_caller_identity.current",
            "module.retail_app_eks.module.kms.data.aws_iam_policy_document.this",
            "module.retail_app_eks.module.kms.data.aws_partition.current",
            "module.retail_app_eks.time_sleep.this",
            "module.vpc.aws_subnet.private",
            "module.vpc.aws_vpc.this",
            "module.vpc.aws_vpc_ipv4_cidr_block_association.this",
            "random_string.suffix"
          ],
          "create_before_destroy": true
        }
      ]
    },
    {
      "module": "module.retail_app_eks.module.eks_managed_node_group[\"default\"]",
      "mode": "managed",
      "type": "aws_iam_role",
      "name": "this",
      "provider": "provider[\"registry.terraform.io/hashicorp/aws\"]",
      "instances": [
        {
          "index_key": 0,
          "schema_version": 0,
          "attributes": {
            "arn": "arn:aws:iam::245991315809:role/default-eks-node-group-2025092612533874620000000a",
            "assume_role_policy": "{\"Statement\":[{\"Action\":\"sts:AssumeRole\",\"Effect\":\"Allow\",\"Principal\":{\"Service\":\"ec2.amazonaws.com\"},\"Sid\":\"EKSNodeAssumeRole\"}],\"Version\":\"2012-10-17\"}",
            "create_date": "2025-09-26T12:53:39Z",
            "description": "EKS managed node group IAM role",
            "force_detach_policies": true,
            "id": "default-eks-node-group-2025092612533874620000000a",
            "inline_policy": [],
            "managed_policy_arns": [],
            "max_session_duration": 3600,
            "name": "default-eks-node-group-2025092612533874620000000a",
            "name_prefix": "default-eks-node-group-",
            "path": "/",
            "permissions_boundary": "",
            "tags": {
              "CreatedBy": "TrainWithShubhamCommunity",
              "CreatedDate": "2025-09-26",
              "Environment": "dev",
              "ManagedBy": "terraform",
              "Owner": "AIDATSRRZTFQTAWT6544P",
              "Project": "retail-store"
            },
            "tags_all": {
              "CreatedBy": "TrainWithShubhamCommunity",
              "CreatedDate": "2025-09-26",
              "Environment": "dev",
              "ManagedBy": "terraform",
              "Owner": "AIDATSRRZTFQTAWT6544P",
              "Project": "retail-store"
            },
            "unique_id": "AROATSRRZTFQTK5ZP7F3M"
          },
          "sensitive_attributes": [],
          "identity_schema_version": 0,
          "private": "bnVsbA==",
          "dependencies": [
            "data.aws_availability_zones.available",
            "data.aws_caller_identity.current",
            "module.retail_app_eks.module.eks_managed_node_group.data.aws_iam_policy_document.assume_role_policy",
            "module.vpc.aws_subnet.private",
            "module.vpc.aws_vpc.this",
            "module.vpc.aws_vpc_ipv4_cidr_block_association.this",
            "random_string.suffix"
          ],
          "create_before_destroy": true
        }
      ]
    },
    {
      "module": "module.retail_app_eks.module.eks_managed_node_group[\"default\"]",
      "mode": "managed",
      "type": "aws_iam_role_policy_attachment",
      "name": "this",
      "provider": "provider[\"registry.terraform.io/hashicorp/aws\"]",
      "instances": [
        {
          "index_key": "AmazonEC2ContainerRegistryReadOnly",
          "schema_version": 0,
          "attributes": {
            "id": "default-eks-node-group-2025092612533874620000000a-2025092612534034600000000c",
            "policy_arn": "arn:aws:iam::aws:policy/AmazonEC2ContainerRegistryReadOnly",
            "role": "default-eks-node-group-2025092612533874620000000a"
          },
          "sensitive_attributes": [],
          "identity_schema_version": 0,
          "private": "bnVsbA==",
          "dependencies": [
            "data.aws_availability_zones.available",
            "data.aws_caller_identity.current",
            "module.retail_app_eks.module.eks_managed_node_group.aws_iam_role.this",
            "module.retail_app_eks.module.eks_managed_node_group.data.aws_caller_identity.current",
            "module.retail_app_eks.module.eks_managed_node_group.data.aws_iam_policy_document.assume_role_policy",
            "module.retail_app_eks.module.eks_managed_node_group.data.aws_partition.current",
            "module.vpc.aws_subnet.private",
            "module.vpc.aws_vpc.this",
            "module.vpc.aws_vpc_ipv4_cidr_block_association.this",
            "random_string.suffix"
          ],
          "create_before_destroy": true
        },
        {
          "index_key": "AmazonEKSWorkerNodePolicy",
          "schema_version": 0,
          "attributes": {
            "id": "default-eks-node-group-2025092612533874620000000a-2025092612534034660000000d",
            "policy_arn": "arn:aws:iam::aws:policy/AmazonEKSWorkerNodePolicy",
            "role": "default-eks-node-group-2025092612533874620000000a"
          },
          "sensitive_attributes": [],
          "identity_schema_version": 0,
          "private": "bnVsbA==",
          "dependencies": [
            "data.aws_availability_zones.available",
            "data.aws_caller_identity.current",
            "module.retail_app_eks.module.eks_managed_node_group.aws_iam_role.this",
            "module.retail_app_eks.module.eks_managed_node_group.data.aws_caller_identity.current",
            "module.retail_app_eks.module.eks_managed_node_group.data.aws_iam_policy_document.assume_role_policy",
            "module.retail_app_eks.module.eks_managed_node_group.data.aws_partition.current",
            "module.vpc.aws_subnet.private",
            "module.vpc.aws_vpc.this",
            "module.vpc.aws_vpc_ipv4_cidr_block_association.this",
            "random_string.suffix"
          ],
          "create_before_destroy": true
        },
        {
          "index_key": "AmazonEKS_CNI_Policy",
          "schema_version": 0,
          "attributes": {
            "id": "default-eks-node-group-2025092612533874620000000a-2025092612534034730000000e",
            "policy_arn": "arn:aws:iam::aws:policy/AmazonEKS_CNI_Policy",
            "role": "default-eks-node-group-2025092612533874620000000a"
          },
          "sensitive_attributes": [],
          "identity_schema_version": 0,
          "private": "bnVsbA==",
          "dependencies": [
            "data.aws_availability_zones.available",
            "data.aws_caller_identity.current",
            "module.retail_app_eks.module.eks_managed_node_group.aws_iam_role.this",
            "module.retail_app_eks.module.eks_managed_node_group.data.aws_caller_identity.current",
            "module.retail_app_eks.module.eks_managed_node_group.data.aws_iam_policy_document.assume_role_policy",
            "module.retail_app_eks.module.eks_managed_node_group.data.aws_partition.current",
            "module.vpc.aws_subnet.private",
            "module.vpc.aws_vpc.this",
            "module.vpc.aws_vpc_ipv4_cidr_block_association.this",
            "random_string.suffix"
          ],
          "create_before_destroy": true
        }
      ]
    },
    {
      "module": "module.retail_app_eks.module.eks_managed_node_group[\"default\"]",
      "mode": "managed",
      "type": "aws_launch_template",
      "name": "this",
      "provider": "provider[\"registry.terraform.io/hashicorp/aws\"]",
      "instances": [
        {
          "index_key": 0,
          "schema_version": 0,
          "attributes": {
            "arn": "arn:aws:ec2:us-west-2:245991315809:launch-template/lt-04076f141eb4ad907",
            "block_device_mappings": [],
            "capacity_reservation_specification": [],
            "cpu_options": [],
            "credit_specification": [],
            "default_version": 1,
            "description": "Custom launch template for default EKS managed node group",
            "disable_api_stop": false,
            "disable_api_termination": false,
            "ebs_optimized": "",
            "elastic_gpu_specifications": [],
            "elastic_inference_accelerator": [],
            "enclave_options": [],
            "hibernation_options": [],
            "iam_instance_profile": [],
            "id": "lt-04076f141eb4ad907",
            "image_id": "",
            "instance_initiated_shutdown_behavior": "",
            "instance_market_options": [],
            "instance_requirements": [],
            "instance_type": "",
            "kernel_id": "",
            "key_name": "",
            "latest_version": 1,
            "license_specification": [],
            "maintenance_options": [],
            "metadata_options": [
              {
                "http_endpoint": "enabled",
                "http_protocol_ipv6": "",
                "http_put_response_hop_limit": 2,
                "http_tokens": "required",
                "instance_metadata_tags": ""
              }
            ],
            "monitoring": [
              {
                "enabled": true
              }
            ],
            "name": "default-20250926130315199000000011",
            "name_prefix": "default-",
            "network_interfaces": [],
            "placement": [],
            "private_dns_name_options": [],
            "ram_disk_id": "",
            "security_group_names": null,
            "tag_specifications": [
              {
                "resource_type": "instance",
                "tags": {
                  "CreatedBy": "TrainWithShubhamCommunity",
                  "CreatedDate": "2025-09-26",
                  "Environment": "dev",
                  "ManagedBy": "terraform",
                  "Name": "default",
                  "Owner": "AIDATSRRZTFQTAWT6544P",
                  "Project": "retail-store"
                }
              },
              {
                "resource_type": "network-interface",
                "tags": {
                  "CreatedBy": "TrainWithShubhamCommunity",
                  "CreatedDate": "2025-09-26",
                  "Environment": "dev",
                  "ManagedBy": "terraform",
                  "Name": "default",
                  "Owner": "AIDATSRRZTFQTAWT6544P",
                  "Project": "retail-store"
                }
              },
              {
                "resource_type": "volume",
                "tags": {
                  "CreatedBy": "TrainWithShubhamCommunity",
                  "CreatedDate": "2025-09-26",
                  "Environment": "dev",
                  "ManagedBy": "terraform",
                  "Name": "default",
                  "Owner": "AIDATSRRZTFQTAWT6544P",
                  "Project": "retail-store"
                }
              }
            ],
            "tags": {
              "CreatedBy": "TrainWithShubhamCommunity",
              "CreatedDate": "2025-09-26",
              "Environment": "dev",
              "ManagedBy": "terraform",
              "Owner": "AIDATSRRZTFQTAWT6544P",
              "Project": "retail-store"
            },
            "tags_all": {
              "CreatedBy": "TrainWithShubhamCommunity",
              "CreatedDate": "2025-09-26",
              "Environment": "dev",
              "ManagedBy": "terraform",
              "Owner": "AIDATSRRZTFQTAWT6544P",
              "Project": "retail-store"
            },
            "update_default_version": true,
            "user_data": "",
            "vpc_security_group_ids": [
              "sg-003f906441fe19292"
            ]
          },
          "sensitive_attributes": [],
          "identity_schema_version": 0,
          "private": "bnVsbA==",
          "dependencies": [
            "data.aws_availability_zones.available",
            "data.aws_caller_identity.current",
            "module.retail_app_eks.aws_cloudwatch_log_group.this",
            "module.retail_app_eks.aws_eks_cluster.this",
            "module.retail_app_eks.aws_iam_policy.cni_ipv6_policy",
            "module.retail_app_eks.aws_iam_role.eks_auto",
            "module.retail_app_eks.aws_iam_role.this",
            "module.retail_app_eks.aws_iam_role_policy_attachment.this",
            "module.retail_app_eks.aws_security_group.cluster",
            "module.retail_app_eks.aws_security_group.node",
            "module.retail_app_eks.aws_security_group_rule.cluster",
            "module.retail_app_eks.aws_security_group_rule.node",
            "module.retail_app_eks.data.aws_caller_identity.current",
            "module.retail_app_eks.data.aws_iam_policy_document.assume_role_policy",
            "module.retail_app_eks.data.aws_iam_policy_document.cni_ipv6_policy",
            "module.retail_app_eks.data.aws_iam_policy_document.node_assume_role_policy",
            "module.retail_app_eks.data.aws_iam_session_context.current",
            "module.retail_app_eks.data.aws_partition.current",
            "module.retail_app_eks.module.eks_managed_node_group.aws_iam_role.this",
            "module.retail_app_eks.module.eks_managed_node_group.aws_iam_role_policy_attachment.additional",
            "module.retail_app_eks.module.eks_managed_node_group.aws_iam_role_policy_attachment.this",
            "module.retail_app_eks.module.eks_managed_node_group.aws_placement_group.this",
            "module.retail_app_eks.module.eks_managed_node_group.data.aws_caller_identity.current",
            "module.retail_app_eks.module.eks_managed_node_group.data.aws_ec2_instance_type.this",
            "module.retail_app_eks.module.eks_managed_node_group.data.aws_iam_policy_document.assume_role_policy",
            "module.retail_app_eks.module.eks_managed_node_group.data.aws_partition.current",
            "module.retail_app_eks.module.eks_managed_node_group.module.user_data.data.cloudinit_config.al2023_eks_managed_node_group",
            "module.retail_app_eks.module.eks_managed_node_group.module.user_data.data.cloudinit_config.linux_eks_managed_node_group",
            "module.retail_app_eks.module.kms.aws_kms_external_key.this",
            "module.retail_app_eks.module.kms.aws_kms_key.this",
            "module.retail_app_eks.module.kms.aws_kms_replica_external_key.this",
            "module.retail_app_eks.module.kms.aws_kms_replica_key.this",
            "module.retail_app_eks.module.kms.data.aws_caller_identity.current",
            "module.retail_app_eks.module.kms.data.aws_iam_policy_document.this",
            "module.retail_app_eks.module.kms.data.aws_partition.current",
            "module.retail_app_eks.time_sleep.this",
            "module.vpc.aws_subnet.private",
            "module.vpc.aws_vpc.this",
            "module.vpc.aws_vpc_ipv4_cidr_block_association.this",
            "random_string.suffix"
          ],
          "create_before_destroy": true
        }
      ]
    },
    {
      "module": "module.retail_app_eks.module.eks_managed_node_group[\"default\"].module.user_data",
      "mode": "managed",
      "type": "null_resource",
      "name": "validate_cluster_service_cidr",
      "provider": "provider[\"registry.terraform.io/hashicorp/null\"]",
      "instances": [
        {
          "schema_version": 0,
          "attributes": {
            "id": "6206990353573618615",
            "triggers": null
          },
          "sensitive_attributes": [],
          "identity_schema_version": 0,
          "dependencies": [
            "data.aws_availability_zones.available",
            "data.aws_caller_identity.current",
            "module.retail_app_eks.aws_cloudwatch_log_group.this",
            "module.retail_app_eks.aws_eks_cluster.this",
            "module.retail_app_eks.aws_iam_policy.cni_ipv6_policy",
            "module.retail_app_eks.aws_iam_role.eks_auto",
            "module.retail_app_eks.aws_iam_role.this",
            "module.retail_app_eks.aws_iam_role_policy_attachment.this",
            "module.retail_app_eks.aws_security_group.cluster",
            "module.retail_app_eks.aws_security_group.node",
            "module.retail_app_eks.aws_security_group_rule.cluster",
            "module.retail_app_eks.aws_security_group_rule.node",
            "module.retail_app_eks.data.aws_caller_identity.current",
            "module.retail_app_eks.data.aws_iam_policy_document.assume_role_policy",
            "module.retail_app_eks.data.aws_iam_policy_document.cni_ipv6_policy",
            "module.retail_app_eks.data.aws_iam_policy_document.node_assume_role_policy",
            "module.retail_app_eks.data.aws_iam_session_context.current",
            "module.retail_app_eks.data.aws_partition.current",
            "module.retail_app_eks.module.kms.aws_kms_external_key.this",
            "module.retail_app_eks.module.kms.aws_kms_key.this",
            "module.retail_app_eks.module.kms.aws_kms_replica_external_key.this",
            "module.retail_app_eks.module.kms.aws_kms_replica_key.this",
            "module.retail_app_eks.module.kms.data.aws_caller_identity.current",
            "module.retail_app_eks.module.kms.data.aws_iam_policy_document.this",
            "module.retail_app_eks.module.kms.data.aws_partition.current",
            "module.retail_app_eks.time_sleep.this",
            "module.vpc.aws_subnet.private",
            "module.vpc.aws_vpc.this",
            "module.vpc.aws_vpc_ipv4_cidr_block_association.this",
            "random_string.suffix"
          ]
        }
      ]
    },
    {
      "module": "module.retail_app_eks.module.kms",
      "mode": "data",
      "type": "aws_caller_identity",
      "name": "current",
      "provider": "provider[\"registry.terraform.io/hashicorp/aws\"]",
      "instances": [
        {
          "index_key": 0,
          "schema_version": 0,
          "attributes": {
            "account_id": "245991315809",
            "arn": "arn:aws:iam::245991315809:user/cli-user",
            "id": "245991315809",
            "user_id": "AIDATSRRZTFQTAWT6544P"
          },
          "sensitive_attributes": [],
          "identity_schema_version": 0
        }
      ]
    },
    {
      "module": "module.retail_app_eks.module.kms",
      "mode": "data",
      "type": "aws_iam_policy_document",
      "name": "this",
      "provider": "provider[\"registry.terraform.io/hashicorp/aws\"]",
      "instances": [
        {
          "index_key": 0,
          "schema_version": 0,
          "attributes": {
            "id": "2679061930",
            "json": "{\n  \"Version\": \"2012-10-17\",\n  \"Statement\": [\n    {\n      \"Sid\": \"Default\",\n      \"Effect\": \"Allow\",\n      \"Action\": \"kms:*\",\n      \"Resource\": \"*\",\n      \"Principal\": {\n        \"AWS\": \"arn:aws:iam::245991315809:root\"\n      }\n    },\n    {\n      \"Sid\": \"KeyAdministration\",\n      \"Effect\": \"Allow\",\n      \"Action\": [\n        \"kms:Update*\",\n        \"kms:UntagResource\",\n        \"kms:TagResource\",\n        \"kms:ScheduleKeyDeletion\",\n        \"kms:Revoke*\",\n        \"kms:ReplicateKey\",\n        \"kms:Put*\",\n        \"kms:List*\",\n        \"kms:ImportKeyMaterial\",\n        \"kms:Get*\",\n        \"kms:Enable*\",\n        \"kms:Disable*\",\n        \"kms:Describe*\",\n        \"kms:Delete*\",\n        \"kms:Create*\",\n        \"kms:CancelKeyDeletion\"\n      ],\n      \"Resource\": \"*\",\n      \"Principal\": {\n        \"AWS\": \"arn:aws:iam::245991315809:user/cli-user\"\n      }\n    },\n    {\n      \"Sid\": \"KeyUsage\",\n      \"Effect\": \"Allow\",\n      \"Action\": [\n        \"kms:ReEncrypt*\",\n        \"kms:GenerateDataKey*\",\n        \"kms:Encrypt\",\n        \"kms:DescribeKey\",\n        \"kms:Decrypt\"\n      ],\n      \"Resource\": \"*\",\n      \"Principal\": {\n        \"AWS\": \"arn:aws:iam::245991315809:role/biomarine-ai-5hw9-cluster-20250926125316743500000002\"\n      }\n    }\n  ]\n}",
            "minified_json": "{\"Version\":\"2012-10-17\",\"Statement\":[{\"Sid\":\"Default\",\"Effect\":\"Allow\",\"Action\":\"kms:*\",\"Resource\":\"*\",\"Principal\":{\"AWS\":\"arn:aws:iam::245991315809:root\"}},{\"Sid\":\"KeyAdministration\",\"Effect\":\"Allow\",\"Action\":[\"kms:Update*\",\"kms:UntagResource\",\"kms:TagResource\",\"kms:ScheduleKeyDeletion\",\"kms:Revoke*\",\"kms:ReplicateKey\",\"kms:Put*\",\"kms:List*\",\"kms:ImportKeyMaterial\",\"kms:Get*\",\"kms:Enable*\",\"kms:Disable*\",\"kms:Describe*\",\"kms:Delete*\",\"kms:Create*\",\"kms:CancelKeyDeletion\"],\"Resource\":\"*\",\"Principal\":{\"AWS\":\"arn:aws:iam::245991315809:user/cli-user\"}},{\"Sid\":\"KeyUsage\",\"Effect\":\"Allow\",\"Action\":[\"kms:ReEncrypt*\",\"kms:GenerateDataKey*\",\"kms:Encrypt\",\"kms:DescribeKey\",\"kms:Decrypt\"],\"Resource\":\"*\",\"Principal\":{\"AWS\":\"arn:aws:iam::245991315809:role/biomarine-ai-5hw9-cluster-20250926125316743500000002\"}}]}",
            "override_json": null,
            "override_policy_documents": null,
            "policy_id": null,
            "source_json": null,
            "source_policy_documents": null,
            "statement": [
              {
                "actions": [
                  "kms:*"
                ],
                "condition": [],
                "effect": "Allow",
                "not_actions": [],
                "not_principals": [],
                "not_resources": [],
                "principals": [
                  {
                    "identifiers": [
                      "arn:aws:iam::245991315809:root"
                    ],
                    "type": "AWS"
                  }
                ],
                "resources": [
                  "*"
                ],
                "sid": "Default"
              },
              {
                "actions": [
                  "kms:CancelKeyDeletion",
                  "kms:Create*",
                  "kms:Delete*",
                  "kms:Describe*",
                  "kms:Disable*",
                  "kms:Enable*",
                  "kms:Get*",
                  "kms:ImportKeyMaterial",
                  "kms:List*",
                  "kms:Put*",
                  "kms:ReplicateKey",
                  "kms:Revoke*",
                  "kms:ScheduleKeyDeletion",
                  "kms:TagResource",
                  "kms:UntagResource",
                  "kms:Update*"
                ],
                "condition": [],
                "effect": "Allow",
                "not_actions": [],
                "not_principals": [],
                "not_resources": [],
                "principals": [
                  {
                    "identifiers": [
                      "arn:aws:iam::245991315809:user/cli-user"
                    ],
                    "type": "AWS"
                  }
                ],
                "resources": [
                  "*"
                ],
                "sid": "KeyAdministration"
              },
              {
                "actions": [
                  "kms:Decrypt",
                  "kms:DescribeKey",
                  "kms:Encrypt",
                  "kms:GenerateDataKey*",
                  "kms:ReEncrypt*"
                ],
                "condition": [],
                "effect": "Allow",
                "not_actions": [],
                "not_principals": [],
                "not_resources": [],
                "principals": [
                  {
                    "identifiers": [
                      "arn:aws:iam::245991315809:role/biomarine-ai-5hw9-cluster-20250926125316743500000002"
                    ],
                    "type": "AWS"
                  }
                ],
                "resources": [
                  "*"
                ],
                "sid": "KeyUsage"
              }
            ],
            "version": "2012-10-17"
          },
          "sensitive_attributes": [],
          "identity_schema_version": 0
        }
      ]
    },
    {
      "module": "module.retail_app_eks.module.kms",
      "mode": "data",
      "type": "aws_partition",
      "name": "current",
      "provider": "provider[\"registry.terraform.io/hashicorp/aws\"]",
      "instances": [
        {
          "index_key": 0,
          "schema_version": 0,
          "attributes": {
            "dns_suffix": "amazonaws.com",
            "id": "aws",
            "partition": "aws",
            "reverse_dns_prefix": "com.amazonaws"
          },
          "sensitive_attributes": [],
          "identity_schema_version": 0
        }
      ]
    },
    {
      "module": "module.retail_app_eks.module.kms",
      "mode": "managed",
      "type": "aws_kms_alias",
      "name": "this",
      "provider": "provider[\"registry.terraform.io/hashicorp/aws\"]",
      "instances": [
        {
          "index_key": "cluster",
          "schema_version": 0,
          "attributes": {
            "arn": "arn:aws:kms:us-west-2:245991315809:alias/eks/biomarine-ai-5hw9",
            "id": "alias/eks/biomarine-ai-5hw9",
            "name": "alias/eks/biomarine-ai-5hw9",
            "name_prefix": "",
            "target_key_arn": "arn:aws:kms:us-west-2:245991315809:key/561b49b5-6fd3-4c75-874a-1c3834152edb",
            "target_key_id": "561b49b5-6fd3-4c75-874a-1c3834152edb"
          },
          "sensitive_attributes": [],
          "identity_schema_version": 0,
          "private": "bnVsbA==",
          "dependencies": [
            "data.aws_caller_identity.current",
            "module.retail_app_eks.aws_iam_role.this",
            "module.retail_app_eks.data.aws_caller_identity.current",
            "module.retail_app_eks.data.aws_iam_policy_document.assume_role_policy",
            "module.retail_app_eks.data.aws_iam_session_context.current",
            "module.retail_app_eks.module.kms.aws_kms_external_key.this",
            "module.retail_app_eks.module.kms.aws_kms_key.this",
            "module.retail_app_eks.module.kms.aws_kms_replica_external_key.this",
            "module.retail_app_eks.module.kms.aws_kms_replica_key.this",
            "module.retail_app_eks.module.kms.data.aws_caller_identity.current",
            "module.retail_app_eks.module.kms.data.aws_iam_policy_document.this",
            "module.retail_app_eks.module.kms.data.aws_partition.current",
            "random_string.suffix"
          ]
        }
      ]
    },
    {
      "module": "module.retail_app_eks.module.kms",
      "mode": "managed",
      "type": "aws_kms_key",
      "name": "this",
      "provider": "provider[\"registry.terraform.io/hashicorp/aws\"]",
      "instances": [
        {
          "index_key": 0,
          "schema_version": 0,
          "attributes": {
            "arn": "arn:aws:kms:us-west-2:245991315809:key/561b49b5-6fd3-4c75-874a-1c3834152edb",
            "bypass_policy_lockout_safety_check": false,
            "custom_key_store_id": "",
            "customer_master_key_spec": "SYMMETRIC_DEFAULT",
            "deletion_window_in_days": 7,
            "description": "EKS cluster biomarine-ai-5hw9 encryption key",
            "enable_key_rotation": true,
            "id": "561b49b5-6fd3-4c75-874a-1c3834152edb",
            "is_enabled": true,
            "key_id": "561b49b5-6fd3-4c75-874a-1c3834152edb",
            "key_usage": "ENCRYPT_DECRYPT",
            "multi_region": false,
            "policy": "{\"Statement\":[{\"Action\":\"kms:*\",\"Effect\":\"Allow\",\"Principal\":{\"AWS\":\"arn:aws:iam::245991315809:root\"},\"Resource\":\"*\",\"Sid\":\"Default\"},{\"Action\":[\"kms:Update*\",\"kms:UntagResource\",\"kms:TagResource\",\"kms:ScheduleKeyDeletion\",\"kms:Revoke*\",\"kms:ReplicateKey\",\"kms:Put*\",\"kms:List*\",\"kms:ImportKeyMaterial\",\"kms:Get*\",\"kms:Enable*\",\"kms:Disable*\",\"kms:Describe*\",\"kms:Delete*\",\"kms:Create*\",\"kms:CancelKeyDeletion\"],\"Effect\":\"Allow\",\"Principal\":{\"AWS\":\"arn:aws:iam::245991315809:user/cli-user\"},\"Resource\":\"*\",\"Sid\":\"KeyAdministration\"},{\"Action\":[\"kms:ReEncrypt*\",\"kms:GenerateDataKey*\",\"kms:Encrypt\",\"kms:DescribeKey\",\"kms:Decrypt\"],\"Effect\":\"Allow\",\"Principal\":{\"AWS\":\"arn:aws:iam::245991315809:role/biomarine-ai-5hw9-cluster-20250926125316743500000002\"},\"Resource\":\"*\",\"Sid\":\"KeyUsage\"}],\"Version\":\"2012-10-17\"}",
            "rotation_period_in_days": 365,
            "tags": {
              "CreatedBy": "TrainWithShubhamCommunity",
              "CreatedDate": "2025-09-26",
              "Environment": "dev",
              "ManagedBy": "terraform",
              "Owner": "AIDATSRRZTFQTAWT6544P",
              "Project": "retail-store",
              "terraform-aws-modules": "eks"
            },
            "tags_all": {
              "CreatedBy": "TrainWithShubhamCommunity",
              "CreatedDate": "2025-09-26",
              "Environment": "dev",
              "ManagedBy": "terraform",
              "Owner": "AIDATSRRZTFQTAWT6544P",
              "Project": "retail-store",
              "terraform-aws-modules": "eks"
            },
            "timeouts": null,
            "xks_key_id": ""
          },
          "sensitive_attributes": [],
          "identity_schema_version": 0,
          "private": "eyJlMmJmYjczMC1lY2FhLTExZTYtOGY4OC0zNDM2M2JjN2M0YzAiOnsiY3JlYXRlIjoxMjAwMDAwMDAwMDB9fQ==",
          "dependencies": [
            "data.aws_caller_identity.current",
            "module.retail_app_eks.aws_iam_role.this",
            "module.retail_app_eks.data.aws_caller_identity.current",
            "module.retail_app_eks.data.aws_iam_policy_document.assume_role_policy",
            "module.retail_app_eks.data.aws_iam_session_context.current",
            "module.retail_app_eks.module.kms.data.aws_caller_identity.current",
            "module.retail_app_eks.module.kms.data.aws_iam_policy_document.this",
            "module.retail_app_eks.module.kms.data.aws_partition.current",
            "random_string.suffix"
          ],
          "create_before_destroy": true
        }
      ]
    },
    {
      "module": "module.vpc",
      "mode": "managed",
      "type": "aws_default_network_acl",
      "name": "this",
      "provider": "provider[\"registry.terraform.io/hashicorp/aws\"]",
      "instances": [
        {
          "index_key": 0,
          "schema_version": 0,
          "attributes": {
            "arn": "arn:aws:ec2:us-west-2:245991315809:network-acl/acl-0948766dcaf48f125",
            "default_network_acl_id": "acl-0948766dcaf48f125",
            "egress": [
              {
                "action": "allow",
                "cidr_block": "",
                "from_port": 0,
                "icmp_code": null,
                "icmp_type": null,
                "ipv6_cidr_block": "::/0",
                "protocol": "-1",
                "rule_no": 101,
                "to_port": 0
              },
              {
                "action": "allow",
                "cidr_block": "0.0.0.0/0",
                "from_port": 0,
                "icmp_code": null,
                "icmp_type": null,
                "ipv6_cidr_block": "",
                "protocol": "-1",
                "rule_no": 100,
                "to_port": 0
              }
            ],
            "id": "acl-0948766dcaf48f125",
            "ingress": [
              {
                "action": "allow",
                "cidr_block": "",
                "from_port": 0,
                "icmp_code": null,
                "icmp_type": null,
                "ipv6_cidr_block": "::/0",
                "protocol": "-1",
                "rule_no": 101,
                "to_port": 0
              },
              {
                "action": "allow",
                "cidr_block": "0.0.0.0/0",
                "from_port": 0,
                "icmp_code": null,
                "icmp_type": null,
                "ipv6_cidr_block": "",
                "protocol": "-1",
                "rule_no": 100,
                "to_port": 0
              }
            ],
            "owner_id": "245991315809",
            "subnet_ids": [
              "subnet-0352df30ea6abdc06",
              "subnet-03d336f91466e4a7b",
              "subnet-067b1e7e230ca23e3",
              "subnet-06ea07d0658ecc365",
              "subnet-08c44b79f8772afa1",
              "subnet-0c48d77ac42dc2858"
            ],
            "tags": {
              "CreatedBy": "TrainWithShubhamCommunity",
              "CreatedDate": "2025-09-26",
              "Environment": "dev",
              "ManagedBy": "terraform",
              "Name": "biomarine-ai-default-nacl",
              "Owner": "AIDATSRRZTFQTAWT6544P",
              "Project": "retail-store"
            },
            "tags_all": {
              "CreatedBy": "TrainWithShubhamCommunity",
              "CreatedDate": "2025-09-26",
              "Environment": "dev",
              "ManagedBy": "terraform",
              "Name": "biomarine-ai-default-nacl",
              "Owner": "AIDATSRRZTFQTAWT6544P",
              "Project": "retail-store"
            },
            "vpc_id": "vpc-01bf87b10c9652b4b"
          },
          "sensitive_attributes": [],
          "identity_schema_version": 0,
          "private": "bnVsbA==",
          "dependencies": [
            "data.aws_caller_identity.current",
            "module.vpc.aws_vpc.this"
          ]
        }
      ]
    },
    {
      "module": "module.vpc",
      "mode": "managed",
      "type": "aws_default_route_table",
      "name": "default",
      "provider": "provider[\"registry.terraform.io/hashicorp/aws\"]",
      "instances": [
        {
          "index_key": 0,
          "schema_version": 0,
          "attributes": {
            "arn": "arn:aws:ec2:us-west-2:245991315809:route-table/rtb-042847160db4e0ba3",
            "default_route_table_id": "rtb-042847160db4e0ba3",
            "id": "rtb-042847160db4e0ba3",
            "owner_id": "245991315809",
            "propagating_vgws": null,
            "route": [],
            "tags": {
              "CreatedBy": "TrainWithShubhamCommunity",
              "CreatedDate": "2025-09-26",
              "Environment": "dev",
              "ManagedBy": "terraform",
              "Name": "biomarine-ai-default-rt",
              "Owner": "AIDATSRRZTFQTAWT6544P",
              "Project": "retail-store"
            },
            "tags_all": {
              "CreatedBy": "TrainWithShubhamCommunity",
              "CreatedDate": "2025-09-26",
              "Environment": "dev",
              "ManagedBy": "terraform",
              "Name": "biomarine-ai-default-rt",
              "Owner": "AIDATSRRZTFQTAWT6544P",
              "Project": "retail-store"
            },
            "timeouts": {
              "create": "5m",
              "update": "5m"
            },
            "vpc_id": "vpc-01bf87b10c9652b4b"
          },
          "sensitive_attributes": [],
          "identity_schema_version": 0,
          "private": "eyJlMmJmYjczMC1lY2FhLTExZTYtOGY4OC0zNDM2M2JjN2M0YzAiOnsiY3JlYXRlIjozMDAwMDAwMDAwMDAsInVwZGF0ZSI6MzAwMDAwMDAwMDAwfX0=",
          "dependencies": [
            "data.aws_caller_identity.current",
            "module.vpc.aws_vpc.this"
          ]
        }
      ]
    },
    {
      "module": "module.vpc",
      "mode": "managed",
      "type": "aws_default_security_group",
      "name": "this",
      "provider": "provider[\"registry.terraform.io/hashicorp/aws\"]",
      "instances": [
        {
          "index_key": 0,
          "schema_version": 1,
          "attributes": {
            "arn": "arn:aws:ec2:us-west-2:245991315809:security-group/sg-0eeff348663842faa",
            "description": "default VPC security group",
            "egress": [],
            "id": "sg-0eeff348663842faa",
            "ingress": [],
            "name": "default",
            "name_prefix": "",
            "owner_id": "245991315809",
            "revoke_rules_on_delete": false,
            "tags": {
              "CreatedBy": "TrainWithShubhamCommunity",
              "CreatedDate": "2025-09-26",
              "Environment": "dev",
              "ManagedBy": "terraform",
              "Name": "biomarine-ai-default-sg",
              "Owner": "AIDATSRRZTFQTAWT6544P",
              "Project": "retail-store"
            },
            "tags_all": {
              "CreatedBy": "TrainWithShubhamCommunity",
              "CreatedDate": "2025-09-26",
              "Environment": "dev",
              "ManagedBy": "terraform",
              "Name": "biomarine-ai-default-sg",
              "Owner": "AIDATSRRZTFQTAWT6544P",
              "Project": "retail-store"
            },
            "vpc_id": "vpc-01bf87b10c9652b4b"
          },
          "sensitive_attributes": [],
          "identity_schema_version": 0,
          "private": "eyJzY2hlbWFfdmVyc2lvbiI6IjEifQ==",
          "dependencies": [
            "data.aws_caller_identity.current",
            "module.vpc.aws_vpc.this"
          ]
        }
      ]
    },
    {
      "module": "module.vpc",
      "mode": "managed",
      "type": "aws_eip",
      "name": "nat",
      "provider": "provider[\"registry.terraform.io/hashicorp/aws\"]",
      "instances": [
        {
          "index_key": 0,
          "schema_version": 0,
          "attributes": {
            "address": null,
            "allocation_id": "eipalloc-0cf3dc8689f1e5e3d",
            "arn": "arn:aws:ec2:us-west-2:245991315809:elastic-ip/eipalloc-0cf3dc8689f1e5e3d",
            "associate_with_private_ip": null,
            "association_id": "",
            "carrier_ip": "",
            "customer_owned_ip": "",
            "customer_owned_ipv4_pool": "",
            "domain": "vpc",
            "id": "eipalloc-0cf3dc8689f1e5e3d",
            "instance": "",
            "ipam_pool_id": null,
            "network_border_group": "us-west-2",
            "network_interface": "",
            "private_dns": null,
            "private_ip": "",
            "ptr_record": "",
            "public_dns": "ec2-44-248-75-41.us-west-2.compute.amazonaws.com",
            "public_ip": "44.248.75.41",
            "public_ipv4_pool": "amazon",
            "tags": {
              "CreatedBy": "TrainWithShubhamCommunity",
              "CreatedDate": "2025-09-26",
              "Environment": "dev",
              "ManagedBy": "terraform",
              "Name": "biomarine-ai-vpc-us-west-2a",
              "Owner": "AIDATSRRZTFQTAWT6544P",
              "Project": "retail-store"
            },
            "tags_all": {
              "CreatedBy": "TrainWithShubhamCommunity",
              "CreatedDate": "2025-09-26",
              "Environment": "dev",
              "ManagedBy": "terraform",
              "Name": "biomarine-ai-vpc-us-west-2a",
              "Owner": "AIDATSRRZTFQTAWT6544P",
              "Project": "retail-store"
            },
            "timeouts": null,
            "vpc": true
          },
          "sensitive_attributes": [],
          "identity_schema_version": 0,
          "private": "eyJlMmJmYjczMC1lY2FhLTExZTYtOGY4OC0zNDM2M2JjN2M0YzAiOnsiZGVsZXRlIjoxODAwMDAwMDAwMDAsInJlYWQiOjkwMDAwMDAwMDAwMCwidXBkYXRlIjozMDAwMDAwMDAwMDB9fQ==",
          "dependencies": [
            "data.aws_availability_zones.available",
            "data.aws_caller_identity.current",
            "module.vpc.aws_internet_gateway.this",
            "module.vpc.aws_vpc.this",
            "module.vpc.aws_vpc_ipv4_cidr_block_association.this"
          ]
        }
      ]
    },
    {
      "module": "module.vpc",
      "mode": "managed",
      "type": "aws_internet_gateway",
      "name": "this",
      "provider": "provider[\"registry.terraform.io/hashicorp/aws\"]",
      "instances": [
        {
          "index_key": 0,
          "schema_version": 0,
          "attributes": {
            "arn": "arn:aws:ec2:us-west-2:245991315809:internet-gateway/igw-04c51e488eb746bb9",
            "id": "igw-04c51e488eb746bb9",
            "owner_id": "245991315809",
            "tags": {
              "CreatedBy": "TrainWithShubhamCommunity",
              "CreatedDate": "2025-09-26",
              "Environment": "dev",
              "ManagedBy": "terraform",
              "Name": "biomarine-ai-vpc",
              "Owner": "AIDATSRRZTFQTAWT6544P",
              "Project": "retail-store"
            },
            "tags_all": {
              "CreatedBy": "TrainWithShubhamCommunity",
              "CreatedDate": "2025-09-26",
              "Environment": "dev",
              "ManagedBy": "terraform",
              "Name": "biomarine-ai-vpc",
              "Owner": "AIDATSRRZTFQTAWT6544P",
              "Project": "retail-store"
            },
            "timeouts": null,
            "vpc_id": "vpc-01bf87b10c9652b4b"
          },
          "sensitive_attributes": [],
          "identity_schema_version": 0,
          "private": "eyJlMmJmYjczMC1lY2FhLTExZTYtOGY4OC0zNDM2M2JjN2M0YzAiOnsiY3JlYXRlIjoxMjAwMDAwMDAwMDAwLCJkZWxldGUiOjEyMDAwMDAwMDAwMDAsInVwZGF0ZSI6MTIwMDAwMDAwMDAwMH19",
          "dependencies": [
            "data.aws_availability_zones.available",
            "data.aws_caller_identity.current",
            "module.vpc.aws_vpc.this",
            "module.vpc.aws_vpc_ipv4_cidr_block_association.this"
          ]
        }
      ]
    },
    {
      "module": "module.vpc",
      "mode": "managed",
      "type": "aws_nat_gateway",
      "name": "this",
      "provider": "provider[\"registry.terraform.io/hashicorp/aws\"]",
      "instances": [
        {
          "index_key": 0,
          "schema_version": 0,
          "attributes": {
            "allocation_id": "eipalloc-0cf3dc8689f1e5e3d",
            "association_id": "eipassoc-0cdb4baa327642b82",
            "connectivity_type": "public",
            "id": "nat-0f20bc5cc5254444d",
            "network_interface_id": "eni-004cf73779ed1dc33",
            "private_ip": "10.0.0.100",
            "public_ip": "44.248.75.41",
            "secondary_allocation_ids": null,
            "secondary_private_ip_address_count": 0,
            "secondary_private_ip_addresses": [],
            "subnet_id": "subnet-0c48d77ac42dc2858",
            "tags": {
              "CreatedBy": "TrainWithShubhamCommunity",
              "CreatedDate": "2025-09-26",
              "Environment": "dev",
              "ManagedBy": "terraform",
              "Name": "biomarine-ai-vpc-us-west-2a",
              "Owner": "AIDATSRRZTFQTAWT6544P",
              "Project": "retail-store"
            },
            "tags_all": {
              "CreatedBy": "TrainWithShubhamCommunity",
              "CreatedDate": "2025-09-26",
              "Environment": "dev",
              "ManagedBy": "terraform",
              "Name": "biomarine-ai-vpc-us-west-2a",
              "Owner": "AIDATSRRZTFQTAWT6544P",
              "Project": "retail-store"
            },
            "timeouts": null
          },
          "sensitive_attributes": [],
          "identity_schema_version": 0,
          "private": "eyJlMmJmYjczMC1lY2FhLTExZTYtOGY4OC0zNDM2M2JjN2M0YzAiOnsiY3JlYXRlIjo2MDAwMDAwMDAwMDAsImRlbGV0ZSI6MTgwMDAwMDAwMDAwMCwidXBkYXRlIjo2MDAwMDAwMDAwMDB9fQ==",
          "dependencies": [
            "data.aws_availability_zones.available",
            "data.aws_caller_identity.current",
            "module.vpc.aws_eip.nat",
            "module.vpc.aws_internet_gateway.this",
            "module.vpc.aws_subnet.public",
            "module.vpc.aws_vpc.this",
            "module.vpc.aws_vpc_ipv4_cidr_block_association.this",
            "random_string.suffix"
          ]
        }
      ]
    },
    {
      "module": "module.vpc",
      "mode": "managed",
      "type": "aws_route",
      "name": "private_nat_gateway",
      "provider": "provider[\"registry.terraform.io/hashicorp/aws\"]",
      "instances": [
        {
          "index_key": 0,
          "schema_version": 0,
          "attributes": {
            "carrier_gateway_id": "",
            "core_network_arn": "",
            "destination_cidr_block": "0.0.0.0/0",
            "destination_ipv6_cidr_block": "",
            "destination_prefix_list_id": "",
            "egress_only_gateway_id": "",
            "gateway_id": "",
            "id": "r-rtb-0b3325a2af0a0c9581080289494",
            "instance_id": "",
            "instance_owner_id": "",
            "local_gateway_id": "",
            "nat_gateway_id": "nat-0f20bc5cc5254444d",
            "network_interface_id": "",
            "origin": "CreateRoute",
            "route_table_id": "rtb-0b3325a2af0a0c958",
            "state": "active",
            "timeouts": {
              "create": "5m",
              "delete": null,
              "update": null
            },
            "transit_gateway_id": "",
            "vpc_endpoint_id": "",
            "vpc_peering_connection_id": ""
          },
          "sensitive_attributes": [],
          "identity_schema_version": 0,
          "private": "eyJlMmJmYjczMC1lY2FhLTExZTYtOGY4OC0zNDM2M2JjN2M0YzAiOnsiY3JlYXRlIjozMDAwMDAwMDAwMDAsImRlbGV0ZSI6MzAwMDAwMDAwMDAwLCJ1cGRhdGUiOjEyMDAwMDAwMDAwMH19",
          "dependencies": [
            "data.aws_availability_zones.available",
            "data.aws_caller_identity.current",
            "module.vpc.aws_eip.nat",
            "module.vpc.aws_internet_gateway.this",
            "module.vpc.aws_nat_gateway.this",
            "module.vpc.aws_route_table.private",
            "module.vpc.aws_subnet.public",
            "module.vpc.aws_vpc.this",
            "module.vpc.aws_vpc_ipv4_cidr_block_association.this",
            "random_string.suffix"
          ]
        }
      ]
    },
    {
      "module": "module.vpc",
      "mode": "managed",
      "type": "aws_route",
      "name": "public_internet_gateway",
      "provider": "provider[\"registry.terraform.io/hashicorp/aws\"]",
      "instances": [
        {
          "index_key": 0,
          "schema_version": 0,
          "attributes": {
            "carrier_gateway_id": "",
            "core_network_arn": "",
            "destination_cidr_block": "0.0.0.0/0",
            "destination_ipv6_cidr_block": "",
            "destination_prefix_list_id": "",
            "egress_only_gateway_id": "",
            "gateway_id": "igw-04c51e488eb746bb9",
            "id": "r-rtb-0e1da087656111dc21080289494",
            "instance_id": "",
            "instance_owner_id": "",
            "local_gateway_id": "",
            "nat_gateway_id": "",
            "network_interface_id": "",
            "origin": "CreateRoute",
            "route_table_id": "rtb-0e1da087656111dc2",
            "state": "active",
            "timeouts": {
              "create": "5m",
              "delete": null,
              "update": null
            },
            "transit_gateway_id": "",
            "vpc_endpoint_id": "",
            "vpc_peering_connection_id": ""
          },
          "sensitive_attributes": [],
          "identity_schema_version": 0,
          "private": "eyJlMmJmYjczMC1lY2FhLTExZTYtOGY4OC0zNDM2M2JjN2M0YzAiOnsiY3JlYXRlIjozMDAwMDAwMDAwMDAsImRlbGV0ZSI6MzAwMDAwMDAwMDAwLCJ1cGRhdGUiOjEyMDAwMDAwMDAwMH19",
          "dependencies": [
            "data.aws_availability_zones.available",
            "data.aws_caller_identity.current",
            "module.vpc.aws_internet_gateway.this",
            "module.vpc.aws_route_table.public",
            "module.vpc.aws_vpc.this",
            "module.vpc.aws_vpc_ipv4_cidr_block_association.this"
          ]
        }
      ]
    },
    {
      "module": "module.vpc",
      "mode": "managed",
      "type": "aws_route_table",
      "name": "private",
      "provider": "provider[\"registry.terraform.io/hashicorp/aws\"]",
      "instances": [
        {
          "index_key": 0,
          "schema_version": 0,
          "attributes": {
            "arn": "arn:aws:ec2:us-west-2:245991315809:route-table/rtb-0b3325a2af0a0c958",
            "id": "rtb-0b3325a2af0a0c958",
            "owner_id": "245991315809",
            "propagating_vgws": [],
            "route": [],
            "tags": {
              "CreatedBy": "TrainWithShubhamCommunity",
              "CreatedDate": "2025-09-26",
              "Environment": "dev",
              "ManagedBy": "terraform",
              "Name": "biomarine-ai-vpc-private",
              "Owner": "AIDATSRRZTFQTAWT6544P",
              "Project": "retail-store"
            },
            "tags_all": {
              "CreatedBy": "TrainWithShubhamCommunity",
              "CreatedDate": "2025-09-26",
              "Environment": "dev",
              "ManagedBy": "terraform",
              "Name": "biomarine-ai-vpc-private",
              "Owner": "AIDATSRRZTFQTAWT6544P",
              "Project": "retail-store"
            },
            "timeouts": null,
            "vpc_id": "vpc-01bf87b10c9652b4b"
          },
          "sensitive_attributes": [],
          "identity_schema_version": 0,
          "private": "eyJlMmJmYjczMC1lY2FhLTExZTYtOGY4OC0zNDM2M2JjN2M0YzAiOnsiY3JlYXRlIjozMDAwMDAwMDAwMDAsImRlbGV0ZSI6MzAwMDAwMDAwMDAwLCJ1cGRhdGUiOjEyMDAwMDAwMDAwMH19",
          "dependencies": [
            "data.aws_availability_zones.available",
            "data.aws_caller_identity.current",
            "module.vpc.aws_vpc.this",
            "module.vpc.aws_vpc_ipv4_cidr_block_association.this"
          ]
        }
      ]
    },
    {
      "module": "module.vpc",
      "mode": "managed",
      "type": "aws_route_table",
      "name": "public",
      "provider": "provider[\"registry.terraform.io/hashicorp/aws\"]",
      "instances": [
        {
          "index_key": 0,
          "schema_version": 0,
          "attributes": {
            "arn": "arn:aws:ec2:us-west-2:245991315809:route-table/rtb-0e1da087656111dc2",
            "id": "rtb-0e1da087656111dc2",
            "owner_id": "245991315809",
            "propagating_vgws": [],
            "route": [],
            "tags": {
              "CreatedBy": "TrainWithShubhamCommunity",
              "CreatedDate": "2025-09-26",
              "Environment": "dev",
              "ManagedBy": "terraform",
              "Name": "biomarine-ai-vpc-public",
              "Owner": "AIDATSRRZTFQTAWT6544P",
              "Project": "retail-store"
            },
            "tags_all": {
              "CreatedBy": "TrainWithShubhamCommunity",
              "CreatedDate": "2025-09-26",
              "Environment": "dev",
              "ManagedBy": "terraform",
              "Name": "biomarine-ai-vpc-public",
              "Owner": "AIDATSRRZTFQTAWT6544P",
              "Project": "retail-store"
            },
            "timeouts": null,
            "vpc_id": "vpc-01bf87b10c9652b4b"
          },
          "sensitive_attributes": [],
          "identity_schema_version": 0,
          "private": "eyJlMmJmYjczMC1lY2FhLTExZTYtOGY4OC0zNDM2M2JjN2M0YzAiOnsiY3JlYXRlIjozMDAwMDAwMDAwMDAsImRlbGV0ZSI6MzAwMDAwMDAwMDAwLCJ1cGRhdGUiOjEyMDAwMDAwMDAwMH19",
          "dependencies": [
            "data.aws_availability_zones.available",
            "data.aws_caller_identity.current",
            "module.vpc.aws_vpc.this",
            "module.vpc.aws_vpc_ipv4_cidr_block_association.this"
          ]
        }
      ]
    },
    {
      "module": "module.vpc",
      "mode": "managed",
      "type": "aws_route_table_association",
      "name": "private",
      "provider": "provider[\"registry.terraform.io/hashicorp/aws\"]",
      "instances": [
        {
          "index_key": 0,
          "schema_version": 0,
          "attributes": {
            "gateway_id": "",
            "id": "rtbassoc-068c27b428387b994",
            "route_table_id": "rtb-0b3325a2af0a0c958",
            "subnet_id": "subnet-08c44b79f8772afa1",
            "timeouts": null
          },
          "sensitive_attributes": [],
          "identity_schema_version": 0,
          "private": "eyJlMmJmYjczMC1lY2FhLTExZTYtOGY4OC0zNDM2M2JjN2M0YzAiOnsiY3JlYXRlIjozMDAwMDAwMDAwMDAsImRlbGV0ZSI6MzAwMDAwMDAwMDAwLCJ1cGRhdGUiOjEyMDAwMDAwMDAwMH19",
          "dependencies": [
            "data.aws_availability_zones.available",
            "data.aws_caller_identity.current",
            "module.vpc.aws_route_table.private",
            "module.vpc.aws_subnet.private",
            "module.vpc.aws_vpc.this",
            "module.vpc.aws_vpc_ipv4_cidr_block_association.this",
            "random_string.suffix"
          ]
        },
        {
          "index_key": 1,
          "schema_version": 0,
          "attributes": {
            "gateway_id": "",
            "id": "rtbassoc-04656dae1c6645226",
            "route_table_id": "rtb-0b3325a2af0a0c958",
            "subnet_id": "subnet-03d336f91466e4a7b",
            "timeouts": null
          },
          "sensitive_attributes": [],
          "identity_schema_version": 0,
          "private": "eyJlMmJmYjczMC1lY2FhLTExZTYtOGY4OC0zNDM2M2JjN2M0YzAiOnsiY3JlYXRlIjozMDAwMDAwMDAwMDAsImRlbGV0ZSI6MzAwMDAwMDAwMDAwLCJ1cGRhdGUiOjEyMDAwMDAwMDAwMH19",
          "dependencies": [
            "data.aws_availability_zones.available",
            "data.aws_caller_identity.current",
            "module.vpc.aws_route_table.private",
            "module.vpc.aws_subnet.private",
            "module.vpc.aws_vpc.this",
            "module.vpc.aws_vpc_ipv4_cidr_block_association.this",
            "random_string.suffix"
          ]
        },
        {
          "index_key": 2,
          "schema_version": 0,
          "attributes": {
            "gateway_id": "",
            "id": "rtbassoc-0a5dba718701ce0a9",
            "route_table_id": "rtb-0b3325a2af0a0c958",
            "subnet_id": "subnet-0352df30ea6abdc06",
            "timeouts": null
          },
          "sensitive_attributes": [],
          "identity_schema_version": 0,
          "private": "eyJlMmJmYjczMC1lY2FhLTExZTYtOGY4OC0zNDM2M2JjN2M0YzAiOnsiY3JlYXRlIjozMDAwMDAwMDAwMDAsImRlbGV0ZSI6MzAwMDAwMDAwMDAwLCJ1cGRhdGUiOjEyMDAwMDAwMDAwMH19",
          "dependencies": [
            "data.aws_availability_zones.available",
            "data.aws_caller_identity.current",
            "module.vpc.aws_route_table.private",
            "module.vpc.aws_subnet.private",
            "module.vpc.aws_vpc.this",
            "module.vpc.aws_vpc_ipv4_cidr_block_association.this",
            "random_string.suffix"
          ]
        }
      ]
    },
    {
      "module": "module.vpc",
      "mode": "managed",
      "type": "aws_route_table_association",
      "name": "public",
      "provider": "provider[\"registry.terraform.io/hashicorp/aws\"]",
      "instances": [
        {
          "index_key": 0,
          "schema_version": 0,
          "attributes": {
            "gateway_id": "",
            "id": "rtbassoc-0618db53170ed31ed",
            "route_table_id": "rtb-0e1da087656111dc2",
            "subnet_id": "subnet-0c48d77ac42dc2858",
            "timeouts": null
          },
          "sensitive_attributes": [],
          "identity_schema_version": 0,
          "private": "eyJlMmJmYjczMC1lY2FhLTExZTYtOGY4OC0zNDM2M2JjN2M0YzAiOnsiY3JlYXRlIjozMDAwMDAwMDAwMDAsImRlbGV0ZSI6MzAwMDAwMDAwMDAwLCJ1cGRhdGUiOjEyMDAwMDAwMDAwMH19",
          "dependencies": [
            "data.aws_availability_zones.available",
            "data.aws_caller_identity.current",
            "module.vpc.aws_route_table.public",
            "module.vpc.aws_subnet.public",
            "module.vpc.aws_vpc.this",
            "module.vpc.aws_vpc_ipv4_cidr_block_association.this",
            "random_string.suffix"
          ]
        },
        {
          "index_key": 1,
          "schema_version": 0,
          "attributes": {
            "gateway_id": "",
            "id": "rtbassoc-07529a94b3e79c631",
            "route_table_id": "rtb-0e1da087656111dc2",
            "subnet_id": "subnet-067b1e7e230ca23e3",
            "timeouts": null
          },
          "sensitive_attributes": [],
          "identity_schema_version": 0,
          "private": "eyJlMmJmYjczMC1lY2FhLTExZTYtOGY4OC0zNDM2M2JjN2M0YzAiOnsiY3JlYXRlIjozMDAwMDAwMDAwMDAsImRlbGV0ZSI6MzAwMDAwMDAwMDAwLCJ1cGRhdGUiOjEyMDAwMDAwMDAwMH19",
          "dependencies": [
            "data.aws_availability_zones.available",
            "data.aws_caller_identity.current",
            "module.vpc.aws_route_table.public",
            "module.vpc.aws_subnet.public",
            "module.vpc.aws_vpc.this",
            "module.vpc.aws_vpc_ipv4_cidr_block_association.this",
            "random_string.suffix"
          ]
        },
        {
          "index_key": 2,
          "schema_version": 0,
          "attributes": {
            "gateway_id": "",
            "id": "rtbassoc-0b4255b70a2c86d48",
            "route_table_id": "rtb-0e1da087656111dc2",
            "subnet_id": "subnet-06ea07d0658ecc365",
            "timeouts": null
          },
          "sensitive_attributes": [],
          "identity_schema_version": 0,
          "private": "eyJlMmJmYjczMC1lY2FhLTExZTYtOGY4OC0zNDM2M2JjN2M0YzAiOnsiY3JlYXRlIjozMDAwMDAwMDAwMDAsImRlbGV0ZSI6MzAwMDAwMDAwMDAwLCJ1cGRhdGUiOjEyMDAwMDAwMDAwMH19",
          "dependencies": [
            "data.aws_availability_zones.available",
            "data.aws_caller_identity.current",
            "module.vpc.aws_route_table.public",
            "module.vpc.aws_subnet.public",
            "module.vpc.aws_vpc.this",
            "module.vpc.aws_vpc_ipv4_cidr_block_association.this",
            "random_string.suffix"
          ]
        }
      ]
    },
    {
      "module": "module.vpc",
      "mode": "managed",
      "type": "aws_subnet",
      "name": "private",
      "provider": "provider[\"registry.terraform.io/hashicorp/aws\"]",
      "instances": [
        {
          "index_key": 0,
          "schema_version": 1,
          "attributes": {
            "arn": "arn:aws:ec2:us-west-2:245991315809:subnet/subnet-08c44b79f8772afa1",
            "assign_ipv6_address_on_creation": false,
            "availability_zone": "us-west-2a",
            "availability_zone_id": "usw2-az1",
            "cidr_block": "10.0.10.0/24",
            "customer_owned_ipv4_pool": "",
            "enable_dns64": false,
            "enable_lni_at_device_index": 0,
            "enable_resource_name_dns_a_record_on_launch": false,
            "enable_resource_name_dns_aaaa_record_on_launch": false,
            "id": "subnet-08c44b79f8772afa1",
            "ipv6_cidr_block": "",
            "ipv6_cidr_block_association_id": "",
            "ipv6_native": false,
            "map_customer_owned_ip_on_launch": false,
            "map_public_ip_on_launch": false,
            "outpost_arn": "",
            "owner_id": "245991315809",
            "private_dns_hostname_type_on_launch": "ip-name",
            "tags": {
              "CreatedBy": "TrainWithShubhamCommunity",
              "CreatedDate": "2025-09-26",
              "Environment": "dev",
              "ManagedBy": "terraform",
              "Name": "biomarine-ai-vpc-private-us-west-2a",
              "Owner": "AIDATSRRZTFQTAWT6544P",
              "Project": "retail-store",
              "kubernetes.io/cluster/biomarine-ai-5hw9": "shared",
              "kubernetes.io/role/internal-elb": "1"
            },
            "tags_all": {
              "CreatedBy": "TrainWithShubhamCommunity",
              "CreatedDate": "2025-09-26",
              "Environment": "dev",
              "ManagedBy": "terraform",
              "Name": "biomarine-ai-vpc-private-us-west-2a",
              "Owner": "AIDATSRRZTFQTAWT6544P",
              "Project": "retail-store",
              "kubernetes.io/cluster/biomarine-ai-5hw9": "shared",
              "kubernetes.io/role/internal-elb": "1"
            },
            "timeouts": null,
            "vpc_id": "vpc-01bf87b10c9652b4b"
          },
          "sensitive_attributes": [],
          "identity_schema_version": 0,
          "private": "eyJlMmJmYjczMC1lY2FhLTExZTYtOGY4OC0zNDM2M2JjN2M0YzAiOnsiY3JlYXRlIjo2MDAwMDAwMDAwMDAsImRlbGV0ZSI6MTIwMDAwMDAwMDAwMH0sInNjaGVtYV92ZXJzaW9uIjoiMSJ9",
          "dependencies": [
            "data.aws_availability_zones.available",
            "data.aws_caller_identity.current",
            "module.vpc.aws_vpc.this",
            "module.vpc.aws_vpc_ipv4_cidr_block_association.this",
            "random_string.suffix"
          ],
          "create_before_destroy": true
        },
        {
          "index_key": 1,
          "schema_version": 1,
          "attributes": {
            "arn": "arn:aws:ec2:us-west-2:245991315809:subnet/subnet-03d336f91466e4a7b",
            "assign_ipv6_address_on_creation": false,
            "availability_zone": "us-west-2b",
            "availability_zone_id": "usw2-az2",
            "cidr_block": "10.0.11.0/24",
            "customer_owned_ipv4_pool": "",
            "enable_dns64": false,
            "enable_lni_at_device_index": 0,
            "enable_resource_name_dns_a_record_on_launch": false,
            "enable_resource_name_dns_aaaa_record_on_launch": false,
            "id": "subnet-03d336f91466e4a7b",
            "ipv6_cidr_block": "",
            "ipv6_cidr_block_association_id": "",
            "ipv6_native": false,
            "map_customer_owned_ip_on_launch": false,
            "map_public_ip_on_launch": false,
            "outpost_arn": "",
            "owner_id": "245991315809",
            "private_dns_hostname_type_on_launch": "ip-name",
            "tags": {
              "CreatedBy": "TrainWithShubhamCommunity",
              "CreatedDate": "2025-09-26",
              "Environment": "dev",
              "ManagedBy": "terraform",
              "Name": "biomarine-ai-vpc-private-us-west-2b",
              "Owner": "AIDATSRRZTFQTAWT6544P",
              "Project": "retail-store",
              "kubernetes.io/cluster/biomarine-ai-5hw9": "shared",
              "kubernetes.io/role/internal-elb": "1"
            },
            "tags_all": {
              "CreatedBy": "TrainWithShubhamCommunity",
              "CreatedDate": "2025-09-26",
              "Environment": "dev",
              "ManagedBy": "terraform",
              "Name": "biomarine-ai-vpc-private-us-west-2b",
              "Owner": "AIDATSRRZTFQTAWT6544P",
              "Project": "retail-store",
              "kubernetes.io/cluster/biomarine-ai-5hw9": "shared",
              "kubernetes.io/role/internal-elb": "1"
            },
            "timeouts": null,
            "vpc_id": "vpc-01bf87b10c9652b4b"
          },
          "sensitive_attributes": [],
          "identity_schema_version": 0,
          "private": "eyJlMmJmYjczMC1lY2FhLTExZTYtOGY4OC0zNDM2M2JjN2M0YzAiOnsiY3JlYXRlIjo2MDAwMDAwMDAwMDAsImRlbGV0ZSI6MTIwMDAwMDAwMDAwMH0sInNjaGVtYV92ZXJzaW9uIjoiMSJ9",
          "dependencies": [
            "data.aws_availability_zones.available",
            "data.aws_caller_identity.current",
            "module.vpc.aws_vpc.this",
            "module.vpc.aws_vpc_ipv4_cidr_block_association.this",
            "random_string.suffix"
          ],
          "create_before_destroy": true
        },
        {
          "index_key": 2,
          "schema_version": 1,
          "attributes": {
            "arn": "arn:aws:ec2:us-west-2:245991315809:subnet/subnet-0352df30ea6abdc06",
            "assign_ipv6_address_on_creation": false,
            "availability_zone": "us-west-2c",
            "availability_zone_id": "usw2-az3",
            "cidr_block": "10.0.12.0/24",
            "customer_owned_ipv4_pool": "",
            "enable_dns64": false,
            "enable_lni_at_device_index": 0,
            "enable_resource_name_dns_a_record_on_launch": false,
            "enable_resource_name_dns_aaaa_record_on_launch": false,
            "id": "subnet-0352df30ea6abdc06",
            "ipv6_cidr_block": "",
            "ipv6_cidr_block_association_id": "",
            "ipv6_native": false,
            "map_customer_owned_ip_on_launch": false,
            "map_public_ip_on_launch": false,
            "outpost_arn": "",
            "owner_id": "245991315809",
            "private_dns_hostname_type_on_launch": "ip-name",
            "tags": {
              "CreatedBy": "TrainWithShubhamCommunity",
              "CreatedDate": "2025-09-26",
              "Environment": "dev",
              "ManagedBy": "terraform",
              "Name": "biomarine-ai-vpc-private-us-west-2c",
              "Owner": "AIDATSRRZTFQTAWT6544P",
              "Project": "retail-store",
              "kubernetes.io/cluster/biomarine-ai-5hw9": "shared",
              "kubernetes.io/role/internal-elb": "1"
            },
            "tags_all": {
              "CreatedBy": "TrainWithShubhamCommunity",
              "CreatedDate": "2025-09-26",
              "Environment": "dev",
              "ManagedBy": "terraform",
              "Name": "biomarine-ai-vpc-private-us-west-2c",
              "Owner": "AIDATSRRZTFQTAWT6544P",
              "Project": "retail-store",
              "kubernetes.io/cluster/biomarine-ai-5hw9": "shared",
              "kubernetes.io/role/internal-elb": "1"
            },
            "timeouts": null,
            "vpc_id": "vpc-01bf87b10c9652b4b"
          },
          "sensitive_attributes": [],
          "identity_schema_version": 0,
          "private": "eyJlMmJmYjczMC1lY2FhLTExZTYtOGY4OC0zNDM2M2JjN2M0YzAiOnsiY3JlYXRlIjo2MDAwMDAwMDAwMDAsImRlbGV0ZSI6MTIwMDAwMDAwMDAwMH0sInNjaGVtYV92ZXJzaW9uIjoiMSJ9",
          "dependencies": [
            "data.aws_availability_zones.available",
            "data.aws_caller_identity.current",
            "module.vpc.aws_vpc.this",
            "module.vpc.aws_vpc_ipv4_cidr_block_association.this",
            "random_string.suffix"
          ],
          "create_before_destroy": true
        }
      ]
    },
    {
      "module": "module.vpc",
      "mode": "managed",
      "type": "aws_subnet",
      "name": "public",
      "provider": "provider[\"registry.terraform.io/hashicorp/aws\"]",
      "instances": [
        {
          "index_key": 0,
          "schema_version": 1,
          "attributes": {
            "arn": "arn:aws:ec2:us-west-2:245991315809:subnet/subnet-0c48d77ac42dc2858",
            "assign_ipv6_address_on_creation": false,
            "availability_zone": "us-west-2a",
            "availability_zone_id": "usw2-az1",
            "cidr_block": "10.0.0.0/24",
            "customer_owned_ipv4_pool": "",
            "enable_dns64": false,
            "enable_lni_at_device_index": 0,
            "enable_resource_name_dns_a_record_on_launch": false,
            "enable_resource_name_dns_aaaa_record_on_launch": false,
            "id": "subnet-0c48d77ac42dc2858",
            "ipv6_cidr_block": "",
            "ipv6_cidr_block_association_id": "",
            "ipv6_native": false,
            "map_customer_owned_ip_on_launch": false,
            "map_public_ip_on_launch": false,
            "outpost_arn": "",
            "owner_id": "245991315809",
            "private_dns_hostname_type_on_launch": "ip-name",
            "tags": {
              "CreatedBy": "TrainWithShubhamCommunity",
              "CreatedDate": "2025-09-26",
              "Environment": "dev",
              "ManagedBy": "terraform",
              "Name": "biomarine-ai-vpc-public-us-west-2a",
              "Owner": "AIDATSRRZTFQTAWT6544P",
              "Project": "retail-store",
              "kubernetes.io/cluster/biomarine-ai-5hw9": "shared",
              "kubernetes.io/role/elb": "1"
            },
            "tags_all": {
              "CreatedBy": "TrainWithShubhamCommunity",
              "CreatedDate": "2025-09-26",
              "Environment": "dev",
              "ManagedBy": "terraform",
              "Name": "biomarine-ai-vpc-public-us-west-2a",
              "Owner": "AIDATSRRZTFQTAWT6544P",
              "Project": "retail-store",
              "kubernetes.io/cluster/biomarine-ai-5hw9": "shared",
              "kubernetes.io/role/elb": "1"
            },
            "timeouts": null,
            "vpc_id": "vpc-01bf87b10c9652b4b"
          },
          "sensitive_attributes": [],
          "identity_schema_version": 0,
          "private": "eyJlMmJmYjczMC1lY2FhLTExZTYtOGY4OC0zNDM2M2JjN2M0YzAiOnsiY3JlYXRlIjo2MDAwMDAwMDAwMDAsImRlbGV0ZSI6MTIwMDAwMDAwMDAwMH0sInNjaGVtYV92ZXJzaW9uIjoiMSJ9",
          "dependencies": [
            "data.aws_availability_zones.available",
            "data.aws_caller_identity.current",
            "module.vpc.aws_vpc.this",
            "module.vpc.aws_vpc_ipv4_cidr_block_association.this",
            "random_string.suffix"
          ]
        },
        {
          "index_key": 1,
          "schema_version": 1,
          "attributes": {
            "arn": "arn:aws:ec2:us-west-2:245991315809:subnet/subnet-067b1e7e230ca23e3",
            "assign_ipv6_address_on_creation": false,
            "availability_zone": "us-west-2b",
            "availability_zone_id": "usw2-az2",
            "cidr_block": "10.0.1.0/24",
            "customer_owned_ipv4_pool": "",
            "enable_dns64": false,
            "enable_lni_at_device_index": 0,
            "enable_resource_name_dns_a_record_on_launch": false,
            "enable_resource_name_dns_aaaa_record_on_launch": false,
            "id": "subnet-067b1e7e230ca23e3",
            "ipv6_cidr_block": "",
            "ipv6_cidr_block_association_id": "",
            "ipv6_native": false,
            "map_customer_owned_ip_on_launch": false,
            "map_public_ip_on_launch": false,
            "outpost_arn": "",
            "owner_id": "245991315809",
            "private_dns_hostname_type_on_launch": "ip-name",
            "tags": {
              "CreatedBy": "TrainWithShubhamCommunity",
              "CreatedDate": "2025-09-26",
              "Environment": "dev",
              "ManagedBy": "terraform",
              "Name": "biomarine-ai-vpc-public-us-west-2b",
              "Owner": "AIDATSRRZTFQTAWT6544P",
              "Project": "retail-store",
              "kubernetes.io/cluster/biomarine-ai-5hw9": "shared",
              "kubernetes.io/role/elb": "1"
            },
            "tags_all": {
              "CreatedBy": "TrainWithShubhamCommunity",
              "CreatedDate": "2025-09-26",
              "Environment": "dev",
              "ManagedBy": "terraform",
              "Name": "biomarine-ai-vpc-public-us-west-2b",
              "Owner": "AIDATSRRZTFQTAWT6544P",
              "Project": "retail-store",
              "kubernetes.io/cluster/biomarine-ai-5hw9": "shared",
              "kubernetes.io/role/elb": "1"
            },
            "timeouts": null,
            "vpc_id": "vpc-01bf87b10c9652b4b"
          },
          "sensitive_attributes": [],
          "identity_schema_version": 0,
          "private": "eyJlMmJmYjczMC1lY2FhLTExZTYtOGY4OC0zNDM2M2JjN2M0YzAiOnsiY3JlYXRlIjo2MDAwMDAwMDAwMDAsImRlbGV0ZSI6MTIwMDAwMDAwMDAwMH0sInNjaGVtYV92ZXJzaW9uIjoiMSJ9",
          "dependencies": [
            "data.aws_availability_zones.available",
            "data.aws_caller_identity.current",
            "module.vpc.aws_vpc.this",
            "module.vpc.aws_vpc_ipv4_cidr_block_association.this",
            "random_string.suffix"
          ]
        },
        {
          "index_key": 2,
          "schema_version": 1,
          "attributes": {
            "arn": "arn:aws:ec2:us-west-2:245991315809:subnet/subnet-06ea07d0658ecc365",
            "assign_ipv6_address_on_creation": false,
            "availability_zone": "us-west-2c",
            "availability_zone_id": "usw2-az3",
            "cidr_block": "10.0.2.0/24",
            "customer_owned_ipv4_pool": "",
            "enable_dns64": false,
            "enable_lni_at_device_index": 0,
            "enable_resource_name_dns_a_record_on_launch": false,
            "enable_resource_name_dns_aaaa_record_on_launch": false,
            "id": "subnet-06ea07d0658ecc365",
            "ipv6_cidr_block": "",
            "ipv6_cidr_block_association_id": "",
            "ipv6_native": false,
            "map_customer_owned_ip_on_launch": false,
            "map_public_ip_on_launch": false,
            "outpost_arn": "",
            "owner_id": "245991315809",
            "private_dns_hostname_type_on_launch": "ip-name",
            "tags": {
              "CreatedBy": "TrainWithShubhamCommunity",
              "CreatedDate": "2025-09-26",
              "Environment": "dev",
              "ManagedBy": "terraform",
              "Name": "biomarine-ai-vpc-public-us-west-2c",
              "Owner": "AIDATSRRZTFQTAWT6544P",
              "Project": "retail-store",
              "kubernetes.io/cluster/biomarine-ai-5hw9": "shared",
              "kubernetes.io/role/elb": "1"
            },
            "tags_all": {
              "CreatedBy": "TrainWithShubhamCommunity",
              "CreatedDate": "2025-09-26",
              "Environment": "dev",
              "ManagedBy": "terraform",
              "Name": "biomarine-ai-vpc-public-us-west-2c",
              "Owner": "AIDATSRRZTFQTAWT6544P",
              "Project": "retail-store",
              "kubernetes.io/cluster/biomarine-ai-5hw9": "shared",
              "kubernetes.io/role/elb": "1"
            },
            "timeouts": null,
            "vpc_id": "vpc-01bf87b10c9652b4b"
          },
          "sensitive_attributes": [],
          "identity_schema_version": 0,
          "private": "eyJlMmJmYjczMC1lY2FhLTExZTYtOGY4OC0zNDM2M2JjN2M0YzAiOnsiY3JlYXRlIjo2MDAwMDAwMDAwMDAsImRlbGV0ZSI6MTIwMDAwMDAwMDAwMH0sInNjaGVtYV92ZXJzaW9uIjoiMSJ9",
          "dependencies": [
            "data.aws_availability_zones.available",
            "data.aws_caller_identity.current",
            "module.vpc.aws_vpc.this",
            "module.vpc.aws_vpc_ipv4_cidr_block_association.this",
            "random_string.suffix"
          ]
        }
      ]
    },
    {
      "module": "module.vpc",
      "mode": "managed",
      "type": "aws_vpc",
      "name": "this",
      "provider": "provider[\"registry.terraform.io/hashicorp/aws\"]",
      "instances": [
        {
          "index_key": 0,
          "schema_version": 1,
          "attributes": {
            "arn": "arn:aws:ec2:us-west-2:245991315809:vpc/vpc-01bf87b10c9652b4b",
            "assign_generated_ipv6_cidr_block": false,
            "cidr_block": "10.0.0.0/16",
            "default_network_acl_id": "acl-0948766dcaf48f125",
            "default_route_table_id": "rtb-042847160db4e0ba3",
            "default_security_group_id": "sg-0eeff348663842faa",
            "dhcp_options_id": "dopt-0b2f643dc59e21d64",
            "enable_dns_hostnames": true,
            "enable_dns_support": true,
            "enable_network_address_usage_metrics": false,
            "id": "vpc-01bf87b10c9652b4b",
            "instance_tenancy": "default",
            "ipv4_ipam_pool_id": null,
            "ipv4_netmask_length": null,
            "ipv6_association_id": "",
            "ipv6_cidr_block": "",
            "ipv6_cidr_block_network_border_group": "",
            "ipv6_ipam_pool_id": "",
            "ipv6_netmask_length": 0,
            "main_route_table_id": "rtb-042847160db4e0ba3",
            "owner_id": "245991315809",
            "tags": {
              "CreatedBy": "TrainWithShubhamCommunity",
              "CreatedDate": "2025-09-26",
              "Environment": "dev",
              "ManagedBy": "terraform",
              "Name": "biomarine-ai-vpc",
              "Owner": "AIDATSRRZTFQTAWT6544P",
              "Project": "retail-store"
            },
            "tags_all": {
              "CreatedBy": "TrainWithShubhamCommunity",
              "CreatedDate": "2025-09-26",
              "Environment": "dev",
              "ManagedBy": "terraform",
              "Name": "biomarine-ai-vpc",
              "Owner": "AIDATSRRZTFQTAWT6544P",
              "Project": "retail-store"
            }
          },
          "sensitive_attributes": [],
          "identity_schema_version": 0,
          "private": "eyJzY2hlbWFfdmVyc2lvbiI6IjEifQ==",
          "dependencies": [
            "data.aws_caller_identity.current"
          ],
          "create_before_destroy": true
        }
      ]
    }
  ],
  "check_results": [
    {
      "object_kind": "resource",
      "config_addr": "module.retail_app_eks.module.eks_managed_node_group.module.user_data.null_resource.validate_cluster_service_cidr",
      "status": "pass",
      "objects": [
        {
          "object_addr": "module.retail_app_eks.module.eks_managed_node_group[\"default\"].module.user_data.null_resource.validate_cluster_service_cidr",
          "status": "pass"
        }
      ]
    },
    {
      "object_kind": "var",
      "config_addr": "module.retail_app_eks.module.self_managed_node_group.var.platform",
      "status": "pass",
      "objects": null
    },
    {
      "object_kind": "resource",
      "config_addr": "module.retail_app_eks.module.self_managed_node_group.module.user_data.null_resource.validate_cluster_service_cidr",
      "status": "pass",
      "objects": null
    }
  ]
}
